{
  "version": 4,
  "terraform_version": "0.13.5",
  "serial": 698,
  "lineage": "d104aae6-6687-bb38-f758-cac7c8d30957",
  "outputs": {},
  "resources": [
    {
      "mode": "managed",
      "type": "aci_access_port_block",
      "name": "leaf201_1",
      "provider": "provider[\"registry.terraform.io/ciscodevnet/aci\"]",
      "instances": [
        {
          "index_key": "01",
          "schema_version": 1,
          "attributes": {
            "access_port_selector_dn": "uni/infra/accportprof-leaf201/hports-Eth1-01-typ-range",
            "annotation": "orchestrator:terraform",
            "description": "",
            "from_card": "1",
            "from_port": "1",
            "id": "uni/infra/accportprof-leaf201/hports-Eth1-01-typ-range/portblk-Eth1-01",
            "name": "Eth1-01",
            "name_alias": "",
            "relation_infra_rs_acc_bndl_subgrp": "",
            "to_card": "1",
            "to_port": "1"
          },
          "private": "eyJzY2hlbWFfdmVyc2lvbiI6IjEifQ==",
          "dependencies": [
            "aci_access_port_selector.leaf201_1",
            "aci_leaf_interface_profile.leaf201"
          ]
        },
        {
          "index_key": "02",
          "schema_version": 1,
          "attributes": {
            "access_port_selector_dn": "uni/infra/accportprof-leaf201/hports-Eth1-02-typ-range",
            "annotation": "orchestrator:terraform",
            "description": "",
            "from_card": "1",
            "from_port": "2",
            "id": "uni/infra/accportprof-leaf201/hports-Eth1-02-typ-range/portblk-Eth1-02",
            "name": "Eth1-02",
            "name_alias": "",
            "relation_infra_rs_acc_bndl_subgrp": "",
            "to_card": "1",
            "to_port": "2"
          },
          "private": "eyJzY2hlbWFfdmVyc2lvbiI6IjEifQ==",
          "dependencies": [
            "aci_access_port_selector.leaf201_1",
            "aci_leaf_interface_profile.leaf201"
          ]
        },
        {
          "index_key": "03",
          "schema_version": 1,
          "attributes": {
            "access_port_selector_dn": "uni/infra/accportprof-leaf201/hports-Eth1-03-typ-range",
            "annotation": "orchestrator:terraform",
            "description": "",
            "from_card": "1",
            "from_port": "3",
            "id": "uni/infra/accportprof-leaf201/hports-Eth1-03-typ-range/portblk-Eth1-03",
            "name": "Eth1-03",
            "name_alias": "",
            "relation_infra_rs_acc_bndl_subgrp": "",
            "to_card": "1",
            "to_port": "3"
          },
          "private": "eyJzY2hlbWFfdmVyc2lvbiI6IjEifQ==",
          "dependencies": [
            "aci_access_port_selector.leaf201_1",
            "aci_leaf_interface_profile.leaf201"
          ]
        },
        {
          "index_key": "04",
          "schema_version": 1,
          "attributes": {
            "access_port_selector_dn": "uni/infra/accportprof-leaf201/hports-Eth1-04-typ-range",
            "annotation": "orchestrator:terraform",
            "description": "",
            "from_card": "1",
            "from_port": "4",
            "id": "uni/infra/accportprof-leaf201/hports-Eth1-04-typ-range/portblk-Eth1-04",
            "name": "Eth1-04",
            "name_alias": "",
            "relation_infra_rs_acc_bndl_subgrp": "",
            "to_card": "1",
            "to_port": "4"
          },
          "private": "eyJzY2hlbWFfdmVyc2lvbiI6IjEifQ==",
          "dependencies": [
            "aci_access_port_selector.leaf201_1",
            "aci_leaf_interface_profile.leaf201"
          ]
        },
        {
          "index_key": "05",
          "schema_version": 1,
          "attributes": {
            "access_port_selector_dn": "uni/infra/accportprof-leaf201/hports-Eth1-05-typ-range",
            "annotation": "orchestrator:terraform",
            "description": "",
            "from_card": "1",
            "from_port": "5",
            "id": "uni/infra/accportprof-leaf201/hports-Eth1-05-typ-range/portblk-Eth1-05",
            "name": "Eth1-05",
            "name_alias": "",
            "relation_infra_rs_acc_bndl_subgrp": "",
            "to_card": "1",
            "to_port": "5"
          },
          "private": "eyJzY2hlbWFfdmVyc2lvbiI6IjEifQ==",
          "dependencies": [
            "aci_access_port_selector.leaf201_1",
            "aci_leaf_interface_profile.leaf201"
          ]
        },
        {
          "index_key": "06",
          "schema_version": 1,
          "attributes": {
            "access_port_selector_dn": "uni/infra/accportprof-leaf201/hports-Eth1-06-typ-range",
            "annotation": "orchestrator:terraform",
            "description": "",
            "from_card": "1",
            "from_port": "6",
            "id": "uni/infra/accportprof-leaf201/hports-Eth1-06-typ-range/portblk-Eth1-06",
            "name": "Eth1-06",
            "name_alias": "",
            "relation_infra_rs_acc_bndl_subgrp": "",
            "to_card": "1",
            "to_port": "6"
          },
          "private": "eyJzY2hlbWFfdmVyc2lvbiI6IjEifQ==",
          "dependencies": [
            "aci_access_port_selector.leaf201_1",
            "aci_leaf_interface_profile.leaf201"
          ]
        },
        {
          "index_key": "07",
          "schema_version": 1,
          "attributes": {
            "access_port_selector_dn": "uni/infra/accportprof-leaf201/hports-Eth1-07-typ-range",
            "annotation": "orchestrator:terraform",
            "description": "",
            "from_card": "1",
            "from_port": "7",
            "id": "uni/infra/accportprof-leaf201/hports-Eth1-07-typ-range/portblk-Eth1-07",
            "name": "Eth1-07",
            "name_alias": "",
            "relation_infra_rs_acc_bndl_subgrp": "",
            "to_card": "1",
            "to_port": "7"
          },
          "private": "eyJzY2hlbWFfdmVyc2lvbiI6IjEifQ==",
          "dependencies": [
            "aci_access_port_selector.leaf201_1",
            "aci_leaf_interface_profile.leaf201"
          ]
        },
        {
          "index_key": "08",
          "schema_version": 1,
          "attributes": {
            "access_port_selector_dn": "uni/infra/accportprof-leaf201/hports-Eth1-08-typ-range",
            "annotation": "orchestrator:terraform",
            "description": "",
            "from_card": "1",
            "from_port": "8",
            "id": "uni/infra/accportprof-leaf201/hports-Eth1-08-typ-range/portblk-Eth1-08",
            "name": "Eth1-08",
            "name_alias": "",
            "relation_infra_rs_acc_bndl_subgrp": "",
            "to_card": "1",
            "to_port": "8"
          },
          "private": "eyJzY2hlbWFfdmVyc2lvbiI6IjEifQ==",
          "dependencies": [
            "aci_access_port_selector.leaf201_1",
            "aci_leaf_interface_profile.leaf201"
          ]
        },
        {
          "index_key": "09",
          "schema_version": 1,
          "attributes": {
            "access_port_selector_dn": "uni/infra/accportprof-leaf201/hports-Eth1-09-typ-range",
            "annotation": "orchestrator:terraform",
            "description": "",
            "from_card": "1",
            "from_port": "9",
            "id": "uni/infra/accportprof-leaf201/hports-Eth1-09-typ-range/portblk-Eth1-09",
            "name": "Eth1-09",
            "name_alias": "",
            "relation_infra_rs_acc_bndl_subgrp": "",
            "to_card": "1",
            "to_port": "9"
          },
          "private": "eyJzY2hlbWFfdmVyc2lvbiI6IjEifQ==",
          "dependencies": [
            "aci_access_port_selector.leaf201_1",
            "aci_leaf_interface_profile.leaf201"
          ]
        },
        {
          "index_key": "10",
          "schema_version": 1,
          "attributes": {
            "access_port_selector_dn": "uni/infra/accportprof-leaf201/hports-Eth1-10-typ-range",
            "annotation": "orchestrator:terraform",
            "description": "",
            "from_card": "1",
            "from_port": "10",
            "id": "uni/infra/accportprof-leaf201/hports-Eth1-10-typ-range/portblk-Eth1-10",
            "name": "Eth1-10",
            "name_alias": "",
            "relation_infra_rs_acc_bndl_subgrp": "",
            "to_card": "1",
            "to_port": "10"
          },
          "private": "eyJzY2hlbWFfdmVyc2lvbiI6IjEifQ==",
          "dependencies": [
            "aci_access_port_selector.leaf201_1",
            "aci_leaf_interface_profile.leaf201"
          ]
        },
        {
          "index_key": "11",
          "schema_version": 1,
          "attributes": {
            "access_port_selector_dn": "uni/infra/accportprof-leaf201/hports-Eth1-11-typ-range",
            "annotation": "orchestrator:terraform",
            "description": "",
            "from_card": "1",
            "from_port": "11",
            "id": "uni/infra/accportprof-leaf201/hports-Eth1-11-typ-range/portblk-Eth1-11",
            "name": "Eth1-11",
            "name_alias": "",
            "relation_infra_rs_acc_bndl_subgrp": "",
            "to_card": "1",
            "to_port": "11"
          },
          "private": "eyJzY2hlbWFfdmVyc2lvbiI6IjEifQ==",
          "dependencies": [
            "aci_access_port_selector.leaf201_1",
            "aci_leaf_interface_profile.leaf201"
          ]
        },
        {
          "index_key": "12",
          "schema_version": 1,
          "attributes": {
            "access_port_selector_dn": "uni/infra/accportprof-leaf201/hports-Eth1-12-typ-range",
            "annotation": "orchestrator:terraform",
            "description": "",
            "from_card": "1",
            "from_port": "12",
            "id": "uni/infra/accportprof-leaf201/hports-Eth1-12-typ-range/portblk-Eth1-12",
            "name": "Eth1-12",
            "name_alias": "",
            "relation_infra_rs_acc_bndl_subgrp": "",
            "to_card": "1",
            "to_port": "12"
          },
          "private": "eyJzY2hlbWFfdmVyc2lvbiI6IjEifQ==",
          "dependencies": [
            "aci_access_port_selector.leaf201_1",
            "aci_leaf_interface_profile.leaf201"
          ]
        },
        {
          "index_key": "13",
          "schema_version": 1,
          "attributes": {
            "access_port_selector_dn": "uni/infra/accportprof-leaf201/hports-Eth1-13-typ-range",
            "annotation": "orchestrator:terraform",
            "description": "",
            "from_card": "1",
            "from_port": "13",
            "id": "uni/infra/accportprof-leaf201/hports-Eth1-13-typ-range/portblk-Eth1-13",
            "name": "Eth1-13",
            "name_alias": "",
            "relation_infra_rs_acc_bndl_subgrp": "",
            "to_card": "1",
            "to_port": "13"
          },
          "private": "eyJzY2hlbWFfdmVyc2lvbiI6IjEifQ==",
          "dependencies": [
            "aci_access_port_selector.leaf201_1",
            "aci_leaf_interface_profile.leaf201"
          ]
        },
        {
          "index_key": "14",
          "schema_version": 1,
          "attributes": {
            "access_port_selector_dn": "uni/infra/accportprof-leaf201/hports-Eth1-14-typ-range",
            "annotation": "orchestrator:terraform",
            "description": "",
            "from_card": "1",
            "from_port": "14",
            "id": "uni/infra/accportprof-leaf201/hports-Eth1-14-typ-range/portblk-Eth1-14",
            "name": "Eth1-14",
            "name_alias": "",
            "relation_infra_rs_acc_bndl_subgrp": "",
            "to_card": "1",
            "to_port": "14"
          },
          "private": "eyJzY2hlbWFfdmVyc2lvbiI6IjEifQ==",
          "dependencies": [
            "aci_access_port_selector.leaf201_1",
            "aci_leaf_interface_profile.leaf201"
          ]
        },
        {
          "index_key": "15",
          "schema_version": 1,
          "attributes": {
            "access_port_selector_dn": "uni/infra/accportprof-leaf201/hports-Eth1-15-typ-range",
            "annotation": "orchestrator:terraform",
            "description": "",
            "from_card": "1",
            "from_port": "15",
            "id": "uni/infra/accportprof-leaf201/hports-Eth1-15-typ-range/portblk-Eth1-15",
            "name": "Eth1-15",
            "name_alias": "",
            "relation_infra_rs_acc_bndl_subgrp": "",
            "to_card": "1",
            "to_port": "15"
          },
          "private": "eyJzY2hlbWFfdmVyc2lvbiI6IjEifQ==",
          "dependencies": [
            "aci_access_port_selector.leaf201_1",
            "aci_leaf_interface_profile.leaf201"
          ]
        },
        {
          "index_key": "16",
          "schema_version": 1,
          "attributes": {
            "access_port_selector_dn": "uni/infra/accportprof-leaf201/hports-Eth1-16-typ-range",
            "annotation": "orchestrator:terraform",
            "description": "",
            "from_card": "1",
            "from_port": "16",
            "id": "uni/infra/accportprof-leaf201/hports-Eth1-16-typ-range/portblk-Eth1-16",
            "name": "Eth1-16",
            "name_alias": "",
            "relation_infra_rs_acc_bndl_subgrp": "",
            "to_card": "1",
            "to_port": "16"
          },
          "private": "eyJzY2hlbWFfdmVyc2lvbiI6IjEifQ==",
          "dependencies": [
            "aci_access_port_selector.leaf201_1",
            "aci_leaf_interface_profile.leaf201"
          ]
        },
        {
          "index_key": "17",
          "schema_version": 1,
          "attributes": {
            "access_port_selector_dn": "uni/infra/accportprof-leaf201/hports-Eth1-17-typ-range",
            "annotation": "orchestrator:terraform",
            "description": "",
            "from_card": "1",
            "from_port": "17",
            "id": "uni/infra/accportprof-leaf201/hports-Eth1-17-typ-range/portblk-Eth1-17",
            "name": "Eth1-17",
            "name_alias": "",
            "relation_infra_rs_acc_bndl_subgrp": "",
            "to_card": "1",
            "to_port": "17"
          },
          "private": "eyJzY2hlbWFfdmVyc2lvbiI6IjEifQ==",
          "dependencies": [
            "aci_access_port_selector.leaf201_1",
            "aci_leaf_interface_profile.leaf201"
          ]
        },
        {
          "index_key": "18",
          "schema_version": 1,
          "attributes": {
            "access_port_selector_dn": "uni/infra/accportprof-leaf201/hports-Eth1-18-typ-range",
            "annotation": "orchestrator:terraform",
            "description": "",
            "from_card": "1",
            "from_port": "18",
            "id": "uni/infra/accportprof-leaf201/hports-Eth1-18-typ-range/portblk-Eth1-18",
            "name": "Eth1-18",
            "name_alias": "",
            "relation_infra_rs_acc_bndl_subgrp": "",
            "to_card": "1",
            "to_port": "18"
          },
          "private": "eyJzY2hlbWFfdmVyc2lvbiI6IjEifQ==",
          "dependencies": [
            "aci_access_port_selector.leaf201_1",
            "aci_leaf_interface_profile.leaf201"
          ]
        },
        {
          "index_key": "19",
          "schema_version": 1,
          "attributes": {
            "access_port_selector_dn": "uni/infra/accportprof-leaf201/hports-Eth1-19-typ-range",
            "annotation": "orchestrator:terraform",
            "description": "",
            "from_card": "1",
            "from_port": "19",
            "id": "uni/infra/accportprof-leaf201/hports-Eth1-19-typ-range/portblk-Eth1-19",
            "name": "Eth1-19",
            "name_alias": "",
            "relation_infra_rs_acc_bndl_subgrp": "",
            "to_card": "1",
            "to_port": "19"
          },
          "private": "eyJzY2hlbWFfdmVyc2lvbiI6IjEifQ==",
          "dependencies": [
            "aci_access_port_selector.leaf201_1",
            "aci_leaf_interface_profile.leaf201"
          ]
        },
        {
          "index_key": "20",
          "schema_version": 1,
          "attributes": {
            "access_port_selector_dn": "uni/infra/accportprof-leaf201/hports-Eth1-20-typ-range",
            "annotation": "orchestrator:terraform",
            "description": "",
            "from_card": "1",
            "from_port": "20",
            "id": "uni/infra/accportprof-leaf201/hports-Eth1-20-typ-range/portblk-Eth1-20",
            "name": "Eth1-20",
            "name_alias": "",
            "relation_infra_rs_acc_bndl_subgrp": "",
            "to_card": "1",
            "to_port": "20"
          },
          "private": "eyJzY2hlbWFfdmVyc2lvbiI6IjEifQ==",
          "dependencies": [
            "aci_access_port_selector.leaf201_1",
            "aci_leaf_interface_profile.leaf201"
          ]
        },
        {
          "index_key": "21",
          "schema_version": 1,
          "attributes": {
            "access_port_selector_dn": "uni/infra/accportprof-leaf201/hports-Eth1-21-typ-range",
            "annotation": "orchestrator:terraform",
            "description": "",
            "from_card": "1",
            "from_port": "21",
            "id": "uni/infra/accportprof-leaf201/hports-Eth1-21-typ-range/portblk-Eth1-21",
            "name": "Eth1-21",
            "name_alias": "",
            "relation_infra_rs_acc_bndl_subgrp": "",
            "to_card": "1",
            "to_port": "21"
          },
          "private": "eyJzY2hlbWFfdmVyc2lvbiI6IjEifQ==",
          "dependencies": [
            "aci_access_port_selector.leaf201_1",
            "aci_leaf_interface_profile.leaf201"
          ]
        },
        {
          "index_key": "22",
          "schema_version": 1,
          "attributes": {
            "access_port_selector_dn": "uni/infra/accportprof-leaf201/hports-Eth1-22-typ-range",
            "annotation": "orchestrator:terraform",
            "description": "",
            "from_card": "1",
            "from_port": "22",
            "id": "uni/infra/accportprof-leaf201/hports-Eth1-22-typ-range/portblk-Eth1-22",
            "name": "Eth1-22",
            "name_alias": "",
            "relation_infra_rs_acc_bndl_subgrp": "",
            "to_card": "1",
            "to_port": "22"
          },
          "private": "eyJzY2hlbWFfdmVyc2lvbiI6IjEifQ==",
          "dependencies": [
            "aci_access_port_selector.leaf201_1",
            "aci_leaf_interface_profile.leaf201"
          ]
        },
        {
          "index_key": "23",
          "schema_version": 1,
          "attributes": {
            "access_port_selector_dn": "uni/infra/accportprof-leaf201/hports-Eth1-23-typ-range",
            "annotation": "orchestrator:terraform",
            "description": "",
            "from_card": "1",
            "from_port": "23",
            "id": "uni/infra/accportprof-leaf201/hports-Eth1-23-typ-range/portblk-Eth1-23",
            "name": "Eth1-23",
            "name_alias": "",
            "relation_infra_rs_acc_bndl_subgrp": "",
            "to_card": "1",
            "to_port": "23"
          },
          "private": "eyJzY2hlbWFfdmVyc2lvbiI6IjEifQ==",
          "dependencies": [
            "aci_access_port_selector.leaf201_1",
            "aci_leaf_interface_profile.leaf201"
          ]
        },
        {
          "index_key": "24",
          "schema_version": 1,
          "attributes": {
            "access_port_selector_dn": "uni/infra/accportprof-leaf201/hports-Eth1-24-typ-range",
            "annotation": "orchestrator:terraform",
            "description": "",
            "from_card": "1",
            "from_port": "24",
            "id": "uni/infra/accportprof-leaf201/hports-Eth1-24-typ-range/portblk-Eth1-24",
            "name": "Eth1-24",
            "name_alias": "",
            "relation_infra_rs_acc_bndl_subgrp": "",
            "to_card": "1",
            "to_port": "24"
          },
          "private": "eyJzY2hlbWFfdmVyc2lvbiI6IjEifQ==",
          "dependencies": [
            "aci_access_port_selector.leaf201_1",
            "aci_leaf_interface_profile.leaf201"
          ]
        },
        {
          "index_key": "25",
          "schema_version": 1,
          "attributes": {
            "access_port_selector_dn": "uni/infra/accportprof-leaf201/hports-Eth1-25-typ-range",
            "annotation": "orchestrator:terraform",
            "description": "",
            "from_card": "1",
            "from_port": "25",
            "id": "uni/infra/accportprof-leaf201/hports-Eth1-25-typ-range/portblk-Eth1-25",
            "name": "Eth1-25",
            "name_alias": "",
            "relation_infra_rs_acc_bndl_subgrp": "",
            "to_card": "1",
            "to_port": "25"
          },
          "private": "eyJzY2hlbWFfdmVyc2lvbiI6IjEifQ==",
          "dependencies": [
            "aci_access_port_selector.leaf201_1",
            "aci_leaf_interface_profile.leaf201"
          ]
        },
        {
          "index_key": "26",
          "schema_version": 1,
          "attributes": {
            "access_port_selector_dn": "uni/infra/accportprof-leaf201/hports-Eth1-26-typ-range",
            "annotation": "orchestrator:terraform",
            "description": "",
            "from_card": "1",
            "from_port": "26",
            "id": "uni/infra/accportprof-leaf201/hports-Eth1-26-typ-range/portblk-Eth1-26",
            "name": "Eth1-26",
            "name_alias": "",
            "relation_infra_rs_acc_bndl_subgrp": "",
            "to_card": "1",
            "to_port": "26"
          },
          "private": "eyJzY2hlbWFfdmVyc2lvbiI6IjEifQ==",
          "dependencies": [
            "aci_access_port_selector.leaf201_1",
            "aci_leaf_interface_profile.leaf201"
          ]
        },
        {
          "index_key": "27",
          "schema_version": 1,
          "attributes": {
            "access_port_selector_dn": "uni/infra/accportprof-leaf201/hports-Eth1-27-typ-range",
            "annotation": "orchestrator:terraform",
            "description": "",
            "from_card": "1",
            "from_port": "27",
            "id": "uni/infra/accportprof-leaf201/hports-Eth1-27-typ-range/portblk-Eth1-27",
            "name": "Eth1-27",
            "name_alias": "",
            "relation_infra_rs_acc_bndl_subgrp": "",
            "to_card": "1",
            "to_port": "27"
          },
          "private": "eyJzY2hlbWFfdmVyc2lvbiI6IjEifQ==",
          "dependencies": [
            "aci_access_port_selector.leaf201_1",
            "aci_leaf_interface_profile.leaf201"
          ]
        },
        {
          "index_key": "28",
          "schema_version": 1,
          "attributes": {
            "access_port_selector_dn": "uni/infra/accportprof-leaf201/hports-Eth1-28-typ-range",
            "annotation": "orchestrator:terraform",
            "description": "",
            "from_card": "1",
            "from_port": "28",
            "id": "uni/infra/accportprof-leaf201/hports-Eth1-28-typ-range/portblk-Eth1-28",
            "name": "Eth1-28",
            "name_alias": "",
            "relation_infra_rs_acc_bndl_subgrp": "",
            "to_card": "1",
            "to_port": "28"
          },
          "private": "eyJzY2hlbWFfdmVyc2lvbiI6IjEifQ==",
          "dependencies": [
            "aci_access_port_selector.leaf201_1",
            "aci_leaf_interface_profile.leaf201"
          ]
        },
        {
          "index_key": "29",
          "schema_version": 1,
          "attributes": {
            "access_port_selector_dn": "uni/infra/accportprof-leaf201/hports-Eth1-29-typ-range",
            "annotation": "orchestrator:terraform",
            "description": "",
            "from_card": "1",
            "from_port": "29",
            "id": "uni/infra/accportprof-leaf201/hports-Eth1-29-typ-range/portblk-Eth1-29",
            "name": "Eth1-29",
            "name_alias": "",
            "relation_infra_rs_acc_bndl_subgrp": "",
            "to_card": "1",
            "to_port": "29"
          },
          "private": "eyJzY2hlbWFfdmVyc2lvbiI6IjEifQ==",
          "dependencies": [
            "aci_access_port_selector.leaf201_1",
            "aci_leaf_interface_profile.leaf201"
          ]
        },
        {
          "index_key": "30",
          "schema_version": 1,
          "attributes": {
            "access_port_selector_dn": "uni/infra/accportprof-leaf201/hports-Eth1-30-typ-range",
            "annotation": "orchestrator:terraform",
            "description": "",
            "from_card": "1",
            "from_port": "30",
            "id": "uni/infra/accportprof-leaf201/hports-Eth1-30-typ-range/portblk-Eth1-30",
            "name": "Eth1-30",
            "name_alias": "",
            "relation_infra_rs_acc_bndl_subgrp": "",
            "to_card": "1",
            "to_port": "30"
          },
          "private": "eyJzY2hlbWFfdmVyc2lvbiI6IjEifQ==",
          "dependencies": [
            "aci_access_port_selector.leaf201_1",
            "aci_leaf_interface_profile.leaf201"
          ]
        },
        {
          "index_key": "31",
          "schema_version": 1,
          "attributes": {
            "access_port_selector_dn": "uni/infra/accportprof-leaf201/hports-Eth1-31-typ-range",
            "annotation": "orchestrator:terraform",
            "description": "",
            "from_card": "1",
            "from_port": "31",
            "id": "uni/infra/accportprof-leaf201/hports-Eth1-31-typ-range/portblk-Eth1-31",
            "name": "Eth1-31",
            "name_alias": "",
            "relation_infra_rs_acc_bndl_subgrp": "",
            "to_card": "1",
            "to_port": "31"
          },
          "private": "eyJzY2hlbWFfdmVyc2lvbiI6IjEifQ==",
          "dependencies": [
            "aci_access_port_selector.leaf201_1",
            "aci_leaf_interface_profile.leaf201"
          ]
        },
        {
          "index_key": "32",
          "schema_version": 1,
          "attributes": {
            "access_port_selector_dn": "uni/infra/accportprof-leaf201/hports-Eth1-32-typ-range",
            "annotation": "orchestrator:terraform",
            "description": "",
            "from_card": "1",
            "from_port": "32",
            "id": "uni/infra/accportprof-leaf201/hports-Eth1-32-typ-range/portblk-Eth1-32",
            "name": "Eth1-32",
            "name_alias": "",
            "relation_infra_rs_acc_bndl_subgrp": "",
            "to_card": "1",
            "to_port": "32"
          },
          "private": "eyJzY2hlbWFfdmVyc2lvbiI6IjEifQ==",
          "dependencies": [
            "aci_access_port_selector.leaf201_1",
            "aci_leaf_interface_profile.leaf201"
          ]
        },
        {
          "index_key": "33",
          "schema_version": 1,
          "attributes": {
            "access_port_selector_dn": "uni/infra/accportprof-leaf201/hports-Eth1-33-typ-range",
            "annotation": "orchestrator:terraform",
            "description": "",
            "from_card": "1",
            "from_port": "33",
            "id": "uni/infra/accportprof-leaf201/hports-Eth1-33-typ-range/portblk-Eth1-33",
            "name": "Eth1-33",
            "name_alias": "",
            "relation_infra_rs_acc_bndl_subgrp": "",
            "to_card": "1",
            "to_port": "33"
          },
          "private": "eyJzY2hlbWFfdmVyc2lvbiI6IjEifQ==",
          "dependencies": [
            "aci_access_port_selector.leaf201_1",
            "aci_leaf_interface_profile.leaf201"
          ]
        },
        {
          "index_key": "34",
          "schema_version": 1,
          "attributes": {
            "access_port_selector_dn": "uni/infra/accportprof-leaf201/hports-Eth1-34-typ-range",
            "annotation": "orchestrator:terraform",
            "description": "",
            "from_card": "1",
            "from_port": "34",
            "id": "uni/infra/accportprof-leaf201/hports-Eth1-34-typ-range/portblk-Eth1-34",
            "name": "Eth1-34",
            "name_alias": "",
            "relation_infra_rs_acc_bndl_subgrp": "",
            "to_card": "1",
            "to_port": "34"
          },
          "private": "eyJzY2hlbWFfdmVyc2lvbiI6IjEifQ==",
          "dependencies": [
            "aci_access_port_selector.leaf201_1",
            "aci_leaf_interface_profile.leaf201"
          ]
        },
        {
          "index_key": "35",
          "schema_version": 1,
          "attributes": {
            "access_port_selector_dn": "uni/infra/accportprof-leaf201/hports-Eth1-35-typ-range",
            "annotation": "orchestrator:terraform",
            "description": "",
            "from_card": "1",
            "from_port": "35",
            "id": "uni/infra/accportprof-leaf201/hports-Eth1-35-typ-range/portblk-Eth1-35",
            "name": "Eth1-35",
            "name_alias": "",
            "relation_infra_rs_acc_bndl_subgrp": "",
            "to_card": "1",
            "to_port": "35"
          },
          "private": "eyJzY2hlbWFfdmVyc2lvbiI6IjEifQ==",
          "dependencies": [
            "aci_access_port_selector.leaf201_1",
            "aci_leaf_interface_profile.leaf201"
          ]
        },
        {
          "index_key": "36",
          "schema_version": 1,
          "attributes": {
            "access_port_selector_dn": "uni/infra/accportprof-leaf201/hports-Eth1-36-typ-range",
            "annotation": "orchestrator:terraform",
            "description": "",
            "from_card": "1",
            "from_port": "36",
            "id": "uni/infra/accportprof-leaf201/hports-Eth1-36-typ-range/portblk-Eth1-36",
            "name": "Eth1-36",
            "name_alias": "",
            "relation_infra_rs_acc_bndl_subgrp": "",
            "to_card": "1",
            "to_port": "36"
          },
          "private": "eyJzY2hlbWFfdmVyc2lvbiI6IjEifQ==",
          "dependencies": [
            "aci_access_port_selector.leaf201_1",
            "aci_leaf_interface_profile.leaf201"
          ]
        },
        {
          "index_key": "37",
          "schema_version": 1,
          "attributes": {
            "access_port_selector_dn": "uni/infra/accportprof-leaf201/hports-Eth1-37-typ-range",
            "annotation": "orchestrator:terraform",
            "description": "",
            "from_card": "1",
            "from_port": "37",
            "id": "uni/infra/accportprof-leaf201/hports-Eth1-37-typ-range/portblk-Eth1-37",
            "name": "Eth1-37",
            "name_alias": "",
            "relation_infra_rs_acc_bndl_subgrp": "",
            "to_card": "1",
            "to_port": "37"
          },
          "private": "eyJzY2hlbWFfdmVyc2lvbiI6IjEifQ==",
          "dependencies": [
            "aci_access_port_selector.leaf201_1",
            "aci_leaf_interface_profile.leaf201"
          ]
        },
        {
          "index_key": "38",
          "schema_version": 1,
          "attributes": {
            "access_port_selector_dn": "uni/infra/accportprof-leaf201/hports-Eth1-38-typ-range",
            "annotation": "orchestrator:terraform",
            "description": "",
            "from_card": "1",
            "from_port": "38",
            "id": "uni/infra/accportprof-leaf201/hports-Eth1-38-typ-range/portblk-Eth1-38",
            "name": "Eth1-38",
            "name_alias": "",
            "relation_infra_rs_acc_bndl_subgrp": "",
            "to_card": "1",
            "to_port": "38"
          },
          "private": "eyJzY2hlbWFfdmVyc2lvbiI6IjEifQ==",
          "dependencies": [
            "aci_access_port_selector.leaf201_1",
            "aci_leaf_interface_profile.leaf201"
          ]
        },
        {
          "index_key": "39",
          "schema_version": 1,
          "attributes": {
            "access_port_selector_dn": "uni/infra/accportprof-leaf201/hports-Eth1-39-typ-range",
            "annotation": "orchestrator:terraform",
            "description": "",
            "from_card": "1",
            "from_port": "39",
            "id": "uni/infra/accportprof-leaf201/hports-Eth1-39-typ-range/portblk-Eth1-39",
            "name": "Eth1-39",
            "name_alias": "",
            "relation_infra_rs_acc_bndl_subgrp": "",
            "to_card": "1",
            "to_port": "39"
          },
          "private": "eyJzY2hlbWFfdmVyc2lvbiI6IjEifQ==",
          "dependencies": [
            "aci_access_port_selector.leaf201_1",
            "aci_leaf_interface_profile.leaf201"
          ]
        },
        {
          "index_key": "40",
          "schema_version": 1,
          "attributes": {
            "access_port_selector_dn": "uni/infra/accportprof-leaf201/hports-Eth1-40-typ-range",
            "annotation": "orchestrator:terraform",
            "description": "",
            "from_card": "1",
            "from_port": "40",
            "id": "uni/infra/accportprof-leaf201/hports-Eth1-40-typ-range/portblk-Eth1-40",
            "name": "Eth1-40",
            "name_alias": "",
            "relation_infra_rs_acc_bndl_subgrp": "",
            "to_card": "1",
            "to_port": "40"
          },
          "private": "eyJzY2hlbWFfdmVyc2lvbiI6IjEifQ==",
          "dependencies": [
            "aci_access_port_selector.leaf201_1",
            "aci_leaf_interface_profile.leaf201"
          ]
        },
        {
          "index_key": "41",
          "schema_version": 1,
          "attributes": {
            "access_port_selector_dn": "uni/infra/accportprof-leaf201/hports-Eth1-41-typ-range",
            "annotation": "orchestrator:terraform",
            "description": "",
            "from_card": "1",
            "from_port": "41",
            "id": "uni/infra/accportprof-leaf201/hports-Eth1-41-typ-range/portblk-Eth1-41",
            "name": "Eth1-41",
            "name_alias": "",
            "relation_infra_rs_acc_bndl_subgrp": "",
            "to_card": "1",
            "to_port": "41"
          },
          "private": "eyJzY2hlbWFfdmVyc2lvbiI6IjEifQ==",
          "dependencies": [
            "aci_access_port_selector.leaf201_1",
            "aci_leaf_interface_profile.leaf201"
          ]
        },
        {
          "index_key": "42",
          "schema_version": 1,
          "attributes": {
            "access_port_selector_dn": "uni/infra/accportprof-leaf201/hports-Eth1-42-typ-range",
            "annotation": "orchestrator:terraform",
            "description": "",
            "from_card": "1",
            "from_port": "42",
            "id": "uni/infra/accportprof-leaf201/hports-Eth1-42-typ-range/portblk-Eth1-42",
            "name": "Eth1-42",
            "name_alias": "",
            "relation_infra_rs_acc_bndl_subgrp": "",
            "to_card": "1",
            "to_port": "42"
          },
          "private": "eyJzY2hlbWFfdmVyc2lvbiI6IjEifQ==",
          "dependencies": [
            "aci_access_port_selector.leaf201_1",
            "aci_leaf_interface_profile.leaf201"
          ]
        },
        {
          "index_key": "43",
          "schema_version": 1,
          "attributes": {
            "access_port_selector_dn": "uni/infra/accportprof-leaf201/hports-Eth1-43-typ-range",
            "annotation": "orchestrator:terraform",
            "description": "",
            "from_card": "1",
            "from_port": "43",
            "id": "uni/infra/accportprof-leaf201/hports-Eth1-43-typ-range/portblk-Eth1-43",
            "name": "Eth1-43",
            "name_alias": "",
            "relation_infra_rs_acc_bndl_subgrp": "",
            "to_card": "1",
            "to_port": "43"
          },
          "private": "eyJzY2hlbWFfdmVyc2lvbiI6IjEifQ==",
          "dependencies": [
            "aci_access_port_selector.leaf201_1",
            "aci_leaf_interface_profile.leaf201"
          ]
        },
        {
          "index_key": "44",
          "schema_version": 1,
          "attributes": {
            "access_port_selector_dn": "uni/infra/accportprof-leaf201/hports-Eth1-44-typ-range",
            "annotation": "orchestrator:terraform",
            "description": "",
            "from_card": "1",
            "from_port": "44",
            "id": "uni/infra/accportprof-leaf201/hports-Eth1-44-typ-range/portblk-Eth1-44",
            "name": "Eth1-44",
            "name_alias": "",
            "relation_infra_rs_acc_bndl_subgrp": "",
            "to_card": "1",
            "to_port": "44"
          },
          "private": "eyJzY2hlbWFfdmVyc2lvbiI6IjEifQ==",
          "dependencies": [
            "aci_access_port_selector.leaf201_1",
            "aci_leaf_interface_profile.leaf201"
          ]
        },
        {
          "index_key": "45",
          "schema_version": 1,
          "attributes": {
            "access_port_selector_dn": "uni/infra/accportprof-leaf201/hports-Eth1-45-typ-range",
            "annotation": "orchestrator:terraform",
            "description": "",
            "from_card": "1",
            "from_port": "45",
            "id": "uni/infra/accportprof-leaf201/hports-Eth1-45-typ-range/portblk-Eth1-45",
            "name": "Eth1-45",
            "name_alias": "",
            "relation_infra_rs_acc_bndl_subgrp": "",
            "to_card": "1",
            "to_port": "45"
          },
          "private": "eyJzY2hlbWFfdmVyc2lvbiI6IjEifQ==",
          "dependencies": [
            "aci_access_port_selector.leaf201_1",
            "aci_leaf_interface_profile.leaf201"
          ]
        },
        {
          "index_key": "46",
          "schema_version": 1,
          "attributes": {
            "access_port_selector_dn": "uni/infra/accportprof-leaf201/hports-Eth1-46-typ-range",
            "annotation": "orchestrator:terraform",
            "description": "",
            "from_card": "1",
            "from_port": "46",
            "id": "uni/infra/accportprof-leaf201/hports-Eth1-46-typ-range/portblk-Eth1-46",
            "name": "Eth1-46",
            "name_alias": "",
            "relation_infra_rs_acc_bndl_subgrp": "",
            "to_card": "1",
            "to_port": "46"
          },
          "private": "eyJzY2hlbWFfdmVyc2lvbiI6IjEifQ==",
          "dependencies": [
            "aci_access_port_selector.leaf201_1",
            "aci_leaf_interface_profile.leaf201"
          ]
        },
        {
          "index_key": "47",
          "schema_version": 1,
          "attributes": {
            "access_port_selector_dn": "uni/infra/accportprof-leaf201/hports-Eth1-47-typ-range",
            "annotation": "orchestrator:terraform",
            "description": "",
            "from_card": "1",
            "from_port": "47",
            "id": "uni/infra/accportprof-leaf201/hports-Eth1-47-typ-range/portblk-Eth1-47",
            "name": "Eth1-47",
            "name_alias": "",
            "relation_infra_rs_acc_bndl_subgrp": "",
            "to_card": "1",
            "to_port": "47"
          },
          "private": "eyJzY2hlbWFfdmVyc2lvbiI6IjEifQ==",
          "dependencies": [
            "aci_access_port_selector.leaf201_1",
            "aci_leaf_interface_profile.leaf201"
          ]
        },
        {
          "index_key": "48",
          "schema_version": 1,
          "attributes": {
            "access_port_selector_dn": "uni/infra/accportprof-leaf201/hports-Eth1-48-typ-range",
            "annotation": "orchestrator:terraform",
            "description": "",
            "from_card": "1",
            "from_port": "48",
            "id": "uni/infra/accportprof-leaf201/hports-Eth1-48-typ-range/portblk-Eth1-48",
            "name": "Eth1-48",
            "name_alias": "",
            "relation_infra_rs_acc_bndl_subgrp": "",
            "to_card": "1",
            "to_port": "48"
          },
          "private": "eyJzY2hlbWFfdmVyc2lvbiI6IjEifQ==",
          "dependencies": [
            "aci_access_port_selector.leaf201_1",
            "aci_leaf_interface_profile.leaf201"
          ]
        },
        {
          "index_key": "49",
          "schema_version": 1,
          "attributes": {
            "access_port_selector_dn": "uni/infra/accportprof-leaf201/hports-Eth1-49-typ-range",
            "annotation": "orchestrator:terraform",
            "description": "",
            "from_card": "1",
            "from_port": "49",
            "id": "uni/infra/accportprof-leaf201/hports-Eth1-49-typ-range/portblk-Eth1-49",
            "name": "Eth1-49",
            "name_alias": "",
            "relation_infra_rs_acc_bndl_subgrp": "",
            "to_card": "1",
            "to_port": "49"
          },
          "private": "eyJzY2hlbWFfdmVyc2lvbiI6IjEifQ==",
          "dependencies": [
            "aci_access_port_selector.leaf201_1",
            "aci_leaf_interface_profile.leaf201"
          ]
        },
        {
          "index_key": "50",
          "schema_version": 1,
          "attributes": {
            "access_port_selector_dn": "uni/infra/accportprof-leaf201/hports-Eth1-50-typ-range",
            "annotation": "orchestrator:terraform",
            "description": "",
            "from_card": "1",
            "from_port": "50",
            "id": "uni/infra/accportprof-leaf201/hports-Eth1-50-typ-range/portblk-Eth1-50",
            "name": "Eth1-50",
            "name_alias": "",
            "relation_infra_rs_acc_bndl_subgrp": "",
            "to_card": "1",
            "to_port": "50"
          },
          "private": "eyJzY2hlbWFfdmVyc2lvbiI6IjEifQ==",
          "dependencies": [
            "aci_access_port_selector.leaf201_1",
            "aci_leaf_interface_profile.leaf201"
          ]
        },
        {
          "index_key": "51",
          "schema_version": 1,
          "attributes": {
            "access_port_selector_dn": "uni/infra/accportprof-leaf201/hports-Eth1-51-typ-range",
            "annotation": "orchestrator:terraform",
            "description": "",
            "from_card": "1",
            "from_port": "51",
            "id": "uni/infra/accportprof-leaf201/hports-Eth1-51-typ-range/portblk-Eth1-51",
            "name": "Eth1-51",
            "name_alias": "",
            "relation_infra_rs_acc_bndl_subgrp": "",
            "to_card": "1",
            "to_port": "51"
          },
          "private": "eyJzY2hlbWFfdmVyc2lvbiI6IjEifQ==",
          "dependencies": [
            "aci_access_port_selector.leaf201_1",
            "aci_leaf_interface_profile.leaf201"
          ]
        },
        {
          "index_key": "52",
          "schema_version": 1,
          "attributes": {
            "access_port_selector_dn": "uni/infra/accportprof-leaf201/hports-Eth1-52-typ-range",
            "annotation": "orchestrator:terraform",
            "description": "",
            "from_card": "1",
            "from_port": "52",
            "id": "uni/infra/accportprof-leaf201/hports-Eth1-52-typ-range/portblk-Eth1-52",
            "name": "Eth1-52",
            "name_alias": "",
            "relation_infra_rs_acc_bndl_subgrp": "",
            "to_card": "1",
            "to_port": "52"
          },
          "private": "eyJzY2hlbWFfdmVyc2lvbiI6IjEifQ==",
          "dependencies": [
            "aci_access_port_selector.leaf201_1",
            "aci_leaf_interface_profile.leaf201"
          ]
        },
        {
          "index_key": "53",
          "schema_version": 1,
          "attributes": {
            "access_port_selector_dn": "uni/infra/accportprof-leaf201/hports-Eth1-53-typ-range",
            "annotation": "orchestrator:terraform",
            "description": "",
            "from_card": "1",
            "from_port": "53",
            "id": "uni/infra/accportprof-leaf201/hports-Eth1-53-typ-range/portblk-Eth1-53",
            "name": "Eth1-53",
            "name_alias": "",
            "relation_infra_rs_acc_bndl_subgrp": "",
            "to_card": "1",
            "to_port": "53"
          },
          "private": "eyJzY2hlbWFfdmVyc2lvbiI6IjEifQ==",
          "dependencies": [
            "aci_access_port_selector.leaf201_1",
            "aci_leaf_interface_profile.leaf201"
          ]
        },
        {
          "index_key": "54",
          "schema_version": 1,
          "attributes": {
            "access_port_selector_dn": "uni/infra/accportprof-leaf201/hports-Eth1-54-typ-range",
            "annotation": "orchestrator:terraform",
            "description": "",
            "from_card": "1",
            "from_port": "54",
            "id": "uni/infra/accportprof-leaf201/hports-Eth1-54-typ-range/portblk-Eth1-54",
            "name": "Eth1-54",
            "name_alias": "",
            "relation_infra_rs_acc_bndl_subgrp": "",
            "to_card": "1",
            "to_port": "54"
          },
          "private": "eyJzY2hlbWFfdmVyc2lvbiI6IjEifQ==",
          "dependencies": [
            "aci_access_port_selector.leaf201_1",
            "aci_leaf_interface_profile.leaf201"
          ]
        }
      ]
    },
    {
      "mode": "managed",
      "type": "aci_access_port_block",
      "name": "leaf202_1",
      "provider": "provider[\"registry.terraform.io/ciscodevnet/aci\"]",
      "instances": [
        {
          "index_key": "01",
          "schema_version": 1,
          "attributes": {
            "access_port_selector_dn": "uni/infra/accportprof-leaf202/hports-Eth1-01-typ-range",
            "annotation": "orchestrator:terraform",
            "description": "",
            "from_card": "1",
            "from_port": "1",
            "id": "uni/infra/accportprof-leaf202/hports-Eth1-01-typ-range/portblk-Eth1-01",
            "name": "Eth1-01",
            "name_alias": "",
            "relation_infra_rs_acc_bndl_subgrp": "",
            "to_card": "1",
            "to_port": "1"
          },
          "private": "eyJzY2hlbWFfdmVyc2lvbiI6IjEifQ==",
          "dependencies": [
            "aci_access_port_selector.leaf202_1",
            "aci_leaf_interface_profile.leaf202"
          ]
        },
        {
          "index_key": "02",
          "schema_version": 1,
          "attributes": {
            "access_port_selector_dn": "uni/infra/accportprof-leaf202/hports-Eth1-02-typ-range",
            "annotation": "orchestrator:terraform",
            "description": "",
            "from_card": "1",
            "from_port": "2",
            "id": "uni/infra/accportprof-leaf202/hports-Eth1-02-typ-range/portblk-Eth1-02",
            "name": "Eth1-02",
            "name_alias": "",
            "relation_infra_rs_acc_bndl_subgrp": "",
            "to_card": "1",
            "to_port": "2"
          },
          "private": "eyJzY2hlbWFfdmVyc2lvbiI6IjEifQ==",
          "dependencies": [
            "aci_access_port_selector.leaf202_1",
            "aci_leaf_interface_profile.leaf202"
          ]
        },
        {
          "index_key": "03",
          "schema_version": 1,
          "attributes": {
            "access_port_selector_dn": "uni/infra/accportprof-leaf202/hports-Eth1-03-typ-range",
            "annotation": "orchestrator:terraform",
            "description": "",
            "from_card": "1",
            "from_port": "3",
            "id": "uni/infra/accportprof-leaf202/hports-Eth1-03-typ-range/portblk-Eth1-03",
            "name": "Eth1-03",
            "name_alias": "",
            "relation_infra_rs_acc_bndl_subgrp": "",
            "to_card": "1",
            "to_port": "3"
          },
          "private": "eyJzY2hlbWFfdmVyc2lvbiI6IjEifQ==",
          "dependencies": [
            "aci_access_port_selector.leaf202_1",
            "aci_leaf_interface_profile.leaf202"
          ]
        },
        {
          "index_key": "04",
          "schema_version": 1,
          "attributes": {
            "access_port_selector_dn": "uni/infra/accportprof-leaf202/hports-Eth1-04-typ-range",
            "annotation": "orchestrator:terraform",
            "description": "",
            "from_card": "1",
            "from_port": "4",
            "id": "uni/infra/accportprof-leaf202/hports-Eth1-04-typ-range/portblk-Eth1-04",
            "name": "Eth1-04",
            "name_alias": "",
            "relation_infra_rs_acc_bndl_subgrp": "",
            "to_card": "1",
            "to_port": "4"
          },
          "private": "eyJzY2hlbWFfdmVyc2lvbiI6IjEifQ==",
          "dependencies": [
            "aci_access_port_selector.leaf202_1",
            "aci_leaf_interface_profile.leaf202"
          ]
        },
        {
          "index_key": "05",
          "schema_version": 1,
          "attributes": {
            "access_port_selector_dn": "uni/infra/accportprof-leaf202/hports-Eth1-05-typ-range",
            "annotation": "orchestrator:terraform",
            "description": "",
            "from_card": "1",
            "from_port": "5",
            "id": "uni/infra/accportprof-leaf202/hports-Eth1-05-typ-range/portblk-Eth1-05",
            "name": "Eth1-05",
            "name_alias": "",
            "relation_infra_rs_acc_bndl_subgrp": "",
            "to_card": "1",
            "to_port": "5"
          },
          "private": "eyJzY2hlbWFfdmVyc2lvbiI6IjEifQ==",
          "dependencies": [
            "aci_access_port_selector.leaf202_1",
            "aci_leaf_interface_profile.leaf202"
          ]
        },
        {
          "index_key": "06",
          "schema_version": 1,
          "attributes": {
            "access_port_selector_dn": "uni/infra/accportprof-leaf202/hports-Eth1-06-typ-range",
            "annotation": "orchestrator:terraform",
            "description": "",
            "from_card": "1",
            "from_port": "6",
            "id": "uni/infra/accportprof-leaf202/hports-Eth1-06-typ-range/portblk-Eth1-06",
            "name": "Eth1-06",
            "name_alias": "",
            "relation_infra_rs_acc_bndl_subgrp": "",
            "to_card": "1",
            "to_port": "6"
          },
          "private": "eyJzY2hlbWFfdmVyc2lvbiI6IjEifQ==",
          "dependencies": [
            "aci_access_port_selector.leaf202_1",
            "aci_leaf_interface_profile.leaf202"
          ]
        },
        {
          "index_key": "07",
          "schema_version": 1,
          "attributes": {
            "access_port_selector_dn": "uni/infra/accportprof-leaf202/hports-Eth1-07-typ-range",
            "annotation": "orchestrator:terraform",
            "description": "",
            "from_card": "1",
            "from_port": "7",
            "id": "uni/infra/accportprof-leaf202/hports-Eth1-07-typ-range/portblk-Eth1-07",
            "name": "Eth1-07",
            "name_alias": "",
            "relation_infra_rs_acc_bndl_subgrp": "",
            "to_card": "1",
            "to_port": "7"
          },
          "private": "eyJzY2hlbWFfdmVyc2lvbiI6IjEifQ==",
          "dependencies": [
            "aci_access_port_selector.leaf202_1",
            "aci_leaf_interface_profile.leaf202"
          ]
        },
        {
          "index_key": "08",
          "schema_version": 1,
          "attributes": {
            "access_port_selector_dn": "uni/infra/accportprof-leaf202/hports-Eth1-08-typ-range",
            "annotation": "orchestrator:terraform",
            "description": "",
            "from_card": "1",
            "from_port": "8",
            "id": "uni/infra/accportprof-leaf202/hports-Eth1-08-typ-range/portblk-Eth1-08",
            "name": "Eth1-08",
            "name_alias": "",
            "relation_infra_rs_acc_bndl_subgrp": "",
            "to_card": "1",
            "to_port": "8"
          },
          "private": "eyJzY2hlbWFfdmVyc2lvbiI6IjEifQ==",
          "dependencies": [
            "aci_access_port_selector.leaf202_1",
            "aci_leaf_interface_profile.leaf202"
          ]
        },
        {
          "index_key": "09",
          "schema_version": 1,
          "attributes": {
            "access_port_selector_dn": "uni/infra/accportprof-leaf202/hports-Eth1-09-typ-range",
            "annotation": "orchestrator:terraform",
            "description": "",
            "from_card": "1",
            "from_port": "9",
            "id": "uni/infra/accportprof-leaf202/hports-Eth1-09-typ-range/portblk-Eth1-09",
            "name": "Eth1-09",
            "name_alias": "",
            "relation_infra_rs_acc_bndl_subgrp": "",
            "to_card": "1",
            "to_port": "9"
          },
          "private": "eyJzY2hlbWFfdmVyc2lvbiI6IjEifQ==",
          "dependencies": [
            "aci_access_port_selector.leaf202_1",
            "aci_leaf_interface_profile.leaf202"
          ]
        },
        {
          "index_key": "10",
          "schema_version": 1,
          "attributes": {
            "access_port_selector_dn": "uni/infra/accportprof-leaf202/hports-Eth1-10-typ-range",
            "annotation": "orchestrator:terraform",
            "description": "",
            "from_card": "1",
            "from_port": "10",
            "id": "uni/infra/accportprof-leaf202/hports-Eth1-10-typ-range/portblk-Eth1-10",
            "name": "Eth1-10",
            "name_alias": "",
            "relation_infra_rs_acc_bndl_subgrp": "",
            "to_card": "1",
            "to_port": "10"
          },
          "private": "eyJzY2hlbWFfdmVyc2lvbiI6IjEifQ==",
          "dependencies": [
            "aci_access_port_selector.leaf202_1",
            "aci_leaf_interface_profile.leaf202"
          ]
        },
        {
          "index_key": "11",
          "schema_version": 1,
          "attributes": {
            "access_port_selector_dn": "uni/infra/accportprof-leaf202/hports-Eth1-11-typ-range",
            "annotation": "orchestrator:terraform",
            "description": "",
            "from_card": "1",
            "from_port": "11",
            "id": "uni/infra/accportprof-leaf202/hports-Eth1-11-typ-range/portblk-Eth1-11",
            "name": "Eth1-11",
            "name_alias": "",
            "relation_infra_rs_acc_bndl_subgrp": "",
            "to_card": "1",
            "to_port": "11"
          },
          "private": "eyJzY2hlbWFfdmVyc2lvbiI6IjEifQ==",
          "dependencies": [
            "aci_access_port_selector.leaf202_1",
            "aci_leaf_interface_profile.leaf202"
          ]
        },
        {
          "index_key": "12",
          "schema_version": 1,
          "attributes": {
            "access_port_selector_dn": "uni/infra/accportprof-leaf202/hports-Eth1-12-typ-range",
            "annotation": "orchestrator:terraform",
            "description": "",
            "from_card": "1",
            "from_port": "12",
            "id": "uni/infra/accportprof-leaf202/hports-Eth1-12-typ-range/portblk-Eth1-12",
            "name": "Eth1-12",
            "name_alias": "",
            "relation_infra_rs_acc_bndl_subgrp": "",
            "to_card": "1",
            "to_port": "12"
          },
          "private": "eyJzY2hlbWFfdmVyc2lvbiI6IjEifQ==",
          "dependencies": [
            "aci_access_port_selector.leaf202_1",
            "aci_leaf_interface_profile.leaf202"
          ]
        },
        {
          "index_key": "13",
          "schema_version": 1,
          "attributes": {
            "access_port_selector_dn": "uni/infra/accportprof-leaf202/hports-Eth1-13-typ-range",
            "annotation": "orchestrator:terraform",
            "description": "",
            "from_card": "1",
            "from_port": "13",
            "id": "uni/infra/accportprof-leaf202/hports-Eth1-13-typ-range/portblk-Eth1-13",
            "name": "Eth1-13",
            "name_alias": "",
            "relation_infra_rs_acc_bndl_subgrp": "",
            "to_card": "1",
            "to_port": "13"
          },
          "private": "eyJzY2hlbWFfdmVyc2lvbiI6IjEifQ==",
          "dependencies": [
            "aci_access_port_selector.leaf202_1",
            "aci_leaf_interface_profile.leaf202"
          ]
        },
        {
          "index_key": "14",
          "schema_version": 1,
          "attributes": {
            "access_port_selector_dn": "uni/infra/accportprof-leaf202/hports-Eth1-14-typ-range",
            "annotation": "orchestrator:terraform",
            "description": "",
            "from_card": "1",
            "from_port": "14",
            "id": "uni/infra/accportprof-leaf202/hports-Eth1-14-typ-range/portblk-Eth1-14",
            "name": "Eth1-14",
            "name_alias": "",
            "relation_infra_rs_acc_bndl_subgrp": "",
            "to_card": "1",
            "to_port": "14"
          },
          "private": "eyJzY2hlbWFfdmVyc2lvbiI6IjEifQ==",
          "dependencies": [
            "aci_access_port_selector.leaf202_1",
            "aci_leaf_interface_profile.leaf202"
          ]
        },
        {
          "index_key": "15",
          "schema_version": 1,
          "attributes": {
            "access_port_selector_dn": "uni/infra/accportprof-leaf202/hports-Eth1-15-typ-range",
            "annotation": "orchestrator:terraform",
            "description": "",
            "from_card": "1",
            "from_port": "15",
            "id": "uni/infra/accportprof-leaf202/hports-Eth1-15-typ-range/portblk-Eth1-15",
            "name": "Eth1-15",
            "name_alias": "",
            "relation_infra_rs_acc_bndl_subgrp": "",
            "to_card": "1",
            "to_port": "15"
          },
          "private": "eyJzY2hlbWFfdmVyc2lvbiI6IjEifQ==",
          "dependencies": [
            "aci_access_port_selector.leaf202_1",
            "aci_leaf_interface_profile.leaf202"
          ]
        },
        {
          "index_key": "16",
          "schema_version": 1,
          "attributes": {
            "access_port_selector_dn": "uni/infra/accportprof-leaf202/hports-Eth1-16-typ-range",
            "annotation": "orchestrator:terraform",
            "description": "",
            "from_card": "1",
            "from_port": "16",
            "id": "uni/infra/accportprof-leaf202/hports-Eth1-16-typ-range/portblk-Eth1-16",
            "name": "Eth1-16",
            "name_alias": "",
            "relation_infra_rs_acc_bndl_subgrp": "",
            "to_card": "1",
            "to_port": "16"
          },
          "private": "eyJzY2hlbWFfdmVyc2lvbiI6IjEifQ==",
          "dependencies": [
            "aci_access_port_selector.leaf202_1",
            "aci_leaf_interface_profile.leaf202"
          ]
        },
        {
          "index_key": "17",
          "schema_version": 1,
          "attributes": {
            "access_port_selector_dn": "uni/infra/accportprof-leaf202/hports-Eth1-17-typ-range",
            "annotation": "orchestrator:terraform",
            "description": "",
            "from_card": "1",
            "from_port": "17",
            "id": "uni/infra/accportprof-leaf202/hports-Eth1-17-typ-range/portblk-Eth1-17",
            "name": "Eth1-17",
            "name_alias": "",
            "relation_infra_rs_acc_bndl_subgrp": "",
            "to_card": "1",
            "to_port": "17"
          },
          "private": "eyJzY2hlbWFfdmVyc2lvbiI6IjEifQ==",
          "dependencies": [
            "aci_access_port_selector.leaf202_1",
            "aci_leaf_interface_profile.leaf202"
          ]
        },
        {
          "index_key": "18",
          "schema_version": 1,
          "attributes": {
            "access_port_selector_dn": "uni/infra/accportprof-leaf202/hports-Eth1-18-typ-range",
            "annotation": "orchestrator:terraform",
            "description": "",
            "from_card": "1",
            "from_port": "18",
            "id": "uni/infra/accportprof-leaf202/hports-Eth1-18-typ-range/portblk-Eth1-18",
            "name": "Eth1-18",
            "name_alias": "",
            "relation_infra_rs_acc_bndl_subgrp": "",
            "to_card": "1",
            "to_port": "18"
          },
          "private": "eyJzY2hlbWFfdmVyc2lvbiI6IjEifQ==",
          "dependencies": [
            "aci_access_port_selector.leaf202_1",
            "aci_leaf_interface_profile.leaf202"
          ]
        },
        {
          "index_key": "19",
          "schema_version": 1,
          "attributes": {
            "access_port_selector_dn": "uni/infra/accportprof-leaf202/hports-Eth1-19-typ-range",
            "annotation": "orchestrator:terraform",
            "description": "",
            "from_card": "1",
            "from_port": "19",
            "id": "uni/infra/accportprof-leaf202/hports-Eth1-19-typ-range/portblk-Eth1-19",
            "name": "Eth1-19",
            "name_alias": "",
            "relation_infra_rs_acc_bndl_subgrp": "",
            "to_card": "1",
            "to_port": "19"
          },
          "private": "eyJzY2hlbWFfdmVyc2lvbiI6IjEifQ==",
          "dependencies": [
            "aci_access_port_selector.leaf202_1",
            "aci_leaf_interface_profile.leaf202"
          ]
        },
        {
          "index_key": "20",
          "schema_version": 1,
          "attributes": {
            "access_port_selector_dn": "uni/infra/accportprof-leaf202/hports-Eth1-20-typ-range",
            "annotation": "orchestrator:terraform",
            "description": "",
            "from_card": "1",
            "from_port": "20",
            "id": "uni/infra/accportprof-leaf202/hports-Eth1-20-typ-range/portblk-Eth1-20",
            "name": "Eth1-20",
            "name_alias": "",
            "relation_infra_rs_acc_bndl_subgrp": "",
            "to_card": "1",
            "to_port": "20"
          },
          "private": "eyJzY2hlbWFfdmVyc2lvbiI6IjEifQ==",
          "dependencies": [
            "aci_access_port_selector.leaf202_1",
            "aci_leaf_interface_profile.leaf202"
          ]
        },
        {
          "index_key": "21",
          "schema_version": 1,
          "attributes": {
            "access_port_selector_dn": "uni/infra/accportprof-leaf202/hports-Eth1-21-typ-range",
            "annotation": "orchestrator:terraform",
            "description": "",
            "from_card": "1",
            "from_port": "21",
            "id": "uni/infra/accportprof-leaf202/hports-Eth1-21-typ-range/portblk-Eth1-21",
            "name": "Eth1-21",
            "name_alias": "",
            "relation_infra_rs_acc_bndl_subgrp": "",
            "to_card": "1",
            "to_port": "21"
          },
          "private": "eyJzY2hlbWFfdmVyc2lvbiI6IjEifQ==",
          "dependencies": [
            "aci_access_port_selector.leaf202_1",
            "aci_leaf_interface_profile.leaf202"
          ]
        },
        {
          "index_key": "22",
          "schema_version": 1,
          "attributes": {
            "access_port_selector_dn": "uni/infra/accportprof-leaf202/hports-Eth1-22-typ-range",
            "annotation": "orchestrator:terraform",
            "description": "",
            "from_card": "1",
            "from_port": "22",
            "id": "uni/infra/accportprof-leaf202/hports-Eth1-22-typ-range/portblk-Eth1-22",
            "name": "Eth1-22",
            "name_alias": "",
            "relation_infra_rs_acc_bndl_subgrp": "",
            "to_card": "1",
            "to_port": "22"
          },
          "private": "eyJzY2hlbWFfdmVyc2lvbiI6IjEifQ==",
          "dependencies": [
            "aci_access_port_selector.leaf202_1",
            "aci_leaf_interface_profile.leaf202"
          ]
        },
        {
          "index_key": "23",
          "schema_version": 1,
          "attributes": {
            "access_port_selector_dn": "uni/infra/accportprof-leaf202/hports-Eth1-23-typ-range",
            "annotation": "orchestrator:terraform",
            "description": "",
            "from_card": "1",
            "from_port": "23",
            "id": "uni/infra/accportprof-leaf202/hports-Eth1-23-typ-range/portblk-Eth1-23",
            "name": "Eth1-23",
            "name_alias": "",
            "relation_infra_rs_acc_bndl_subgrp": "",
            "to_card": "1",
            "to_port": "23"
          },
          "private": "eyJzY2hlbWFfdmVyc2lvbiI6IjEifQ==",
          "dependencies": [
            "aci_access_port_selector.leaf202_1",
            "aci_leaf_interface_profile.leaf202"
          ]
        },
        {
          "index_key": "24",
          "schema_version": 1,
          "attributes": {
            "access_port_selector_dn": "uni/infra/accportprof-leaf202/hports-Eth1-24-typ-range",
            "annotation": "orchestrator:terraform",
            "description": "",
            "from_card": "1",
            "from_port": "24",
            "id": "uni/infra/accportprof-leaf202/hports-Eth1-24-typ-range/portblk-Eth1-24",
            "name": "Eth1-24",
            "name_alias": "",
            "relation_infra_rs_acc_bndl_subgrp": "",
            "to_card": "1",
            "to_port": "24"
          },
          "private": "eyJzY2hlbWFfdmVyc2lvbiI6IjEifQ==",
          "dependencies": [
            "aci_access_port_selector.leaf202_1",
            "aci_leaf_interface_profile.leaf202"
          ]
        },
        {
          "index_key": "25",
          "schema_version": 1,
          "attributes": {
            "access_port_selector_dn": "uni/infra/accportprof-leaf202/hports-Eth1-25-typ-range",
            "annotation": "orchestrator:terraform",
            "description": "",
            "from_card": "1",
            "from_port": "25",
            "id": "uni/infra/accportprof-leaf202/hports-Eth1-25-typ-range/portblk-Eth1-25",
            "name": "Eth1-25",
            "name_alias": "",
            "relation_infra_rs_acc_bndl_subgrp": "",
            "to_card": "1",
            "to_port": "25"
          },
          "private": "eyJzY2hlbWFfdmVyc2lvbiI6IjEifQ==",
          "dependencies": [
            "aci_access_port_selector.leaf202_1",
            "aci_leaf_interface_profile.leaf202"
          ]
        },
        {
          "index_key": "26",
          "schema_version": 1,
          "attributes": {
            "access_port_selector_dn": "uni/infra/accportprof-leaf202/hports-Eth1-26-typ-range",
            "annotation": "orchestrator:terraform",
            "description": "",
            "from_card": "1",
            "from_port": "26",
            "id": "uni/infra/accportprof-leaf202/hports-Eth1-26-typ-range/portblk-Eth1-26",
            "name": "Eth1-26",
            "name_alias": "",
            "relation_infra_rs_acc_bndl_subgrp": "",
            "to_card": "1",
            "to_port": "26"
          },
          "private": "eyJzY2hlbWFfdmVyc2lvbiI6IjEifQ==",
          "dependencies": [
            "aci_access_port_selector.leaf202_1",
            "aci_leaf_interface_profile.leaf202"
          ]
        },
        {
          "index_key": "27",
          "schema_version": 1,
          "attributes": {
            "access_port_selector_dn": "uni/infra/accportprof-leaf202/hports-Eth1-27-typ-range",
            "annotation": "orchestrator:terraform",
            "description": "",
            "from_card": "1",
            "from_port": "27",
            "id": "uni/infra/accportprof-leaf202/hports-Eth1-27-typ-range/portblk-Eth1-27",
            "name": "Eth1-27",
            "name_alias": "",
            "relation_infra_rs_acc_bndl_subgrp": "",
            "to_card": "1",
            "to_port": "27"
          },
          "private": "eyJzY2hlbWFfdmVyc2lvbiI6IjEifQ==",
          "dependencies": [
            "aci_access_port_selector.leaf202_1",
            "aci_leaf_interface_profile.leaf202"
          ]
        },
        {
          "index_key": "28",
          "schema_version": 1,
          "attributes": {
            "access_port_selector_dn": "uni/infra/accportprof-leaf202/hports-Eth1-28-typ-range",
            "annotation": "orchestrator:terraform",
            "description": "",
            "from_card": "1",
            "from_port": "28",
            "id": "uni/infra/accportprof-leaf202/hports-Eth1-28-typ-range/portblk-Eth1-28",
            "name": "Eth1-28",
            "name_alias": "",
            "relation_infra_rs_acc_bndl_subgrp": "",
            "to_card": "1",
            "to_port": "28"
          },
          "private": "eyJzY2hlbWFfdmVyc2lvbiI6IjEifQ==",
          "dependencies": [
            "aci_access_port_selector.leaf202_1",
            "aci_leaf_interface_profile.leaf202"
          ]
        },
        {
          "index_key": "29",
          "schema_version": 1,
          "attributes": {
            "access_port_selector_dn": "uni/infra/accportprof-leaf202/hports-Eth1-29-typ-range",
            "annotation": "orchestrator:terraform",
            "description": "",
            "from_card": "1",
            "from_port": "29",
            "id": "uni/infra/accportprof-leaf202/hports-Eth1-29-typ-range/portblk-Eth1-29",
            "name": "Eth1-29",
            "name_alias": "",
            "relation_infra_rs_acc_bndl_subgrp": "",
            "to_card": "1",
            "to_port": "29"
          },
          "private": "eyJzY2hlbWFfdmVyc2lvbiI6IjEifQ==",
          "dependencies": [
            "aci_access_port_selector.leaf202_1",
            "aci_leaf_interface_profile.leaf202"
          ]
        },
        {
          "index_key": "30",
          "schema_version": 1,
          "attributes": {
            "access_port_selector_dn": "uni/infra/accportprof-leaf202/hports-Eth1-30-typ-range",
            "annotation": "orchestrator:terraform",
            "description": "",
            "from_card": "1",
            "from_port": "30",
            "id": "uni/infra/accportprof-leaf202/hports-Eth1-30-typ-range/portblk-Eth1-30",
            "name": "Eth1-30",
            "name_alias": "",
            "relation_infra_rs_acc_bndl_subgrp": "",
            "to_card": "1",
            "to_port": "30"
          },
          "private": "eyJzY2hlbWFfdmVyc2lvbiI6IjEifQ==",
          "dependencies": [
            "aci_access_port_selector.leaf202_1",
            "aci_leaf_interface_profile.leaf202"
          ]
        },
        {
          "index_key": "31",
          "schema_version": 1,
          "attributes": {
            "access_port_selector_dn": "uni/infra/accportprof-leaf202/hports-Eth1-31-typ-range",
            "annotation": "orchestrator:terraform",
            "description": "",
            "from_card": "1",
            "from_port": "31",
            "id": "uni/infra/accportprof-leaf202/hports-Eth1-31-typ-range/portblk-Eth1-31",
            "name": "Eth1-31",
            "name_alias": "",
            "relation_infra_rs_acc_bndl_subgrp": "",
            "to_card": "1",
            "to_port": "31"
          },
          "private": "eyJzY2hlbWFfdmVyc2lvbiI6IjEifQ==",
          "dependencies": [
            "aci_access_port_selector.leaf202_1",
            "aci_leaf_interface_profile.leaf202"
          ]
        },
        {
          "index_key": "32",
          "schema_version": 1,
          "attributes": {
            "access_port_selector_dn": "uni/infra/accportprof-leaf202/hports-Eth1-32-typ-range",
            "annotation": "orchestrator:terraform",
            "description": "",
            "from_card": "1",
            "from_port": "32",
            "id": "uni/infra/accportprof-leaf202/hports-Eth1-32-typ-range/portblk-Eth1-32",
            "name": "Eth1-32",
            "name_alias": "",
            "relation_infra_rs_acc_bndl_subgrp": "",
            "to_card": "1",
            "to_port": "32"
          },
          "private": "eyJzY2hlbWFfdmVyc2lvbiI6IjEifQ==",
          "dependencies": [
            "aci_access_port_selector.leaf202_1",
            "aci_leaf_interface_profile.leaf202"
          ]
        },
        {
          "index_key": "33",
          "schema_version": 1,
          "attributes": {
            "access_port_selector_dn": "uni/infra/accportprof-leaf202/hports-Eth1-33-typ-range",
            "annotation": "orchestrator:terraform",
            "description": "",
            "from_card": "1",
            "from_port": "33",
            "id": "uni/infra/accportprof-leaf202/hports-Eth1-33-typ-range/portblk-Eth1-33",
            "name": "Eth1-33",
            "name_alias": "",
            "relation_infra_rs_acc_bndl_subgrp": "",
            "to_card": "1",
            "to_port": "33"
          },
          "private": "eyJzY2hlbWFfdmVyc2lvbiI6IjEifQ==",
          "dependencies": [
            "aci_access_port_selector.leaf202_1",
            "aci_leaf_interface_profile.leaf202"
          ]
        },
        {
          "index_key": "34",
          "schema_version": 1,
          "attributes": {
            "access_port_selector_dn": "uni/infra/accportprof-leaf202/hports-Eth1-34-typ-range",
            "annotation": "orchestrator:terraform",
            "description": "",
            "from_card": "1",
            "from_port": "34",
            "id": "uni/infra/accportprof-leaf202/hports-Eth1-34-typ-range/portblk-Eth1-34",
            "name": "Eth1-34",
            "name_alias": "",
            "relation_infra_rs_acc_bndl_subgrp": "",
            "to_card": "1",
            "to_port": "34"
          },
          "private": "eyJzY2hlbWFfdmVyc2lvbiI6IjEifQ==",
          "dependencies": [
            "aci_access_port_selector.leaf202_1",
            "aci_leaf_interface_profile.leaf202"
          ]
        },
        {
          "index_key": "35",
          "schema_version": 1,
          "attributes": {
            "access_port_selector_dn": "uni/infra/accportprof-leaf202/hports-Eth1-35-typ-range",
            "annotation": "orchestrator:terraform",
            "description": "",
            "from_card": "1",
            "from_port": "35",
            "id": "uni/infra/accportprof-leaf202/hports-Eth1-35-typ-range/portblk-Eth1-35",
            "name": "Eth1-35",
            "name_alias": "",
            "relation_infra_rs_acc_bndl_subgrp": "",
            "to_card": "1",
            "to_port": "35"
          },
          "private": "eyJzY2hlbWFfdmVyc2lvbiI6IjEifQ==",
          "dependencies": [
            "aci_access_port_selector.leaf202_1",
            "aci_leaf_interface_profile.leaf202"
          ]
        },
        {
          "index_key": "36",
          "schema_version": 1,
          "attributes": {
            "access_port_selector_dn": "uni/infra/accportprof-leaf202/hports-Eth1-36-typ-range",
            "annotation": "orchestrator:terraform",
            "description": "",
            "from_card": "1",
            "from_port": "36",
            "id": "uni/infra/accportprof-leaf202/hports-Eth1-36-typ-range/portblk-Eth1-36",
            "name": "Eth1-36",
            "name_alias": "",
            "relation_infra_rs_acc_bndl_subgrp": "",
            "to_card": "1",
            "to_port": "36"
          },
          "private": "eyJzY2hlbWFfdmVyc2lvbiI6IjEifQ==",
          "dependencies": [
            "aci_access_port_selector.leaf202_1",
            "aci_leaf_interface_profile.leaf202"
          ]
        },
        {
          "index_key": "37",
          "schema_version": 1,
          "attributes": {
            "access_port_selector_dn": "uni/infra/accportprof-leaf202/hports-Eth1-37-typ-range",
            "annotation": "orchestrator:terraform",
            "description": "",
            "from_card": "1",
            "from_port": "37",
            "id": "uni/infra/accportprof-leaf202/hports-Eth1-37-typ-range/portblk-Eth1-37",
            "name": "Eth1-37",
            "name_alias": "",
            "relation_infra_rs_acc_bndl_subgrp": "",
            "to_card": "1",
            "to_port": "37"
          },
          "private": "eyJzY2hlbWFfdmVyc2lvbiI6IjEifQ==",
          "dependencies": [
            "aci_access_port_selector.leaf202_1",
            "aci_leaf_interface_profile.leaf202"
          ]
        },
        {
          "index_key": "38",
          "schema_version": 1,
          "attributes": {
            "access_port_selector_dn": "uni/infra/accportprof-leaf202/hports-Eth1-38-typ-range",
            "annotation": "orchestrator:terraform",
            "description": "",
            "from_card": "1",
            "from_port": "38",
            "id": "uni/infra/accportprof-leaf202/hports-Eth1-38-typ-range/portblk-Eth1-38",
            "name": "Eth1-38",
            "name_alias": "",
            "relation_infra_rs_acc_bndl_subgrp": "",
            "to_card": "1",
            "to_port": "38"
          },
          "private": "eyJzY2hlbWFfdmVyc2lvbiI6IjEifQ==",
          "dependencies": [
            "aci_access_port_selector.leaf202_1",
            "aci_leaf_interface_profile.leaf202"
          ]
        },
        {
          "index_key": "39",
          "schema_version": 1,
          "attributes": {
            "access_port_selector_dn": "uni/infra/accportprof-leaf202/hports-Eth1-39-typ-range",
            "annotation": "orchestrator:terraform",
            "description": "",
            "from_card": "1",
            "from_port": "39",
            "id": "uni/infra/accportprof-leaf202/hports-Eth1-39-typ-range/portblk-Eth1-39",
            "name": "Eth1-39",
            "name_alias": "",
            "relation_infra_rs_acc_bndl_subgrp": "",
            "to_card": "1",
            "to_port": "39"
          },
          "private": "eyJzY2hlbWFfdmVyc2lvbiI6IjEifQ==",
          "dependencies": [
            "aci_access_port_selector.leaf202_1",
            "aci_leaf_interface_profile.leaf202"
          ]
        },
        {
          "index_key": "40",
          "schema_version": 1,
          "attributes": {
            "access_port_selector_dn": "uni/infra/accportprof-leaf202/hports-Eth1-40-typ-range",
            "annotation": "orchestrator:terraform",
            "description": "",
            "from_card": "1",
            "from_port": "40",
            "id": "uni/infra/accportprof-leaf202/hports-Eth1-40-typ-range/portblk-Eth1-40",
            "name": "Eth1-40",
            "name_alias": "",
            "relation_infra_rs_acc_bndl_subgrp": "",
            "to_card": "1",
            "to_port": "40"
          },
          "private": "eyJzY2hlbWFfdmVyc2lvbiI6IjEifQ==",
          "dependencies": [
            "aci_access_port_selector.leaf202_1",
            "aci_leaf_interface_profile.leaf202"
          ]
        },
        {
          "index_key": "41",
          "schema_version": 1,
          "attributes": {
            "access_port_selector_dn": "uni/infra/accportprof-leaf202/hports-Eth1-41-typ-range",
            "annotation": "orchestrator:terraform",
            "description": "",
            "from_card": "1",
            "from_port": "41",
            "id": "uni/infra/accportprof-leaf202/hports-Eth1-41-typ-range/portblk-Eth1-41",
            "name": "Eth1-41",
            "name_alias": "",
            "relation_infra_rs_acc_bndl_subgrp": "",
            "to_card": "1",
            "to_port": "41"
          },
          "private": "eyJzY2hlbWFfdmVyc2lvbiI6IjEifQ==",
          "dependencies": [
            "aci_access_port_selector.leaf202_1",
            "aci_leaf_interface_profile.leaf202"
          ]
        },
        {
          "index_key": "42",
          "schema_version": 1,
          "attributes": {
            "access_port_selector_dn": "uni/infra/accportprof-leaf202/hports-Eth1-42-typ-range",
            "annotation": "orchestrator:terraform",
            "description": "",
            "from_card": "1",
            "from_port": "42",
            "id": "uni/infra/accportprof-leaf202/hports-Eth1-42-typ-range/portblk-Eth1-42",
            "name": "Eth1-42",
            "name_alias": "",
            "relation_infra_rs_acc_bndl_subgrp": "",
            "to_card": "1",
            "to_port": "42"
          },
          "private": "eyJzY2hlbWFfdmVyc2lvbiI6IjEifQ==",
          "dependencies": [
            "aci_access_port_selector.leaf202_1",
            "aci_leaf_interface_profile.leaf202"
          ]
        },
        {
          "index_key": "43",
          "schema_version": 1,
          "attributes": {
            "access_port_selector_dn": "uni/infra/accportprof-leaf202/hports-Eth1-43-typ-range",
            "annotation": "orchestrator:terraform",
            "description": "",
            "from_card": "1",
            "from_port": "43",
            "id": "uni/infra/accportprof-leaf202/hports-Eth1-43-typ-range/portblk-Eth1-43",
            "name": "Eth1-43",
            "name_alias": "",
            "relation_infra_rs_acc_bndl_subgrp": "",
            "to_card": "1",
            "to_port": "43"
          },
          "private": "eyJzY2hlbWFfdmVyc2lvbiI6IjEifQ==",
          "dependencies": [
            "aci_access_port_selector.leaf202_1",
            "aci_leaf_interface_profile.leaf202"
          ]
        },
        {
          "index_key": "44",
          "schema_version": 1,
          "attributes": {
            "access_port_selector_dn": "uni/infra/accportprof-leaf202/hports-Eth1-44-typ-range",
            "annotation": "orchestrator:terraform",
            "description": "",
            "from_card": "1",
            "from_port": "44",
            "id": "uni/infra/accportprof-leaf202/hports-Eth1-44-typ-range/portblk-Eth1-44",
            "name": "Eth1-44",
            "name_alias": "",
            "relation_infra_rs_acc_bndl_subgrp": "",
            "to_card": "1",
            "to_port": "44"
          },
          "private": "eyJzY2hlbWFfdmVyc2lvbiI6IjEifQ==",
          "dependencies": [
            "aci_access_port_selector.leaf202_1",
            "aci_leaf_interface_profile.leaf202"
          ]
        },
        {
          "index_key": "45",
          "schema_version": 1,
          "attributes": {
            "access_port_selector_dn": "uni/infra/accportprof-leaf202/hports-Eth1-45-typ-range",
            "annotation": "orchestrator:terraform",
            "description": "",
            "from_card": "1",
            "from_port": "45",
            "id": "uni/infra/accportprof-leaf202/hports-Eth1-45-typ-range/portblk-Eth1-45",
            "name": "Eth1-45",
            "name_alias": "",
            "relation_infra_rs_acc_bndl_subgrp": "",
            "to_card": "1",
            "to_port": "45"
          },
          "private": "eyJzY2hlbWFfdmVyc2lvbiI6IjEifQ==",
          "dependencies": [
            "aci_access_port_selector.leaf202_1",
            "aci_leaf_interface_profile.leaf202"
          ]
        },
        {
          "index_key": "46",
          "schema_version": 1,
          "attributes": {
            "access_port_selector_dn": "uni/infra/accportprof-leaf202/hports-Eth1-46-typ-range",
            "annotation": "orchestrator:terraform",
            "description": "",
            "from_card": "1",
            "from_port": "46",
            "id": "uni/infra/accportprof-leaf202/hports-Eth1-46-typ-range/portblk-Eth1-46",
            "name": "Eth1-46",
            "name_alias": "",
            "relation_infra_rs_acc_bndl_subgrp": "",
            "to_card": "1",
            "to_port": "46"
          },
          "private": "eyJzY2hlbWFfdmVyc2lvbiI6IjEifQ==",
          "dependencies": [
            "aci_access_port_selector.leaf202_1",
            "aci_leaf_interface_profile.leaf202"
          ]
        },
        {
          "index_key": "47",
          "schema_version": 1,
          "attributes": {
            "access_port_selector_dn": "uni/infra/accportprof-leaf202/hports-Eth1-47-typ-range",
            "annotation": "orchestrator:terraform",
            "description": "",
            "from_card": "1",
            "from_port": "47",
            "id": "uni/infra/accportprof-leaf202/hports-Eth1-47-typ-range/portblk-Eth1-47",
            "name": "Eth1-47",
            "name_alias": "",
            "relation_infra_rs_acc_bndl_subgrp": "",
            "to_card": "1",
            "to_port": "47"
          },
          "private": "eyJzY2hlbWFfdmVyc2lvbiI6IjEifQ==",
          "dependencies": [
            "aci_access_port_selector.leaf202_1",
            "aci_leaf_interface_profile.leaf202"
          ]
        },
        {
          "index_key": "48",
          "schema_version": 1,
          "attributes": {
            "access_port_selector_dn": "uni/infra/accportprof-leaf202/hports-Eth1-48-typ-range",
            "annotation": "orchestrator:terraform",
            "description": "",
            "from_card": "1",
            "from_port": "48",
            "id": "uni/infra/accportprof-leaf202/hports-Eth1-48-typ-range/portblk-Eth1-48",
            "name": "Eth1-48",
            "name_alias": "",
            "relation_infra_rs_acc_bndl_subgrp": "",
            "to_card": "1",
            "to_port": "48"
          },
          "private": "eyJzY2hlbWFfdmVyc2lvbiI6IjEifQ==",
          "dependencies": [
            "aci_access_port_selector.leaf202_1",
            "aci_leaf_interface_profile.leaf202"
          ]
        },
        {
          "index_key": "49",
          "schema_version": 1,
          "attributes": {
            "access_port_selector_dn": "uni/infra/accportprof-leaf202/hports-Eth1-49-typ-range",
            "annotation": "orchestrator:terraform",
            "description": "",
            "from_card": "1",
            "from_port": "49",
            "id": "uni/infra/accportprof-leaf202/hports-Eth1-49-typ-range/portblk-Eth1-49",
            "name": "Eth1-49",
            "name_alias": "",
            "relation_infra_rs_acc_bndl_subgrp": "",
            "to_card": "1",
            "to_port": "49"
          },
          "private": "eyJzY2hlbWFfdmVyc2lvbiI6IjEifQ==",
          "dependencies": [
            "aci_access_port_selector.leaf202_1",
            "aci_leaf_interface_profile.leaf202"
          ]
        },
        {
          "index_key": "50",
          "schema_version": 1,
          "attributes": {
            "access_port_selector_dn": "uni/infra/accportprof-leaf202/hports-Eth1-50-typ-range",
            "annotation": "orchestrator:terraform",
            "description": "",
            "from_card": "1",
            "from_port": "50",
            "id": "uni/infra/accportprof-leaf202/hports-Eth1-50-typ-range/portblk-Eth1-50",
            "name": "Eth1-50",
            "name_alias": "",
            "relation_infra_rs_acc_bndl_subgrp": "",
            "to_card": "1",
            "to_port": "50"
          },
          "private": "eyJzY2hlbWFfdmVyc2lvbiI6IjEifQ==",
          "dependencies": [
            "aci_access_port_selector.leaf202_1",
            "aci_leaf_interface_profile.leaf202"
          ]
        },
        {
          "index_key": "51",
          "schema_version": 1,
          "attributes": {
            "access_port_selector_dn": "uni/infra/accportprof-leaf202/hports-Eth1-51-typ-range",
            "annotation": "orchestrator:terraform",
            "description": "",
            "from_card": "1",
            "from_port": "51",
            "id": "uni/infra/accportprof-leaf202/hports-Eth1-51-typ-range/portblk-Eth1-51",
            "name": "Eth1-51",
            "name_alias": "",
            "relation_infra_rs_acc_bndl_subgrp": "",
            "to_card": "1",
            "to_port": "51"
          },
          "private": "eyJzY2hlbWFfdmVyc2lvbiI6IjEifQ==",
          "dependencies": [
            "aci_access_port_selector.leaf202_1",
            "aci_leaf_interface_profile.leaf202"
          ]
        },
        {
          "index_key": "52",
          "schema_version": 1,
          "attributes": {
            "access_port_selector_dn": "uni/infra/accportprof-leaf202/hports-Eth1-52-typ-range",
            "annotation": "orchestrator:terraform",
            "description": "",
            "from_card": "1",
            "from_port": "52",
            "id": "uni/infra/accportprof-leaf202/hports-Eth1-52-typ-range/portblk-Eth1-52",
            "name": "Eth1-52",
            "name_alias": "",
            "relation_infra_rs_acc_bndl_subgrp": "",
            "to_card": "1",
            "to_port": "52"
          },
          "private": "eyJzY2hlbWFfdmVyc2lvbiI6IjEifQ==",
          "dependencies": [
            "aci_access_port_selector.leaf202_1",
            "aci_leaf_interface_profile.leaf202"
          ]
        },
        {
          "index_key": "53",
          "schema_version": 1,
          "attributes": {
            "access_port_selector_dn": "uni/infra/accportprof-leaf202/hports-Eth1-53-typ-range",
            "annotation": "orchestrator:terraform",
            "description": "",
            "from_card": "1",
            "from_port": "53",
            "id": "uni/infra/accportprof-leaf202/hports-Eth1-53-typ-range/portblk-Eth1-53",
            "name": "Eth1-53",
            "name_alias": "",
            "relation_infra_rs_acc_bndl_subgrp": "",
            "to_card": "1",
            "to_port": "53"
          },
          "private": "eyJzY2hlbWFfdmVyc2lvbiI6IjEifQ==",
          "dependencies": [
            "aci_access_port_selector.leaf202_1",
            "aci_leaf_interface_profile.leaf202"
          ]
        },
        {
          "index_key": "54",
          "schema_version": 1,
          "attributes": {
            "access_port_selector_dn": "uni/infra/accportprof-leaf202/hports-Eth1-54-typ-range",
            "annotation": "orchestrator:terraform",
            "description": "",
            "from_card": "1",
            "from_port": "54",
            "id": "uni/infra/accportprof-leaf202/hports-Eth1-54-typ-range/portblk-Eth1-54",
            "name": "Eth1-54",
            "name_alias": "",
            "relation_infra_rs_acc_bndl_subgrp": "",
            "to_card": "1",
            "to_port": "54"
          },
          "private": "eyJzY2hlbWFfdmVyc2lvbiI6IjEifQ==",
          "dependencies": [
            "aci_access_port_selector.leaf202_1",
            "aci_leaf_interface_profile.leaf202"
          ]
        }
      ]
    },
    {
      "mode": "managed",
      "type": "aci_access_port_selector",
      "name": "leaf201_1",
      "provider": "provider[\"registry.terraform.io/ciscodevnet/aci\"]",
      "instances": [
        {
          "index_key": "01",
          "schema_version": 1,
          "attributes": {
            "access_port_selector_type": "range",
            "annotation": "orchestrator:terraform",
            "description": "",
            "id": "uni/infra/accportprof-leaf201/hports-Eth1-01-typ-range",
            "leaf_interface_profile_dn": "uni/infra/accportprof-leaf201",
            "name": "Eth1-01",
            "name_alias": "",
            "relation_infra_rs_acc_base_grp": ""
          },
          "private": "eyJzY2hlbWFfdmVyc2lvbiI6IjEifQ==",
          "dependencies": [
            "aci_leaf_interface_profile.leaf201"
          ]
        },
        {
          "index_key": "02",
          "schema_version": 1,
          "attributes": {
            "access_port_selector_type": "range",
            "annotation": "orchestrator:terraform",
            "description": "",
            "id": "uni/infra/accportprof-leaf201/hports-Eth1-02-typ-range",
            "leaf_interface_profile_dn": "uni/infra/accportprof-leaf201",
            "name": "Eth1-02",
            "name_alias": "",
            "relation_infra_rs_acc_base_grp": ""
          },
          "private": "eyJzY2hlbWFfdmVyc2lvbiI6IjEifQ==",
          "dependencies": [
            "aci_leaf_interface_profile.leaf201"
          ]
        },
        {
          "index_key": "03",
          "schema_version": 1,
          "attributes": {
            "access_port_selector_type": "range",
            "annotation": "orchestrator:terraform",
            "description": "",
            "id": "uni/infra/accportprof-leaf201/hports-Eth1-03-typ-range",
            "leaf_interface_profile_dn": "uni/infra/accportprof-leaf201",
            "name": "Eth1-03",
            "name_alias": "",
            "relation_infra_rs_acc_base_grp": ""
          },
          "private": "eyJzY2hlbWFfdmVyc2lvbiI6IjEifQ==",
          "dependencies": [
            "aci_leaf_interface_profile.leaf201"
          ]
        },
        {
          "index_key": "04",
          "schema_version": 1,
          "attributes": {
            "access_port_selector_type": "range",
            "annotation": "orchestrator:terraform",
            "description": "",
            "id": "uni/infra/accportprof-leaf201/hports-Eth1-04-typ-range",
            "leaf_interface_profile_dn": "uni/infra/accportprof-leaf201",
            "name": "Eth1-04",
            "name_alias": "",
            "relation_infra_rs_acc_base_grp": ""
          },
          "private": "eyJzY2hlbWFfdmVyc2lvbiI6IjEifQ==",
          "dependencies": [
            "aci_leaf_interface_profile.leaf201"
          ]
        },
        {
          "index_key": "05",
          "schema_version": 1,
          "attributes": {
            "access_port_selector_type": "range",
            "annotation": "orchestrator:terraform",
            "description": "",
            "id": "uni/infra/accportprof-leaf201/hports-Eth1-05-typ-range",
            "leaf_interface_profile_dn": "uni/infra/accportprof-leaf201",
            "name": "Eth1-05",
            "name_alias": "",
            "relation_infra_rs_acc_base_grp": ""
          },
          "private": "eyJzY2hlbWFfdmVyc2lvbiI6IjEifQ==",
          "dependencies": [
            "aci_leaf_interface_profile.leaf201"
          ]
        },
        {
          "index_key": "06",
          "schema_version": 1,
          "attributes": {
            "access_port_selector_type": "range",
            "annotation": "orchestrator:terraform",
            "description": "",
            "id": "uni/infra/accportprof-leaf201/hports-Eth1-06-typ-range",
            "leaf_interface_profile_dn": "uni/infra/accportprof-leaf201",
            "name": "Eth1-06",
            "name_alias": "",
            "relation_infra_rs_acc_base_grp": ""
          },
          "private": "eyJzY2hlbWFfdmVyc2lvbiI6IjEifQ==",
          "dependencies": [
            "aci_leaf_interface_profile.leaf201"
          ]
        },
        {
          "index_key": "07",
          "schema_version": 1,
          "attributes": {
            "access_port_selector_type": "range",
            "annotation": "orchestrator:terraform",
            "description": "",
            "id": "uni/infra/accportprof-leaf201/hports-Eth1-07-typ-range",
            "leaf_interface_profile_dn": "uni/infra/accportprof-leaf201",
            "name": "Eth1-07",
            "name_alias": "",
            "relation_infra_rs_acc_base_grp": ""
          },
          "private": "eyJzY2hlbWFfdmVyc2lvbiI6IjEifQ==",
          "dependencies": [
            "aci_leaf_interface_profile.leaf201"
          ]
        },
        {
          "index_key": "08",
          "schema_version": 1,
          "attributes": {
            "access_port_selector_type": "range",
            "annotation": "orchestrator:terraform",
            "description": "",
            "id": "uni/infra/accportprof-leaf201/hports-Eth1-08-typ-range",
            "leaf_interface_profile_dn": "uni/infra/accportprof-leaf201",
            "name": "Eth1-08",
            "name_alias": "",
            "relation_infra_rs_acc_base_grp": ""
          },
          "private": "eyJzY2hlbWFfdmVyc2lvbiI6IjEifQ==",
          "dependencies": [
            "aci_leaf_interface_profile.leaf201"
          ]
        },
        {
          "index_key": "09",
          "schema_version": 1,
          "attributes": {
            "access_port_selector_type": "range",
            "annotation": "orchestrator:terraform",
            "description": "",
            "id": "uni/infra/accportprof-leaf201/hports-Eth1-09-typ-range",
            "leaf_interface_profile_dn": "uni/infra/accportprof-leaf201",
            "name": "Eth1-09",
            "name_alias": "",
            "relation_infra_rs_acc_base_grp": ""
          },
          "private": "eyJzY2hlbWFfdmVyc2lvbiI6IjEifQ==",
          "dependencies": [
            "aci_leaf_interface_profile.leaf201"
          ]
        },
        {
          "index_key": "10",
          "schema_version": 1,
          "attributes": {
            "access_port_selector_type": "range",
            "annotation": "orchestrator:terraform",
            "description": "",
            "id": "uni/infra/accportprof-leaf201/hports-Eth1-10-typ-range",
            "leaf_interface_profile_dn": "uni/infra/accportprof-leaf201",
            "name": "Eth1-10",
            "name_alias": "",
            "relation_infra_rs_acc_base_grp": ""
          },
          "private": "eyJzY2hlbWFfdmVyc2lvbiI6IjEifQ==",
          "dependencies": [
            "aci_leaf_interface_profile.leaf201"
          ]
        },
        {
          "index_key": "11",
          "schema_version": 1,
          "attributes": {
            "access_port_selector_type": "range",
            "annotation": "orchestrator:terraform",
            "description": "",
            "id": "uni/infra/accportprof-leaf201/hports-Eth1-11-typ-range",
            "leaf_interface_profile_dn": "uni/infra/accportprof-leaf201",
            "name": "Eth1-11",
            "name_alias": "",
            "relation_infra_rs_acc_base_grp": ""
          },
          "private": "eyJzY2hlbWFfdmVyc2lvbiI6IjEifQ==",
          "dependencies": [
            "aci_leaf_interface_profile.leaf201"
          ]
        },
        {
          "index_key": "12",
          "schema_version": 1,
          "attributes": {
            "access_port_selector_type": "range",
            "annotation": "orchestrator:terraform",
            "description": "",
            "id": "uni/infra/accportprof-leaf201/hports-Eth1-12-typ-range",
            "leaf_interface_profile_dn": "uni/infra/accportprof-leaf201",
            "name": "Eth1-12",
            "name_alias": "",
            "relation_infra_rs_acc_base_grp": ""
          },
          "private": "eyJzY2hlbWFfdmVyc2lvbiI6IjEifQ==",
          "dependencies": [
            "aci_leaf_interface_profile.leaf201"
          ]
        },
        {
          "index_key": "13",
          "schema_version": 1,
          "attributes": {
            "access_port_selector_type": "range",
            "annotation": "orchestrator:terraform",
            "description": "",
            "id": "uni/infra/accportprof-leaf201/hports-Eth1-13-typ-range",
            "leaf_interface_profile_dn": "uni/infra/accportprof-leaf201",
            "name": "Eth1-13",
            "name_alias": "",
            "relation_infra_rs_acc_base_grp": ""
          },
          "private": "eyJzY2hlbWFfdmVyc2lvbiI6IjEifQ==",
          "dependencies": [
            "aci_leaf_interface_profile.leaf201"
          ]
        },
        {
          "index_key": "14",
          "schema_version": 1,
          "attributes": {
            "access_port_selector_type": "range",
            "annotation": "orchestrator:terraform",
            "description": "",
            "id": "uni/infra/accportprof-leaf201/hports-Eth1-14-typ-range",
            "leaf_interface_profile_dn": "uni/infra/accportprof-leaf201",
            "name": "Eth1-14",
            "name_alias": "",
            "relation_infra_rs_acc_base_grp": ""
          },
          "private": "eyJzY2hlbWFfdmVyc2lvbiI6IjEifQ==",
          "dependencies": [
            "aci_leaf_interface_profile.leaf201"
          ]
        },
        {
          "index_key": "15",
          "schema_version": 1,
          "attributes": {
            "access_port_selector_type": "range",
            "annotation": "orchestrator:terraform",
            "description": "",
            "id": "uni/infra/accportprof-leaf201/hports-Eth1-15-typ-range",
            "leaf_interface_profile_dn": "uni/infra/accportprof-leaf201",
            "name": "Eth1-15",
            "name_alias": "",
            "relation_infra_rs_acc_base_grp": ""
          },
          "private": "eyJzY2hlbWFfdmVyc2lvbiI6IjEifQ==",
          "dependencies": [
            "aci_leaf_interface_profile.leaf201"
          ]
        },
        {
          "index_key": "16",
          "schema_version": 1,
          "attributes": {
            "access_port_selector_type": "range",
            "annotation": "orchestrator:terraform",
            "description": "",
            "id": "uni/infra/accportprof-leaf201/hports-Eth1-16-typ-range",
            "leaf_interface_profile_dn": "uni/infra/accportprof-leaf201",
            "name": "Eth1-16",
            "name_alias": "",
            "relation_infra_rs_acc_base_grp": ""
          },
          "private": "eyJzY2hlbWFfdmVyc2lvbiI6IjEifQ==",
          "dependencies": [
            "aci_leaf_interface_profile.leaf201"
          ]
        },
        {
          "index_key": "17",
          "schema_version": 1,
          "attributes": {
            "access_port_selector_type": "range",
            "annotation": "orchestrator:terraform",
            "description": "",
            "id": "uni/infra/accportprof-leaf201/hports-Eth1-17-typ-range",
            "leaf_interface_profile_dn": "uni/infra/accportprof-leaf201",
            "name": "Eth1-17",
            "name_alias": "",
            "relation_infra_rs_acc_base_grp": ""
          },
          "private": "eyJzY2hlbWFfdmVyc2lvbiI6IjEifQ==",
          "dependencies": [
            "aci_leaf_interface_profile.leaf201"
          ]
        },
        {
          "index_key": "18",
          "schema_version": 1,
          "attributes": {
            "access_port_selector_type": "range",
            "annotation": "orchestrator:terraform",
            "description": "",
            "id": "uni/infra/accportprof-leaf201/hports-Eth1-18-typ-range",
            "leaf_interface_profile_dn": "uni/infra/accportprof-leaf201",
            "name": "Eth1-18",
            "name_alias": "",
            "relation_infra_rs_acc_base_grp": ""
          },
          "private": "eyJzY2hlbWFfdmVyc2lvbiI6IjEifQ==",
          "dependencies": [
            "aci_leaf_interface_profile.leaf201"
          ]
        },
        {
          "index_key": "19",
          "schema_version": 1,
          "attributes": {
            "access_port_selector_type": "range",
            "annotation": "orchestrator:terraform",
            "description": "",
            "id": "uni/infra/accportprof-leaf201/hports-Eth1-19-typ-range",
            "leaf_interface_profile_dn": "uni/infra/accportprof-leaf201",
            "name": "Eth1-19",
            "name_alias": "",
            "relation_infra_rs_acc_base_grp": ""
          },
          "private": "eyJzY2hlbWFfdmVyc2lvbiI6IjEifQ==",
          "dependencies": [
            "aci_leaf_interface_profile.leaf201"
          ]
        },
        {
          "index_key": "20",
          "schema_version": 1,
          "attributes": {
            "access_port_selector_type": "range",
            "annotation": "orchestrator:terraform",
            "description": "",
            "id": "uni/infra/accportprof-leaf201/hports-Eth1-20-typ-range",
            "leaf_interface_profile_dn": "uni/infra/accportprof-leaf201",
            "name": "Eth1-20",
            "name_alias": "",
            "relation_infra_rs_acc_base_grp": ""
          },
          "private": "eyJzY2hlbWFfdmVyc2lvbiI6IjEifQ==",
          "dependencies": [
            "aci_leaf_interface_profile.leaf201"
          ]
        },
        {
          "index_key": "21",
          "schema_version": 1,
          "attributes": {
            "access_port_selector_type": "range",
            "annotation": "orchestrator:terraform",
            "description": "",
            "id": "uni/infra/accportprof-leaf201/hports-Eth1-21-typ-range",
            "leaf_interface_profile_dn": "uni/infra/accportprof-leaf201",
            "name": "Eth1-21",
            "name_alias": "",
            "relation_infra_rs_acc_base_grp": ""
          },
          "private": "eyJzY2hlbWFfdmVyc2lvbiI6IjEifQ==",
          "dependencies": [
            "aci_leaf_interface_profile.leaf201"
          ]
        },
        {
          "index_key": "22",
          "schema_version": 1,
          "attributes": {
            "access_port_selector_type": "range",
            "annotation": "orchestrator:terraform",
            "description": "",
            "id": "uni/infra/accportprof-leaf201/hports-Eth1-22-typ-range",
            "leaf_interface_profile_dn": "uni/infra/accportprof-leaf201",
            "name": "Eth1-22",
            "name_alias": "",
            "relation_infra_rs_acc_base_grp": ""
          },
          "private": "eyJzY2hlbWFfdmVyc2lvbiI6IjEifQ==",
          "dependencies": [
            "aci_leaf_interface_profile.leaf201"
          ]
        },
        {
          "index_key": "23",
          "schema_version": 1,
          "attributes": {
            "access_port_selector_type": "range",
            "annotation": "orchestrator:terraform",
            "description": "",
            "id": "uni/infra/accportprof-leaf201/hports-Eth1-23-typ-range",
            "leaf_interface_profile_dn": "uni/infra/accportprof-leaf201",
            "name": "Eth1-23",
            "name_alias": "",
            "relation_infra_rs_acc_base_grp": ""
          },
          "private": "eyJzY2hlbWFfdmVyc2lvbiI6IjEifQ==",
          "dependencies": [
            "aci_leaf_interface_profile.leaf201"
          ]
        },
        {
          "index_key": "24",
          "schema_version": 1,
          "attributes": {
            "access_port_selector_type": "range",
            "annotation": "orchestrator:terraform",
            "description": "",
            "id": "uni/infra/accportprof-leaf201/hports-Eth1-24-typ-range",
            "leaf_interface_profile_dn": "uni/infra/accportprof-leaf201",
            "name": "Eth1-24",
            "name_alias": "",
            "relation_infra_rs_acc_base_grp": ""
          },
          "private": "eyJzY2hlbWFfdmVyc2lvbiI6IjEifQ==",
          "dependencies": [
            "aci_leaf_interface_profile.leaf201"
          ]
        },
        {
          "index_key": "25",
          "schema_version": 1,
          "attributes": {
            "access_port_selector_type": "range",
            "annotation": "orchestrator:terraform",
            "description": "",
            "id": "uni/infra/accportprof-leaf201/hports-Eth1-25-typ-range",
            "leaf_interface_profile_dn": "uni/infra/accportprof-leaf201",
            "name": "Eth1-25",
            "name_alias": "",
            "relation_infra_rs_acc_base_grp": ""
          },
          "private": "eyJzY2hlbWFfdmVyc2lvbiI6IjEifQ==",
          "dependencies": [
            "aci_leaf_interface_profile.leaf201"
          ]
        },
        {
          "index_key": "26",
          "schema_version": 1,
          "attributes": {
            "access_port_selector_type": "range",
            "annotation": "orchestrator:terraform",
            "description": "",
            "id": "uni/infra/accportprof-leaf201/hports-Eth1-26-typ-range",
            "leaf_interface_profile_dn": "uni/infra/accportprof-leaf201",
            "name": "Eth1-26",
            "name_alias": "",
            "relation_infra_rs_acc_base_grp": ""
          },
          "private": "eyJzY2hlbWFfdmVyc2lvbiI6IjEifQ==",
          "dependencies": [
            "aci_leaf_interface_profile.leaf201"
          ]
        },
        {
          "index_key": "27",
          "schema_version": 1,
          "attributes": {
            "access_port_selector_type": "range",
            "annotation": "orchestrator:terraform",
            "description": "",
            "id": "uni/infra/accportprof-leaf201/hports-Eth1-27-typ-range",
            "leaf_interface_profile_dn": "uni/infra/accportprof-leaf201",
            "name": "Eth1-27",
            "name_alias": "",
            "relation_infra_rs_acc_base_grp": ""
          },
          "private": "eyJzY2hlbWFfdmVyc2lvbiI6IjEifQ==",
          "dependencies": [
            "aci_leaf_interface_profile.leaf201"
          ]
        },
        {
          "index_key": "28",
          "schema_version": 1,
          "attributes": {
            "access_port_selector_type": "range",
            "annotation": "orchestrator:terraform",
            "description": "",
            "id": "uni/infra/accportprof-leaf201/hports-Eth1-28-typ-range",
            "leaf_interface_profile_dn": "uni/infra/accportprof-leaf201",
            "name": "Eth1-28",
            "name_alias": "",
            "relation_infra_rs_acc_base_grp": ""
          },
          "private": "eyJzY2hlbWFfdmVyc2lvbiI6IjEifQ==",
          "dependencies": [
            "aci_leaf_interface_profile.leaf201"
          ]
        },
        {
          "index_key": "29",
          "schema_version": 1,
          "attributes": {
            "access_port_selector_type": "range",
            "annotation": "orchestrator:terraform",
            "description": "",
            "id": "uni/infra/accportprof-leaf201/hports-Eth1-29-typ-range",
            "leaf_interface_profile_dn": "uni/infra/accportprof-leaf201",
            "name": "Eth1-29",
            "name_alias": "",
            "relation_infra_rs_acc_base_grp": ""
          },
          "private": "eyJzY2hlbWFfdmVyc2lvbiI6IjEifQ==",
          "dependencies": [
            "aci_leaf_interface_profile.leaf201"
          ]
        },
        {
          "index_key": "30",
          "schema_version": 1,
          "attributes": {
            "access_port_selector_type": "range",
            "annotation": "orchestrator:terraform",
            "description": "",
            "id": "uni/infra/accportprof-leaf201/hports-Eth1-30-typ-range",
            "leaf_interface_profile_dn": "uni/infra/accportprof-leaf201",
            "name": "Eth1-30",
            "name_alias": "",
            "relation_infra_rs_acc_base_grp": ""
          },
          "private": "eyJzY2hlbWFfdmVyc2lvbiI6IjEifQ==",
          "dependencies": [
            "aci_leaf_interface_profile.leaf201"
          ]
        },
        {
          "index_key": "31",
          "schema_version": 1,
          "attributes": {
            "access_port_selector_type": "range",
            "annotation": "orchestrator:terraform",
            "description": "",
            "id": "uni/infra/accportprof-leaf201/hports-Eth1-31-typ-range",
            "leaf_interface_profile_dn": "uni/infra/accportprof-leaf201",
            "name": "Eth1-31",
            "name_alias": "",
            "relation_infra_rs_acc_base_grp": ""
          },
          "private": "eyJzY2hlbWFfdmVyc2lvbiI6IjEifQ==",
          "dependencies": [
            "aci_leaf_interface_profile.leaf201"
          ]
        },
        {
          "index_key": "32",
          "schema_version": 1,
          "attributes": {
            "access_port_selector_type": "range",
            "annotation": "orchestrator:terraform",
            "description": "",
            "id": "uni/infra/accportprof-leaf201/hports-Eth1-32-typ-range",
            "leaf_interface_profile_dn": "uni/infra/accportprof-leaf201",
            "name": "Eth1-32",
            "name_alias": "",
            "relation_infra_rs_acc_base_grp": ""
          },
          "private": "eyJzY2hlbWFfdmVyc2lvbiI6IjEifQ==",
          "dependencies": [
            "aci_leaf_interface_profile.leaf201"
          ]
        },
        {
          "index_key": "33",
          "schema_version": 1,
          "attributes": {
            "access_port_selector_type": "range",
            "annotation": "orchestrator:terraform",
            "description": "",
            "id": "uni/infra/accportprof-leaf201/hports-Eth1-33-typ-range",
            "leaf_interface_profile_dn": "uni/infra/accportprof-leaf201",
            "name": "Eth1-33",
            "name_alias": "",
            "relation_infra_rs_acc_base_grp": ""
          },
          "private": "eyJzY2hlbWFfdmVyc2lvbiI6IjEifQ==",
          "dependencies": [
            "aci_leaf_interface_profile.leaf201"
          ]
        },
        {
          "index_key": "34",
          "schema_version": 1,
          "attributes": {
            "access_port_selector_type": "range",
            "annotation": "orchestrator:terraform",
            "description": "",
            "id": "uni/infra/accportprof-leaf201/hports-Eth1-34-typ-range",
            "leaf_interface_profile_dn": "uni/infra/accportprof-leaf201",
            "name": "Eth1-34",
            "name_alias": "",
            "relation_infra_rs_acc_base_grp": ""
          },
          "private": "eyJzY2hlbWFfdmVyc2lvbiI6IjEifQ==",
          "dependencies": [
            "aci_leaf_interface_profile.leaf201"
          ]
        },
        {
          "index_key": "35",
          "schema_version": 1,
          "attributes": {
            "access_port_selector_type": "range",
            "annotation": "orchestrator:terraform",
            "description": "",
            "id": "uni/infra/accportprof-leaf201/hports-Eth1-35-typ-range",
            "leaf_interface_profile_dn": "uni/infra/accportprof-leaf201",
            "name": "Eth1-35",
            "name_alias": "",
            "relation_infra_rs_acc_base_grp": ""
          },
          "private": "eyJzY2hlbWFfdmVyc2lvbiI6IjEifQ==",
          "dependencies": [
            "aci_leaf_interface_profile.leaf201"
          ]
        },
        {
          "index_key": "36",
          "schema_version": 1,
          "attributes": {
            "access_port_selector_type": "range",
            "annotation": "orchestrator:terraform",
            "description": "",
            "id": "uni/infra/accportprof-leaf201/hports-Eth1-36-typ-range",
            "leaf_interface_profile_dn": "uni/infra/accportprof-leaf201",
            "name": "Eth1-36",
            "name_alias": "",
            "relation_infra_rs_acc_base_grp": ""
          },
          "private": "eyJzY2hlbWFfdmVyc2lvbiI6IjEifQ==",
          "dependencies": [
            "aci_leaf_interface_profile.leaf201"
          ]
        },
        {
          "index_key": "37",
          "schema_version": 1,
          "attributes": {
            "access_port_selector_type": "range",
            "annotation": "orchestrator:terraform",
            "description": "",
            "id": "uni/infra/accportprof-leaf201/hports-Eth1-37-typ-range",
            "leaf_interface_profile_dn": "uni/infra/accportprof-leaf201",
            "name": "Eth1-37",
            "name_alias": "",
            "relation_infra_rs_acc_base_grp": ""
          },
          "private": "eyJzY2hlbWFfdmVyc2lvbiI6IjEifQ==",
          "dependencies": [
            "aci_leaf_interface_profile.leaf201"
          ]
        },
        {
          "index_key": "38",
          "schema_version": 1,
          "attributes": {
            "access_port_selector_type": "range",
            "annotation": "orchestrator:terraform",
            "description": "",
            "id": "uni/infra/accportprof-leaf201/hports-Eth1-38-typ-range",
            "leaf_interface_profile_dn": "uni/infra/accportprof-leaf201",
            "name": "Eth1-38",
            "name_alias": "",
            "relation_infra_rs_acc_base_grp": ""
          },
          "private": "eyJzY2hlbWFfdmVyc2lvbiI6IjEifQ==",
          "dependencies": [
            "aci_leaf_interface_profile.leaf201"
          ]
        },
        {
          "index_key": "39",
          "schema_version": 1,
          "attributes": {
            "access_port_selector_type": "range",
            "annotation": "orchestrator:terraform",
            "description": "",
            "id": "uni/infra/accportprof-leaf201/hports-Eth1-39-typ-range",
            "leaf_interface_profile_dn": "uni/infra/accportprof-leaf201",
            "name": "Eth1-39",
            "name_alias": "",
            "relation_infra_rs_acc_base_grp": ""
          },
          "private": "eyJzY2hlbWFfdmVyc2lvbiI6IjEifQ==",
          "dependencies": [
            "aci_leaf_interface_profile.leaf201"
          ]
        },
        {
          "index_key": "40",
          "schema_version": 1,
          "attributes": {
            "access_port_selector_type": "range",
            "annotation": "orchestrator:terraform",
            "description": "",
            "id": "uni/infra/accportprof-leaf201/hports-Eth1-40-typ-range",
            "leaf_interface_profile_dn": "uni/infra/accportprof-leaf201",
            "name": "Eth1-40",
            "name_alias": "",
            "relation_infra_rs_acc_base_grp": ""
          },
          "private": "eyJzY2hlbWFfdmVyc2lvbiI6IjEifQ==",
          "dependencies": [
            "aci_leaf_interface_profile.leaf201"
          ]
        },
        {
          "index_key": "41",
          "schema_version": 1,
          "attributes": {
            "access_port_selector_type": "range",
            "annotation": "orchestrator:terraform",
            "description": "",
            "id": "uni/infra/accportprof-leaf201/hports-Eth1-41-typ-range",
            "leaf_interface_profile_dn": "uni/infra/accportprof-leaf201",
            "name": "Eth1-41",
            "name_alias": "",
            "relation_infra_rs_acc_base_grp": ""
          },
          "private": "eyJzY2hlbWFfdmVyc2lvbiI6IjEifQ==",
          "dependencies": [
            "aci_leaf_interface_profile.leaf201"
          ]
        },
        {
          "index_key": "42",
          "schema_version": 1,
          "attributes": {
            "access_port_selector_type": "range",
            "annotation": "orchestrator:terraform",
            "description": "",
            "id": "uni/infra/accportprof-leaf201/hports-Eth1-42-typ-range",
            "leaf_interface_profile_dn": "uni/infra/accportprof-leaf201",
            "name": "Eth1-42",
            "name_alias": "",
            "relation_infra_rs_acc_base_grp": ""
          },
          "private": "eyJzY2hlbWFfdmVyc2lvbiI6IjEifQ==",
          "dependencies": [
            "aci_leaf_interface_profile.leaf201"
          ]
        },
        {
          "index_key": "43",
          "schema_version": 1,
          "attributes": {
            "access_port_selector_type": "range",
            "annotation": "orchestrator:terraform",
            "description": "",
            "id": "uni/infra/accportprof-leaf201/hports-Eth1-43-typ-range",
            "leaf_interface_profile_dn": "uni/infra/accportprof-leaf201",
            "name": "Eth1-43",
            "name_alias": "",
            "relation_infra_rs_acc_base_grp": ""
          },
          "private": "eyJzY2hlbWFfdmVyc2lvbiI6IjEifQ==",
          "dependencies": [
            "aci_leaf_interface_profile.leaf201"
          ]
        },
        {
          "index_key": "44",
          "schema_version": 1,
          "attributes": {
            "access_port_selector_type": "range",
            "annotation": "orchestrator:terraform",
            "description": "",
            "id": "uni/infra/accportprof-leaf201/hports-Eth1-44-typ-range",
            "leaf_interface_profile_dn": "uni/infra/accportprof-leaf201",
            "name": "Eth1-44",
            "name_alias": "",
            "relation_infra_rs_acc_base_grp": ""
          },
          "private": "eyJzY2hlbWFfdmVyc2lvbiI6IjEifQ==",
          "dependencies": [
            "aci_leaf_interface_profile.leaf201"
          ]
        },
        {
          "index_key": "45",
          "schema_version": 1,
          "attributes": {
            "access_port_selector_type": "range",
            "annotation": "orchestrator:terraform",
            "description": "",
            "id": "uni/infra/accportprof-leaf201/hports-Eth1-45-typ-range",
            "leaf_interface_profile_dn": "uni/infra/accportprof-leaf201",
            "name": "Eth1-45",
            "name_alias": "",
            "relation_infra_rs_acc_base_grp": ""
          },
          "private": "eyJzY2hlbWFfdmVyc2lvbiI6IjEifQ==",
          "dependencies": [
            "aci_leaf_interface_profile.leaf201"
          ]
        },
        {
          "index_key": "46",
          "schema_version": 1,
          "attributes": {
            "access_port_selector_type": "range",
            "annotation": "orchestrator:terraform",
            "description": "",
            "id": "uni/infra/accportprof-leaf201/hports-Eth1-46-typ-range",
            "leaf_interface_profile_dn": "uni/infra/accportprof-leaf201",
            "name": "Eth1-46",
            "name_alias": "",
            "relation_infra_rs_acc_base_grp": ""
          },
          "private": "eyJzY2hlbWFfdmVyc2lvbiI6IjEifQ==",
          "dependencies": [
            "aci_leaf_interface_profile.leaf201"
          ]
        },
        {
          "index_key": "47",
          "schema_version": 1,
          "attributes": {
            "access_port_selector_type": "range",
            "annotation": "orchestrator:terraform",
            "description": "",
            "id": "uni/infra/accportprof-leaf201/hports-Eth1-47-typ-range",
            "leaf_interface_profile_dn": "uni/infra/accportprof-leaf201",
            "name": "Eth1-47",
            "name_alias": "",
            "relation_infra_rs_acc_base_grp": ""
          },
          "private": "eyJzY2hlbWFfdmVyc2lvbiI6IjEifQ==",
          "dependencies": [
            "aci_leaf_interface_profile.leaf201"
          ]
        },
        {
          "index_key": "48",
          "schema_version": 1,
          "attributes": {
            "access_port_selector_type": "range",
            "annotation": "orchestrator:terraform",
            "description": "",
            "id": "uni/infra/accportprof-leaf201/hports-Eth1-48-typ-range",
            "leaf_interface_profile_dn": "uni/infra/accportprof-leaf201",
            "name": "Eth1-48",
            "name_alias": "",
            "relation_infra_rs_acc_base_grp": ""
          },
          "private": "eyJzY2hlbWFfdmVyc2lvbiI6IjEifQ==",
          "dependencies": [
            "aci_leaf_interface_profile.leaf201"
          ]
        },
        {
          "index_key": "49",
          "schema_version": 1,
          "attributes": {
            "access_port_selector_type": "range",
            "annotation": "orchestrator:terraform",
            "description": "",
            "id": "uni/infra/accportprof-leaf201/hports-Eth1-49-typ-range",
            "leaf_interface_profile_dn": "uni/infra/accportprof-leaf201",
            "name": "Eth1-49",
            "name_alias": "",
            "relation_infra_rs_acc_base_grp": ""
          },
          "private": "eyJzY2hlbWFfdmVyc2lvbiI6IjEifQ==",
          "dependencies": [
            "aci_leaf_interface_profile.leaf201"
          ]
        },
        {
          "index_key": "50",
          "schema_version": 1,
          "attributes": {
            "access_port_selector_type": "range",
            "annotation": "orchestrator:terraform",
            "description": "",
            "id": "uni/infra/accportprof-leaf201/hports-Eth1-50-typ-range",
            "leaf_interface_profile_dn": "uni/infra/accportprof-leaf201",
            "name": "Eth1-50",
            "name_alias": "",
            "relation_infra_rs_acc_base_grp": ""
          },
          "private": "eyJzY2hlbWFfdmVyc2lvbiI6IjEifQ==",
          "dependencies": [
            "aci_leaf_interface_profile.leaf201"
          ]
        },
        {
          "index_key": "51",
          "schema_version": 1,
          "attributes": {
            "access_port_selector_type": "range",
            "annotation": "orchestrator:terraform",
            "description": "",
            "id": "uni/infra/accportprof-leaf201/hports-Eth1-51-typ-range",
            "leaf_interface_profile_dn": "uni/infra/accportprof-leaf201",
            "name": "Eth1-51",
            "name_alias": "",
            "relation_infra_rs_acc_base_grp": ""
          },
          "private": "eyJzY2hlbWFfdmVyc2lvbiI6IjEifQ==",
          "dependencies": [
            "aci_leaf_interface_profile.leaf201"
          ]
        },
        {
          "index_key": "52",
          "schema_version": 1,
          "attributes": {
            "access_port_selector_type": "range",
            "annotation": "orchestrator:terraform",
            "description": "",
            "id": "uni/infra/accportprof-leaf201/hports-Eth1-52-typ-range",
            "leaf_interface_profile_dn": "uni/infra/accportprof-leaf201",
            "name": "Eth1-52",
            "name_alias": "",
            "relation_infra_rs_acc_base_grp": ""
          },
          "private": "eyJzY2hlbWFfdmVyc2lvbiI6IjEifQ==",
          "dependencies": [
            "aci_leaf_interface_profile.leaf201"
          ]
        },
        {
          "index_key": "53",
          "schema_version": 1,
          "attributes": {
            "access_port_selector_type": "range",
            "annotation": "orchestrator:terraform",
            "description": "",
            "id": "uni/infra/accportprof-leaf201/hports-Eth1-53-typ-range",
            "leaf_interface_profile_dn": "uni/infra/accportprof-leaf201",
            "name": "Eth1-53",
            "name_alias": "",
            "relation_infra_rs_acc_base_grp": ""
          },
          "private": "eyJzY2hlbWFfdmVyc2lvbiI6IjEifQ==",
          "dependencies": [
            "aci_leaf_interface_profile.leaf201"
          ]
        },
        {
          "index_key": "54",
          "schema_version": 1,
          "attributes": {
            "access_port_selector_type": "range",
            "annotation": "orchestrator:terraform",
            "description": "",
            "id": "uni/infra/accportprof-leaf201/hports-Eth1-54-typ-range",
            "leaf_interface_profile_dn": "uni/infra/accportprof-leaf201",
            "name": "Eth1-54",
            "name_alias": "",
            "relation_infra_rs_acc_base_grp": ""
          },
          "private": "eyJzY2hlbWFfdmVyc2lvbiI6IjEifQ==",
          "dependencies": [
            "aci_leaf_interface_profile.leaf201"
          ]
        }
      ]
    },
    {
      "mode": "managed",
      "type": "aci_access_port_selector",
      "name": "leaf202_1",
      "provider": "provider[\"registry.terraform.io/ciscodevnet/aci\"]",
      "instances": [
        {
          "index_key": "01",
          "schema_version": 1,
          "attributes": {
            "access_port_selector_type": "range",
            "annotation": "orchestrator:terraform",
            "description": "",
            "id": "uni/infra/accportprof-leaf202/hports-Eth1-01-typ-range",
            "leaf_interface_profile_dn": "uni/infra/accportprof-leaf202",
            "name": "Eth1-01",
            "name_alias": "",
            "relation_infra_rs_acc_base_grp": ""
          },
          "private": "eyJzY2hlbWFfdmVyc2lvbiI6IjEifQ==",
          "dependencies": [
            "aci_leaf_interface_profile.leaf202"
          ]
        },
        {
          "index_key": "02",
          "schema_version": 1,
          "attributes": {
            "access_port_selector_type": "range",
            "annotation": "orchestrator:terraform",
            "description": "",
            "id": "uni/infra/accportprof-leaf202/hports-Eth1-02-typ-range",
            "leaf_interface_profile_dn": "uni/infra/accportprof-leaf202",
            "name": "Eth1-02",
            "name_alias": "",
            "relation_infra_rs_acc_base_grp": ""
          },
          "private": "eyJzY2hlbWFfdmVyc2lvbiI6IjEifQ==",
          "dependencies": [
            "aci_leaf_interface_profile.leaf202"
          ]
        },
        {
          "index_key": "03",
          "schema_version": 1,
          "attributes": {
            "access_port_selector_type": "range",
            "annotation": "orchestrator:terraform",
            "description": "",
            "id": "uni/infra/accportprof-leaf202/hports-Eth1-03-typ-range",
            "leaf_interface_profile_dn": "uni/infra/accportprof-leaf202",
            "name": "Eth1-03",
            "name_alias": "",
            "relation_infra_rs_acc_base_grp": ""
          },
          "private": "eyJzY2hlbWFfdmVyc2lvbiI6IjEifQ==",
          "dependencies": [
            "aci_leaf_interface_profile.leaf202"
          ]
        },
        {
          "index_key": "04",
          "schema_version": 1,
          "attributes": {
            "access_port_selector_type": "range",
            "annotation": "orchestrator:terraform",
            "description": "",
            "id": "uni/infra/accportprof-leaf202/hports-Eth1-04-typ-range",
            "leaf_interface_profile_dn": "uni/infra/accportprof-leaf202",
            "name": "Eth1-04",
            "name_alias": "",
            "relation_infra_rs_acc_base_grp": ""
          },
          "private": "eyJzY2hlbWFfdmVyc2lvbiI6IjEifQ==",
          "dependencies": [
            "aci_leaf_interface_profile.leaf202"
          ]
        },
        {
          "index_key": "05",
          "schema_version": 1,
          "attributes": {
            "access_port_selector_type": "range",
            "annotation": "orchestrator:terraform",
            "description": "",
            "id": "uni/infra/accportprof-leaf202/hports-Eth1-05-typ-range",
            "leaf_interface_profile_dn": "uni/infra/accportprof-leaf202",
            "name": "Eth1-05",
            "name_alias": "",
            "relation_infra_rs_acc_base_grp": ""
          },
          "private": "eyJzY2hlbWFfdmVyc2lvbiI6IjEifQ==",
          "dependencies": [
            "aci_leaf_interface_profile.leaf202"
          ]
        },
        {
          "index_key": "06",
          "schema_version": 1,
          "attributes": {
            "access_port_selector_type": "range",
            "annotation": "orchestrator:terraform",
            "description": "",
            "id": "uni/infra/accportprof-leaf202/hports-Eth1-06-typ-range",
            "leaf_interface_profile_dn": "uni/infra/accportprof-leaf202",
            "name": "Eth1-06",
            "name_alias": "",
            "relation_infra_rs_acc_base_grp": ""
          },
          "private": "eyJzY2hlbWFfdmVyc2lvbiI6IjEifQ==",
          "dependencies": [
            "aci_leaf_interface_profile.leaf202"
          ]
        },
        {
          "index_key": "07",
          "schema_version": 1,
          "attributes": {
            "access_port_selector_type": "range",
            "annotation": "orchestrator:terraform",
            "description": "",
            "id": "uni/infra/accportprof-leaf202/hports-Eth1-07-typ-range",
            "leaf_interface_profile_dn": "uni/infra/accportprof-leaf202",
            "name": "Eth1-07",
            "name_alias": "",
            "relation_infra_rs_acc_base_grp": ""
          },
          "private": "eyJzY2hlbWFfdmVyc2lvbiI6IjEifQ==",
          "dependencies": [
            "aci_leaf_interface_profile.leaf202"
          ]
        },
        {
          "index_key": "08",
          "schema_version": 1,
          "attributes": {
            "access_port_selector_type": "range",
            "annotation": "orchestrator:terraform",
            "description": "",
            "id": "uni/infra/accportprof-leaf202/hports-Eth1-08-typ-range",
            "leaf_interface_profile_dn": "uni/infra/accportprof-leaf202",
            "name": "Eth1-08",
            "name_alias": "",
            "relation_infra_rs_acc_base_grp": ""
          },
          "private": "eyJzY2hlbWFfdmVyc2lvbiI6IjEifQ==",
          "dependencies": [
            "aci_leaf_interface_profile.leaf202"
          ]
        },
        {
          "index_key": "09",
          "schema_version": 1,
          "attributes": {
            "access_port_selector_type": "range",
            "annotation": "orchestrator:terraform",
            "description": "",
            "id": "uni/infra/accportprof-leaf202/hports-Eth1-09-typ-range",
            "leaf_interface_profile_dn": "uni/infra/accportprof-leaf202",
            "name": "Eth1-09",
            "name_alias": "",
            "relation_infra_rs_acc_base_grp": ""
          },
          "private": "eyJzY2hlbWFfdmVyc2lvbiI6IjEifQ==",
          "dependencies": [
            "aci_leaf_interface_profile.leaf202"
          ]
        },
        {
          "index_key": "10",
          "schema_version": 1,
          "attributes": {
            "access_port_selector_type": "range",
            "annotation": "orchestrator:terraform",
            "description": "",
            "id": "uni/infra/accportprof-leaf202/hports-Eth1-10-typ-range",
            "leaf_interface_profile_dn": "uni/infra/accportprof-leaf202",
            "name": "Eth1-10",
            "name_alias": "",
            "relation_infra_rs_acc_base_grp": ""
          },
          "private": "eyJzY2hlbWFfdmVyc2lvbiI6IjEifQ==",
          "dependencies": [
            "aci_leaf_interface_profile.leaf202"
          ]
        },
        {
          "index_key": "11",
          "schema_version": 1,
          "attributes": {
            "access_port_selector_type": "range",
            "annotation": "orchestrator:terraform",
            "description": "",
            "id": "uni/infra/accportprof-leaf202/hports-Eth1-11-typ-range",
            "leaf_interface_profile_dn": "uni/infra/accportprof-leaf202",
            "name": "Eth1-11",
            "name_alias": "",
            "relation_infra_rs_acc_base_grp": ""
          },
          "private": "eyJzY2hlbWFfdmVyc2lvbiI6IjEifQ==",
          "dependencies": [
            "aci_leaf_interface_profile.leaf202"
          ]
        },
        {
          "index_key": "12",
          "schema_version": 1,
          "attributes": {
            "access_port_selector_type": "range",
            "annotation": "orchestrator:terraform",
            "description": "",
            "id": "uni/infra/accportprof-leaf202/hports-Eth1-12-typ-range",
            "leaf_interface_profile_dn": "uni/infra/accportprof-leaf202",
            "name": "Eth1-12",
            "name_alias": "",
            "relation_infra_rs_acc_base_grp": ""
          },
          "private": "eyJzY2hlbWFfdmVyc2lvbiI6IjEifQ==",
          "dependencies": [
            "aci_leaf_interface_profile.leaf202"
          ]
        },
        {
          "index_key": "13",
          "schema_version": 1,
          "attributes": {
            "access_port_selector_type": "range",
            "annotation": "orchestrator:terraform",
            "description": "",
            "id": "uni/infra/accportprof-leaf202/hports-Eth1-13-typ-range",
            "leaf_interface_profile_dn": "uni/infra/accportprof-leaf202",
            "name": "Eth1-13",
            "name_alias": "",
            "relation_infra_rs_acc_base_grp": ""
          },
          "private": "eyJzY2hlbWFfdmVyc2lvbiI6IjEifQ==",
          "dependencies": [
            "aci_leaf_interface_profile.leaf202"
          ]
        },
        {
          "index_key": "14",
          "schema_version": 1,
          "attributes": {
            "access_port_selector_type": "range",
            "annotation": "orchestrator:terraform",
            "description": "",
            "id": "uni/infra/accportprof-leaf202/hports-Eth1-14-typ-range",
            "leaf_interface_profile_dn": "uni/infra/accportprof-leaf202",
            "name": "Eth1-14",
            "name_alias": "",
            "relation_infra_rs_acc_base_grp": ""
          },
          "private": "eyJzY2hlbWFfdmVyc2lvbiI6IjEifQ==",
          "dependencies": [
            "aci_leaf_interface_profile.leaf202"
          ]
        },
        {
          "index_key": "15",
          "schema_version": 1,
          "attributes": {
            "access_port_selector_type": "range",
            "annotation": "orchestrator:terraform",
            "description": "",
            "id": "uni/infra/accportprof-leaf202/hports-Eth1-15-typ-range",
            "leaf_interface_profile_dn": "uni/infra/accportprof-leaf202",
            "name": "Eth1-15",
            "name_alias": "",
            "relation_infra_rs_acc_base_grp": ""
          },
          "private": "eyJzY2hlbWFfdmVyc2lvbiI6IjEifQ==",
          "dependencies": [
            "aci_leaf_interface_profile.leaf202"
          ]
        },
        {
          "index_key": "16",
          "schema_version": 1,
          "attributes": {
            "access_port_selector_type": "range",
            "annotation": "orchestrator:terraform",
            "description": "",
            "id": "uni/infra/accportprof-leaf202/hports-Eth1-16-typ-range",
            "leaf_interface_profile_dn": "uni/infra/accportprof-leaf202",
            "name": "Eth1-16",
            "name_alias": "",
            "relation_infra_rs_acc_base_grp": ""
          },
          "private": "eyJzY2hlbWFfdmVyc2lvbiI6IjEifQ==",
          "dependencies": [
            "aci_leaf_interface_profile.leaf202"
          ]
        },
        {
          "index_key": "17",
          "schema_version": 1,
          "attributes": {
            "access_port_selector_type": "range",
            "annotation": "orchestrator:terraform",
            "description": "",
            "id": "uni/infra/accportprof-leaf202/hports-Eth1-17-typ-range",
            "leaf_interface_profile_dn": "uni/infra/accportprof-leaf202",
            "name": "Eth1-17",
            "name_alias": "",
            "relation_infra_rs_acc_base_grp": ""
          },
          "private": "eyJzY2hlbWFfdmVyc2lvbiI6IjEifQ==",
          "dependencies": [
            "aci_leaf_interface_profile.leaf202"
          ]
        },
        {
          "index_key": "18",
          "schema_version": 1,
          "attributes": {
            "access_port_selector_type": "range",
            "annotation": "orchestrator:terraform",
            "description": "",
            "id": "uni/infra/accportprof-leaf202/hports-Eth1-18-typ-range",
            "leaf_interface_profile_dn": "uni/infra/accportprof-leaf202",
            "name": "Eth1-18",
            "name_alias": "",
            "relation_infra_rs_acc_base_grp": ""
          },
          "private": "eyJzY2hlbWFfdmVyc2lvbiI6IjEifQ==",
          "dependencies": [
            "aci_leaf_interface_profile.leaf202"
          ]
        },
        {
          "index_key": "19",
          "schema_version": 1,
          "attributes": {
            "access_port_selector_type": "range",
            "annotation": "orchestrator:terraform",
            "description": "",
            "id": "uni/infra/accportprof-leaf202/hports-Eth1-19-typ-range",
            "leaf_interface_profile_dn": "uni/infra/accportprof-leaf202",
            "name": "Eth1-19",
            "name_alias": "",
            "relation_infra_rs_acc_base_grp": ""
          },
          "private": "eyJzY2hlbWFfdmVyc2lvbiI6IjEifQ==",
          "dependencies": [
            "aci_leaf_interface_profile.leaf202"
          ]
        },
        {
          "index_key": "20",
          "schema_version": 1,
          "attributes": {
            "access_port_selector_type": "range",
            "annotation": "orchestrator:terraform",
            "description": "",
            "id": "uni/infra/accportprof-leaf202/hports-Eth1-20-typ-range",
            "leaf_interface_profile_dn": "uni/infra/accportprof-leaf202",
            "name": "Eth1-20",
            "name_alias": "",
            "relation_infra_rs_acc_base_grp": ""
          },
          "private": "eyJzY2hlbWFfdmVyc2lvbiI6IjEifQ==",
          "dependencies": [
            "aci_leaf_interface_profile.leaf202"
          ]
        },
        {
          "index_key": "21",
          "schema_version": 1,
          "attributes": {
            "access_port_selector_type": "range",
            "annotation": "orchestrator:terraform",
            "description": "",
            "id": "uni/infra/accportprof-leaf202/hports-Eth1-21-typ-range",
            "leaf_interface_profile_dn": "uni/infra/accportprof-leaf202",
            "name": "Eth1-21",
            "name_alias": "",
            "relation_infra_rs_acc_base_grp": ""
          },
          "private": "eyJzY2hlbWFfdmVyc2lvbiI6IjEifQ==",
          "dependencies": [
            "aci_leaf_interface_profile.leaf202"
          ]
        },
        {
          "index_key": "22",
          "schema_version": 1,
          "attributes": {
            "access_port_selector_type": "range",
            "annotation": "orchestrator:terraform",
            "description": "",
            "id": "uni/infra/accportprof-leaf202/hports-Eth1-22-typ-range",
            "leaf_interface_profile_dn": "uni/infra/accportprof-leaf202",
            "name": "Eth1-22",
            "name_alias": "",
            "relation_infra_rs_acc_base_grp": ""
          },
          "private": "eyJzY2hlbWFfdmVyc2lvbiI6IjEifQ==",
          "dependencies": [
            "aci_leaf_interface_profile.leaf202"
          ]
        },
        {
          "index_key": "23",
          "schema_version": 1,
          "attributes": {
            "access_port_selector_type": "range",
            "annotation": "orchestrator:terraform",
            "description": "",
            "id": "uni/infra/accportprof-leaf202/hports-Eth1-23-typ-range",
            "leaf_interface_profile_dn": "uni/infra/accportprof-leaf202",
            "name": "Eth1-23",
            "name_alias": "",
            "relation_infra_rs_acc_base_grp": ""
          },
          "private": "eyJzY2hlbWFfdmVyc2lvbiI6IjEifQ==",
          "dependencies": [
            "aci_leaf_interface_profile.leaf202"
          ]
        },
        {
          "index_key": "24",
          "schema_version": 1,
          "attributes": {
            "access_port_selector_type": "range",
            "annotation": "orchestrator:terraform",
            "description": "",
            "id": "uni/infra/accportprof-leaf202/hports-Eth1-24-typ-range",
            "leaf_interface_profile_dn": "uni/infra/accportprof-leaf202",
            "name": "Eth1-24",
            "name_alias": "",
            "relation_infra_rs_acc_base_grp": ""
          },
          "private": "eyJzY2hlbWFfdmVyc2lvbiI6IjEifQ==",
          "dependencies": [
            "aci_leaf_interface_profile.leaf202"
          ]
        },
        {
          "index_key": "25",
          "schema_version": 1,
          "attributes": {
            "access_port_selector_type": "range",
            "annotation": "orchestrator:terraform",
            "description": "",
            "id": "uni/infra/accportprof-leaf202/hports-Eth1-25-typ-range",
            "leaf_interface_profile_dn": "uni/infra/accportprof-leaf202",
            "name": "Eth1-25",
            "name_alias": "",
            "relation_infra_rs_acc_base_grp": ""
          },
          "private": "eyJzY2hlbWFfdmVyc2lvbiI6IjEifQ==",
          "dependencies": [
            "aci_leaf_interface_profile.leaf202"
          ]
        },
        {
          "index_key": "26",
          "schema_version": 1,
          "attributes": {
            "access_port_selector_type": "range",
            "annotation": "orchestrator:terraform",
            "description": "",
            "id": "uni/infra/accportprof-leaf202/hports-Eth1-26-typ-range",
            "leaf_interface_profile_dn": "uni/infra/accportprof-leaf202",
            "name": "Eth1-26",
            "name_alias": "",
            "relation_infra_rs_acc_base_grp": ""
          },
          "private": "eyJzY2hlbWFfdmVyc2lvbiI6IjEifQ==",
          "dependencies": [
            "aci_leaf_interface_profile.leaf202"
          ]
        },
        {
          "index_key": "27",
          "schema_version": 1,
          "attributes": {
            "access_port_selector_type": "range",
            "annotation": "orchestrator:terraform",
            "description": "",
            "id": "uni/infra/accportprof-leaf202/hports-Eth1-27-typ-range",
            "leaf_interface_profile_dn": "uni/infra/accportprof-leaf202",
            "name": "Eth1-27",
            "name_alias": "",
            "relation_infra_rs_acc_base_grp": ""
          },
          "private": "eyJzY2hlbWFfdmVyc2lvbiI6IjEifQ==",
          "dependencies": [
            "aci_leaf_interface_profile.leaf202"
          ]
        },
        {
          "index_key": "28",
          "schema_version": 1,
          "attributes": {
            "access_port_selector_type": "range",
            "annotation": "orchestrator:terraform",
            "description": "",
            "id": "uni/infra/accportprof-leaf202/hports-Eth1-28-typ-range",
            "leaf_interface_profile_dn": "uni/infra/accportprof-leaf202",
            "name": "Eth1-28",
            "name_alias": "",
            "relation_infra_rs_acc_base_grp": ""
          },
          "private": "eyJzY2hlbWFfdmVyc2lvbiI6IjEifQ==",
          "dependencies": [
            "aci_leaf_interface_profile.leaf202"
          ]
        },
        {
          "index_key": "29",
          "schema_version": 1,
          "attributes": {
            "access_port_selector_type": "range",
            "annotation": "orchestrator:terraform",
            "description": "",
            "id": "uni/infra/accportprof-leaf202/hports-Eth1-29-typ-range",
            "leaf_interface_profile_dn": "uni/infra/accportprof-leaf202",
            "name": "Eth1-29",
            "name_alias": "",
            "relation_infra_rs_acc_base_grp": ""
          },
          "private": "eyJzY2hlbWFfdmVyc2lvbiI6IjEifQ==",
          "dependencies": [
            "aci_leaf_interface_profile.leaf202"
          ]
        },
        {
          "index_key": "30",
          "schema_version": 1,
          "attributes": {
            "access_port_selector_type": "range",
            "annotation": "orchestrator:terraform",
            "description": "",
            "id": "uni/infra/accportprof-leaf202/hports-Eth1-30-typ-range",
            "leaf_interface_profile_dn": "uni/infra/accportprof-leaf202",
            "name": "Eth1-30",
            "name_alias": "",
            "relation_infra_rs_acc_base_grp": ""
          },
          "private": "eyJzY2hlbWFfdmVyc2lvbiI6IjEifQ==",
          "dependencies": [
            "aci_leaf_interface_profile.leaf202"
          ]
        },
        {
          "index_key": "31",
          "schema_version": 1,
          "attributes": {
            "access_port_selector_type": "range",
            "annotation": "orchestrator:terraform",
            "description": "",
            "id": "uni/infra/accportprof-leaf202/hports-Eth1-31-typ-range",
            "leaf_interface_profile_dn": "uni/infra/accportprof-leaf202",
            "name": "Eth1-31",
            "name_alias": "",
            "relation_infra_rs_acc_base_grp": ""
          },
          "private": "eyJzY2hlbWFfdmVyc2lvbiI6IjEifQ==",
          "dependencies": [
            "aci_leaf_interface_profile.leaf202"
          ]
        },
        {
          "index_key": "32",
          "schema_version": 1,
          "attributes": {
            "access_port_selector_type": "range",
            "annotation": "orchestrator:terraform",
            "description": "",
            "id": "uni/infra/accportprof-leaf202/hports-Eth1-32-typ-range",
            "leaf_interface_profile_dn": "uni/infra/accportprof-leaf202",
            "name": "Eth1-32",
            "name_alias": "",
            "relation_infra_rs_acc_base_grp": ""
          },
          "private": "eyJzY2hlbWFfdmVyc2lvbiI6IjEifQ==",
          "dependencies": [
            "aci_leaf_interface_profile.leaf202"
          ]
        },
        {
          "index_key": "33",
          "schema_version": 1,
          "attributes": {
            "access_port_selector_type": "range",
            "annotation": "orchestrator:terraform",
            "description": "",
            "id": "uni/infra/accportprof-leaf202/hports-Eth1-33-typ-range",
            "leaf_interface_profile_dn": "uni/infra/accportprof-leaf202",
            "name": "Eth1-33",
            "name_alias": "",
            "relation_infra_rs_acc_base_grp": ""
          },
          "private": "eyJzY2hlbWFfdmVyc2lvbiI6IjEifQ==",
          "dependencies": [
            "aci_leaf_interface_profile.leaf202"
          ]
        },
        {
          "index_key": "34",
          "schema_version": 1,
          "attributes": {
            "access_port_selector_type": "range",
            "annotation": "orchestrator:terraform",
            "description": "",
            "id": "uni/infra/accportprof-leaf202/hports-Eth1-34-typ-range",
            "leaf_interface_profile_dn": "uni/infra/accportprof-leaf202",
            "name": "Eth1-34",
            "name_alias": "",
            "relation_infra_rs_acc_base_grp": ""
          },
          "private": "eyJzY2hlbWFfdmVyc2lvbiI6IjEifQ==",
          "dependencies": [
            "aci_leaf_interface_profile.leaf202"
          ]
        },
        {
          "index_key": "35",
          "schema_version": 1,
          "attributes": {
            "access_port_selector_type": "range",
            "annotation": "orchestrator:terraform",
            "description": "",
            "id": "uni/infra/accportprof-leaf202/hports-Eth1-35-typ-range",
            "leaf_interface_profile_dn": "uni/infra/accportprof-leaf202",
            "name": "Eth1-35",
            "name_alias": "",
            "relation_infra_rs_acc_base_grp": ""
          },
          "private": "eyJzY2hlbWFfdmVyc2lvbiI6IjEifQ==",
          "dependencies": [
            "aci_leaf_interface_profile.leaf202"
          ]
        },
        {
          "index_key": "36",
          "schema_version": 1,
          "attributes": {
            "access_port_selector_type": "range",
            "annotation": "orchestrator:terraform",
            "description": "",
            "id": "uni/infra/accportprof-leaf202/hports-Eth1-36-typ-range",
            "leaf_interface_profile_dn": "uni/infra/accportprof-leaf202",
            "name": "Eth1-36",
            "name_alias": "",
            "relation_infra_rs_acc_base_grp": ""
          },
          "private": "eyJzY2hlbWFfdmVyc2lvbiI6IjEifQ==",
          "dependencies": [
            "aci_leaf_interface_profile.leaf202"
          ]
        },
        {
          "index_key": "37",
          "schema_version": 1,
          "attributes": {
            "access_port_selector_type": "range",
            "annotation": "orchestrator:terraform",
            "description": "",
            "id": "uni/infra/accportprof-leaf202/hports-Eth1-37-typ-range",
            "leaf_interface_profile_dn": "uni/infra/accportprof-leaf202",
            "name": "Eth1-37",
            "name_alias": "",
            "relation_infra_rs_acc_base_grp": ""
          },
          "private": "eyJzY2hlbWFfdmVyc2lvbiI6IjEifQ==",
          "dependencies": [
            "aci_leaf_interface_profile.leaf202"
          ]
        },
        {
          "index_key": "38",
          "schema_version": 1,
          "attributes": {
            "access_port_selector_type": "range",
            "annotation": "orchestrator:terraform",
            "description": "",
            "id": "uni/infra/accportprof-leaf202/hports-Eth1-38-typ-range",
            "leaf_interface_profile_dn": "uni/infra/accportprof-leaf202",
            "name": "Eth1-38",
            "name_alias": "",
            "relation_infra_rs_acc_base_grp": ""
          },
          "private": "eyJzY2hlbWFfdmVyc2lvbiI6IjEifQ==",
          "dependencies": [
            "aci_leaf_interface_profile.leaf202"
          ]
        },
        {
          "index_key": "39",
          "schema_version": 1,
          "attributes": {
            "access_port_selector_type": "range",
            "annotation": "orchestrator:terraform",
            "description": "",
            "id": "uni/infra/accportprof-leaf202/hports-Eth1-39-typ-range",
            "leaf_interface_profile_dn": "uni/infra/accportprof-leaf202",
            "name": "Eth1-39",
            "name_alias": "",
            "relation_infra_rs_acc_base_grp": ""
          },
          "private": "eyJzY2hlbWFfdmVyc2lvbiI6IjEifQ==",
          "dependencies": [
            "aci_leaf_interface_profile.leaf202"
          ]
        },
        {
          "index_key": "40",
          "schema_version": 1,
          "attributes": {
            "access_port_selector_type": "range",
            "annotation": "orchestrator:terraform",
            "description": "",
            "id": "uni/infra/accportprof-leaf202/hports-Eth1-40-typ-range",
            "leaf_interface_profile_dn": "uni/infra/accportprof-leaf202",
            "name": "Eth1-40",
            "name_alias": "",
            "relation_infra_rs_acc_base_grp": ""
          },
          "private": "eyJzY2hlbWFfdmVyc2lvbiI6IjEifQ==",
          "dependencies": [
            "aci_leaf_interface_profile.leaf202"
          ]
        },
        {
          "index_key": "41",
          "schema_version": 1,
          "attributes": {
            "access_port_selector_type": "range",
            "annotation": "orchestrator:terraform",
            "description": "",
            "id": "uni/infra/accportprof-leaf202/hports-Eth1-41-typ-range",
            "leaf_interface_profile_dn": "uni/infra/accportprof-leaf202",
            "name": "Eth1-41",
            "name_alias": "",
            "relation_infra_rs_acc_base_grp": ""
          },
          "private": "eyJzY2hlbWFfdmVyc2lvbiI6IjEifQ==",
          "dependencies": [
            "aci_leaf_interface_profile.leaf202"
          ]
        },
        {
          "index_key": "42",
          "schema_version": 1,
          "attributes": {
            "access_port_selector_type": "range",
            "annotation": "orchestrator:terraform",
            "description": "",
            "id": "uni/infra/accportprof-leaf202/hports-Eth1-42-typ-range",
            "leaf_interface_profile_dn": "uni/infra/accportprof-leaf202",
            "name": "Eth1-42",
            "name_alias": "",
            "relation_infra_rs_acc_base_grp": ""
          },
          "private": "eyJzY2hlbWFfdmVyc2lvbiI6IjEifQ==",
          "dependencies": [
            "aci_leaf_interface_profile.leaf202"
          ]
        },
        {
          "index_key": "43",
          "schema_version": 1,
          "attributes": {
            "access_port_selector_type": "range",
            "annotation": "orchestrator:terraform",
            "description": "",
            "id": "uni/infra/accportprof-leaf202/hports-Eth1-43-typ-range",
            "leaf_interface_profile_dn": "uni/infra/accportprof-leaf202",
            "name": "Eth1-43",
            "name_alias": "",
            "relation_infra_rs_acc_base_grp": ""
          },
          "private": "eyJzY2hlbWFfdmVyc2lvbiI6IjEifQ==",
          "dependencies": [
            "aci_leaf_interface_profile.leaf202"
          ]
        },
        {
          "index_key": "44",
          "schema_version": 1,
          "attributes": {
            "access_port_selector_type": "range",
            "annotation": "orchestrator:terraform",
            "description": "",
            "id": "uni/infra/accportprof-leaf202/hports-Eth1-44-typ-range",
            "leaf_interface_profile_dn": "uni/infra/accportprof-leaf202",
            "name": "Eth1-44",
            "name_alias": "",
            "relation_infra_rs_acc_base_grp": ""
          },
          "private": "eyJzY2hlbWFfdmVyc2lvbiI6IjEifQ==",
          "dependencies": [
            "aci_leaf_interface_profile.leaf202"
          ]
        },
        {
          "index_key": "45",
          "schema_version": 1,
          "attributes": {
            "access_port_selector_type": "range",
            "annotation": "orchestrator:terraform",
            "description": "",
            "id": "uni/infra/accportprof-leaf202/hports-Eth1-45-typ-range",
            "leaf_interface_profile_dn": "uni/infra/accportprof-leaf202",
            "name": "Eth1-45",
            "name_alias": "",
            "relation_infra_rs_acc_base_grp": ""
          },
          "private": "eyJzY2hlbWFfdmVyc2lvbiI6IjEifQ==",
          "dependencies": [
            "aci_leaf_interface_profile.leaf202"
          ]
        },
        {
          "index_key": "46",
          "schema_version": 1,
          "attributes": {
            "access_port_selector_type": "range",
            "annotation": "orchestrator:terraform",
            "description": "",
            "id": "uni/infra/accportprof-leaf202/hports-Eth1-46-typ-range",
            "leaf_interface_profile_dn": "uni/infra/accportprof-leaf202",
            "name": "Eth1-46",
            "name_alias": "",
            "relation_infra_rs_acc_base_grp": ""
          },
          "private": "eyJzY2hlbWFfdmVyc2lvbiI6IjEifQ==",
          "dependencies": [
            "aci_leaf_interface_profile.leaf202"
          ]
        },
        {
          "index_key": "47",
          "schema_version": 1,
          "attributes": {
            "access_port_selector_type": "range",
            "annotation": "orchestrator:terraform",
            "description": "",
            "id": "uni/infra/accportprof-leaf202/hports-Eth1-47-typ-range",
            "leaf_interface_profile_dn": "uni/infra/accportprof-leaf202",
            "name": "Eth1-47",
            "name_alias": "",
            "relation_infra_rs_acc_base_grp": ""
          },
          "private": "eyJzY2hlbWFfdmVyc2lvbiI6IjEifQ==",
          "dependencies": [
            "aci_leaf_interface_profile.leaf202"
          ]
        },
        {
          "index_key": "48",
          "schema_version": 1,
          "attributes": {
            "access_port_selector_type": "range",
            "annotation": "orchestrator:terraform",
            "description": "",
            "id": "uni/infra/accportprof-leaf202/hports-Eth1-48-typ-range",
            "leaf_interface_profile_dn": "uni/infra/accportprof-leaf202",
            "name": "Eth1-48",
            "name_alias": "",
            "relation_infra_rs_acc_base_grp": ""
          },
          "private": "eyJzY2hlbWFfdmVyc2lvbiI6IjEifQ==",
          "dependencies": [
            "aci_leaf_interface_profile.leaf202"
          ]
        },
        {
          "index_key": "49",
          "schema_version": 1,
          "attributes": {
            "access_port_selector_type": "range",
            "annotation": "orchestrator:terraform",
            "description": "",
            "id": "uni/infra/accportprof-leaf202/hports-Eth1-49-typ-range",
            "leaf_interface_profile_dn": "uni/infra/accportprof-leaf202",
            "name": "Eth1-49",
            "name_alias": "",
            "relation_infra_rs_acc_base_grp": ""
          },
          "private": "eyJzY2hlbWFfdmVyc2lvbiI6IjEifQ==",
          "dependencies": [
            "aci_leaf_interface_profile.leaf202"
          ]
        },
        {
          "index_key": "50",
          "schema_version": 1,
          "attributes": {
            "access_port_selector_type": "range",
            "annotation": "orchestrator:terraform",
            "description": "",
            "id": "uni/infra/accportprof-leaf202/hports-Eth1-50-typ-range",
            "leaf_interface_profile_dn": "uni/infra/accportprof-leaf202",
            "name": "Eth1-50",
            "name_alias": "",
            "relation_infra_rs_acc_base_grp": ""
          },
          "private": "eyJzY2hlbWFfdmVyc2lvbiI6IjEifQ==",
          "dependencies": [
            "aci_leaf_interface_profile.leaf202"
          ]
        },
        {
          "index_key": "51",
          "schema_version": 1,
          "attributes": {
            "access_port_selector_type": "range",
            "annotation": "orchestrator:terraform",
            "description": "",
            "id": "uni/infra/accportprof-leaf202/hports-Eth1-51-typ-range",
            "leaf_interface_profile_dn": "uni/infra/accportprof-leaf202",
            "name": "Eth1-51",
            "name_alias": "",
            "relation_infra_rs_acc_base_grp": ""
          },
          "private": "eyJzY2hlbWFfdmVyc2lvbiI6IjEifQ==",
          "dependencies": [
            "aci_leaf_interface_profile.leaf202"
          ]
        },
        {
          "index_key": "52",
          "schema_version": 1,
          "attributes": {
            "access_port_selector_type": "range",
            "annotation": "orchestrator:terraform",
            "description": "",
            "id": "uni/infra/accportprof-leaf202/hports-Eth1-52-typ-range",
            "leaf_interface_profile_dn": "uni/infra/accportprof-leaf202",
            "name": "Eth1-52",
            "name_alias": "",
            "relation_infra_rs_acc_base_grp": ""
          },
          "private": "eyJzY2hlbWFfdmVyc2lvbiI6IjEifQ==",
          "dependencies": [
            "aci_leaf_interface_profile.leaf202"
          ]
        },
        {
          "index_key": "53",
          "schema_version": 1,
          "attributes": {
            "access_port_selector_type": "range",
            "annotation": "orchestrator:terraform",
            "description": "",
            "id": "uni/infra/accportprof-leaf202/hports-Eth1-53-typ-range",
            "leaf_interface_profile_dn": "uni/infra/accportprof-leaf202",
            "name": "Eth1-53",
            "name_alias": "",
            "relation_infra_rs_acc_base_grp": ""
          },
          "private": "eyJzY2hlbWFfdmVyc2lvbiI6IjEifQ==",
          "dependencies": [
            "aci_leaf_interface_profile.leaf202"
          ]
        },
        {
          "index_key": "54",
          "schema_version": 1,
          "attributes": {
            "access_port_selector_type": "range",
            "annotation": "orchestrator:terraform",
            "description": "",
            "id": "uni/infra/accportprof-leaf202/hports-Eth1-54-typ-range",
            "leaf_interface_profile_dn": "uni/infra/accportprof-leaf202",
            "name": "Eth1-54",
            "name_alias": "",
            "relation_infra_rs_acc_base_grp": ""
          },
          "private": "eyJzY2hlbWFfdmVyc2lvbiI6IjEifQ==",
          "dependencies": [
            "aci_leaf_interface_profile.leaf202"
          ]
        }
      ]
    },
    {
      "mode": "managed",
      "type": "aci_application_epg",
      "name": "inb_default",
      "provider": "provider[\"registry.terraform.io/ciscodevnet/aci\"]",
      "instances": [
        {
          "schema_version": 1,
          "attributes": {
            "annotation": "orchestrator:terraform",
            "application_profile_dn": "uni/tn-mgmt/ap-inb_ap",
            "description": "Inband Mgmt EPG for APIC and Switch Management",
            "exception_tag": "",
            "flood_on_encap": "disabled",
            "fwd_ctrl": "",
            "has_mcast_source": "no",
            "id": "uni/tn-mgmt/ap-inb_ap/epg-default",
            "is_attr_based_epg": "no",
            "match_t": "AtleastOne",
            "name": "default",
            "name_alias": "",
            "pc_enf_pref": "unenforced",
            "pref_gr_memb": "exclude",
            "prio": "unspecified",
            "relation_fv_rs_aepg_mon_pol": "",
            "relation_fv_rs_bd": null,
            "relation_fv_rs_cons": null,
            "relation_fv_rs_cons_if": [],
            "relation_fv_rs_cust_qos_pol": null,
            "relation_fv_rs_dpp_pol": "",
            "relation_fv_rs_fc_path_att": [],
            "relation_fv_rs_graph_def": [],
            "relation_fv_rs_intra_epg": [],
            "relation_fv_rs_node_att": [],
            "relation_fv_rs_prot_by": [],
            "relation_fv_rs_prov": null,
            "relation_fv_rs_prov_def": [],
            "relation_fv_rs_sec_inherited": [],
            "relation_fv_rs_trust_ctrl": "",
            "shutdown": "no"
          },
          "private": "eyJzY2hlbWFfdmVyc2lvbiI6IjEifQ==",
          "dependencies": [
            "aci_application_profile.inb_ap",
            "aci_tenant.mgmt"
          ]
        }
      ]
    },
    {
      "mode": "managed",
      "type": "aci_application_profile",
      "name": "inb_ap",
      "provider": "provider[\"registry.terraform.io/ciscodevnet/aci\"]",
      "instances": [
        {
          "schema_version": 1,
          "attributes": {
            "annotation": "orchestrator:terraform",
            "description": "",
            "id": "uni/tn-mgmt/ap-inb_ap",
            "name": "inb_ap",
            "name_alias": "",
            "prio": "unspecified",
            "relation_fv_rs_ap_mon_pol": "",
            "tenant_dn": "uni/tn-mgmt"
          },
          "private": "eyJzY2hlbWFfdmVyc2lvbiI6IjEifQ==",
          "dependencies": [
            "aci_tenant.mgmt"
          ]
        }
      ]
    },
    {
      "mode": "managed",
      "type": "aci_attachable_access_entity_profile",
      "name": "default",
      "provider": "provider[\"registry.terraform.io/ciscodevnet/aci\"]",
      "instances": [
        {
          "index_key": "access",
          "schema_version": 1,
          "attributes": {
            "annotation": "orchestrator:terraform",
            "description": "Base AEP Policy.  Used for Host/Device Connectivity to Fabric",
            "id": "uni/infra/attentp-access_aep",
            "name": "access_aep",
            "name_alias": "",
            "relation_infra_rs_dom_p": []
          },
          "private": "eyJzY2hlbWFfdmVyc2lvbiI6IjEifQ=="
        },
        {
          "index_key": "inband",
          "schema_version": 1,
          "attributes": {
            "annotation": "orchestrator:terraform",
            "description": "Base AEP Policy.  Used for inband Device connectivity to Fabric",
            "id": "uni/infra/attentp-inband_aep",
            "name": "inband_aep",
            "name_alias": "",
            "relation_infra_rs_dom_p": []
          },
          "private": "eyJzY2hlbWFfdmVyc2lvbiI6IjEifQ=="
        },
        {
          "index_key": "l3out",
          "schema_version": 1,
          "attributes": {
            "annotation": "orchestrator:terraform",
            "description": "Base AEP Policy.  Used to Connect ACI Fabric to External Networks",
            "id": "uni/infra/attentp-l3out_aep",
            "name": "l3out_aep",
            "name_alias": "",
            "relation_infra_rs_dom_p": []
          },
          "private": "eyJzY2hlbWFfdmVyc2lvbiI6IjEifQ=="
        },
        {
          "index_key": "msite",
          "schema_version": 1,
          "attributes": {
            "annotation": "orchestrator:terraform",
            "description": "Base AEP Policy.  Used to Connect ACI Fabrics to MultiSite Network",
            "id": "uni/infra/attentp-msite_aep",
            "name": "msite_aep",
            "name_alias": "",
            "relation_infra_rs_dom_p": []
          },
          "private": "eyJzY2hlbWFfdmVyc2lvbiI6IjEifQ=="
        }
      ]
    },
    {
      "mode": "managed",
      "type": "aci_bridge_domain",
      "name": "inb",
      "provider": "provider[\"registry.terraform.io/ciscodevnet/aci\"]",
      "instances": [
        {
          "schema_version": 1,
          "attributes": {
            "annotation": "orchestrator:terraform",
            "arp_flood": "no",
            "bridge_domain_type": "regular",
            "description": "",
            "ep_clear": "no",
            "ep_move_detect_mode": "",
            "host_based_routing": "no",
            "id": "uni/tn-mgmt/BD-inb",
            "intersite_bum_traffic_allow": "no",
            "intersite_l2_stretch": "no",
            "ip_learning": "yes",
            "ipv6_mcast_allow": "no",
            "limit_ip_learn_to_subnets": "yes",
            "ll_addr": "::",
            "mac": "00:22:BD:F8:19:FF",
            "mcast_allow": "no",
            "multi_dst_pkt_act": "bd-flood",
            "name": "inb",
            "name_alias": "",
            "optimize_wan_bandwidth": "no",
            "relation_fv_rs_abd_pol_mon_pol": "",
            "relation_fv_rs_bd_flood_to": [],
            "relation_fv_rs_bd_to_ep_ret": null,
            "relation_fv_rs_bd_to_fhs": "",
            "relation_fv_rs_bd_to_nd_p": null,
            "relation_fv_rs_bd_to_netflow_monitor_pol": [],
            "relation_fv_rs_bd_to_out": [],
            "relation_fv_rs_bd_to_profile": "",
            "relation_fv_rs_bd_to_relay_p": "",
            "relation_fv_rs_ctx": null,
            "relation_fv_rs_igmpsn": null,
            "relation_fv_rs_mldsn": null,
            "tenant_dn": "uni/tn-mgmt",
            "unicast_route": "yes",
            "unk_mac_ucast_act": "proxy",
            "unk_mcast_act": "flood",
            "v6unk_mcast_act": "flood",
            "vmac": "not-applicable"
          },
          "private": "eyJzY2hlbWFfdmVyc2lvbiI6IjEifQ==",
          "dependencies": [
            "aci_tenant.mgmt"
          ]
        }
      ]
    },
    {
      "mode": "managed",
      "type": "aci_cdp_interface_policy",
      "name": "default",
      "provider": "provider[\"registry.terraform.io/ciscodevnet/aci\"]",
      "instances": [
        {
          "index_key": "Disabled",
          "schema_version": 1,
          "attributes": {
            "admin_st": "disabled",
            "annotation": "orchestrator:terraform",
            "description": "",
            "id": "uni/infra/cdpIfP-cdp_Disabled",
            "name": "cdp_Disabled",
            "name_alias": ""
          },
          "private": "eyJzY2hlbWFfdmVyc2lvbiI6IjEifQ=="
        },
        {
          "index_key": "Enable",
          "schema_version": 1,
          "attributes": {
            "admin_st": "enabled",
            "annotation": "orchestrator:terraform",
            "description": "",
            "id": "uni/infra/cdpIfP-cdp_Enabled",
            "name": "cdp_Enabled",
            "name_alias": ""
          },
          "private": "eyJzY2hlbWFfdmVyc2lvbiI6IjEifQ=="
        }
      ]
    },
    {
      "mode": "managed",
      "type": "aci_contract",
      "name": "mgmt_In_Ct",
      "provider": "provider[\"registry.terraform.io/ciscodevnet/aci\"]",
      "instances": [
        {
          "schema_version": 1,
          "attributes": {
            "annotation": "orchestrator:terraform",
            "description": "Default Mgmt Contract",
            "filter": [
              {
                "annotation": "",
                "description": "Mgmt Traffic",
                "filter_entry": [
                  {
                    "apply_to_frag": "no",
                    "arp_opc": "unspecified",
                    "d_from_port": "443",
                    "d_to_port": "443",
                    "entry_annotation": "",
                    "entry_description": "Allow https",
                    "entry_name_alias": "",
                    "ether_t": "ipv4",
                    "filter_entry_name": "https",
                    "icmpv4_t": "unspecified",
                    "icmpv6_t": "unspecified",
                    "id": "uni/tn-mgmt/flt-Mgmt_In_Flt/e-https",
                    "match_dscp": "unspecified",
                    "prot": "tcp",
                    "s_from_port": "unspecified",
                    "s_to_port": "unspecified",
                    "stateful": "yes",
                    "tcp_rules": ""
                  },
                  {
                    "apply_to_frag": "no",
                    "arp_opc": "unspecified",
                    "d_from_port": "0",
                    "d_to_port": "0",
                    "entry_annotation": "",
                    "entry_description": "Allow icmp",
                    "entry_name_alias": "",
                    "ether_t": "ipv4",
                    "filter_entry_name": "icmp",
                    "icmpv4_t": "unspecified",
                    "icmpv6_t": "unspecified",
                    "id": "uni/tn-mgmt/flt-Mgmt_In_Flt/e-icmp",
                    "match_dscp": "unspecified",
                    "prot": "icmp",
                    "s_from_port": "unspecified",
                    "s_to_port": "unspecified",
                    "stateful": "no",
                    "tcp_rules": ""
                  },
                  {
                    "apply_to_frag": "no",
                    "arp_opc": "unspecified",
                    "d_from_port": "",
                    "d_to_port": "",
                    "entry_annotation": "",
                    "entry_description": "Allow SNMP",
                    "entry_name_alias": "",
                    "ether_t": "ipv4",
                    "filter_entry_name": "snmp",
                    "icmpv4_t": "unspecified",
                    "icmpv6_t": "unspecified",
                    "id": "uni/tn-mgmt/flt-Mgmt_In_Flt/e-snmp",
                    "match_dscp": "unspecified",
                    "prot": "udp",
                    "s_from_port": "unspecified",
                    "s_to_port": "unspecified",
                    "stateful": "no",
                    "tcp_rules": ""
                  },
                  {
                    "apply_to_frag": "no",
                    "arp_opc": "unspecified",
                    "d_from_port": "",
                    "d_to_port": "",
                    "entry_annotation": "",
                    "entry_description": "Allow ssh",
                    "entry_name_alias": "",
                    "ether_t": "ipv4",
                    "filter_entry_name": "ssh",
                    "icmpv4_t": "unspecified",
                    "icmpv6_t": "unspecified",
                    "id": "uni/tn-mgmt/flt-Mgmt_In_Flt/e-ssh",
                    "match_dscp": "unspecified",
                    "prot": "tcp",
                    "s_from_port": "unspecified",
                    "s_to_port": "unspecified",
                    "stateful": "yes",
                    "tcp_rules": ""
                  }
                ],
                "filter_name": "Mgmt_In_Flt",
                "id": "uni/tn-mgmt/flt-Mgmt_In_Flt",
                "name_alias": ""
              }
            ],
            "filter_entry_ids": [
              "uni/tn-mgmt/flt-Mgmt_In_Flt/e-https",
              "uni/tn-mgmt/flt-Mgmt_In_Flt/e-icmp",
              "uni/tn-mgmt/flt-Mgmt_In_Flt/e-snmp",
              "uni/tn-mgmt/flt-Mgmt_In_Flt/e-ssh"
            ],
            "filter_ids": [
              "uni/tn-mgmt/flt-Mgmt_In_Flt"
            ],
            "id": "uni/tn-mgmt/brc-mgmt_In_Ct",
            "name": "mgmt_In_Ct",
            "name_alias": "",
            "prio": "unspecified",
            "relation_vz_rs_graph_att": "",
            "scope": "tenant",
            "target_dscp": "unspecified",
            "tenant_dn": "uni/tn-mgmt"
          },
          "private": "eyJzY2hlbWFfdmVyc2lvbiI6IjEifQ==",
          "dependencies": [
            "aci_tenant.mgmt"
          ]
        }
      ]
    },
    {
      "mode": "managed",
      "type": "aci_contract",
      "name": "mgmt_Out_Ct",
      "provider": "provider[\"registry.terraform.io/ciscodevnet/aci\"]",
      "instances": [
        {
          "schema_version": 1,
          "attributes": {
            "annotation": "orchestrator:terraform",
            "description": "Default Mgmt Contract Outbound",
            "filter": [
              {
                "annotation": "",
                "description": "Mgmt Traffic Outbound",
                "filter_entry": [
                  {
                    "apply_to_frag": "no",
                    "arp_opc": "unspecified",
                    "d_from_port": "0",
                    "d_to_port": "0",
                    "entry_annotation": "",
                    "entry_description": "Allow All IP",
                    "entry_name_alias": "",
                    "ether_t": "ip",
                    "filter_entry_name": "IPv4_and_IPv6",
                    "icmpv4_t": "unspecified",
                    "icmpv6_t": "unspecified",
                    "id": "uni/tn-mgmt/flt-Mgmt_Out_Flt/e-IPv4_and_IPv6",
                    "match_dscp": "unspecified",
                    "prot": "unspecified",
                    "s_from_port": "unspecified",
                    "s_to_port": "unspecified",
                    "stateful": "yes",
                    "tcp_rules": ""
                  },
                  {
                    "apply_to_frag": "no",
                    "arp_opc": "unspecified",
                    "d_from_port": "0",
                    "d_to_port": "0",
                    "entry_annotation": "",
                    "entry_description": "Allow icmp",
                    "entry_name_alias": "",
                    "ether_t": "ip",
                    "filter_entry_name": "icmp",
                    "icmpv4_t": "unspecified",
                    "icmpv6_t": "unspecified",
                    "id": "uni/tn-mgmt/flt-Mgmt_Out_Flt/e-icmp",
                    "match_dscp": "unspecified",
                    "prot": "icmp",
                    "s_from_port": "unspecified",
                    "s_to_port": "unspecified",
                    "stateful": "no",
                    "tcp_rules": ""
                  }
                ],
                "filter_name": "Mgmt_Out_Flt",
                "id": "uni/tn-mgmt/flt-Mgmt_Out_Flt",
                "name_alias": ""
              }
            ],
            "filter_entry_ids": [
              "uni/tn-mgmt/flt-Mgmt_Out_Flt/e-IPv4_and_IPv6",
              "uni/tn-mgmt/flt-Mgmt_Out_Flt/e-icmp"
            ],
            "filter_ids": [
              "uni/tn-mgmt/flt-Mgmt_Out_Flt"
            ],
            "id": "uni/tn-mgmt/brc-mgmt_Out_Ct",
            "name": "mgmt_Out_Ct",
            "name_alias": "",
            "prio": "unspecified",
            "relation_vz_rs_graph_att": "",
            "scope": "tenant",
            "target_dscp": "unspecified",
            "tenant_dn": "uni/tn-mgmt"
          },
          "private": "eyJzY2hlbWFfdmVyc2lvbiI6IjEifQ==",
          "dependencies": [
            "aci_tenant.mgmt"
          ]
        }
      ]
    },
    {
      "mode": "managed",
      "type": "aci_contract_subject",
      "name": "Mgmt_Out_Subj",
      "provider": "provider[\"registry.terraform.io/ciscodevnet/aci\"]",
      "instances": [
        {
          "schema_version": 1,
          "attributes": {
            "annotation": "orchestrator:terraform",
            "cons_match_t": "AtleastOne",
            "contract_dn": "uni/tn-mgmt/brc-mgmt_Out_Ct",
            "description": "",
            "id": "uni/tn-mgmt/brc-mgmt_Out_Ct/subj-Mgmt_Out_Subj",
            "name": "Mgmt_Out_Subj",
            "name_alias": "",
            "prio": "unspecified",
            "prov_match_t": "AtleastOne",
            "relation_vz_rs_sdwan_pol": "",
            "relation_vz_rs_subj_filt_att": [
              "uni/tn-mgmt/flt-Mgmt_Out_Flt"
            ],
            "relation_vz_rs_subj_graph_att": "",
            "rev_flt_ports": "no",
            "target_dscp": "unspecified"
          },
          "private": "eyJzY2hlbWFfdmVyc2lvbiI6IjEifQ==",
          "dependencies": [
            "aci_contract.mgmt_Out_Ct",
            "aci_tenant.mgmt"
          ]
        }
      ]
    },
    {
      "mode": "managed",
      "type": "aci_epg_to_contract",
      "name": "inb_default_consumer",
      "provider": "provider[\"registry.terraform.io/ciscodevnet/aci\"]",
      "instances": [
        {
          "schema_version": 1,
          "attributes": {
            "annotation": "orchestrator:terraform",
            "application_epg_dn": "uni/tn-mgmt/ap-inb_ap/epg-default",
            "contract_dn": "uni/tn-mgmt/brc-mgmt_Out_Ct",
            "contract_type": "consumer",
            "description": null,
            "id": "uni/tn-mgmt/ap-inb_ap/epg-default/rscons-mgmt_Out_Ct",
            "match_t": null,
            "prio": "unspecified"
          },
          "private": "eyJzY2hlbWFfdmVyc2lvbiI6IjEifQ==",
          "dependencies": [
            "aci_application_epg.inb_default",
            "aci_application_profile.inb_ap",
            "aci_contract.mgmt_Out_Ct",
            "aci_tenant.mgmt"
          ]
        }
      ]
    },
    {
      "mode": "managed",
      "type": "aci_epg_to_contract",
      "name": "inb_default_provider",
      "provider": "provider[\"registry.terraform.io/ciscodevnet/aci\"]",
      "instances": [
        {
          "schema_version": 1,
          "attributes": {
            "annotation": "orchestrator:terraform",
            "application_epg_dn": "uni/tn-mgmt/ap-inb_ap/epg-default",
            "contract_dn": "uni/tn-mgmt/brc-mgmt_In_Ct",
            "contract_type": "provider",
            "description": null,
            "id": "uni/tn-mgmt/ap-inb_ap/epg-default/rsprov-mgmt_In_Ct",
            "match_t": "AtleastOne",
            "prio": "unspecified"
          },
          "private": "eyJzY2hlbWFfdmVyc2lvbiI6IjEifQ==",
          "dependencies": [
            "aci_application_epg.inb_default",
            "aci_application_profile.inb_ap",
            "aci_contract.mgmt_In_Ct",
            "aci_tenant.mgmt"
          ]
        }
      ]
    },
    {
      "mode": "managed",
      "type": "aci_fabric_if_pol",
      "name": "default",
      "provider": "provider[\"registry.terraform.io/ciscodevnet/aci\"]",
      "instances": [
        {
          "index_key": "100G_Auto",
          "schema_version": 1,
          "attributes": {
            "annotation": "orchestrator:terraform",
            "auto_neg": "on",
            "description": "Base Interface Policy; 100G Auto",
            "fec_mode": "inherit",
            "id": "uni/infra/hintfpol-100G_Auto",
            "link_debounce": "100",
            "name": "100G_Auto",
            "name_alias": "",
            "speed": "100G"
          },
          "private": "eyJzY2hlbWFfdmVyc2lvbiI6IjEifQ=="
        },
        {
          "index_key": "100G_noNeg",
          "schema_version": 1,
          "attributes": {
            "annotation": "orchestrator:terraform",
            "auto_neg": "off",
            "description": "Base Interface Policy; 100G No negotiate",
            "fec_mode": "inherit",
            "id": "uni/infra/hintfpol-100G_noNeg",
            "link_debounce": "100",
            "name": "100G_noNeg",
            "name_alias": "",
            "speed": "100G"
          },
          "private": "eyJzY2hlbWFfdmVyc2lvbiI6IjEifQ=="
        },
        {
          "index_key": "100M_Auto",
          "schema_version": 1,
          "attributes": {
            "annotation": "orchestrator:terraform",
            "auto_neg": "on",
            "description": "Base Interface Policy; 100M Auto",
            "fec_mode": "inherit",
            "id": "uni/infra/hintfpol-100M_Auto",
            "link_debounce": "100",
            "name": "100M_Auto",
            "name_alias": "",
            "speed": "100M"
          },
          "private": "eyJzY2hlbWFfdmVyc2lvbiI6IjEifQ=="
        },
        {
          "index_key": "100M_noNeg",
          "schema_version": 1,
          "attributes": {
            "annotation": "orchestrator:terraform",
            "auto_neg": "off",
            "description": "Base Interface Policy; 100M No negotiate",
            "fec_mode": "inherit",
            "id": "uni/infra/hintfpol-100M_noNeg",
            "link_debounce": "100",
            "name": "100M_noNeg",
            "name_alias": "",
            "speed": "100M"
          },
          "private": "eyJzY2hlbWFfdmVyc2lvbiI6IjEifQ=="
        },
        {
          "index_key": "10G_Auto",
          "schema_version": 1,
          "attributes": {
            "annotation": "orchestrator:terraform",
            "auto_neg": "on",
            "description": "Base Interface Policy; 10G Auto",
            "fec_mode": "inherit",
            "id": "uni/infra/hintfpol-10G_Auto",
            "link_debounce": "100",
            "name": "10G_Auto",
            "name_alias": "",
            "speed": "10G"
          },
          "private": "eyJzY2hlbWFfdmVyc2lvbiI6IjEifQ=="
        },
        {
          "index_key": "10G_noNeg",
          "schema_version": 1,
          "attributes": {
            "annotation": "orchestrator:terraform",
            "auto_neg": "off",
            "description": "Base Interface Policy; 10G No negotiate",
            "fec_mode": "inherit",
            "id": "uni/infra/hintfpol-10G_noNeg",
            "link_debounce": "100",
            "name": "10G_noNeg",
            "name_alias": "",
            "speed": "10G"
          },
          "private": "eyJzY2hlbWFfdmVyc2lvbiI6IjEifQ=="
        },
        {
          "index_key": "1G_Auto",
          "schema_version": 1,
          "attributes": {
            "annotation": "orchestrator:terraform",
            "auto_neg": "on",
            "description": "Base Interface Policy; 1G Auto",
            "fec_mode": "inherit",
            "id": "uni/infra/hintfpol-1G_Auto",
            "link_debounce": "100",
            "name": "1G_Auto",
            "name_alias": "",
            "speed": "1G"
          },
          "private": "eyJzY2hlbWFfdmVyc2lvbiI6IjEifQ=="
        },
        {
          "index_key": "1G_noNeg",
          "schema_version": 1,
          "attributes": {
            "annotation": "orchestrator:terraform",
            "auto_neg": "off",
            "description": "Base Interface Policy; 1G No negotiate",
            "fec_mode": "inherit",
            "id": "uni/infra/hintfpol-1G_noNeg",
            "link_debounce": "100",
            "name": "1G_noNeg",
            "name_alias": "",
            "speed": "1G"
          },
          "private": "eyJzY2hlbWFfdmVyc2lvbiI6IjEifQ=="
        },
        {
          "index_key": "200G_Auto",
          "schema_version": 1,
          "attributes": {
            "annotation": "orchestrator:terraform",
            "auto_neg": "on",
            "description": "Base Interface Policy; 200G Auto",
            "fec_mode": "inherit",
            "id": "uni/infra/hintfpol-200G_Auto",
            "link_debounce": "100",
            "name": "200G_Auto",
            "name_alias": "",
            "speed": "200G"
          },
          "private": "eyJzY2hlbWFfdmVyc2lvbiI6IjEifQ=="
        },
        {
          "index_key": "200G_noNeg",
          "schema_version": 1,
          "attributes": {
            "annotation": "orchestrator:terraform",
            "auto_neg": "off",
            "description": "Base Interface Policy; 200G No negotiate",
            "fec_mode": "inherit",
            "id": "uni/infra/hintfpol-200G_noNeg",
            "link_debounce": "100",
            "name": "200G_noNeg",
            "name_alias": "",
            "speed": "200G"
          },
          "private": "eyJzY2hlbWFfdmVyc2lvbiI6IjEifQ=="
        },
        {
          "index_key": "25G_Auto",
          "schema_version": 1,
          "attributes": {
            "annotation": "orchestrator:terraform",
            "auto_neg": "on",
            "description": "Base Interface Policy; 25G Auto",
            "fec_mode": "inherit",
            "id": "uni/infra/hintfpol-25G_Auto",
            "link_debounce": "100",
            "name": "25G_Auto",
            "name_alias": "",
            "speed": "25G"
          },
          "private": "eyJzY2hlbWFfdmVyc2lvbiI6IjEifQ=="
        },
        {
          "index_key": "25G_noNeg",
          "schema_version": 1,
          "attributes": {
            "annotation": "orchestrator:terraform",
            "auto_neg": "off",
            "description": "Base Interface Policy; 25G No negotiate",
            "fec_mode": "inherit",
            "id": "uni/infra/hintfpol-25G_noNeg",
            "link_debounce": "100",
            "name": "25G_noNeg",
            "name_alias": "",
            "speed": "25G"
          },
          "private": "eyJzY2hlbWFfdmVyc2lvbiI6IjEifQ=="
        },
        {
          "index_key": "400G_Auto",
          "schema_version": 1,
          "attributes": {
            "annotation": "orchestrator:terraform",
            "auto_neg": "on",
            "description": "Base Interface Policy; 400G Auto",
            "fec_mode": "inherit",
            "id": "uni/infra/hintfpol-400G_Auto",
            "link_debounce": "100",
            "name": "400G_Auto",
            "name_alias": "",
            "speed": "400G"
          },
          "private": "eyJzY2hlbWFfdmVyc2lvbiI6IjEifQ=="
        },
        {
          "index_key": "400G_noNeg",
          "schema_version": 1,
          "attributes": {
            "annotation": "orchestrator:terraform",
            "auto_neg": "off",
            "description": "Base Interface Policy; 400G No negotiate",
            "fec_mode": "inherit",
            "id": "uni/infra/hintfpol-400G_noNeg",
            "link_debounce": "100",
            "name": "400G_noNeg",
            "name_alias": "",
            "speed": "400G"
          },
          "private": "eyJzY2hlbWFfdmVyc2lvbiI6IjEifQ=="
        },
        {
          "index_key": "40G_Auto",
          "schema_version": 1,
          "attributes": {
            "annotation": "orchestrator:terraform",
            "auto_neg": "on",
            "description": "Base Interface Policy; 40G Auto",
            "fec_mode": "inherit",
            "id": "uni/infra/hintfpol-40G_Auto",
            "link_debounce": "100",
            "name": "40G_Auto",
            "name_alias": "",
            "speed": "40G"
          },
          "private": "eyJzY2hlbWFfdmVyc2lvbiI6IjEifQ=="
        },
        {
          "index_key": "40G_noNeg",
          "schema_version": 1,
          "attributes": {
            "annotation": "orchestrator:terraform",
            "auto_neg": "off",
            "description": "Base Interface Policy; 40G No negotiate",
            "fec_mode": "inherit",
            "id": "uni/infra/hintfpol-40G_noNeg",
            "link_debounce": "100",
            "name": "40G_noNeg",
            "name_alias": "",
            "speed": "40G"
          },
          "private": "eyJzY2hlbWFfdmVyc2lvbiI6IjEifQ=="
        },
        {
          "index_key": "50G_Auto",
          "schema_version": 1,
          "attributes": {
            "annotation": "orchestrator:terraform",
            "auto_neg": "on",
            "description": "Base Interface Policy; 50G Auto",
            "fec_mode": "inherit",
            "id": "uni/infra/hintfpol-50G_Auto",
            "link_debounce": "100",
            "name": "50G_Auto",
            "name_alias": "",
            "speed": "50G"
          },
          "private": "eyJzY2hlbWFfdmVyc2lvbiI6IjEifQ=="
        },
        {
          "index_key": "50G_noNeg",
          "schema_version": 1,
          "attributes": {
            "annotation": "orchestrator:terraform",
            "auto_neg": "off",
            "description": "Base Interface Policy; 50G No negotiate",
            "fec_mode": "inherit",
            "id": "uni/infra/hintfpol-50G_noNeg",
            "link_debounce": "100",
            "name": "50G_noNeg",
            "name_alias": "",
            "speed": "50G"
          },
          "private": "eyJzY2hlbWFfdmVyc2lvbiI6IjEifQ=="
        },
        {
          "index_key": "inherit_Auto",
          "schema_version": 1,
          "attributes": {
            "annotation": "orchestrator:terraform",
            "auto_neg": "on",
            "description": "Base Interface Policy; Inherit Auto",
            "fec_mode": "inherit",
            "id": "uni/infra/hintfpol-inherit_Auto",
            "link_debounce": "100",
            "name": "inherit_Auto",
            "name_alias": "",
            "speed": "inherit"
          },
          "private": "eyJzY2hlbWFfdmVyc2lvbiI6IjEifQ=="
        },
        {
          "index_key": "inherit_noNeg",
          "schema_version": 1,
          "attributes": {
            "annotation": "orchestrator:terraform",
            "auto_neg": "off",
            "description": "Base Interface Policy; Inherit No negotiate",
            "fec_mode": "inherit",
            "id": "uni/infra/hintfpol-inherit_noNeg",
            "link_debounce": "100",
            "name": "inherit_noNeg",
            "name_alias": "",
            "speed": "inherit"
          },
          "private": "eyJzY2hlbWFfdmVyc2lvbiI6IjEifQ=="
        }
      ]
    },
    {
      "mode": "managed",
      "type": "aci_fabric_node_member",
      "name": "leaf201",
      "provider": "provider[\"registry.terraform.io/ciscodevnet/aci\"]",
      "instances": [
        {
          "schema_version": 1,
          "attributes": {
            "annotation": "orchestrator:terraform",
            "description": "",
            "ext_pool_id": "0",
            "fabric_id": "1",
            "id": "uni/controller/nodeidentpol/nodep-TEP-1-101",
            "name": "leaf201",
            "name_alias": "",
            "node_id": "201",
            "node_type": "unspecified",
            "pod_id": "1",
            "role": "leaf",
            "serial": "TEP-1-101"
          },
          "private": "eyJzY2hlbWFfdmVyc2lvbiI6IjEifQ=="
        }
      ]
    },
    {
      "mode": "managed",
      "type": "aci_fabric_node_member",
      "name": "leaf202",
      "provider": "provider[\"registry.terraform.io/ciscodevnet/aci\"]",
      "instances": [
        {
          "schema_version": 1,
          "attributes": {
            "annotation": "orchestrator:terraform",
            "description": "",
            "ext_pool_id": "0",
            "fabric_id": "1",
            "id": "uni/controller/nodeidentpol/nodep-TEP-1-102",
            "name": "leaf202",
            "name_alias": "",
            "node_id": "202",
            "node_type": "unspecified",
            "pod_id": "1",
            "role": "leaf",
            "serial": "TEP-1-102"
          },
          "private": "eyJzY2hlbWFfdmVyc2lvbiI6IjEifQ=="
        }
      ]
    },
    {
      "mode": "managed",
      "type": "aci_fabric_node_member",
      "name": "spine101",
      "provider": "provider[\"registry.terraform.io/ciscodevnet/aci\"]",
      "instances": [
        {
          "schema_version": 1,
          "attributes": {
            "annotation": "orchestrator:terraform",
            "description": "",
            "ext_pool_id": "0",
            "fabric_id": "1",
            "id": "uni/controller/nodeidentpol/nodep-TEP-1-103",
            "name": "spine101",
            "name_alias": "",
            "node_id": "101",
            "node_type": "unspecified",
            "pod_id": "1",
            "role": "spine",
            "serial": "TEP-1-103"
          },
          "private": "eyJzY2hlbWFfdmVyc2lvbiI6IjEifQ=="
        }
      ]
    },
    {
      "mode": "managed",
      "type": "aci_firmware_group",
      "name": "default",
      "provider": "provider[\"registry.terraform.io/ciscodevnet/aci\"]",
      "instances": [
        {
          "index_key": "switch_MgA",
          "schema_version": 1,
          "attributes": {
            "annotation": "orchestrator:terraform",
            "description": "",
            "firmware_group_type": "range",
            "id": "uni/fabric/fwgrp-switch_MgA",
            "name": "switch_MgA",
            "name_alias": "",
            "relation_firmware_rs_fwgrpp": null
          },
          "private": "eyJzY2hlbWFfdmVyc2lvbiI6IjEifQ=="
        },
        {
          "index_key": "switch_MgB",
          "schema_version": 1,
          "attributes": {
            "annotation": "orchestrator:terraform",
            "description": "",
            "firmware_group_type": "range",
            "id": "uni/fabric/fwgrp-switch_MgB",
            "name": "switch_MgB",
            "name_alias": "",
            "relation_firmware_rs_fwgrpp": null
          },
          "private": "eyJzY2hlbWFfdmVyc2lvbiI6IjEifQ=="
        }
      ]
    },
    {
      "mode": "managed",
      "type": "aci_interface_fc_policy",
      "name": "default",
      "provider": "provider[\"registry.terraform.io/ciscodevnet/aci\"]",
      "instances": [
        {
          "index_key": "16G_f_port",
          "schema_version": 1,
          "attributes": {
            "annotation": "orchestrator:terraform",
            "automaxspeed": "32G",
            "description": "",
            "fill_pattern": "IDLE",
            "id": "uni/infra/fcIfPol-16G_f_port",
            "name": "16G_f_port",
            "name_alias": "",
            "port_mode": "f",
            "rx_bb_credit": "64",
            "speed": "16G",
            "trunk_mode": "auto"
          },
          "private": "eyJzY2hlbWFfdmVyc2lvbiI6IjEifQ=="
        },
        {
          "index_key": "16G_f_trunk",
          "schema_version": 1,
          "attributes": {
            "annotation": "orchestrator:terraform",
            "automaxspeed": "32G",
            "description": "",
            "fill_pattern": "IDLE",
            "id": "uni/infra/fcIfPol-16G_f_trunk",
            "name": "16G_f_trunk",
            "name_alias": "",
            "port_mode": "f",
            "rx_bb_credit": "64",
            "speed": "16G",
            "trunk_mode": "trunk-on"
          },
          "private": "eyJzY2hlbWFfdmVyc2lvbiI6IjEifQ=="
        },
        {
          "index_key": "16G_np_port",
          "schema_version": 1,
          "attributes": {
            "annotation": "orchestrator:terraform",
            "automaxspeed": "32G",
            "description": "",
            "fill_pattern": "IDLE",
            "id": "uni/infra/fcIfPol-16G_np_port",
            "name": "16G_np_port",
            "name_alias": "",
            "port_mode": "np",
            "rx_bb_credit": "64",
            "speed": "16G",
            "trunk_mode": "auto"
          },
          "private": "eyJzY2hlbWFfdmVyc2lvbiI6IjEifQ=="
        },
        {
          "index_key": "16G_np_trunk",
          "schema_version": 1,
          "attributes": {
            "annotation": "orchestrator:terraform",
            "automaxspeed": "32G",
            "description": "",
            "fill_pattern": "IDLE",
            "id": "uni/infra/fcIfPol-16G_np_trunk",
            "name": "16G_np_trunk",
            "name_alias": "",
            "port_mode": "np",
            "rx_bb_credit": "64",
            "speed": "16G",
            "trunk_mode": "trunk-on"
          },
          "private": "eyJzY2hlbWFfdmVyc2lvbiI6IjEifQ=="
        },
        {
          "index_key": "32G_f_port",
          "schema_version": 1,
          "attributes": {
            "annotation": "orchestrator:terraform",
            "automaxspeed": "32G",
            "description": "",
            "fill_pattern": "IDLE",
            "id": "uni/infra/fcIfPol-32G_f_port",
            "name": "32G_f_port",
            "name_alias": "",
            "port_mode": "f",
            "rx_bb_credit": "64",
            "speed": "32G",
            "trunk_mode": "auto"
          },
          "private": "eyJzY2hlbWFfdmVyc2lvbiI6IjEifQ=="
        },
        {
          "index_key": "32G_f_trunk",
          "schema_version": 1,
          "attributes": {
            "annotation": "orchestrator:terraform",
            "automaxspeed": "32G",
            "description": "",
            "fill_pattern": "IDLE",
            "id": "uni/infra/fcIfPol-32G_f_trunk",
            "name": "32G_f_trunk",
            "name_alias": "",
            "port_mode": "f",
            "rx_bb_credit": "64",
            "speed": "32G",
            "trunk_mode": "trunk-on"
          },
          "private": "eyJzY2hlbWFfdmVyc2lvbiI6IjEifQ=="
        },
        {
          "index_key": "32G_np_port",
          "schema_version": 1,
          "attributes": {
            "annotation": "orchestrator:terraform",
            "automaxspeed": "32G",
            "description": "",
            "fill_pattern": "IDLE",
            "id": "uni/infra/fcIfPol-32G_np_port",
            "name": "32G_np_port",
            "name_alias": "",
            "port_mode": "np",
            "rx_bb_credit": "64",
            "speed": "32G",
            "trunk_mode": "auto"
          },
          "private": "eyJzY2hlbWFfdmVyc2lvbiI6IjEifQ=="
        },
        {
          "index_key": "32G_np_trunk",
          "schema_version": 1,
          "attributes": {
            "annotation": "orchestrator:terraform",
            "automaxspeed": "32G",
            "description": "",
            "fill_pattern": "IDLE",
            "id": "uni/infra/fcIfPol-32G_np_trunk",
            "name": "32G_np_trunk",
            "name_alias": "",
            "port_mode": "np",
            "rx_bb_credit": "64",
            "speed": "32G",
            "trunk_mode": "trunk-on"
          },
          "private": "eyJzY2hlbWFfdmVyc2lvbiI6IjEifQ=="
        },
        {
          "index_key": "4G_f_port",
          "schema_version": 1,
          "attributes": {
            "annotation": "orchestrator:terraform",
            "automaxspeed": "32G",
            "description": "",
            "fill_pattern": "IDLE",
            "id": "uni/infra/fcIfPol-4G_f_port",
            "name": "4G_f_port",
            "name_alias": "",
            "port_mode": "f",
            "rx_bb_credit": "64",
            "speed": "4G",
            "trunk_mode": "auto"
          },
          "private": "eyJzY2hlbWFfdmVyc2lvbiI6IjEifQ=="
        },
        {
          "index_key": "4G_f_trunk",
          "schema_version": 1,
          "attributes": {
            "annotation": "orchestrator:terraform",
            "automaxspeed": "32G",
            "description": "",
            "fill_pattern": "IDLE",
            "id": "uni/infra/fcIfPol-4G_f_trunk",
            "name": "4G_f_trunk",
            "name_alias": "",
            "port_mode": "f",
            "rx_bb_credit": "64",
            "speed": "4G",
            "trunk_mode": "trunk-on"
          },
          "private": "eyJzY2hlbWFfdmVyc2lvbiI6IjEifQ=="
        },
        {
          "index_key": "4G_np_port",
          "schema_version": 1,
          "attributes": {
            "annotation": "orchestrator:terraform",
            "automaxspeed": "32G",
            "description": "",
            "fill_pattern": "IDLE",
            "id": "uni/infra/fcIfPol-4G_np_port",
            "name": "4G_np_port",
            "name_alias": "",
            "port_mode": "np",
            "rx_bb_credit": "64",
            "speed": "4G",
            "trunk_mode": "auto"
          },
          "private": "eyJzY2hlbWFfdmVyc2lvbiI6IjEifQ=="
        },
        {
          "index_key": "4G_np_trunk",
          "schema_version": 1,
          "attributes": {
            "annotation": "orchestrator:terraform",
            "automaxspeed": "32G",
            "description": "",
            "fill_pattern": "IDLE",
            "id": "uni/infra/fcIfPol-4G_np_trunk",
            "name": "4G_np_trunk",
            "name_alias": "",
            "port_mode": "np",
            "rx_bb_credit": "64",
            "speed": "4G",
            "trunk_mode": "trunk-on"
          },
          "private": "eyJzY2hlbWFfdmVyc2lvbiI6IjEifQ=="
        },
        {
          "index_key": "8G_f_port",
          "schema_version": 1,
          "attributes": {
            "annotation": "orchestrator:terraform",
            "automaxspeed": "32G",
            "description": "",
            "fill_pattern": "IDLE",
            "id": "uni/infra/fcIfPol-8G_f_port",
            "name": "8G_f_port",
            "name_alias": "",
            "port_mode": "f",
            "rx_bb_credit": "64",
            "speed": "8G",
            "trunk_mode": "auto"
          },
          "private": "eyJzY2hlbWFfdmVyc2lvbiI6IjEifQ=="
        },
        {
          "index_key": "8G_f_trunk",
          "schema_version": 1,
          "attributes": {
            "annotation": "orchestrator:terraform",
            "automaxspeed": "32G",
            "description": "",
            "fill_pattern": "IDLE",
            "id": "uni/infra/fcIfPol-8G_f_trunk",
            "name": "8G_f_trunk",
            "name_alias": "",
            "port_mode": "f",
            "rx_bb_credit": "64",
            "speed": "8G",
            "trunk_mode": "trunk-on"
          },
          "private": "eyJzY2hlbWFfdmVyc2lvbiI6IjEifQ=="
        },
        {
          "index_key": "8G_np_port",
          "schema_version": 1,
          "attributes": {
            "annotation": "orchestrator:terraform",
            "automaxspeed": "32G",
            "description": "",
            "fill_pattern": "IDLE",
            "id": "uni/infra/fcIfPol-8G_np_port",
            "name": "8G_np_port",
            "name_alias": "",
            "port_mode": "np",
            "rx_bb_credit": "64",
            "speed": "8G",
            "trunk_mode": "auto"
          },
          "private": "eyJzY2hlbWFfdmVyc2lvbiI6IjEifQ=="
        },
        {
          "index_key": "8G_np_trunk",
          "schema_version": 1,
          "attributes": {
            "annotation": "orchestrator:terraform",
            "automaxspeed": "32G",
            "description": "",
            "fill_pattern": "IDLE",
            "id": "uni/infra/fcIfPol-8G_np_trunk",
            "name": "8G_np_trunk",
            "name_alias": "",
            "port_mode": "np",
            "rx_bb_credit": "64",
            "speed": "8G",
            "trunk_mode": "trunk-on"
          },
          "private": "eyJzY2hlbWFfdmVyc2lvbiI6IjEifQ=="
        }
      ]
    },
    {
      "mode": "managed",
      "type": "aci_l3_domain_profile",
      "name": "default",
      "provider": "provider[\"registry.terraform.io/ciscodevnet/aci\"]",
      "instances": [
        {
          "index_key": "Inband",
          "schema_version": 1,
          "attributes": {
            "annotation": "orchestrator:terraform",
            "description": null,
            "id": "uni/l3dom-inband_L3",
            "name": "inband_L3",
            "name_alias": "",
            "relation_extnw_rs_out": [],
            "relation_infra_rs_dom_vxlan_ns_def": "",
            "relation_infra_rs_vip_addr_ns": "",
            "relation_infra_rs_vlan_ns": "uni/infra/vlanns-[inband_vl-pool]-static",
            "relation_infra_rs_vlan_ns_def": null
          },
          "private": "eyJzY2hlbWFfdmVyc2lvbiI6IjEifQ==",
          "dependencies": [
            "aci_vlan_pool.default"
          ]
        },
        {
          "index_key": "l3out",
          "schema_version": 1,
          "attributes": {
            "annotation": "orchestrator:terraform",
            "description": null,
            "id": "uni/l3dom-l3out_L3",
            "name": "l3out_L3",
            "name_alias": "",
            "relation_extnw_rs_out": [],
            "relation_infra_rs_dom_vxlan_ns_def": "",
            "relation_infra_rs_vip_addr_ns": "",
            "relation_infra_rs_vlan_ns": "uni/infra/vlanns-[l3out_vl-pool]-static",
            "relation_infra_rs_vlan_ns_def": null
          },
          "private": "eyJzY2hlbWFfdmVyc2lvbiI6IjEifQ==",
          "dependencies": [
            "aci_vlan_pool.default"
          ]
        },
        {
          "index_key": "msite",
          "schema_version": 1,
          "attributes": {
            "annotation": "orchestrator:terraform",
            "description": null,
            "id": "uni/l3dom-msite_L3",
            "name": "msite_L3",
            "name_alias": "",
            "relation_extnw_rs_out": [],
            "relation_infra_rs_dom_vxlan_ns_def": "",
            "relation_infra_rs_vip_addr_ns": "",
            "relation_infra_rs_vlan_ns": "uni/infra/vlanns-[msite_vl-pool]-static",
            "relation_infra_rs_vlan_ns_def": null
          },
          "private": "eyJzY2hlbWFfdmVyc2lvbiI6IjEifQ==",
          "dependencies": [
            "aci_vlan_pool.default"
          ]
        }
      ]
    },
    {
      "mode": "managed",
      "type": "aci_lacp_policy",
      "name": "default",
      "provider": "provider[\"registry.terraform.io/ciscodevnet/aci\"]",
      "instances": [
        {
          "index_key": "Active",
          "schema_version": 1,
          "attributes": {
            "annotation": "orchestrator:terraform",
            "ctrl": [
              "fast-sel-hot-stdby",
              "graceful-conv",
              "susp-individual"
            ],
            "description": "Base LACP Policy; Mode Active",
            "id": "uni/infra/lacplagp-lacp_Active",
            "max_links": "16",
            "min_links": "1",
            "mode": "active",
            "name": "lacp_Active",
            "name_alias": ""
          },
          "private": "eyJzY2hlbWFfdmVyc2lvbiI6IjEifQ=="
        },
        {
          "index_key": "MacPin",
          "schema_version": 1,
          "attributes": {
            "annotation": "orchestrator:terraform",
            "ctrl": [
              "fast-sel-hot-stdby",
              "graceful-conv",
              "susp-individual"
            ],
            "description": "Base LACP Policy; Mode MAC Pinning",
            "id": "uni/infra/lacplagp-lacp_MacPin",
            "max_links": "16",
            "min_links": "1",
            "mode": "mac-pin",
            "name": "lacp_MacPin",
            "name_alias": ""
          },
          "private": "eyJzY2hlbWFfdmVyc2lvbiI6IjEifQ=="
        },
        {
          "index_key": "Passive",
          "schema_version": 1,
          "attributes": {
            "annotation": "orchestrator:terraform",
            "ctrl": [
              "fast-sel-hot-stdby",
              "graceful-conv",
              "susp-individual"
            ],
            "description": "Base LACP Policy; Mode Passive",
            "id": "uni/infra/lacplagp-lacp_Passive",
            "max_links": "16",
            "min_links": "1",
            "mode": "passive",
            "name": "lacp_Passive",
            "name_alias": ""
          },
          "private": "eyJzY2hlbWFfdmVyc2lvbiI6IjEifQ=="
        },
        {
          "index_key": "Static",
          "schema_version": 1,
          "attributes": {
            "annotation": "orchestrator:terraform",
            "ctrl": [
              "fast-sel-hot-stdby",
              "graceful-conv",
              "susp-individual"
            ],
            "description": "Base LACP Policy; Mode Static",
            "id": "uni/infra/lacplagp-lacp_Static",
            "max_links": "16",
            "min_links": "1",
            "mode": "off",
            "name": "lacp_Static",
            "name_alias": ""
          },
          "private": "eyJzY2hlbWFfdmVyc2lvbiI6IjEifQ=="
        }
      ]
    },
    {
      "mode": "managed",
      "type": "aci_leaf_access_port_policy_group",
      "name": "access_host_apg",
      "provider": "provider[\"registry.terraform.io/ciscodevnet/aci\"]",
      "instances": [
        {
          "schema_version": 1,
          "attributes": {
            "annotation": "orchestrator:terraform",
            "description": "Template for a Host Access Port",
            "id": "uni/infra/funcprof/accportgrp-access_host_ap",
            "name": "access_host_ap",
            "name_alias": "",
            "relation_infra_rs_att_ent_p": "uni/infra/attentp-access_aep",
            "relation_infra_rs_cdp_if_pol": "uni/infra/cdpIfP-cdp_Disabled",
            "relation_infra_rs_copp_if_pol": null,
            "relation_infra_rs_dwdm_if_pol": null,
            "relation_infra_rs_fc_if_pol": null,
            "relation_infra_rs_h_if_pol": "uni/infra/hintfpol-inherit_Auto",
            "relation_infra_rs_l2_if_pol": null,
            "relation_infra_rs_l2_inst_pol": "",
            "relation_infra_rs_l2_port_auth_pol": null,
            "relation_infra_rs_l2_port_security_pol": null,
            "relation_infra_rs_lldp_if_pol": "uni/infra/lldpIfP-lldp_Enabled",
            "relation_infra_rs_macsec_if_pol": null,
            "relation_infra_rs_mcp_if_pol": "uni/infra/mcpIfP-mcp_Enabled",
            "relation_infra_rs_mon_if_infra_pol": null,
            "relation_infra_rs_netflow_monitor_pol": [],
            "relation_infra_rs_poe_if_pol": "",
            "relation_infra_rs_qos_dpp_if_pol": null,
            "relation_infra_rs_qos_egress_dpp_if_pol": null,
            "relation_infra_rs_qos_ingress_dpp_if_pol": null,
            "relation_infra_rs_qos_pfc_if_pol": null,
            "relation_infra_rs_qos_sd_if_pol": null,
            "relation_infra_rs_span_v_dest_grp": [],
            "relation_infra_rs_span_v_src_grp": [],
            "relation_infra_rs_stormctrl_if_pol": null,
            "relation_infra_rs_stp_if_pol": "uni/infra/ifPol-BPDU_fg"
          },
          "private": "eyJzY2hlbWFfdmVyc2lvbiI6IjEifQ==",
          "dependencies": [
            "aci_fabric_if_pol.default",
            "aci_rest.stp-policies"
          ]
        }
      ]
    },
    {
      "mode": "managed",
      "type": "aci_leaf_access_port_policy_group",
      "name": "inband_apg",
      "provider": "provider[\"registry.terraform.io/ciscodevnet/aci\"]",
      "instances": [
        {
          "schema_version": 1,
          "attributes": {
            "annotation": "orchestrator:terraform",
            "description": "Inband port-group policy",
            "id": "uni/infra/funcprof/accportgrp-inband_ap",
            "name": "inband_ap",
            "name_alias": "",
            "relation_infra_rs_att_ent_p": "uni/infra/attentp-access_aep",
            "relation_infra_rs_cdp_if_pol": null,
            "relation_infra_rs_copp_if_pol": null,
            "relation_infra_rs_dwdm_if_pol": null,
            "relation_infra_rs_fc_if_pol": null,
            "relation_infra_rs_h_if_pol": "uni/infra/hintfpol-inherit_Auto",
            "relation_infra_rs_l2_if_pol": null,
            "relation_infra_rs_l2_inst_pol": "",
            "relation_infra_rs_l2_port_auth_pol": null,
            "relation_infra_rs_l2_port_security_pol": null,
            "relation_infra_rs_lldp_if_pol": "uni/infra/lldpIfP-lldp_Enabled",
            "relation_infra_rs_macsec_if_pol": null,
            "relation_infra_rs_mcp_if_pol": "uni/infra/mcpIfP-mcp_Enabled",
            "relation_infra_rs_mon_if_infra_pol": null,
            "relation_infra_rs_netflow_monitor_pol": [],
            "relation_infra_rs_poe_if_pol": "",
            "relation_infra_rs_qos_dpp_if_pol": null,
            "relation_infra_rs_qos_egress_dpp_if_pol": null,
            "relation_infra_rs_qos_ingress_dpp_if_pol": null,
            "relation_infra_rs_qos_pfc_if_pol": null,
            "relation_infra_rs_qos_sd_if_pol": null,
            "relation_infra_rs_span_v_dest_grp": [],
            "relation_infra_rs_span_v_src_grp": [],
            "relation_infra_rs_stormctrl_if_pol": null,
            "relation_infra_rs_stp_if_pol": "uni/infra/ifPol-BPDU_fg"
          },
          "private": "eyJzY2hlbWFfdmVyc2lvbiI6IjEifQ==",
          "dependencies": [
            "aci_fabric_if_pol.default",
            "aci_rest.stp-policies"
          ]
        }
      ]
    },
    {
      "mode": "managed",
      "type": "aci_leaf_interface_profile",
      "name": "leaf201",
      "provider": "provider[\"registry.terraform.io/ciscodevnet/aci\"]",
      "instances": [
        {
          "schema_version": 1,
          "attributes": {
            "annotation": "orchestrator:terraform",
            "description": "",
            "id": "uni/infra/accportprof-leaf201",
            "name": "leaf201",
            "name_alias": ""
          },
          "private": "eyJzY2hlbWFfdmVyc2lvbiI6IjEifQ=="
        }
      ]
    },
    {
      "mode": "managed",
      "type": "aci_leaf_interface_profile",
      "name": "leaf202",
      "provider": "provider[\"registry.terraform.io/ciscodevnet/aci\"]",
      "instances": [
        {
          "schema_version": 1,
          "attributes": {
            "annotation": "orchestrator:terraform",
            "description": "",
            "id": "uni/infra/accportprof-leaf202",
            "name": "leaf202",
            "name_alias": ""
          },
          "private": "eyJzY2hlbWFfdmVyc2lvbiI6IjEifQ=="
        }
      ]
    },
    {
      "mode": "managed",
      "type": "aci_leaf_profile",
      "name": "leaf201",
      "provider": "provider[\"registry.terraform.io/ciscodevnet/aci\"]",
      "instances": [
        {
          "schema_version": 1,
          "attributes": {
            "annotation": "orchestrator:terraform",
            "description": "",
            "id": "uni/infra/nprof-leaf201",
            "leaf_selector": [
              {
                "description": "",
                "id": "uni/infra/nprof-leaf201/leaves-leaf201-typ-range",
                "name": "leaf201",
                "node_block": [
                  {
                    "description": "",
                    "from_": "201",
                    "id": "uni/infra/nprof-leaf201/leaves-leaf201-typ-range/nodeblk-leaf201",
                    "name": "leaf201",
                    "to_": "201"
                  }
                ],
                "switch_association_type": "range"
              }
            ],
            "leaf_selector_ids": [
              "uni/infra/nprof-leaf201/leaves-leaf201-typ-range"
            ],
            "name": "leaf201",
            "name_alias": "",
            "node_block_ids": [
              "uni/infra/nprof-leaf201/leaves-leaf201-typ-range/nodeblk-leaf201"
            ],
            "relation_infra_rs_acc_card_p": [],
            "relation_infra_rs_acc_port_p": [
              "uni/infra/accportprof-leaf201"
            ]
          },
          "private": "eyJzY2hlbWFfdmVyc2lvbiI6IjEifQ==",
          "dependencies": [
            "aci_leaf_interface_profile.leaf201"
          ]
        }
      ]
    },
    {
      "mode": "managed",
      "type": "aci_leaf_profile",
      "name": "leaf202",
      "provider": "provider[\"registry.terraform.io/ciscodevnet/aci\"]",
      "instances": [
        {
          "schema_version": 1,
          "attributes": {
            "annotation": "orchestrator:terraform",
            "description": "",
            "id": "uni/infra/nprof-leaf202",
            "leaf_selector": [
              {
                "description": "",
                "id": "uni/infra/nprof-leaf202/leaves-leaf202-typ-range",
                "name": "leaf202",
                "node_block": [
                  {
                    "description": "",
                    "from_": "202",
                    "id": "uni/infra/nprof-leaf202/leaves-leaf202-typ-range/nodeblk-leaf202",
                    "name": "leaf202",
                    "to_": "202"
                  }
                ],
                "switch_association_type": "range"
              }
            ],
            "leaf_selector_ids": [
              "uni/infra/nprof-leaf202/leaves-leaf202-typ-range"
            ],
            "name": "leaf202",
            "name_alias": "",
            "node_block_ids": [
              "uni/infra/nprof-leaf202/leaves-leaf202-typ-range/nodeblk-leaf202"
            ],
            "relation_infra_rs_acc_card_p": [],
            "relation_infra_rs_acc_port_p": [
              "uni/infra/accportprof-leaf202"
            ]
          },
          "private": "eyJzY2hlbWFfdmVyc2lvbiI6IjEifQ==",
          "dependencies": [
            "aci_leaf_interface_profile.leaf202"
          ]
        }
      ]
    },
    {
      "mode": "managed",
      "type": "aci_lldp_interface_policy",
      "name": "default",
      "provider": "provider[\"registry.terraform.io/ciscodevnet/aci\"]",
      "instances": [
        {
          "index_key": "Disabled",
          "schema_version": 1,
          "attributes": {
            "admin_rx_st": "disabled",
            "admin_tx_st": "disabled",
            "annotation": "orchestrator:terraform",
            "description": "Base LLDP Policy; Disabled",
            "id": "uni/infra/lldpIfP-lldp_Disabled",
            "name": "lldp_Disabled",
            "name_alias": ""
          },
          "private": "eyJzY2hlbWFfdmVyc2lvbiI6IjEifQ=="
        },
        {
          "index_key": "Enabled",
          "schema_version": 1,
          "attributes": {
            "admin_rx_st": "enabled",
            "admin_tx_st": "enabled",
            "annotation": "orchestrator:terraform",
            "description": "Base LLDP Policy; Enabled",
            "id": "uni/infra/lldpIfP-lldp_Enabled",
            "name": "lldp_Enabled",
            "name_alias": ""
          },
          "private": "eyJzY2hlbWFfdmVyc2lvbiI6IjEifQ=="
        }
      ]
    },
    {
      "mode": "managed",
      "type": "aci_miscabling_protocol_interface_policy",
      "name": "default",
      "provider": "provider[\"registry.terraform.io/ciscodevnet/aci\"]",
      "instances": [
        {
          "index_key": "mcp_Disabled",
          "schema_version": 1,
          "attributes": {
            "admin_st": "disabled",
            "annotation": "orchestrator:terraform",
            "description": "Base Miscabling Policy; Mode Disabled",
            "id": "uni/infra/mcpIfP-mcp_Disabled",
            "name": "mcp_Disabled",
            "name_alias": ""
          },
          "private": "eyJzY2hlbWFfdmVyc2lvbiI6IjEifQ=="
        },
        {
          "index_key": "mcp_Enabled",
          "schema_version": 1,
          "attributes": {
            "admin_st": "enabled",
            "annotation": "orchestrator:terraform",
            "description": "Base LACP Policy; Mode Enabled",
            "id": "uni/infra/mcpIfP-mcp_Enabled",
            "name": "mcp_Enabled",
            "name_alias": ""
          },
          "private": "eyJzY2hlbWFfdmVyc2lvbiI6IjEifQ=="
        }
      ]
    },
    {
      "mode": "managed",
      "type": "aci_physical_domain",
      "name": "default",
      "provider": "provider[\"registry.terraform.io/ciscodevnet/aci\"]",
      "instances": [
        {
          "index_key": "Inband",
          "schema_version": 1,
          "attributes": {
            "annotation": "orchestrator:terraform",
            "description": null,
            "id": "uni/phys-inband_phys",
            "name": "inband_phys",
            "name_alias": "",
            "relation_infra_rs_dom_vxlan_ns_def": "",
            "relation_infra_rs_vip_addr_ns": "",
            "relation_infra_rs_vlan_ns": "uni/infra/vlanns-[inband_vl-pool]-static",
            "relation_infra_rs_vlan_ns_def": null
          },
          "private": "eyJzY2hlbWFfdmVyc2lvbiI6IjEifQ==",
          "dependencies": [
            "aci_vlan_pool.default"
          ]
        },
        {
          "index_key": "access",
          "schema_version": 1,
          "attributes": {
            "annotation": "orchestrator:terraform",
            "description": null,
            "id": "uni/phys-access_phys",
            "name": "access_phys",
            "name_alias": "",
            "relation_infra_rs_dom_vxlan_ns_def": "",
            "relation_infra_rs_vip_addr_ns": "",
            "relation_infra_rs_vlan_ns": "uni/infra/vlanns-[access_vl-pool]-static",
            "relation_infra_rs_vlan_ns_def": null
          },
          "private": "eyJzY2hlbWFfdmVyc2lvbiI6IjEifQ==",
          "dependencies": [
            "aci_vlan_pool.default"
          ]
        }
      ]
    },
    {
      "mode": "managed",
      "type": "aci_pod_maintenance_group",
      "name": "default",
      "provider": "provider[\"registry.terraform.io/ciscodevnet/aci\"]",
      "instances": [
        {
          "index_key": "switch_MgB",
          "schema_version": 1,
          "attributes": {
            "annotation": "orchestrator:terraform",
            "description": "",
            "fwtype": "switch",
            "id": "uni/fabric/maintgrp-switch_MgB",
            "name": "switch_MgB",
            "name_alias": "",
            "pod_maintenance_group_type": "range",
            "relation_maint_rs_mgrpp": null
          },
          "private": "eyJzY2hlbWFfdmVyc2lvbiI6IjEifQ=="
        },
        {
          "index_key": "vpod_MgA",
          "schema_version": 1,
          "attributes": {
            "annotation": "orchestrator:terraform",
            "description": "",
            "fwtype": "vpod",
            "id": "uni/fabric/maintgrp-vpod_MgA",
            "name": "vpod_MgA",
            "name_alias": "",
            "pod_maintenance_group_type": "range",
            "relation_maint_rs_mgrpp": null
          },
          "private": "eyJzY2hlbWFfdmVyc2lvbiI6IjEifQ=="
        },
        {
          "index_key": "vpod_MgB",
          "schema_version": 1,
          "attributes": {
            "annotation": "orchestrator:terraform",
            "description": "",
            "fwtype": "vpod",
            "id": "uni/fabric/maintgrp-vpod_MgB",
            "name": "vpod_MgB",
            "name_alias": "",
            "pod_maintenance_group_type": "range",
            "relation_maint_rs_mgrpp": null
          },
          "private": "eyJzY2hlbWFfdmVyc2lvbiI6IjEifQ=="
        }
      ]
    },
    {
      "mode": "managed",
      "type": "aci_ranges",
      "name": "default",
      "provider": "provider[\"registry.terraform.io/ciscodevnet/aci\"]",
      "instances": [
        {
          "schema_version": 1,
          "attributes": {
            "_from": "vlan-4",
            "alloc_mode": "inherit",
            "annotation": "orchestrator:terraform",
            "description": "",
            "from": "vlan-4",
            "id": "uni/infra/vlanns-[msite_vl-pool]-static/from-[vlan-4]-to-[vlan-4]",
            "name_alias": "",
            "role": "external",
            "to": "vlan-4",
            "vlan_pool_dn": "uni/infra/vlanns-[msite_vl-pool]-static"
          },
          "private": "eyJzY2hlbWFfdmVyc2lvbiI6IjEifQ==",
          "dependencies": [
            "aci_vlan_pool.default"
          ]
        }
      ]
    },
    {
      "mode": "managed",
      "type": "aci_ranges",
      "name": "inb_vlan",
      "provider": "provider[\"registry.terraform.io/ciscodevnet/aci\"]",
      "instances": [
        {
          "schema_version": 1,
          "attributes": {
            "_from": "vlan-100",
            "alloc_mode": "inherit",
            "annotation": "orchestrator:terraform",
            "description": "",
            "from": "vlan-100",
            "id": "uni/infra/vlanns-[inband_vl-pool]-static/from-[vlan-100]-to-[vlan-100]",
            "name_alias": "",
            "role": "external",
            "to": "vlan-100",
            "vlan_pool_dn": "uni/infra/vlanns-[inband_vl-pool]-static"
          },
          "private": "eyJzY2hlbWFfdmVyc2lvbiI6IjEifQ=="
        }
      ]
    },
    {
      "mode": "managed",
      "type": "aci_rest",
      "name": "Ext_Login_RADIUS_prov-198_18_1_71",
      "provider": "provider[\"registry.terraform.io/ciscodevnet/aci\"]",
      "instances": [
        {
          "schema_version": 1,
          "attributes": {
            "class_name": "aaaUserEp",
            "content": null,
            "dn": null,
            "id": "uni/userext",
            "path": "/api/node/mo/uni/userext.json",
            "payload": "{\n    \"aaaUserEp\": {\n        \"attributes\": {\n            \"dn\": \"uni/userext\"\n        },\n        \"children\": [\n            {\n                \"aaaLoginDomain\": {\n                    \"attributes\": {\n                        \"dn\": \"uni/userext/logindomain-RAD_ISE\",\n                        \"name\": \"RAD_ISE\",\n                        \"rn\": \"logindomain-RAD_ISE\"\n                    },\n                    \"children\": [\n                        {\n                            \"aaaDomainAuth\": {\n                                \"attributes\": {\n                                    \"dn\": \"uni/userext/logindomain-RAD_ISE/domainauth\",\n                                    \"providerGroup\": \"RAD_ISE\",\n                                    \"realm\": \"radius\",\n                                    \"descr\": \"RADIUS Login Domain RAD_ISE. Created by Brahma Wizard.\",\n                                    \"rn\": \"domainauth\"\n                                },\n                                \"children\": []\n                            }\n                        }\n                    ]\n                }\n            },\n            {\n                \"aaaRadiusEp\": {\n                    \"attributes\": {\n                        \"dn\": \"uni/userext/radiusext\"\n                    },\n                    \"children\": [\n                        {\n                            \"aaaRadiusProviderGroup\": {\n                                \"attributes\": {\n                                    \"dn\": \"uni/userext/radiusext/radiusprovidergroup-RAD_ISE\"\n                                },\n                                \"children\": [\n                                    {\n                                        \"aaaProviderRef\": {\n                                            \"attributes\": {\n                                                \"dn\": \"uni/userext/radiusext/radiusprovidergroup-RAD_ISE/providerref-198.18.1.71\",\n                                                \"order\": \"1\",\n                                                \"name\": \"198.18.1.71\",\n                                                \"descr\": \"Added RADIUS Server 198.18.1.71 - Brahma Startup Wizard\"\n                                            },\n                                            \"children\": []\n                                        }\n                                    }\n                                ]\n                            }\n                        }\n                    ]\n                }\n            }\n        ]\n    }\n}\n"
          },
          "private": "eyJzY2hlbWFfdmVyc2lvbiI6IjEifQ=="
        }
      ]
    },
    {
      "mode": "managed",
      "type": "aci_rest",
      "name": "Ext_Login_RADIUS_prov-198_18_1_72",
      "provider": "provider[\"registry.terraform.io/ciscodevnet/aci\"]",
      "instances": [
        {
          "schema_version": 1,
          "attributes": {
            "class_name": "aaaUserEp",
            "content": null,
            "dn": null,
            "id": "uni/userext",
            "path": "/api/node/mo/uni/userext.json",
            "payload": "{\n    \"aaaUserEp\": {\n        \"attributes\": {\n            \"dn\": \"uni/userext\"\n        },\n        \"children\": [\n            {\n                \"aaaLoginDomain\": {\n                    \"attributes\": {\n                        \"dn\": \"uni/userext/logindomain-RAD_ISE\",\n                        \"name\": \"RAD_ISE\",\n                        \"rn\": \"logindomain-RAD_ISE\"\n                    },\n                    \"children\": [\n                        {\n                            \"aaaDomainAuth\": {\n                                \"attributes\": {\n                                    \"dn\": \"uni/userext/logindomain-RAD_ISE/domainauth\",\n                                    \"providerGroup\": \"RAD_ISE\",\n                                    \"realm\": \"radius\",\n                                    \"descr\": \"RADIUS Login Domain RAD_ISE. Created by Brahma Wizard.\",\n                                    \"rn\": \"domainauth\"\n                                },\n                                \"children\": []\n                            }\n                        }\n                    ]\n                }\n            },\n            {\n                \"aaaRadiusEp\": {\n                    \"attributes\": {\n                        \"dn\": \"uni/userext/radiusext\"\n                    },\n                    \"children\": [\n                        {\n                            \"aaaRadiusProviderGroup\": {\n                                \"attributes\": {\n                                    \"dn\": \"uni/userext/radiusext/radiusprovidergroup-RAD_ISE\"\n                                },\n                                \"children\": [\n                                    {\n                                        \"aaaProviderRef\": {\n                                            \"attributes\": {\n                                                \"dn\": \"uni/userext/radiusext/radiusprovidergroup-RAD_ISE/providerref-198.18.1.72\",\n                                                \"order\": \"2\",\n                                                \"name\": \"198.18.1.72\",\n                                                \"descr\": \"Added RADIUS Server 198.18.1.72 - Brahma Startup Wizard\"\n                                            },\n                                            \"children\": []\n                                        }\n                                    }\n                                ]\n                            }\n                        }\n                    ]\n                }\n            }\n        ]\n    }\n}\n"
          },
          "private": "eyJzY2hlbWFfdmVyc2lvbiI6IjEifQ=="
        }
      ]
    },
    {
      "mode": "managed",
      "type": "aci_rest",
      "name": "Ext_Login_TACACS_prov-198_18_1_71",
      "provider": "provider[\"registry.terraform.io/ciscodevnet/aci\"]",
      "instances": [
        {
          "schema_version": 1,
          "attributes": {
            "class_name": "aaaUserEp",
            "content": null,
            "dn": null,
            "id": "uni/userext",
            "path": "/api/node/mo/uni/userext.json",
            "payload": "{\n    \"aaaUserEp\": {\n        \"attributes\": {\n            \"dn\": \"uni/userext\"\n        },\n        \"children\": [\n            {\n                \"aaaLoginDomain\": {\n                    \"attributes\": {\n                        \"dn\": \"uni/userext/logindomain-ISE\",\n                        \"name\": \"ISE\",\n                        \"rn\": \"logindomain-ISE\"\n                    },\n                    \"children\": [\n                        {\n                            \"aaaDomainAuth\": {\n                                \"attributes\": {\n                                    \"dn\": \"uni/userext/logindomain-ISE/domainauth\",\n                                    \"providerGroup\": \"ISE\",\n                                    \"realm\": \"tacacs\",\n                                    \"descr\": \"TACACS+ Login Domain ISE. Created by Brahma Wizard.\",\n                                    \"rn\": \"domainauth\"\n                                },\n                                \"children\": []\n                            }\n                        }\n                    ]\n                }\n            },\n            {\n                \"aaaTacacsPlusEp\": {\n                    \"attributes\": {\n                        \"dn\": \"uni/userext/tacacsext\"\n                    },\n                    \"children\": [\n                        {\n                            \"aaaTacacsPlusProviderGroup\": {\n                                \"attributes\": {\n                                    \"dn\": \"uni/userext/tacacsext/tacacsplusprovidergroup-ISE\"\n                                },\n                                \"children\": [\n                                    {\n                                        \"aaaProviderRef\": {\n                                            \"attributes\": {\n                                                \"dn\": \"uni/userext/tacacsext/tacacsplusprovidergroup-ISE/providerref-198.18.1.71\",\n                                                \"order\": \"1\",\n                                                \"name\": \"198.18.1.71\",\n                                                \"descr\": \"Added TACACS Server 198.18.1.71 - Brahma Startup Wizard\"\n                                            },\n                                            \"children\": []\n                                        }\n                                    }\n                                ]\n                            }\n                        }\n                    ]\n                }\n            }\n        ]\n    }\n}\n"
          },
          "private": "eyJzY2hlbWFfdmVyc2lvbiI6IjEifQ=="
        }
      ]
    },
    {
      "mode": "managed",
      "type": "aci_rest",
      "name": "Ext_Login_TACACS_prov-198_18_1_72",
      "provider": "provider[\"registry.terraform.io/ciscodevnet/aci\"]",
      "instances": [
        {
          "schema_version": 1,
          "attributes": {
            "class_name": "aaaUserEp",
            "content": null,
            "dn": null,
            "id": "uni/userext",
            "path": "/api/node/mo/uni/userext.json",
            "payload": "{\n    \"aaaUserEp\": {\n        \"attributes\": {\n            \"dn\": \"uni/userext\"\n        },\n        \"children\": [\n            {\n                \"aaaLoginDomain\": {\n                    \"attributes\": {\n                        \"dn\": \"uni/userext/logindomain-ISE\",\n                        \"name\": \"ISE\",\n                        \"rn\": \"logindomain-ISE\"\n                    },\n                    \"children\": [\n                        {\n                            \"aaaDomainAuth\": {\n                                \"attributes\": {\n                                    \"dn\": \"uni/userext/logindomain-ISE/domainauth\",\n                                    \"providerGroup\": \"ISE\",\n                                    \"realm\": \"tacacs\",\n                                    \"descr\": \"TACACS+ Login Domain ISE. Created by Brahma Wizard.\",\n                                    \"rn\": \"domainauth\"\n                                },\n                                \"children\": []\n                            }\n                        }\n                    ]\n                }\n            },\n            {\n                \"aaaTacacsPlusEp\": {\n                    \"attributes\": {\n                        \"dn\": \"uni/userext/tacacsext\"\n                    },\n                    \"children\": [\n                        {\n                            \"aaaTacacsPlusProviderGroup\": {\n                                \"attributes\": {\n                                    \"dn\": \"uni/userext/tacacsext/tacacsplusprovidergroup-ISE\"\n                                },\n                                \"children\": [\n                                    {\n                                        \"aaaProviderRef\": {\n                                            \"attributes\": {\n                                                \"dn\": \"uni/userext/tacacsext/tacacsplusprovidergroup-ISE/providerref-198.18.1.72\",\n                                                \"order\": \"2\",\n                                                \"name\": \"198.18.1.72\",\n                                                \"descr\": \"Added TACACS Server 198.18.1.72 - Brahma Startup Wizard\"\n                                            },\n                                            \"children\": []\n                                        }\n                                    }\n                                ]\n                            }\n                        }\n                    ]\n                }\n            }\n        ]\n    }\n}\n"
          },
          "private": "eyJzY2hlbWFfdmVyc2lvbiI6IjEifQ=="
        }
      ]
    },
    {
      "mode": "managed",
      "type": "aci_rest",
      "name": "Leaf_Policy_Group",
      "provider": "provider[\"registry.terraform.io/ciscodevnet/aci\"]",
      "instances": [
        {
          "schema_version": 1,
          "attributes": {
            "class_name": "infraAccNodePGrp",
            "content": null,
            "dn": null,
            "id": "uni/infra/funcprof/accnodepgrp-default",
            "path": "/api/node/mo/uni/infra/funcprof/accnodepgrp-default.json",
            "payload": "{\n\t\"infraAccNodePGrp\": {\n\t\t\"attributes\": {\n\t\t\t\"dn\": \"uni/infra/funcprof/accnodepgrp-default\",\n\t\t\t\"name\": \"default\",\n\t\t\t\"descr\": \"Default Policy Group for Leaf Switches - Created by Brahma Startup Script.\",\n\t\t\t\"rn\": \"accnodepgrp-default\"\n\t\t},\n\t\t\"children\": [\n\t\t\t{\n\t\t\t\t\"infraRsMstInstPol\": {\n\t\t\t\t\t\"attributes\": {\n\t\t\t\t\t\t\"tnStpInstPolName\": \"default\"\n\t\t\t\t\t},\n\t\t\t\t\t\"children\": []\n\t\t\t\t}\n\t\t\t},\n\t\t\t{\n\t\t\t\t\"infraRsTopoctrlFwdScaleProfPol\": {\n\t\t\t\t\t\"attributes\": {\n\t\t\t\t\t\t\"tnTopoctrlFwdScaleProfilePolName\": \"default\"\n\t\t\t\t\t},\n\t\t\t\t\t\"children\": []\n\t\t\t\t}\n\t\t\t},\n\t\t\t{\n\t\t\t\t\"infraRsTopoctrlFastLinkFailoverInstPol\": {\n\t\t\t\t\t\"attributes\": {\n\t\t\t\t\t\t\"tnTopoctrlFastLinkFailoverInstPolName\": \"default\"\n\t\t\t\t\t},\n\t\t\t\t\t\"children\": []\n\t\t\t\t}\n\t\t\t},\n\t\t\t{\n\t\t\t\t\"infraRsL2NodeAuthPol\": {\n\t\t\t\t\t\"attributes\": {\n\t\t\t\t\t\t\"tnL2NodeAuthPolName\": \"default\"\n\t\t\t\t\t},\n\t\t\t\t\t\"children\": []\n\t\t\t\t}\n\t\t\t},\n\t\t\t{\n\t\t\t\t\"infraRsIaclLeafProfile\": {\n\t\t\t\t\t\"attributes\": {\n\t\t\t\t\t\t\"tnIaclLeafProfileName\": \"default\"\n\t\t\t\t\t},\n\t\t\t\t\t\"children\": []\n\t\t\t\t}\n\t\t\t},\n\t\t\t{\n\t\t\t\t\"infraRsEquipmentFlashConfigPol\": {\n\t\t\t\t\t\"attributes\": {\n\t\t\t\t\t\t\"tnEquipmentFlashConfigPolName\": \"default\"\n\t\t\t\t\t},\n\t\t\t\t\t\"children\": []\n\t\t\t\t}\n\t\t\t},\n\t\t\t{\n\t\t\t\t\"infraRsLeafPGrpToCdpIfPol\": {\n\t\t\t\t\t\"attributes\": {\n\t\t\t\t\t\t\"tnCdpIfPolName\": \"cdp_Enabled\"\n\t\t\t\t\t},\n\t\t\t\t\t\"children\": []\n\t\t\t\t}\n\t\t\t},\n\t\t\t{\n\t\t\t\t\"infraRsLeafPGrpToLldpIfPol\": {\n\t\t\t\t\t\"attributes\": {\n\t\t\t\t\t\t\"tnLldpIfPolName\": \"lldp_Enabled\"\n\t\t\t\t\t},\n\t\t\t\t\t\"children\": []\n\t\t\t\t}\n\t\t\t},\n\t\t\t{\n\t\t\t\t\"infraRsBfdIpv4InstPol\": {\n\t\t\t\t\t\"attributes\": {\n\t\t\t\t\t\t\"tnBfdIpv4InstPolName\": \"default\"\n\t\t\t\t\t},\n\t\t\t\t\t\"children\": []\n\t\t\t\t}\n\t\t\t},\n\t\t\t{\n\t\t\t\t\"infraRsBfdIpv6InstPol\": {\n\t\t\t\t\t\"attributes\": {\n\t\t\t\t\t\t\"tnBfdIpv6InstPolName\": \"default\"\n\t\t\t\t\t},\n\t\t\t\t\t\"children\": []\n\t\t\t\t}\n\t\t\t},\n\t\t\t{\n\t\t\t\t\"infraRsFcInstPol\": {\n\t\t\t\t\t\"attributes\": {\n\t\t\t\t\t\t\"tnFcInstPolName\": \"default\"\n\t\t\t\t\t},\n\t\t\t\t\t\"children\": []\n\t\t\t\t}\n\t\t\t},\n\t\t\t{\n\t\t\t\t\"infraRsPoeInstPol\": {\n\t\t\t\t\t\"attributes\": {\n\t\t\t\t\t\t\"tnPoeInstPolName\": \"default\"\n\t\t\t\t\t},\n\t\t\t\t\t\"children\": []\n\t\t\t\t}\n\t\t\t},\n\t\t\t{\n\t\t\t\t\"infraRsFcFabricPol\": {\n\t\t\t\t\t\"attributes\": {\n\t\t\t\t\t\t\"tnFcFabricPolName\": \"default\"\n\t\t\t\t\t},\n\t\t\t\t\t\"children\": []\n\t\t\t\t}\n\t\t\t},\n\t\t\t{\n\t\t\t\t\"infraRsMonNodeInfraPol\": {\n\t\t\t\t\t\"attributes\": {\n\t\t\t\t\t\t\"tnMonInfraPolName\": \"default\"\n\t\t\t\t\t},\n\t\t\t\t\t\"children\": []\n\t\t\t\t}\n\t\t\t},\n\t\t\t{\n\t\t\t\t\"infraRsNetflowNodePol\": {\n\t\t\t\t\t\"attributes\": {\n\t\t\t\t\t\t\"tnNetflowNodePolName\": \"default\"\n\t\t\t\t\t},\n\t\t\t\t\t\"children\": []\n\t\t\t\t}\n\t\t\t},\n\t\t\t{\n\t\t\t\t\"infraRsLeafCoppProfile\": {\n\t\t\t\t\t\"attributes\": {\n\t\t\t\t\t\t\"tnCoppLeafProfileName\": \"default\"\n\t\t\t\t\t},\n\t\t\t\t\t\"children\": []\n\t\t\t\t}\n\t\t\t}\n\t\t]\n\t}\n}\n"
          },
          "private": "eyJzY2hlbWFfdmVyc2lvbiI6IjEifQ=="
        }
      ]
    },
    {
      "mode": "managed",
      "type": "aci_rest",
      "name": "SmartCallHome_dg",
      "provider": "provider[\"registry.terraform.io/ciscodevnet/aci\"]",
      "instances": [
        {
          "schema_version": 1,
          "attributes": {
            "class_name": "callhomeSmartGroup",
            "content": null,
            "dn": null,
            "id": "uni/fabric/smartgroup-SmartCallHome_dg",
            "path": "/api/node/mo/uni/fabric/smartgroup-SmartCallHome_dg.json",
            "payload": "{\n    \"callhomeSmartGroup\": {\n        \"attributes\": {\n            \"dn\": \"uni/fabric/smartgroup-SmartCallHome_dg\",\n            \"name\": \"SmartCallHome_dg\",\n            \"rn\": \"smartgroup-SmartCallHome_dg\"\n        },\n        \"children\": [\n            {\n                \"callhomeProf\": {\n                    \"attributes\": {\n                        \"dn\": \"uni/fabric/smartgroup-SmartCallHome_dg/prof\",\n                        \"port\": \"25\",\n                        \"from\": \"cust-aci-fabric@example.com\",\n                        \"replyTo\": \"network-ops@example.com\",\n                        \"email\": \"network-ops@example.com\",\n                        \"phone\": \"+1 408-555-5555\",\n                        \"contact\": \"Brahma Lab\",\n                        \"addr\": \"5555 Some Streat Some City, CA 95000\",\n                        \"contract\": \"5555555\",\n                        \"customer\": \"5555555\",\n                        \"site\": \"555555\",\n                        \"rn\": \"prof\"\n                    },\n                    \"children\": [\n                        {\n                            \"callhomeSmtpServer\": {\n                                \"attributes\": {\n                                    \"dn\": \"uni/fabric/smartgroup-SmartCallHome_dg/prof/smtp\",\n                                    \"host\": \"cisco-smtp.example.com\",\n                                    \"rn\": \"smtp\"\n                                },\n                                \"children\": [\n                                    {\n                                        \"fileRsARemoteHostToEpg\": {\n                                            \"attributes\": {\n                                                \"tDn\": \"uni/tn-mgmt/mgmtp-default/oob-default\"\n                                            },\n                                            \"children\": []\n                                        }\n                                    }\n                                ]\n                            }\n                        }\n                    ]\n                }\n            },\n            {\n                \"callhomeSmartDest\": {\n                    \"attributes\": {\n                        \"dn\": \"uni/fabric/smartgroup-SmartCallHome_dg/smartdest-SCH_Receiver\",\n                        \"name\": \"SCH_Receiver\",\n                        \"email\": \"network-ops@example.com\",\n                        \"format\": \"short-txt\",\n                        \"rn\": \"smartdest-SCH_Receiver\"\n                    },\n                    \"children\": []\n                }\n            }\n        ]\n    }\n}\n"
          },
          "private": "eyJzY2hlbWFfdmVyc2lvbiI6IjEifQ=="
        }
      ]
    },
    {
      "mode": "managed",
      "type": "aci_rest",
      "name": "Spine_Policy_Group",
      "provider": "provider[\"registry.terraform.io/ciscodevnet/aci\"]",
      "instances": [
        {
          "schema_version": 1,
          "attributes": {
            "class_name": "infraSpineAccNodePGrp",
            "content": null,
            "dn": null,
            "id": "uni/infra/funcprof/spaccnodepgrp-default",
            "path": "/api/node/mo/uni/infra/funcprof/spaccnodepgrp-default.json",
            "payload": "{\n\t\"infraSpineAccNodePGrp\": {\n\t\t\"attributes\": {\n\t\t\t\"dn\": \"uni/infra/funcprof/spaccnodepgrp-default\",\n\t\t\t\"name\": \"default\",\n\t\t\t\"descr\": \"Default Policy Group for Spine Switches - Created by Brahma Startup Script.\",\n\t\t\t\"rn\": \"spaccnodepgrp-default\"\n\t\t},\n\t\t\"children\": [\n\t\t\t{\n\t\t\t\t\"infraRsSpineCoppProfile\": {\n\t\t\t\t\t\"attributes\": {\n\t\t\t\t\t\t\"tnCoppSpineProfileName\": \"default\"\n\t\t\t\t\t},\n\t\t\t\t\t\"children\": []\n\t\t\t\t}\n\t\t\t},\n\t\t\t{\n\t\t\t\t\"infraRsSpineBfdIpv4InstPol\": {\n\t\t\t\t\t\"attributes\": {\n\t\t\t\t\t\t\"tnBfdIpv4InstPolName\": \"default\"\n\t\t\t\t\t},\n\t\t\t\t\t\"children\": []\n\t\t\t\t}\n\t\t\t},\n\t\t\t{\n\t\t\t\t\"infraRsSpineBfdIpv6InstPol\": {\n\t\t\t\t\t\"attributes\": {\n\t\t\t\t\t\t\"tnBfdIpv6InstPolName\": \"default\"\n\t\t\t\t\t},\n\t\t\t\t\t\"children\": []\n\t\t\t\t}\n\t\t\t},\n\t\t\t{\n\t\t\t\t\"infraRsIaclSpineProfile\": {\n\t\t\t\t\t\"attributes\": {\n\t\t\t\t\t\t\"tnIaclSpineProfileName\": \"default\"\n\t\t\t\t\t},\n\t\t\t\t\t\"children\": []\n\t\t\t\t}\n\t\t\t},\n\t\t\t{\n\t\t\t\t\"infraRsSpinePGrpToCdpIfPol\": {\n\t\t\t\t\t\"attributes\": {\n\t\t\t\t\t\t\"tnCdpIfPolName\": \"cdp_Enabled\"\n\t\t\t\t\t},\n\t\t\t\t\t\"children\": []\n\t\t\t\t}\n\t\t\t},\n\t\t\t{\n\t\t\t\t\"infraRsSpinePGrpToLldpIfPol\": {\n\t\t\t\t\t\"attributes\": {\n\t\t\t\t\t\t\"tnLldpIfPolName\": \"lldp_Enabled\"\n\t\t\t\t\t},\n\t\t\t\t\t\"children\": []\n\t\t\t\t}\n\t\t\t}\n\t\t]\n\t}\n}\n"
          },
          "private": "eyJzY2hlbWFfdmVyc2lvbiI6IjEifQ=="
        }
      ]
    },
    {
      "mode": "managed",
      "type": "aci_rest",
      "name": "aaaRadiusProvider_198_18_1_71",
      "provider": "provider[\"registry.terraform.io/ciscodevnet/aci\"]",
      "instances": [
        {
          "schema_version": 1,
          "attributes": {
            "class_name": "aaaRadiusProvider",
            "content": null,
            "dn": null,
            "id": "uni/userext/radiusext/radiusprovider-198.18.1.71",
            "path": "/api/node/mo/uni/userext/radiusext/radiusprovider-198.18.1.71.json",
            "payload": "{\n    \"aaaRadiusProvider\": {\n        \"attributes\": {\n            \"dn\": \"uni/userext/radiusext/radiusprovider-198.18.1.71\",\n            \"timeout\": \"5\",\n            \"retries\": \"5\",\n            \"monitorServer\": \"disabled\",\n            \"key\": \"cisco1231\",\n            \"authProtocol\": \"pap\",\n            \"name\": \"198.18.1.71\",\n            \"descr\": \"RADIUS Provider - 198.18.1.71.  Added by Brahma Startup Wizard.\",\n            \"rn\": \"radiusprovider-198.18.1.71\"\n        },\n        \"children\": [\n            {\n                \"aaaRsSecProvToEpg\": {\n                    \"attributes\": {\n                        \"tDn\": \"uni/tn-mgmt/mgmtp-default/oob-default\"\n                    },\n                    \"children\": []\n                }\n            }\n        ]\n    }\n}\n"
          },
          "private": "eyJzY2hlbWFfdmVyc2lvbiI6IjEifQ=="
        }
      ]
    },
    {
      "mode": "managed",
      "type": "aci_rest",
      "name": "aaaRadiusProvider_198_18_1_72",
      "provider": "provider[\"registry.terraform.io/ciscodevnet/aci\"]",
      "instances": [
        {
          "schema_version": 1,
          "attributes": {
            "class_name": "aaaRadiusProvider",
            "content": null,
            "dn": null,
            "id": "uni/userext/radiusext/radiusprovider-198.18.1.72",
            "path": "/api/node/mo/uni/userext/radiusext/radiusprovider-198.18.1.72.json",
            "payload": "{\n    \"aaaRadiusProvider\": {\n        \"attributes\": {\n            \"dn\": \"uni/userext/radiusext/radiusprovider-198.18.1.72\",\n            \"timeout\": \"5\",\n            \"retries\": \"5\",\n            \"monitorServer\": \"disabled\",\n            \"key\": \"cisco123\",\n            \"authProtocol\": \"pap\",\n            \"name\": \"198.18.1.72\",\n            \"descr\": \"RADIUS Provider - 198.18.1.72.  Added by Brahma Startup Wizard.\",\n            \"rn\": \"radiusprovider-198.18.1.72\"\n        },\n        \"children\": [\n            {\n                \"aaaRsSecProvToEpg\": {\n                    \"attributes\": {\n                        \"tDn\": \"uni/tn-mgmt/mgmtp-default/oob-default\"\n                    },\n                    \"children\": []\n                }\n            }\n        ]\n    }\n}\n"
          },
          "private": "eyJzY2hlbWFfdmVyc2lvbiI6IjEifQ=="
        }
      ]
    },
    {
      "mode": "managed",
      "type": "aci_rest",
      "name": "aaaTacacsPlusProvider_198_18_1_71",
      "provider": "provider[\"registry.terraform.io/ciscodevnet/aci\"]",
      "instances": [
        {
          "schema_version": 1,
          "attributes": {
            "class_name": "aaaTacacsPlusProvider",
            "content": null,
            "dn": null,
            "id": "uni/userext/tacacsext/tacacsplusprovider-198.18.1.71",
            "path": "/api/node/mo/uni/userext/tacacsext/tacacsplusprovider-198.18.1.71.json",
            "payload": "{\n    \"aaaTacacsPlusProvider\": {\n        \"attributes\": {\n            \"dn\": \"uni/userext/tacacsext/tacacsplusprovider-198.18.1.71\",\n            \"timeout\": \"5\",\n            \"retries\": \"5\",\n            \"monitorServer\": \"disabled\",\n            \"key\": \"cisco1231\",\n            \"authProtocol\": \"pap\",\n            \"name\": \"198.18.1.71\",\n            \"descr\": \"TACACS+ Provider - 198.18.1.71.  Added by Brahma Startup Wizard.\",\n            \"rn\": \"tacacsplusprovider-198.18.1.71\"\n        },\n        \"children\": [\n            {\n                \"aaaRsSecProvToEpg\": {\n                    \"attributes\": {\n                        \"tDn\": \"uni/tn-mgmt/mgmtp-default/oob-default\"\n                    },\n                    \"children\": []\n                }\n            }\n        ]\n    }\n}\n"
          },
          "private": "eyJzY2hlbWFfdmVyc2lvbiI6IjEifQ=="
        }
      ]
    },
    {
      "mode": "managed",
      "type": "aci_rest",
      "name": "aaaTacacsPlusProvider_198_18_1_72",
      "provider": "provider[\"registry.terraform.io/ciscodevnet/aci\"]",
      "instances": [
        {
          "schema_version": 1,
          "attributes": {
            "class_name": "aaaTacacsPlusProvider",
            "content": null,
            "dn": null,
            "id": "uni/userext/tacacsext/tacacsplusprovider-198.18.1.72",
            "path": "/api/node/mo/uni/userext/tacacsext/tacacsplusprovider-198.18.1.72.json",
            "payload": "{\n    \"aaaTacacsPlusProvider\": {\n        \"attributes\": {\n            \"dn\": \"uni/userext/tacacsext/tacacsplusprovider-198.18.1.72\",\n            \"timeout\": \"5\",\n            \"retries\": \"5\",\n            \"monitorServer\": \"disabled\",\n            \"key\": \"cisco123\",\n            \"authProtocol\": \"pap\",\n            \"name\": \"198.18.1.72\",\n            \"descr\": \"TACACS+ Provider - 198.18.1.72.  Added by Brahma Startup Wizard.\",\n            \"rn\": \"tacacsplusprovider-198.18.1.72\"\n        },\n        \"children\": [\n            {\n                \"aaaRsSecProvToEpg\": {\n                    \"attributes\": {\n                        \"tDn\": \"uni/tn-mgmt/mgmtp-default/oob-default\"\n                    },\n                    \"children\": []\n                }\n            }\n        ]\n    }\n}\n"
          },
          "private": "eyJzY2hlbWFfdmVyc2lvbiI6IjEifQ=="
        }
      ]
    },
    {
      "mode": "managed",
      "type": "aci_rest",
      "name": "apic1_port_2_1",
      "provider": "provider[\"registry.terraform.io/ciscodevnet/aci\"]",
      "instances": [
        {
          "schema_version": 1,
          "attributes": {
            "class_name": "infraRsAccBaseGrp",
            "content": null,
            "dn": null,
            "id": "uni/infra/accportprof-leaf201/hports-Eth1-48-typ-range/rsaccBaseGrp",
            "path": "/api/node/mo/uni/infra/accportprof-leaf201/hports-Eth1-48-typ-range/rsaccBaseGrp.json",
            "payload": "{\n    \"infraRsAccBaseGrp\": {\n        \"attributes\": {\n            \"tDn\": \"uni/infra/funcprof/accportgrp-inband_ap\"\n        },\n        \"children\": []\n    }\n}\n"
          },
          "private": "eyJzY2hlbWFfdmVyc2lvbiI6IjEifQ==",
          "dependencies": [
            "aci_access_port_block.leaf201_1",
            "aci_access_port_selector.leaf201_1",
            "aci_leaf_interface_profile.leaf201"
          ]
        }
      ]
    },
    {
      "mode": "managed",
      "type": "aci_rest",
      "name": "apic1_port_2_2",
      "provider": "provider[\"registry.terraform.io/ciscodevnet/aci\"]",
      "instances": [
        {
          "schema_version": 1,
          "attributes": {
            "class_name": "infraRsAccBaseGrp",
            "content": null,
            "dn": null,
            "id": "uni/infra/accportprof-leaf202/hports-Eth1-48-typ-range/rsaccBaseGrp",
            "path": "/api/node/mo/uni/infra/accportprof-leaf202/hports-Eth1-48-typ-range/rsaccBaseGrp.json",
            "payload": "{\n    \"infraRsAccBaseGrp\": {\n        \"attributes\": {\n            \"tDn\": \"uni/infra/funcprof/accportgrp-inband_ap\"\n        },\n        \"children\": []\n    }\n}\n"
          },
          "private": "eyJzY2hlbWFfdmVyc2lvbiI6IjEifQ==",
          "dependencies": [
            "aci_access_port_block.leaf202_1",
            "aci_access_port_selector.leaf202_1",
            "aci_leaf_interface_profile.leaf202"
          ]
        }
      ]
    },
    {
      "mode": "managed",
      "type": "aci_rest",
      "name": "auth-realm_console",
      "provider": "provider[\"registry.terraform.io/ciscodevnet/aci\"]",
      "instances": [
        {
          "schema_version": 1,
          "attributes": {
            "class_name": "aaaAuthRealm",
            "content": null,
            "dn": null,
            "id": "uni/userext/authrealm",
            "path": "/api/node/mo/uni/userext/authrealm.json",
            "payload": "{\n    \"aaaAuthRealm\": {\n        \"attributes\": {\n            \"dn\": \"uni/userext/authrealm\"\n        },\n        \"children\": [\n            {\n                \"aaaConsoleAuth\": {\n                    \"attributes\": {\n                        \"dn\": \"uni/userext/authrealm/consoleauth\",\n                        \"realm\": \"tacacs\",\n                        \"providerGroup\": \"ISE\"\n                    },\n                    \"children\": []\n                }\n            }\n        ]\n    }\n}\n"
          },
          "private": "eyJzY2hlbWFfdmVyc2lvbiI6IjEifQ=="
        }
      ]
    },
    {
      "mode": "managed",
      "type": "aci_rest",
      "name": "auth-realm_default",
      "provider": "provider[\"registry.terraform.io/ciscodevnet/aci\"]",
      "instances": [
        {
          "schema_version": 1,
          "attributes": {
            "class_name": "aaaAuthRealm",
            "content": null,
            "dn": null,
            "id": "uni/userext/authrealm",
            "path": "/api/node/mo/uni/userext/authrealm.json",
            "payload": "{\n    \"aaaAuthRealm\": {\n        \"attributes\": {\n            \"dn\": \"uni/userext/authrealm\"\n        },\n        \"children\": [\n            {\n                \"aaaDefaultAuth\": {\n                    \"attributes\": {\n                        \"dn\": \"uni/userext/authrealm/defaultauth\",\n                        \"realm\": \"local\",\n                        \"providerGroup\": \"\"\n                    },\n                    \"children\": []\n                }\n            }\n        ]\n    }\n}\n"
          },
          "private": "eyJzY2hlbWFfdmVyc2lvbiI6IjEifQ=="
        }
      ]
    },
    {
      "mode": "managed",
      "type": "aci_rest",
      "name": "backup_Policy",
      "provider": "provider[\"registry.terraform.io/ciscodevnet/aci\"]",
      "instances": [
        {
          "schema_version": 1,
          "attributes": {
            "class_name": "configExportP",
            "content": null,
            "dn": null,
            "id": "uni/fabric/configexp-backup_every24Hours",
            "path": "/api/node/mo/uni/fabric/configexp-backup_every24Hours.json",
            "payload": "{\n    \"configExportP\": {\n        \"attributes\": {\n            \"dn\": \"uni/fabric/configexp-backup_every24Hours\",\n            \"adminSt\": \"triggered\",\n            \"name\": \"backup_every24Hours\",\n            \"descr\": \"Backup Configuration Every 24 Hours - Created by Brahma Startup Script\",\n            \"rn\": \"configexp-backup_every24Hours\"\n        },\n        \"children\": [\n            {\n                \"configRsExportScheduler\": {\n                    \"attributes\": {\n                        \"tnTrigSchedPName\": \"Every24Hours\"\n                    },\n                    \"children\": []\n                }\n            },\n            {\n                \"configRsRemotePath\": {\n                    \"attributes\": {\n                        \"tnFileRemotePathName\": \"lnx2.example.com\"\n                    },\n                    \"children\": []\n                }\n            }\n        ]\n    }\n}\n"
          },
          "private": "eyJzY2hlbWFfdmVyc2lvbiI6IjEifQ=="
        }
      ]
    },
    {
      "mode": "managed",
      "type": "aci_rest",
      "name": "backup_scheduler",
      "provider": "provider[\"registry.terraform.io/ciscodevnet/aci\"]",
      "instances": [
        {
          "schema_version": 1,
          "attributes": {
            "class_name": "trigSchedP",
            "content": null,
            "dn": null,
            "id": "uni/fabric/schedp-Every24Hours",
            "path": "/api/node/mo/uni/fabric/schedp-Every24Hours.json",
            "payload": "{\n    \"trigSchedP\": {\n        \"attributes\": {\n            \"dn\": \"uni/fabric/schedp-Every24Hours\",\n            \"name\": \"Every24Hours\",\n            \"descr\": \"Create Backups Every 24 Hours - Brahma Startup Script.\",\n            \"rn\": \"schedp-Every24Hours\"\n        },\n        \"children\": [\n            {\n                \"trigRecurrWindowP\": {\n                    \"attributes\": {\n                        \"dn\": \"uni/fabric/schedp-Every24Hours/recurrwinp-Every24Hours\",\n                        \"name\": \"Every24Hours\",\n                        \"hour\": \"0\",\n                        \"minute\": \"15\",\n                        \"concurCap\": \"20\",\n                        \"rn\": \"recurrwinp-Every24Hours\"\n                    },\n                    \"children\": []\n                }\n            }\n        ]\n    }\n}\n"
          },
          "private": "eyJzY2hlbWFfdmVyc2lvbiI6IjEifQ=="
        }
      ]
    },
    {
      "mode": "managed",
      "type": "aci_rest",
      "name": "bgp_as_65513",
      "provider": "provider[\"registry.terraform.io/ciscodevnet/aci\"]",
      "instances": [
        {
          "schema_version": 1,
          "attributes": {
            "class_name": "bgpAsP",
            "content": null,
            "dn": null,
            "id": "uni/fabric/bgpInstP-default/as",
            "path": "/api/node/mo/uni/fabric/bgpInstP-default/as.json",
            "payload": "{\n    \"bgpAsP\": {\n        \"attributes\": {\n            \"dn\": \"uni/fabric/bgpInstP-default/as\",\n            \"asn\": \"65513\",\n            \"rn\": \"as\"\n        },\n        \"children\": []\n    }\n}\n"
          },
          "private": "eyJzY2hlbWFfdmVyc2lvbiI6IjEifQ=="
        }
      ]
    },
    {
      "mode": "managed",
      "type": "aci_rest",
      "name": "bgp_rr_101",
      "provider": "provider[\"registry.terraform.io/ciscodevnet/aci\"]",
      "instances": [
        {
          "schema_version": 1,
          "attributes": {
            "class_name": "bgpRRNodePEp",
            "content": null,
            "dn": null,
            "id": "uni/fabric/bgpInstP-default/rr/node-101",
            "path": "/api/node/mo/uni/fabric/bgpInstP-default/rr/node-101.json",
            "payload": "{\n    \"bgpRRNodePEp\": {\n        \"attributes\": {\n            \"dn\": \"uni/fabric/bgpInstP-default/rr/node-101\",\n            \"id\": \"101\",\n            \"rn\": \"node-101\"\n        },\n        \"children\": []\n    }\n}\n"
          },
          "private": "eyJzY2hlbWFfdmVyc2lvbiI6IjEifQ=="
        }
      ]
    },
    {
      "mode": "managed",
      "type": "aci_rest",
      "name": "breakout",
      "provider": "provider[\"registry.terraform.io/ciscodevnet/aci\"]",
      "instances": [
        {
          "index_key": "2x100g_pg",
          "schema_version": 1,
          "attributes": {
            "class_name": "infraBrkoutPortGrp",
            "content": null,
            "dn": null,
            "id": "uni/infra/funcprof/brkoutportgrp-2x100g_pg",
            "path": "/api/node/mo/uni/infra/funcprof/brkoutportgrp-2x100g_pg.json",
            "payload": "{\n    \"infraBrkoutPortGrp\": {\n        \"attributes\": {\n            \"dn\": \"uni/infra/funcprof/brkoutportgrp-2x100g_pg\",\n            \"brkoutMap\": \"100g-2x\",\n            \"name\": \"2x100g_pg\",\n            \"descr\": \"Breakout of 400G to 2x100g.  Configured by Brahma startup Wizard\",\n            \"rn\": \"brkoutportgrp-2x100g_pg\"\n        },\n        \"children\": []\n    }\n}\n"
          },
          "private": "eyJzY2hlbWFfdmVyc2lvbiI6IjEifQ=="
        },
        {
          "index_key": "4x100g_pg",
          "schema_version": 1,
          "attributes": {
            "class_name": "infraBrkoutPortGrp",
            "content": null,
            "dn": null,
            "id": "uni/infra/funcprof/brkoutportgrp-4x100g_pg",
            "path": "/api/node/mo/uni/infra/funcprof/brkoutportgrp-4x100g_pg.json",
            "payload": "{\n    \"infraBrkoutPortGrp\": {\n        \"attributes\": {\n            \"dn\": \"uni/infra/funcprof/brkoutportgrp-4x100g_pg\",\n            \"brkoutMap\": \"100g-4x\",\n            \"name\": \"4x100g_pg\",\n            \"descr\": \"Breakout of 400G to 4x100g.  Configured by Brahma startup Wizard\",\n            \"rn\": \"brkoutportgrp-4x100g_pg\"\n        },\n        \"children\": []\n    }\n}\n"
          },
          "private": "eyJzY2hlbWFfdmVyc2lvbiI6IjEifQ=="
        },
        {
          "index_key": "4x10g_pg",
          "schema_version": 1,
          "attributes": {
            "class_name": "infraBrkoutPortGrp",
            "content": null,
            "dn": null,
            "id": "uni/infra/funcprof/brkoutportgrp-4x10g_pg",
            "path": "/api/node/mo/uni/infra/funcprof/brkoutportgrp-4x10g_pg.json",
            "payload": "{\n    \"infraBrkoutPortGrp\": {\n        \"attributes\": {\n            \"dn\": \"uni/infra/funcprof/brkoutportgrp-4x10g_pg\",\n            \"brkoutMap\": \"10g-4x\",\n            \"name\": \"4x10g_pg\",\n            \"descr\": \"Breakout of 40G to 4x10g.  Configured by Brahma startup Wizard\",\n            \"rn\": \"brkoutportgrp-4x10g_pg\"\n        },\n        \"children\": []\n    }\n}\n"
          },
          "private": "eyJzY2hlbWFfdmVyc2lvbiI6IjEifQ=="
        },
        {
          "index_key": "4x25g_pg",
          "schema_version": 1,
          "attributes": {
            "class_name": "infraBrkoutPortGrp",
            "content": null,
            "dn": null,
            "id": "uni/infra/funcprof/brkoutportgrp-4x25g_pg",
            "path": "/api/node/mo/uni/infra/funcprof/brkoutportgrp-4x25g_pg.json",
            "payload": "{\n    \"infraBrkoutPortGrp\": {\n        \"attributes\": {\n            \"dn\": \"uni/infra/funcprof/brkoutportgrp-4x25g_pg\",\n            \"brkoutMap\": \"25g-4x\",\n            \"name\": \"4x25g_pg\",\n            \"descr\": \"Breakout of 100G to 4x25g.  Configured by Brahma startup Wizard\",\n            \"rn\": \"brkoutportgrp-4x25g_pg\"\n        },\n        \"children\": []\n    }\n}\n"
          },
          "private": "eyJzY2hlbWFfdmVyc2lvbiI6IjEifQ=="
        },
        {
          "index_key": "8x50g_pg",
          "schema_version": 1,
          "attributes": {
            "class_name": "infraBrkoutPortGrp",
            "content": null,
            "dn": null,
            "id": "uni/infra/funcprof/brkoutportgrp-8x50g_pg",
            "path": "/api/node/mo/uni/infra/funcprof/brkoutportgrp-8x50g_pg.json",
            "payload": "{\n    \"infraBrkoutPortGrp\": {\n        \"attributes\": {\n            \"dn\": \"uni/infra/funcprof/brkoutportgrp-8x50g_pg\",\n            \"brkoutMap\": \"50g-8x\",\n            \"name\": \"8x50g_pg\",\n            \"descr\": \"Breakout of 400G to 8x50g.  Configured by Brahma startup Wizard\",\n            \"rn\": \"brkoutportgrp-8x50g_pg\"\n        },\n        \"children\": []\n    }\n}\n"
          },
          "private": "eyJzY2hlbWFfdmVyc2lvbiI6IjEifQ=="
        }
      ]
    },
    {
      "mode": "managed",
      "type": "aci_rest",
      "name": "breakout_4x10g",
      "provider": "provider[\"registry.terraform.io/ciscodevnet/aci\"]",
      "instances": [
        {
          "schema_version": 1,
          "attributes": {
            "class_name": "infraBrkoutPortGrp",
            "content": null,
            "dn": null,
            "id": "uni/infra/funcprof/brkoutportgrp-4x10g_pg",
            "path": "/api/node/mo/uni/infra/funcprof/brkoutportgrp-4x10g_pg.json",
            "payload": "{\n    \"infraBrkoutPortGrp\": {\n        \"attributes\": {\n            \"dn\": \"uni/infra/funcprof/brkoutportgrp-4x10g_pg\",\n            \"brkoutMap\": \"10g-4x\",\n            \"name\": \"4x10g_pg\",\n            \"descr\": \"Breakout of 40G to 4x10g.  Configured by Brahma startup Wizard\",\n            \"rn\": \"brkoutportgrp-4x10g_pg\",\n        },\n        \"children\": []\n    }\n}\n"
          },
          "private": "eyJzY2hlbWFfdmVyc2lvbiI6IjEifQ=="
        }
      ]
    },
    {
      "mode": "managed",
      "type": "aci_rest",
      "name": "callhomeSmartSrc",
      "provider": "provider[\"registry.terraform.io/ciscodevnet/aci\"]",
      "instances": [
        {
          "schema_version": 1,
          "attributes": {
            "class_name": "callhomeSmartSrc",
            "content": null,
            "dn": null,
            "id": "uni/infra/moninfra-default/smartchsrc",
            "path": "/api/node/mo/uni/infra/moninfra-default/smartchsrc.json",
            "payload": "{\n    \"callhomeSmartSrc\": {\n        \"attributes\": {\n            \"dn\": \"uni/infra/moninfra-default/smartchsrc\",\n            \"rn\": \"smartchsrc\"\n        },\n        \"children\": [\n            {\n                \"callhomeRsSmartdestGroup\": {\n                    \"attributes\": {\n                        \"tDn\": \"uni/fabric/smartgroup-SmartCallHome_dg\"\n                    },\n                    \"children\": []\n                }\n            }\n        ]\n    }\n}\n"
          },
          "private": "eyJzY2hlbWFfdmVyc2lvbiI6IjEifQ=="
        }
      ]
    },
    {
      "mode": "managed",
      "type": "aci_rest",
      "name": "default-oob",
      "provider": "provider[\"registry.terraform.io/ciscodevnet/aci\"]",
      "instances": [
        {
          "schema_version": 1,
          "attributes": {
            "class_name": "mgmtConnectivityPrefs",
            "content": null,
            "dn": null,
            "id": "uni/fabric/connectivityPrefs",
            "path": "/api/node/mo/uni/fabric/connectivityPrefs.json",
            "payload": "{\n\t\"mgmtConnectivityPrefs\": {\n\t\t\"attributes\": {\n\t\t\t\"dn\": \"uni/fabric/connectivityPrefs\",\n\t\t\t\"interfacePref\": \"ooband\"\n\t\t},\n\t\t\"children\": []\n\t}\n}\n"
          },
          "private": "eyJzY2hlbWFfdmVyc2lvbiI6IjEifQ=="
        }
      ]
    },
    {
      "mode": "managed",
      "type": "aci_rest",
      "name": "dns_198_18_1_51",
      "provider": "provider[\"registry.terraform.io/ciscodevnet/aci\"]",
      "instances": [
        {
          "schema_version": 1,
          "attributes": {
            "class_name": "dnsProv",
            "content": null,
            "dn": null,
            "id": "uni/fabric/dnsp-default/prov-[198.18.1.51]",
            "path": "/api/node/mo/uni/fabric/dnsp-default/prov-[198.18.1.51].json",
            "payload": "{\n    \"dnsProv\": {\n        \"attributes\": {\n            \"dn\": \"uni/fabric/dnsp-default/prov-[198.18.1.51]\",\n            \"addr\": \"198.18.1.51\",\n            \"preferred\": \"no\",\n            \"rn\": \"prov-[198.18.1.51]\"\n        },\n        \"children\": []\n    }\n}\n"
          },
          "private": "eyJzY2hlbWFfdmVyc2lvbiI6IjEifQ=="
        }
      ]
    },
    {
      "mode": "managed",
      "type": "aci_rest",
      "name": "dns_198_18_1_52",
      "provider": "provider[\"registry.terraform.io/ciscodevnet/aci\"]",
      "instances": [
        {
          "schema_version": 1,
          "attributes": {
            "class_name": "dnsProv",
            "content": null,
            "dn": null,
            "id": "uni/fabric/dnsp-default/prov-[198.18.1.52]",
            "path": "/api/node/mo/uni/fabric/dnsp-default/prov-[198.18.1.52].json",
            "payload": "{\n    \"dnsProv\": {\n        \"attributes\": {\n            \"dn\": \"uni/fabric/dnsp-default/prov-[198.18.1.52]\",\n            \"addr\": \"198.18.1.52\",\n            \"preferred\": \"yes\",\n            \"rn\": \"prov-[198.18.1.52]\"\n        },\n        \"children\": []\n    }\n}\n"
          },
          "private": "eyJzY2hlbWFfdmVyc2lvbiI6IjEifQ=="
        }
      ]
    },
    {
      "mode": "managed",
      "type": "aci_rest",
      "name": "dns_epg_oob-default",
      "provider": "provider[\"registry.terraform.io/ciscodevnet/aci\"]",
      "instances": [
        {
          "schema_version": 1,
          "attributes": {
            "class_name": "dnsRsProfileToEpg",
            "content": null,
            "dn": null,
            "id": "{}",
            "path": "/api/node/mo/uni/fabric/dnsp-default.json",
            "payload": "{\n    \"dnsRsProfileToEpg\": {\n        \"attributes\": {\n            \"tDn\": \"uni/tn-mgmt/mgmtp-default/oob-default\"\n        },\n        \"children\": []\n    }\n}\n"
          },
          "private": "eyJzY2hlbWFfdmVyc2lvbiI6IjEifQ=="
        }
      ]
    },
    {
      "mode": "managed",
      "type": "aci_rest",
      "name": "domain_cisco_com",
      "provider": "provider[\"registry.terraform.io/ciscodevnet/aci\"]",
      "instances": [
        {
          "schema_version": 1,
          "attributes": {
            "class_name": "dnsDomain",
            "content": null,
            "dn": null,
            "id": "uni/fabric/dnsp-default/dom-[cisco.com]",
            "path": "/api/node/mo/uni/fabric/dnsp-default/dom-[cisco.com].json",
            "payload": "{\n    \"dnsDomain\": {\n        \"attributes\": {\n            \"dn\": \"uni/fabric/dnsp-default/dom-[cisco.com]\",\n            \"name\": \"cisco.com\",\n            \"isDefault\": \"no\",\n            \"rn\": \"dom-[cisco.com]\"\n        },\n        \"children\": []\n    }\n}\n"
          },
          "private": "eyJzY2hlbWFfdmVyc2lvbiI6IjEifQ=="
        }
      ]
    },
    {
      "mode": "managed",
      "type": "aci_rest",
      "name": "domain_rich_ciscolabs_com",
      "provider": "provider[\"registry.terraform.io/ciscodevnet/aci\"]",
      "instances": [
        {
          "schema_version": 1,
          "attributes": {
            "class_name": "dnsDomain",
            "content": null,
            "dn": null,
            "id": "uni/fabric/dnsp-default/dom-[rich.ciscolabs.com]",
            "path": "/api/node/mo/uni/fabric/dnsp-default/dom-[rich.ciscolabs.com].json",
            "payload": "{\n    \"dnsDomain\": {\n        \"attributes\": {\n            \"dn\": \"uni/fabric/dnsp-default/dom-[rich.ciscolabs.com]\",\n            \"name\": \"rich.ciscolabs.com\",\n            \"isDefault\": \"yes\",\n            \"rn\": \"dom-[rich.ciscolabs.com]\"\n        },\n        \"children\": []\n    }\n}\n"
          },
          "private": "eyJzY2hlbWFfdmVyc2lvbiI6IjEifQ=="
        }
      ]
    },
    {
      "mode": "managed",
      "type": "aci_rest",
      "name": "encryption_key",
      "provider": "provider[\"registry.terraform.io/ciscodevnet/aci\"]",
      "instances": [
        {
          "schema_version": 1,
          "attributes": {
            "class_name": "pkiExportEncryptionKey",
            "content": null,
            "dn": null,
            "id": "uni/exportcryptkey",
            "path": "/api/node/mo/uni/exportcryptkey.json",
            "payload": "{\n    \"pkiExportEncryptionKey\": {\n        \"attributes\": {\n            \"dn\": \"uni/exportcryptkey\",\n            \"strongEncryptionEnabled\": \"true\",\n            \"passphrase\": \"cisco123cisco123\"\n        },\n        \"children\": []\n    }\n}\n"
          },
          "private": "eyJzY2hlbWFfdmVyc2lvbiI6IjEifQ=="
        }
      ]
    },
    {
      "mode": "managed",
      "type": "aci_rest",
      "name": "fabric_best_practice",
      "provider": "provider[\"registry.terraform.io/ciscodevnet/aci\"]",
      "instances": [
        {
          "schema_version": 1,
          "attributes": {
            "class_name": "fabricInst",
            "content": null,
            "dn": null,
            "id": "uni/fabric",
            "path": "/api/node/mo/uni/fabric.json",
            "payload": "{\n    \"fabricInst\": {\n        \"attributes\": {\n            \"dn\": \"uni/fabric\"\n        },\n        \"children\": [\n\t\t\t{\n\t\t\t\t\"coopPol\": {\n\t\t\t\t\t\"attributes\": {\n\t\t\t\t\t\t\"dn\": \"uni/fabric/pol-default\",\n\t\t\t\t\t\t\"rn\": \"pol-default\",\n\t\t\t\t\t\t\"type\": \"strict\"\n\t\t\t\t\t},\n\t\t\t\t\t\"children\": []\n\t\t\t\t}\n\t\t\t},\n\t\t\t{\n\t\t\t\t\"fabricNodeControl\": {\n\t\t\t\t\t\"attributes\": {\n\t\t\t\t\t\t\"dn\": \"uni/fabric/nodecontrol-default\",\n\t\t\t\t\t\t\"control\": \"1\",\n\t\t\t\t\t\t\"descr\": \"help my baby\"\n\t\t\t\t\t},\n\t\t\t\t\t\"children\": []\n\t\t\t\t}\n\t\t\t},\n            {\n                \"isisDomPol\": {\n                    \"attributes\": {\n                        \"dn\": \"uni/fabric/isisDomP-default\",\n                        \"rn\": \"isisDomP-default\",\n                        \"redistribMetric\": \"63\"\n\t\t\t\t\t},\n\t\t\t\t\t\"children\": []\n\t\t\t\t}\n\t\t\t},\n\t\t\t{\n\t\t\t\t\"l3IfPol\": {\n\t\t\t\t\t\"attributes\": {\n\t\t\t\t\t\t\"dn\": \"uni/fabric/l3IfP-default\",\n\t\t\t\t\t\t\"bfdIsis\": \"enabled\",\n\t\t\t\t\t\t\"descr\": \"Policy Enabled as part of the Brahma Startup Wizard\"\n\t\t\t\t\t},\n\t\t\t\t\t\"children\": []\n\t\t\t\t}\n\t\t\t}\n\t\t]\n\t}\n}\n"
          },
          "private": "eyJzY2hlbWFfdmVyc2lvbiI6IjEifQ=="
        }
      ]
    },
    {
      "mode": "managed",
      "type": "aci_rest",
      "name": "inb_epg_consumed",
      "provider": "provider[\"registry.terraform.io/ciscodevnet/aci\"]",
      "instances": [
        {
          "schema_version": 1,
          "attributes": {
            "class_name": "fvRsCons",
            "content": null,
            "dn": null,
            "id": "{}",
            "path": "/api/node/mo/uni/tn-mgmt/mgmtp-default/inb-default.json",
            "payload": "{\n\t\"fvRsCons\": {\n\t\t\"attributes\": {\n\t\t\t\"tnVzBrCPName\": \"mgmt_Out_Ct\",\n\t\t\t\"prio\": \"level1\"\n\t\t},\n\t\t\"children\": []\n\t}\n}\n"
          },
          "private": "eyJzY2hlbWFfdmVyc2lvbiI6IjEifQ==",
          "dependencies": [
            "aci_rest.inb_mgmt_default_epg",
            "aci_rest.oob_mgmt_Out_Ct",
            "aci_vlan_pool.default"
          ]
        }
      ]
    },
    {
      "mode": "managed",
      "type": "aci_rest",
      "name": "inb_epg_provided",
      "provider": "provider[\"registry.terraform.io/ciscodevnet/aci\"]",
      "instances": [
        {
          "schema_version": 1,
          "attributes": {
            "class_name": "fvRsProv",
            "content": null,
            "dn": null,
            "id": "{}",
            "path": "/api/node/mo/uni/tn-mgmt/mgmtp-default/inb-default.json",
            "payload": "{\n\t\"fvRsProv\": {\n\t\t\"attributes\": {\n\t\t\t\"tnVzBrCPName\": \"mgmt_In_Ct\",\n\t\t\t\"prio\": \"level1\"\n\t\t},\n\t\t\"children\": []\n\t}\n}\n"
          },
          "private": "eyJzY2hlbWFfdmVyc2lvbiI6IjEifQ==",
          "dependencies": [
            "aci_rest.inb_mgmt_default_epg",
            "aci_rest.oob_mgmt_Out_Ct",
            "aci_vlan_pool.default"
          ]
        }
      ]
    },
    {
      "mode": "managed",
      "type": "aci_rest",
      "name": "inb_mgmt_apic1",
      "provider": "provider[\"registry.terraform.io/ciscodevnet/aci\"]",
      "instances": [
        {
          "schema_version": 1,
          "attributes": {
            "class_name": "mgmtRsInBStNode",
            "content": null,
            "dn": null,
            "id": "uni/tn-mgmt/mgmtp-default/inb-default/rsinBStNode-[topology/pod-1/node-1]",
            "path": "/api/node/mo/uni/tn-mgmt.json",
            "payload": "{\n    \"mgmtRsInBStNode\": {\n        \"attributes\": {\n            \"dn\": \"uni/tn-mgmt/mgmtp-default/inb-default/rsinBStNode-[topology/pod-1/node-1]\",\n            \"addr\": \"198.18.2.11/24\",\n            \"gw\": \"198.18.2.1\",\n            \"tDn\": \"topology/pod-1/node-1\"\n        },\n        \"children\": []\n    }\n}\n"
          },
          "private": "eyJzY2hlbWFfdmVyc2lvbiI6IjEifQ==",
          "dependencies": [
            "aci_application_epg.inb_default",
            "aci_application_profile.inb_ap",
            "aci_rest.oob_mgmt_Out_Ct",
            "aci_tenant.mgmt"
          ]
        }
      ]
    },
    {
      "mode": "managed",
      "type": "aci_rest",
      "name": "inb_mgmt_default_epg",
      "provider": "provider[\"registry.terraform.io/ciscodevnet/aci\"]",
      "instances": [
        {
          "schema_version": 1,
          "attributes": {
            "class_name": "mgmtInB",
            "content": null,
            "dn": null,
            "id": "uni/tn-mgmt/mgmtp-default/inb-default",
            "path": "/api/node/mo/uni/tn-mgmt/mgmtp-default/inb-default.json",
            "payload": "{\n    \"mgmtInB\": {\n        \"attributes\": {\n            \"dn\": \"uni/tn-mgmt/mgmtp-default/inb-default\",\n            \"descr\": \"Default Inband Mmgmt EPG Used by Brahma Startup Wizard.\",\n            \"encap\": \"vlan-100\",\n            \"name\": \"default\"\n        },\n        \"children\": [\n            {\n                \"mgmtRsMgmtBD\": {\n                    \"attributes\": {\n                        \"tnFvBDName\": \"inb\"\n                    }\n                }\n            }\n        ]\n    }\n}\n"
          },
          "private": "eyJzY2hlbWFfdmVyc2lvbiI6IjEifQ==",
          "dependencies": [
            "aci_vlan_pool.default"
          ]
        }
      ]
    },
    {
      "mode": "managed",
      "type": "aci_rest",
      "name": "inb_mgmt_leaf201",
      "provider": "provider[\"registry.terraform.io/ciscodevnet/aci\"]",
      "instances": [
        {
          "schema_version": 1,
          "attributes": {
            "class_name": "mgmtRsInBStNode",
            "content": null,
            "dn": null,
            "id": "uni/tn-mgmt/mgmtp-default/inb-default/rsinBStNode-[topology/pod-1/node-201]",
            "path": "/api/node/mo/uni/tn-mgmt.json",
            "payload": "{\n    \"mgmtRsInBStNode\": {\n        \"attributes\": {\n            \"dn\": \"uni/tn-mgmt/mgmtp-default/inb-default/rsinBStNode-[topology/pod-1/node-201]\",\n            \"addr\": \"198.18.2.201/24\",\n            \"gw\": \"198.18.2.1\",\n            \"tDn\": \"topology/pod-1/node-201\",\n            \"v6Addr\": \"::\",\n            \"v6Gw\": \"::\"\n        }\n    }\n}\n"
          },
          "private": "eyJzY2hlbWFfdmVyc2lvbiI6IjEifQ==",
          "dependencies": [
            "aci_rest.inb_mgmt_default_epg",
            "aci_vlan_pool.default"
          ]
        }
      ]
    },
    {
      "mode": "managed",
      "type": "aci_rest",
      "name": "inb_mgmt_leaf202",
      "provider": "provider[\"registry.terraform.io/ciscodevnet/aci\"]",
      "instances": [
        {
          "schema_version": 1,
          "attributes": {
            "class_name": "mgmtRsInBStNode",
            "content": null,
            "dn": null,
            "id": "uni/tn-mgmt/mgmtp-default/inb-default/rsinBStNode-[topology/pod-1/node-202]",
            "path": "/api/node/mo/uni/tn-mgmt.json",
            "payload": "{\n    \"mgmtRsInBStNode\": {\n        \"attributes\": {\n            \"dn\": \"uni/tn-mgmt/mgmtp-default/inb-default/rsinBStNode-[topology/pod-1/node-202]\",\n            \"addr\": \"198.18.2.202/24\",\n            \"gw\": \"198.18.2.1\",\n            \"tDn\": \"topology/pod-1/node-202\",\n            \"v6Addr\": \"::\",\n            \"v6Gw\": \"::\"\n        }\n    }\n}\n"
          },
          "private": "eyJzY2hlbWFfdmVyc2lvbiI6IjEifQ==",
          "dependencies": [
            "aci_rest.inb_mgmt_default_epg",
            "aci_vlan_pool.default"
          ]
        }
      ]
    },
    {
      "mode": "managed",
      "type": "aci_rest",
      "name": "inb_mgmt_spine101",
      "provider": "provider[\"registry.terraform.io/ciscodevnet/aci\"]",
      "instances": [
        {
          "schema_version": 1,
          "attributes": {
            "class_name": "mgmtRsInBStNode",
            "content": null,
            "dn": null,
            "id": "uni/tn-mgmt/mgmtp-default/inb-default/rsinBStNode-[topology/pod-1/node-101]",
            "path": "/api/node/mo/uni/tn-mgmt.json",
            "payload": "{\n    \"mgmtRsInBStNode\": {\n        \"attributes\": {\n            \"dn\": \"uni/tn-mgmt/mgmtp-default/inb-default/rsinBStNode-[topology/pod-1/node-101]\",\n            \"addr\": \"198.18.2.101/24\",\n            \"gw\": \"198.18.2.1\",\n            \"tDn\": \"topology/pod-1/node-101\",\n            \"v6Addr\": \"::\",\n            \"v6Gw\": \"::\"\n        }\n    }\n}\n"
          },
          "private": "eyJzY2hlbWFfdmVyc2lvbiI6IjEifQ==",
          "dependencies": [
            "aci_rest.inb_mgmt_default_epg",
            "aci_vlan_pool.default"
          ]
        }
      ]
    },
    {
      "mode": "managed",
      "type": "aci_rest",
      "name": "infra_best_practice",
      "provider": "provider[\"registry.terraform.io/ciscodevnet/aci\"]",
      "instances": [
        {
          "schema_version": 1,
          "attributes": {
            "class_name": "infraInfra",
            "content": null,
            "dn": null,
            "id": "uni/infra",
            "path": "/api/node/mo/uni/infra.json",
            "payload": "{\n\t\"infraInfra\": {\n\t\t\"attributes\": {\n\t\t\t\"dn\": \"uni/infra\",\n\t\t},\n\t\t\"children\": [\n\t\t\t{\n\t\t\t\t\"infraSetPol\": {\n\t\t\t\t\t\"attributes\": {\n\t\t\t\t\t\t\"dn\": \"uni/infra/settings\",\n\t\t\t\t\t\t\"domainValidation\": \"true\",\n\t\t\t\t\t\t\"enforceSubnetCheck\": \"true\",\n\t\t\t\t\t\t\"unicastXrEpLearnDisable\": \"true\"\n\t\t\t\t\t},\n\t\t\t\t\t\"children\": []\n\t\t\t\t}\n\t\t\t},\n\t\t\t{\n\t\t\t\t\"epControlP\": {\n\t\t\t\t\t\"attributes\": {\n\t\t\t\t\t\t\"dn\": \"uni/infra/epCtrlP-default\",\n\t\t\t\t\t\t\"adminSt\": \"enabled\",\n\t\t\t\t\t\t\"rogueEpDetectIntvl\": \"30\",\n\t\t\t\t\t\t\"rogueEpDetectMult\": \"6\",\n\t\t\t\t\t\t\"rn\": \"epCtrlP-default\"\n\t\t\t\t\t},\n\t\t\t\t\t\"children\": []\n\t\t\t\t}\n\t\t\t},\n\t\t\t{\n\t\t\t\t\"epIpAgingP\": {\n\t\t\t\t\t\"attributes\": {\n\t\t\t\t\t\t\"dn\": \"uni/infra/ipAgingP-default\",\n\t\t\t\t\t\t\"rn\": \"ipAgingP-default\",\n\t\t\t\t\t\t\"adminSt\": \"enabled\"\n\t\t\t\t\t},\n\t\t\t\t\t\"children\": []\n\t\t\t\t}\n\t\t\t},\n\t\t\t{\n\t\t\t\t\"epLoopProtectP\": {\n\t\t\t\t\t\"attributes\": {\n\t\t\t\t\t\t\"dn\": \"uni/infra/epLoopProtectP-default\",\n\t\t\t\t\t\t\"adminSt\": \"enabled\",\n\t\t\t\t\t\t\"action\": \"\",\n\t\t\t\t\t\t\"rn\": \"epLoopProtectP-default\"\n\t\t\t\t\t},\n\t\t\t\t\t\"children\": []\n\t\t\t\t}\n\t\t\t},\n\t\t\t{\n\t\t\t\t\"infraPortTrackPol\": {\n\t\t\t\t\t\"attributes\": {\n\t\t\t\t\t\t\"dn\": \"uni/infra/trackEqptFabP-default\",\n\t\t\t\t\t\t\"adminSt\": \"on\"\n\t\t\t\t\t},\n\t\t\t\t\t\"children\": []\n\t\t\t\t}\n\t\t\t},\n\t\t\t{\n\t\t\t\t\"mcpInstPol\": {\n\t\t\t\t\t\"attributes\": {\n\t\t\t\t\t\t\"dn\": \"uni/infra/mcpInstP-default\",\n\t\t\t\t\t\t\"descr\": \"Policy Enabled as part of the Brahma Startup Wizard\",\n\t\t\t\t\t\t\"ctrl\": \"pdu-per-vlan\",\n\t\t\t\t\t\t\"adminSt\": \"enabled\",\n\t\t\t\t\t\t\"key\": \"cisco\"\n\t\t\t\t\t},\n\t\t\t\t\t\"children\": []\n\t\t\t\t}\n\t\t\t},\n\t\t\t{\n\t\t\t\t\"qosInstPol\": {\n\t\t\t\t\t\"attributes\": {\n\t\t\t\t\t\t\"dn\": \"uni/infra/qosinst-default\",\n\t\t\t\t\t\t\"ctrl\": \"dot1p-preserve\"\n\t\t\t\t\t},\n\t\t\t\t\t\"children\": []\n\t\t\t\t}\n\t\t\t}\n\t\t]\n\t}\n}\n"
          },
          "private": "eyJzY2hlbWFfdmVyc2lvbiI6IjEifQ=="
        }
      ]
    },
    {
      "mode": "managed",
      "type": "aci_rest",
      "name": "leaf_policy_group_leaf201",
      "provider": "provider[\"registry.terraform.io/ciscodevnet/aci\"]",
      "instances": [
        {
          "schema_version": 1,
          "attributes": {
            "class_name": "infraLeafS",
            "content": null,
            "dn": null,
            "id": "uni/infra/nprof-leaf201/leaves-leaf201-typ-range",
            "path": "/api/node/mo/uni/infra/nprof-leaf201/leaves-leaf201-typ-range.json",
            "payload": "{\n    \"infraLeafS\": {\n        \"attributes\": {\n            \"dn\": \"uni/infra/nprof-leaf201/leaves-leaf201-typ-range\"\n        },\n        \"children\": [\n            {\n                \"infraRsAccNodePGrp\": {\n                    \"attributes\": {\n                        \"tDn\": \"uni/infra/funcprof/accnodepgrp-default\"\n                    },\n                    \"children\": []\n                }\n            }\n        ]\n    }\n}\n"
          },
          "private": "eyJzY2hlbWFfdmVyc2lvbiI6IjEifQ==",
          "dependencies": [
            "aci_leaf_interface_profile.leaf201",
            "aci_leaf_profile.leaf201"
          ]
        }
      ]
    },
    {
      "mode": "managed",
      "type": "aci_rest",
      "name": "leaf_policy_group_leaf202",
      "provider": "provider[\"registry.terraform.io/ciscodevnet/aci\"]",
      "instances": [
        {
          "schema_version": 1,
          "attributes": {
            "class_name": "infraLeafS",
            "content": null,
            "dn": null,
            "id": "uni/infra/nprof-leaf202/leaves-leaf202-typ-range",
            "path": "/api/node/mo/uni/infra/nprof-leaf202/leaves-leaf202-typ-range.json",
            "payload": "{\n    \"infraLeafS\": {\n        \"attributes\": {\n            \"dn\": \"uni/infra/nprof-leaf202/leaves-leaf202-typ-range\"\n        },\n        \"children\": [\n            {\n                \"infraRsAccNodePGrp\": {\n                    \"attributes\": {\n                        \"tDn\": \"uni/infra/funcprof/accnodepgrp-default\"\n                    },\n                    \"children\": []\n                }\n            }\n        ]\n    }\n}\n"
          },
          "private": "eyJzY2hlbWFfdmVyc2lvbiI6IjEifQ==",
          "dependencies": [
            "aci_leaf_interface_profile.leaf202",
            "aci_leaf_profile.leaf202"
          ]
        }
      ]
    },
    {
      "mode": "managed",
      "type": "aci_rest",
      "name": "maint_grp_leaf201",
      "provider": "provider[\"registry.terraform.io/ciscodevnet/aci\"]",
      "instances": [
        {
          "schema_version": 1,
          "attributes": {
            "class_name": "maintMaintGrp",
            "content": null,
            "dn": null,
            "id": "uni/fabric/maintgrp-switch_MgA",
            "path": "/api/node/mo/uni/fabric/maintgrp-switch_MgA.json",
            "payload": "{\n    \"maintMaintGrp\": {\n        \"attributes\": {\n            \"dn\": \"uni/fabric/maintgrp-switch_MgA\"\n        },\n        \"children\": [\n            {\n                \"fabricNodeBlk\": {\n                    \"attributes\": {\n                        \"dn\": \"uni/fabric/maintgrp-switch_MgA/nodeblk-blk201-201\",\n                        \"name\": \"blk201-201\",\n                        \"from_\": \"201\",\n                        \"to_\": \"201\",\n                        \"rn\": \"nodeblk-blk201-201\"\n                    }\n                }\n            }\n        ]\n    }\n}\n"
          },
          "private": "eyJzY2hlbWFfdmVyc2lvbiI6IjEifQ=="
        }
      ]
    },
    {
      "mode": "managed",
      "type": "aci_rest",
      "name": "maint_grp_leaf202",
      "provider": "provider[\"registry.terraform.io/ciscodevnet/aci\"]",
      "instances": [
        {
          "schema_version": 1,
          "attributes": {
            "class_name": "maintMaintGrp",
            "content": null,
            "dn": null,
            "id": "uni/fabric/maintgrp-switch_MgB",
            "path": "/api/node/mo/uni/fabric/maintgrp-switch_MgB.json",
            "payload": "{\n    \"maintMaintGrp\": {\n        \"attributes\": {\n            \"dn\": \"uni/fabric/maintgrp-switch_MgB\"\n        },\n        \"children\": [\n            {\n                \"fabricNodeBlk\": {\n                    \"attributes\": {\n                        \"dn\": \"uni/fabric/maintgrp-switch_MgB/nodeblk-blk202-202\",\n                        \"name\": \"blk202-202\",\n                        \"from_\": \"202\",\n                        \"to_\": \"202\",\n                        \"rn\": \"nodeblk-blk202-202\"\n                    }\n                }\n            }\n        ]\n    }\n}\n"
          },
          "private": "eyJzY2hlbWFfdmVyc2lvbiI6IjEifQ=="
        }
      ]
    },
    {
      "mode": "managed",
      "type": "aci_rest",
      "name": "maint_grp_spine101",
      "provider": "provider[\"registry.terraform.io/ciscodevnet/aci\"]",
      "instances": [
        {
          "schema_version": 1,
          "attributes": {
            "class_name": "maintMaintGrp",
            "content": null,
            "dn": null,
            "id": "uni/fabric/maintgrp-switch_MgA",
            "path": "/api/node/mo/uni/fabric/maintgrp-switch_MgA.json",
            "payload": "{\n    \"maintMaintGrp\": {\n        \"attributes\": {\n            \"dn\": \"uni/fabric/maintgrp-switch_MgA\"\n        },\n        \"children\": [\n            {\n                \"fabricNodeBlk\": {\n                    \"attributes\": {\n                        \"dn\": \"uni/fabric/maintgrp-switch_MgA/nodeblk-blk101-101\",\n                        \"name\": \"blk101-101\",\n                        \"from_\": \"101\",\n                        \"to_\": \"101\",\n                        \"rn\": \"nodeblk-blk101-101\"\n                    }\n                }\n            }\n        ]\n    }\n}\n"
          },
          "private": "eyJzY2hlbWFfdmVyc2lvbiI6IjEifQ=="
        }
      ]
    },
    {
      "mode": "managed",
      "type": "aci_rest",
      "name": "ntp_198_18_1_51",
      "provider": "provider[\"registry.terraform.io/ciscodevnet/aci\"]",
      "instances": [
        {
          "schema_version": 1,
          "attributes": {
            "class_name": "datetimeNtpProv",
            "content": null,
            "dn": null,
            "id": "uni/fabric/time-default/ntpprov-198.18.1.51",
            "path": "/api/node/mo/uni/fabric/time-default/ntpprov-198.18.1.51.json",
            "payload": "{\n    \"datetimeNtpProv\": {\n        \"attributes\": {\n            \"dn\": \"uni/fabric/time-default/ntpprov-198.18.1.51\",\n            \"name\": \"198.18.1.51\",\n            \"preferred\": \"false\",\n            \"rn\": \"ntpprov-198.18.1.51\"\n        },\n        \"children\": [\n            {\n                \"datetimeRsNtpProvToEpg\": {\n                    \"attributes\": {\n                        \"tDn\": \"uni/tn-mgmt/mgmtp-default/oob-default\"\n                    }\n                }\n            }\n        ]\n    }\n}\n"
          },
          "private": "eyJzY2hlbWFfdmVyc2lvbiI6IjEifQ=="
        }
      ]
    },
    {
      "mode": "managed",
      "type": "aci_rest",
      "name": "ntp_198_18_1_52",
      "provider": "provider[\"registry.terraform.io/ciscodevnet/aci\"]",
      "instances": [
        {
          "schema_version": 1,
          "attributes": {
            "class_name": "datetimeNtpProv",
            "content": null,
            "dn": null,
            "id": "uni/fabric/time-default/ntpprov-198.18.1.52",
            "path": "/api/node/mo/uni/fabric/time-default/ntpprov-198.18.1.52.json",
            "payload": "{\n    \"datetimeNtpProv\": {\n        \"attributes\": {\n            \"dn\": \"uni/fabric/time-default/ntpprov-198.18.1.52\",\n            \"name\": \"198.18.1.52\",\n            \"preferred\": \"true\",\n            \"rn\": \"ntpprov-198.18.1.52\"\n        },\n        \"children\": [\n            {\n                \"datetimeRsNtpProvToEpg\": {\n                    \"attributes\": {\n                        \"tDn\": \"uni/tn-mgmt/mgmtp-default/oob-default\"\n                    }\n                }\n            }\n        ]\n    }\n}\n"
          },
          "private": "eyJzY2hlbWFfdmVyc2lvbiI6IjEifQ=="
        }
      ]
    },
    {
      "mode": "managed",
      "type": "aci_rest",
      "name": "oob-default_Ext_Inst",
      "provider": "provider[\"registry.terraform.io/ciscodevnet/aci\"]",
      "instances": [
        {
          "schema_version": 1,
          "attributes": {
            "class_name": "mgmtInstP",
            "content": null,
            "dn": null,
            "id": "uni/tn-mgmt/extmgmt-default/instp-oob_ExtEpg",
            "path": "/api/node/mo/uni/tn-mgmt/extmgmt-default/instp-oob_ExtEpg.json",
            "payload": "{\n\t\"mgmtInstP\": {\n\t\t\"attributes\": {\n\t\t\t\"dn\": \"uni/tn-mgmt/extmgmt-default/instp-oob_ExtEpg\",\n\t\t\t\"name\": \"oob_ExtEpg\",\n\t\t\t\"rn\": \"instp-oob_ExtEpg\",\n\t\t},\n\t\t\"children\": [\n\t\t\t{\n\t\t\t\t\"mgmtSubnet\": {\n\t\t\t\t\t\"attributes\": {\n\t\t\t\t\t\t\"dn\": \"uni/tn-mgmt/extmgmt-default/instp-oob_ExtEpg/subnet-[0.0.0.0/0]\",\n\t\t\t\t\t\t\"ip\": \"0.0.0.0/0\",\n\t\t\t\t\t\t\"rn\": \"subnet-[0.0.0.0/0]\",\n\t\t\t\t\t},\n\t\t\t\t\t\"children\": []\n\t\t\t\t}\n\t\t\t},\n\t\t\t{\n\t\t\t\t\"mgmtRsOoBCons\": {\n\t\t\t\t\t\"attributes\": {\n\t\t\t\t\t\t\"tnVzOOBBrCPName\": \"oob_mgmt_Out_Ct\",\n\t\t\t\t\t\t\"prio\": \"level1\",\n\t\t\t\t\t},\n\t\t\t\t\t\"children\": []\n\t\t\t\t}\n\t\t\t}\n\t\t]\n\t}\n}\n"
          },
          "private": "eyJzY2hlbWFfdmVyc2lvbiI6IjEifQ=="
        }
      ]
    },
    {
      "mode": "managed",
      "type": "aci_rest",
      "name": "oob-default_In_Ct",
      "provider": "provider[\"registry.terraform.io/ciscodevnet/aci\"]",
      "instances": [
        {
          "schema_version": 1,
          "attributes": {
            "class_name": "mgmtRsOoBProv",
            "content": null,
            "dn": null,
            "id": "{}",
            "path": "/api/node/mo/uni/tn-mgmt/mgmtp-default/oob-default.json",
            "payload": "{\n\t\"mgmtRsOoBProv\": {\n\t\t\"attributes\": {\n\t\t\t\"tnVzOOBBrCPName\": \"oob_mgmt_In_Ct\",\n\t\t\t\"prio\": \"level1\"\n\t\t},\n\t\t\"children\": []\n\t}\n}\n"
          },
          "private": "eyJzY2hlbWFfdmVyc2lvbiI6IjEifQ=="
        }
      ]
    },
    {
      "mode": "managed",
      "type": "aci_rest",
      "name": "oob-default_Priority",
      "provider": "provider[\"registry.terraform.io/ciscodevnet/aci\"]",
      "instances": [
        {
          "schema_version": 1,
          "attributes": {
            "class_name": "mgmtOoB",
            "content": null,
            "dn": null,
            "id": "uni/tn-mgmt/mgmtp-default/oob-default",
            "path": "/api/node/mo/uni/tn-mgmt/mgmtp-default/oob-default.json",
            "payload": "{\n\t\"mgmtOoB\": {\n\t\t\"attributes\": {\n\t\t\t\"dn\": \"uni/tn-mgmt/mgmtp-default/oob-default\",\n\t\t\t\"prio\": \"level1\"\n\t\t},\n\t\t\"children\": []\n\t}\n}\n"
          },
          "private": "eyJzY2hlbWFfdmVyc2lvbiI6IjEifQ=="
        }
      ]
    },
    {
      "mode": "managed",
      "type": "aci_rest",
      "name": "oob_mgmt_In_Ct",
      "provider": "provider[\"registry.terraform.io/ciscodevnet/aci\"]",
      "instances": [
        {
          "schema_version": 1,
          "attributes": {
            "class_name": "vzOOBBrCP",
            "content": null,
            "dn": null,
            "id": "uni/tn-mgmt/oobbrc-oob_mgmt_In_Ct",
            "path": "/api/node/mo/uni/tn-mgmt/oobbrc-oob_mgmt_In_Ct.json",
            "payload": "{\n\t\"vzOOBBrCP\": {\n\t\t\"attributes\": {\n\t\t\t\"dn\": \"uni/tn-mgmt/oobbrc-oob_mgmt_In_Ct\",\n\t\t\t\"name\": \"oob_mgmt_In_Ct\",\n\t\t\t\"scope\": \"tenant\",\n\t\t\t\"rn\": \"oobbrc-oob_mgmt_In_Ct\",\n\t\t\t\"status\": \"created\"\n\t\t},\n\t\t\"children\": [\n\t\t\t{\n\t\t\t\t\"vzSubj\": {\n\t\t\t\t\t\"attributes\": {\n\t\t\t\t\t\t\"dn\": \"uni/tn-mgmt/oobbrc-oob_mgmt_In_Ct/subj-oob_mgmt_In_Subj\",\n\t\t\t\t\t\t\"name\": \"oob_mgmt_In_Subj\",\n\t\t\t\t\t\t\"rn\": \"subj-oob_mgmt_In_Subj\",\n\t\t\t\t\t\t\"status\": \"created\"\n\t\t\t\t\t},\n\t\t\t\t\t\"children\": [\n\t\t\t\t\t\t{\n\t\t\t\t\t\t\t\"vzRsSubjFiltAtt\": {\n\t\t\t\t\t\t\t\t\"attributes\": {\n\t\t\t\t\t\t\t\t\t\"status\": \"created,modified\",\n\t\t\t\t\t\t\t\t\t\"tnVzFilterName\": \"Mgmt_In_Flt\"\n\t\t\t\t\t\t\t\t},\n\t\t\t\t\t\t\t\t\"children\": []\n\t\t\t\t\t\t\t}\n\t\t\t\t\t\t}\n\t\t\t\t\t]\n\t\t\t\t}\n\t\t\t}\n\t\t]\n\t}\n}\n"
          },
          "private": "eyJzY2hlbWFfdmVyc2lvbiI6IjEifQ=="
        }
      ]
    },
    {
      "mode": "managed",
      "type": "aci_rest",
      "name": "oob_mgmt_Out_Ct",
      "provider": "provider[\"registry.terraform.io/ciscodevnet/aci\"]",
      "instances": [
        {
          "schema_version": 1,
          "attributes": {
            "class_name": "vzOOBBrCP",
            "content": null,
            "dn": null,
            "id": "uni/tn-mgmt/oobbrc-oob_mgmt_Out_Ct",
            "path": "/api/node/mo/uni/tn-mgmt/oobbrc-oob_mgmt_Out_Ct.json",
            "payload": "{\n\t\"vzOOBBrCP\": {\n\t\t\"attributes\": {\n\t\t\t\"dn\": \"uni/tn-mgmt/oobbrc-oob_mgmt_Out_Ct\",\n\t\t\t\"name\": \"oob_mgmt_Out_Ct\",\n\t\t\t\"scope\": \"tenant\",\n\t\t\t\"rn\": \"oobbrc-oob_mgmt_Out_Ct\",\n\t\t\t\"status\": \"created\"\n\t\t},\n\t\t\"children\": [\n\t\t\t{\n\t\t\t\t\"vzSubj\": {\n\t\t\t\t\t\"attributes\": {\n\t\t\t\t\t\t\"dn\": \"uni/tn-mgmt/oobbrc-oob_mgmt_Out_Ct/subj-oob_mgmt_Out_Subj\",\n\t\t\t\t\t\t\"name\": \"oob_mgmt_Out_Subj\",\n\t\t\t\t\t\t\"rn\": \"subj-oob_mgmt_Out_Subj\",\n\t\t\t\t\t\t\"status\": \"created\"\n\t\t\t\t\t},\n\t\t\t\t\t\"children\": [\n\t\t\t\t\t\t{\n\t\t\t\t\t\t\t\"vzRsSubjFiltAtt\": {\n\t\t\t\t\t\t\t\t\"attributes\": {\n\t\t\t\t\t\t\t\t\t\"status\": \"created,modified\",\n\t\t\t\t\t\t\t\t\t\"tnVzFilterName\": \"Mgmt_Out_Flt\"\n\t\t\t\t\t\t\t\t},\n\t\t\t\t\t\t\t\t\"children\": []\n\t\t\t\t\t\t\t}\n\t\t\t\t\t\t}\n\t\t\t\t\t]\n\t\t\t\t}\n\t\t\t}\n\t\t]\n\t}\n}\n"
          },
          "private": "eyJzY2hlbWFfdmVyc2lvbiI6IjEifQ=="
        }
      ]
    },
    {
      "mode": "managed",
      "type": "aci_rest",
      "name": "oob_mgmt_leaf201",
      "provider": "provider[\"registry.terraform.io/ciscodevnet/aci\"]",
      "instances": [
        {
          "schema_version": 1,
          "attributes": {
            "class_name": "mgmtRsOoBStNode",
            "content": null,
            "dn": null,
            "id": "uni/tn-mgmt/mgmtp-default/oob-default/rsooBStNode-[topology/pod-1/node-201]",
            "path": "/api/node/mo/uni/tn-mgmt.json",
            "payload": "{\n    \"mgmtRsOoBStNode\": {\n        \"attributes\": {\n            \"dn\": \"uni/tn-mgmt/mgmtp-default/oob-default/rsooBStNode-[topology/pod-1/node-201]\",\n            \"addr\": \"198.18.1.201/24\",\n            \"gw\": \"198.18.1.1\",\n            \"tDn\": \"topology/pod-1/node-201\",\n            \"v6Addr\": \"::\",\n            \"v6Gw\": \"::\"\n        }\n    }\n}\n"
          },
          "private": "eyJzY2hlbWFfdmVyc2lvbiI6IjEifQ=="
        }
      ]
    },
    {
      "mode": "managed",
      "type": "aci_rest",
      "name": "oob_mgmt_leaf202",
      "provider": "provider[\"registry.terraform.io/ciscodevnet/aci\"]",
      "instances": [
        {
          "schema_version": 1,
          "attributes": {
            "class_name": "mgmtRsOoBStNode",
            "content": null,
            "dn": null,
            "id": "uni/tn-mgmt/mgmtp-default/oob-default/rsooBStNode-[topology/pod-1/node-202]",
            "path": "/api/node/mo/uni/tn-mgmt.json",
            "payload": "{\n    \"mgmtRsOoBStNode\": {\n        \"attributes\": {\n            \"dn\": \"uni/tn-mgmt/mgmtp-default/oob-default/rsooBStNode-[topology/pod-1/node-202]\",\n            \"addr\": \"198.18.1.202/24\",\n            \"gw\": \"198.18.1.1\",\n            \"tDn\": \"topology/pod-1/node-202\",\n            \"v6Addr\": \"::\",\n            \"v6Gw\": \"::\"\n        }\n    }\n}\n"
          },
          "private": "eyJzY2hlbWFfdmVyc2lvbiI6IjEifQ=="
        }
      ]
    },
    {
      "mode": "managed",
      "type": "aci_rest",
      "name": "oob_mgmt_spine101",
      "provider": "provider[\"registry.terraform.io/ciscodevnet/aci\"]",
      "instances": [
        {
          "schema_version": 1,
          "attributes": {
            "class_name": "mgmtRsOoBStNode",
            "content": null,
            "dn": null,
            "id": "uni/tn-mgmt/mgmtp-default/oob-default/rsooBStNode-[topology/pod-1/node-101]",
            "path": "/api/node/mo/uni/tn-mgmt.json",
            "payload": "{\n    \"mgmtRsOoBStNode\": {\n        \"attributes\": {\n            \"dn\": \"uni/tn-mgmt/mgmtp-default/oob-default/rsooBStNode-[topology/pod-1/node-101]\",\n            \"addr\": \"198.18.1.101/24\",\n            \"gw\": \"198.18.1.1\",\n            \"tDn\": \"topology/pod-1/node-101\",\n            \"v6Addr\": \"::\",\n            \"v6Gw\": \"::\"\n        }\n    }\n}\n"
          },
          "private": "eyJzY2hlbWFfdmVyc2lvbiI6IjEifQ=="
        }
      ]
    },
    {
      "mode": "managed",
      "type": "aci_rest",
      "name": "remote_location_lnx2_example_com",
      "provider": "provider[\"registry.terraform.io/ciscodevnet/aci\"]",
      "instances": [
        {
          "schema_version": 1,
          "attributes": {
            "class_name": "fileRemotePath",
            "content": null,
            "dn": null,
            "id": "uni/fabric/path-lnx2.example.com",
            "path": "/api/node/mo/uni/fabric/path-lnx2.example.com.json",
            "payload": "{\n    \"fileRemotePath\": {\n        \"attributes\": {\n            \"dn\": \"uni/fabric/path-lnx2.example.com\",\n            \"authType\": \"usePassword\",\n            \"descr\": \"None\",\n            \"host\": \"lnx2.example.com\",\n            \"name\": \"lnx2.example.com\",\n            \"protocol\": \"sftp\",\n            \"remotePath\": \"/\",\n            \"remotePort\": \"22\",\n            \"userName\": \"username\",\n            \"userPasswd\": \"cisco123\",\n            \"rn\": \"path-lnx2.example.com\"\n        },\n        \"children\": [\n            {\n                \"fileRsARemoteHostToEpg\": {\n                    \"attributes\": {\n                        \"tDn\": \"uni/tn-mgmt/mgmtp-default/oob-default\"\n                    },\n                    \"children\": []\n                }\n            }\n        ]\n    }\n}\n"
          },
          "private": "eyJzY2hlbWFfdmVyc2lvbiI6IjEifQ=="
        }
      ]
    },
    {
      "mode": "managed",
      "type": "aci_rest",
      "name": "snmp_cg",
      "provider": "provider[\"registry.terraform.io/ciscodevnet/aci\"]",
      "instances": [
        {
          "index_key": "Inband",
          "schema_version": 1,
          "attributes": {
            "class_name": "snmpClientGrpP",
            "content": null,
            "dn": null,
            "id": "uni/fabric/snmppol-default/clgrp-Inband_Clients",
            "path": "/api/node/mo/uni/fabric/snmppol-default/clgrp-Inband_Clients.json",
            "payload": "{\n\t\"snmpClientGrpP\": {\n\t\t\"attributes\": {\n\t\t\t\"dn\": \"uni/fabric/snmppol-default/clgrp-Inband_Clients\",\n\t\t\t\"name\": \"Inband_Clients\",\n\t\t\t\"descr\": \"SNMP Clients allowed on Inband Mgmt\",\n\t\t\t\"rn\": \"clgrp-Inband_Clients\",\n\t\t\t\"status\": \"created\"\n\t\t},\n\t\t\"children\": [\n\t\t\t{\n\t\t\t\t\"snmpRsEpg\": {\n\t\t\t\t\t\"attributes\": {\n\t\t\t\t\t\t\"tDn\": \"uni/tn-mgmt/mgmtp-default/inb-inb_epg\",\n\t\t\t\t\t\t\"status\": \"created\"\n\t\t\t\t\t},\n\t\t\t\t\t\"children\": []\n\t\t\t\t}\n\t\t\t}\n\t\t]\n\t}\n}\n"
          },
          "private": "eyJzY2hlbWFfdmVyc2lvbiI6IjEifQ=="
        },
        {
          "index_key": "Out-of-Band",
          "schema_version": 1,
          "attributes": {
            "class_name": "snmpClientGrpP",
            "content": null,
            "dn": null,
            "id": "uni/fabric/snmppol-default/clgrp-Out-of-Band_Clients",
            "path": "/api/node/mo/uni/fabric/snmppol-default/clgrp-Out-of-Band_Clients.json",
            "payload": "{\n\t\"snmpClientGrpP\": {\n\t\t\"attributes\": {\n\t\t\t\"dn\": \"uni/fabric/snmppol-default/clgrp-Out-of-Band_Clients\",\n\t\t\t\"name\": \"Out-of-Band_Clients\",\n\t\t\t\"descr\": \"SNMP Clients allowed on Out-of-Band Mgmt\",\n\t\t\t\"rn\": \"clgrp-Out-of-Band_Clients\",\n\t\t\t\"status\": \"created\"\n\t\t},\n\t\t\"children\": [\n\t\t\t{\n\t\t\t\t\"snmpRsEpg\": {\n\t\t\t\t\t\"attributes\": {\n\t\t\t\t\t\t\"tDn\": \"uni/tn-mgmt/mgmtp-default/oob-default\",\n\t\t\t\t\t\t\"status\": \"created\"\n\t\t\t\t\t},\n\t\t\t\t\t\"children\": []\n\t\t\t\t}\n\t\t\t}\n\t\t]\n\t}\n}\n"
          },
          "private": "eyJzY2hlbWFfdmVyc2lvbiI6IjEifQ=="
        }
      ]
    },
    {
      "mode": "managed",
      "type": "aci_rest",
      "name": "snmp_client_198_18_1_61",
      "provider": "provider[\"registry.terraform.io/ciscodevnet/aci\"]",
      "instances": [
        {
          "schema_version": 1,
          "attributes": {
            "class_name": "snmpClientP",
            "content": null,
            "dn": null,
            "id": "uni/fabric/snmppol-default/clgrp-Out-of-Band_Clients/client-[198.18.1.61]",
            "path": "/api/node/mo/uni/fabric/snmppol-default/clgrp-Out-of-Band_Clients/client-[198.18.1.61].json",
            "payload": "{\n    \"snmpClientP\": {\n        \"attributes\": {\n            \"dn\": \"uni/fabric/snmppol-default/clgrp-Out-of-Band_Clients/client-[198.18.1.61]\",\n            \"name\": \"snmp-server1\",\n            \"addr\": \"198.18.1.61\",\n            \"rn\": \"client-198.18.1.61\"\n        },\n        \"children\": []\n    }\n}\n"
          },
          "private": "eyJzY2hlbWFfdmVyc2lvbiI6IjEifQ=="
        }
      ]
    },
    {
      "mode": "managed",
      "type": "aci_rest",
      "name": "snmp_client_198_18_1_62",
      "provider": "provider[\"registry.terraform.io/ciscodevnet/aci\"]",
      "instances": [
        {
          "schema_version": 1,
          "attributes": {
            "class_name": "snmpClientP",
            "content": null,
            "dn": null,
            "id": "uni/fabric/snmppol-default/clgrp-Out-of-Band_Clients/client-[198.18.1.62]",
            "path": "/api/node/mo/uni/fabric/snmppol-default/clgrp-Out-of-Band_Clients/client-[198.18.1.62].json",
            "payload": "{\n    \"snmpClientP\": {\n        \"attributes\": {\n            \"dn\": \"uni/fabric/snmppol-default/clgrp-Out-of-Band_Clients/client-[198.18.1.62]\",\n            \"name\": \"snmp-server2\",\n            \"addr\": \"198.18.1.62\",\n            \"rn\": \"client-198.18.1.62\"\n        },\n        \"children\": []\n    }\n}\n"
          },
          "private": "eyJzY2hlbWFfdmVyc2lvbiI6IjEifQ=="
        }
      ]
    },
    {
      "mode": "managed",
      "type": "aci_rest",
      "name": "snmp_comm_read_access",
      "provider": "provider[\"registry.terraform.io/ciscodevnet/aci\"]",
      "instances": [
        {
          "schema_version": 1,
          "attributes": {
            "class_name": "snmpCommunityP",
            "content": null,
            "dn": null,
            "id": "uni/fabric/snmppol-default/community-read_access",
            "path": "/api/node/mo/uni/fabric/snmppol-default/community-read_access.json",
            "payload": "{\n    \"snmpCommunityP\": {\n        \"attributes\": {\n            \"dn\": \"uni/fabric/snmppol-default/community-read_access\",\n            \"descr\": \"Community String 1\",\n            \"name\": \"read_access\",\n            \"rn\": \"community-read_access\"\n        },\n        \"children\": []\n    }\n}\n"
          },
          "private": "eyJzY2hlbWFfdmVyc2lvbiI6IjEifQ=="
        }
      ]
    },
    {
      "mode": "managed",
      "type": "aci_rest",
      "name": "snmp_comm_will-this-work",
      "provider": "provider[\"registry.terraform.io/ciscodevnet/aci\"]",
      "instances": [
        {
          "schema_version": 1,
          "attributes": {
            "class_name": "snmpCommunityP",
            "content": null,
            "dn": null,
            "id": "uni/fabric/snmppol-default/community-will-this-work",
            "path": "/api/node/mo/uni/fabric/snmppol-default/community-will-this-work.json",
            "payload": "{\n    \"snmpCommunityP\": {\n        \"attributes\": {\n            \"dn\": \"uni/fabric/snmppol-default/community-will-this-work\",\n            \"descr\": \"Community String 2\",\n            \"name\": \"will-this-work\",\n            \"rn\": \"community-will-this-work\"\n        },\n        \"children\": []\n    }\n}\n"
          },
          "private": "eyJzY2hlbWFfdmVyc2lvbiI6IjEifQ=="
        }
      ]
    },
    {
      "mode": "managed",
      "type": "aci_rest",
      "name": "snmp_ctx",
      "provider": "provider[\"registry.terraform.io/ciscodevnet/aci\"]",
      "instances": [
        {
          "index_key": "mgmt_inb_ctx",
          "schema_version": 1,
          "attributes": {
            "class_name": "vzOOBBrCP",
            "content": null,
            "dn": null,
            "id": "{}",
            "path": "/api/node/mo/uni/tn-mgmt/ctx-inb/snmpctx.json",
            "payload": "{\n    \"snmpCtxP\": {\n        \"attributes\": {\n            \"dn\": \"uni/tn-mgmt/ctx-inb/snmpctx\",\n            \"name\": \"mgmt_inb_ctx\",\n            \"rn\": \"snmpctx\"\n        },\n        \"children\": []\n    }\n}\n"
          },
          "private": "eyJzY2hlbWFfdmVyc2lvbiI6IjEifQ=="
        },
        {
          "index_key": "mgmt_oob_ctx",
          "schema_version": 1,
          "attributes": {
            "class_name": "vzOOBBrCP",
            "content": null,
            "dn": null,
            "id": "{}",
            "path": "/api/node/mo/uni/tn-mgmt/ctx-oob/snmpctx.json",
            "payload": "{\n    \"snmpCtxP\": {\n        \"attributes\": {\n            \"dn\": \"uni/tn-mgmt/ctx-oob/snmpctx\",\n            \"name\": \"mgmt_oob_ctx\",\n            \"rn\": \"snmpctx\"\n        },\n        \"children\": []\n    }\n}\n"
          },
          "private": "eyJzY2hlbWFfdmVyc2lvbiI6IjEifQ=="
        }
      ]
    },
    {
      "mode": "managed",
      "type": "aci_rest",
      "name": "snmp_ctx_community",
      "provider": "provider[\"registry.terraform.io/ciscodevnet/aci\"]",
      "instances": [
        {
          "index_key": "mgmt_inb_read_access",
          "schema_version": 1,
          "attributes": {
            "class_name": "vzOOBBrCP",
            "content": null,
            "dn": null,
            "id": "{}",
            "path": "/api/node/mo/uni/tn-mgmt/ctx-inb/snmpctx/community-read_access.json",
            "payload": "{\n    \"snmpCommunityP\": {\n        \"attributes\": {\n            \"dn\": \"uni/tn-mgmt/ctx-inb/snmpctx/community-read_access\",\n            \"name\": \"read_access\",\n            \"descr\": \"Adding Community read_access to Ctx\",\n            \"rn\": \"community-read_access\"\n        },\n        \"children\": []\n    }\n}\n"
          },
          "private": "eyJzY2hlbWFfdmVyc2lvbiI6IjEifQ==",
          "dependencies": [
            "aci_tenant.mgmt"
          ]
        },
        {
          "index_key": "mgmt_inb_will-this-work",
          "schema_version": 1,
          "attributes": {
            "class_name": "vzOOBBrCP",
            "content": null,
            "dn": null,
            "id": "{}",
            "path": "/api/node/mo/uni/tn-mgmt/ctx-inb/snmpctx/community-will-this-work.json",
            "payload": "{\n    \"snmpCommunityP\": {\n        \"attributes\": {\n            \"dn\": \"uni/tn-mgmt/ctx-inb/snmpctx/community-will-this-work\",\n            \"name\": \"will-this-work\",\n            \"descr\": \"Adding Community will-this-work to Ctx\",\n            \"rn\": \"community-will-this-work\"\n        },\n        \"children\": []\n    }\n}\n"
          },
          "private": "eyJzY2hlbWFfdmVyc2lvbiI6IjEifQ==",
          "dependencies": [
            "aci_tenant.mgmt"
          ]
        },
        {
          "index_key": "mgmt_oob_read_access",
          "schema_version": 1,
          "attributes": {
            "class_name": "vzOOBBrCP",
            "content": null,
            "dn": null,
            "id": "{}",
            "path": "/api/node/mo/uni/tn-mgmt/ctx-oob/snmpctx/community-read_access.json",
            "payload": "{\n    \"snmpCommunityP\": {\n        \"attributes\": {\n            \"dn\": \"uni/tn-mgmt/ctx-oob/snmpctx/community-read_access\",\n            \"name\": \"read_access\",\n            \"descr\": \"Adding Community read_access to Ctx\",\n            \"rn\": \"community-read_access\"\n        },\n        \"children\": []\n    }\n}\n"
          },
          "private": "eyJzY2hlbWFfdmVyc2lvbiI6IjEifQ==",
          "dependencies": [
            "aci_tenant.mgmt"
          ]
        },
        {
          "index_key": "mgmt_oob_will-this-work",
          "schema_version": 1,
          "attributes": {
            "class_name": "vzOOBBrCP",
            "content": null,
            "dn": null,
            "id": "{}",
            "path": "/api/node/mo/uni/tn-mgmt/ctx-oob/snmpctx/community-will-this-work.json",
            "payload": "{\n    \"snmpCommunityP\": {\n        \"attributes\": {\n            \"dn\": \"uni/tn-mgmt/ctx-oob/snmpctx/community-will-this-work\",\n            \"name\": \"will-this-work\",\n            \"descr\": \"Adding Community will-this-work to Ctx\",\n            \"rn\": \"community-will-this-work\"\n        },\n        \"children\": []\n    }\n}\n"
          },
          "private": "eyJzY2hlbWFfdmVyc2lvbiI6IjEifQ==",
          "dependencies": [
            "aci_tenant.mgmt"
          ]
        }
      ]
    },
    {
      "mode": "managed",
      "type": "aci_rest",
      "name": "snmp_info",
      "provider": "provider[\"registry.terraform.io/ciscodevnet/aci\"]",
      "instances": [
        {
          "schema_version": 1,
          "attributes": {
            "class_name": "snmpPol",
            "content": null,
            "dn": null,
            "id": "uni/fabric/snmppol-default",
            "path": "/api/node/mo/uni/fabric/snmppol-default.json",
            "payload": "{\n    \"snmpPol\": {\n        \"attributes\": {\n            \"dn\": \"uni/fabric/snmppol-default\",\n            \"descr\": \"This is the default SNMP Policy\",\n            \"adminSt\": \"enabled\",\n            \"contact\": \"rich-lab@cisco.com\",\n            \"loc\": \"Richfield Ohio\"\n        },\n        \"children\": []\n    }\n}\n"
          },
          "private": "eyJzY2hlbWFfdmVyc2lvbiI6IjEifQ=="
        }
      ]
    },
    {
      "mode": "managed",
      "type": "aci_rest",
      "name": "snmp_trap_Src",
      "provider": "provider[\"registry.terraform.io/ciscodevnet/aci\"]",
      "instances": [
        {
          "schema_version": 1,
          "attributes": {
            "class_name": "snmpSrc",
            "content": null,
            "dn": null,
            "id": "uni/fabric/moncommon/snmpsrc-SNMP_Src",
            "path": "/api/node/mo/uni/fabric/moncommon/snmpsrc-SNMP_Src.json",
            "payload": "{\n\t\"snmpSrc\": {\n\t\t\"attributes\": {\n\t\t\t\"dn\": \"uni/fabric/moncommon/snmpsrc-SNMP_Src\",\n\t\t\t\"incl\": \"audits,events,faults\",\n\t\t\t\"name\": \"SNMP_Src\",\n\t\t\t\"rn\": \"snmpsrc-SNMP_Src\",\n\t\t},\n\t\t\"children\": [\n\t\t\t{\n\t\t\t\t\"snmpRsDestGroup\": {\n\t\t\t\t\t\"attributes\": {\n\t\t\t\t\t\t\"tDn\": \"uni/fabric/snmpgroup-SNMP-TRAP_dg\",\n\t\t\t\t\t},\n\t\t\t\t\t\"children\": []\n\t\t\t\t}\n\t\t\t}\n\t\t]\n\t}\n}\n"
          },
          "private": "eyJzY2hlbWFfdmVyc2lvbiI6IjEifQ=="
        }
      ]
    },
    {
      "mode": "managed",
      "type": "aci_rest",
      "name": "snmp_trap_default_198_18_1_61",
      "provider": "provider[\"registry.terraform.io/ciscodevnet/aci\"]",
      "instances": [
        {
          "schema_version": 1,
          "attributes": {
            "class_name": "snmpTrapFwdServerP",
            "content": null,
            "dn": null,
            "id": "uni/fabric/snmppol-default/trapfwdserver-[198.18.1.61]",
            "path": "/api/node/mo/uni/fabric/snmppol-default/trapfwdserver-[198.18.1.61].json",
            "payload": "{\n    \"snmpTrapFwdServerP\": {\n        \"attributes\": {\n            \"dn\": \"uni/fabric/snmppol-default/trapfwdserver-[198.18.1.61]\",\n            \"addr\": \"198.18.1.61\",\n            \"port\": \"162\"\n        },\n        \"children\": []\n    }\n}\n"
          },
          "private": "eyJzY2hlbWFfdmVyc2lvbiI6IjEifQ=="
        }
      ]
    },
    {
      "mode": "managed",
      "type": "aci_rest",
      "name": "snmp_trap_default_198_18_1_62",
      "provider": "provider[\"registry.terraform.io/ciscodevnet/aci\"]",
      "instances": [
        {
          "schema_version": 1,
          "attributes": {
            "class_name": "snmpTrapFwdServerP",
            "content": null,
            "dn": null,
            "id": "uni/fabric/snmppol-default/trapfwdserver-[198.18.1.62]",
            "path": "/api/node/mo/uni/fabric/snmppol-default/trapfwdserver-[198.18.1.62].json",
            "payload": "{\n    \"snmpTrapFwdServerP\": {\n        \"attributes\": {\n            \"dn\": \"uni/fabric/snmppol-default/trapfwdserver-[198.18.1.62]\",\n            \"addr\": \"198.18.1.62\",\n            \"port\": \"162\"\n        },\n        \"children\": []\n    }\n}\n"
          },
          "private": "eyJzY2hlbWFfdmVyc2lvbiI6IjEifQ=="
        }
      ]
    },
    {
      "mode": "managed",
      "type": "aci_rest",
      "name": "snmp_trap_dest_198_18_1_61",
      "provider": "provider[\"registry.terraform.io/ciscodevnet/aci\"]",
      "instances": [
        {
          "schema_version": 1,
          "attributes": {
            "class_name": "snmpGroup",
            "content": null,
            "dn": null,
            "id": "uni/fabric/snmpgroup-SNMP-TRAP_dg",
            "path": "/api/node/mo/uni/fabric/snmpgroup-SNMP-TRAP_dg.json",
            "payload": "{\n    \"snmpGroup\": {\n        \"attributes\": {\n            \"dn\": \"uni/fabric/snmpgroup-SNMP-TRAP_dg\",\n            \"descr\": \"SNMP Trap Destination Group - Created by Brahma Startup Script\",\n            \"name\": \"SNMP-TRAP_dg\",\n            \"rn\": \"snmpgroup-SNMP-TRAP_dg\"\n        },\n        \"children\": [\n            {\n                \"snmpTrapDest\": {\n                    \"attributes\": {\n                        \"dn\": \"uni/fabric/snmpgroup-SNMP-TRAP_dg/trapdest-198.18.1.61-port-162\",\n                        \"ver\": \"v2c\",\n                        \"host\": \"198.18.1.61\",\n                        \"port\": \"162\",\n                        \"secName\": \"read_access\",\n                        \"v3SecLvl\": \"noauth\",\n                        \"rn\": \"trapdest-198.18.1.61-port-162\"\n                    },\n                    \"children\": [\n                        {\n                            \"fileRsARemoteHostToEpg\": {\n                                \"attributes\": {\n                                    \"tDn\": \"uni/tn-mgmt/mgmtp-default/oob-default\"\n                                }\n                            }\n                        }\n                    ]\n                }\n            }\n        ]\n    }\n}\n"
          },
          "private": "eyJzY2hlbWFfdmVyc2lvbiI6IjEifQ=="
        }
      ]
    },
    {
      "mode": "managed",
      "type": "aci_rest",
      "name": "snmp_trap_dest_198_18_1_62",
      "provider": "provider[\"registry.terraform.io/ciscodevnet/aci\"]",
      "instances": [
        {
          "schema_version": 1,
          "attributes": {
            "class_name": "snmpGroup",
            "content": null,
            "dn": null,
            "id": "uni/fabric/snmpgroup-SNMP-TRAP_dg",
            "path": "/api/node/mo/uni/fabric/snmpgroup-SNMP-TRAP_dg.json",
            "payload": "{\n    \"snmpGroup\": {\n        \"attributes\": {\n            \"dn\": \"uni/fabric/snmpgroup-SNMP-TRAP_dg\",\n            \"descr\": \"SNMP Trap Destination Group - Created by Brahma Startup Script\",\n            \"name\": \"SNMP-TRAP_dg\",\n            \"rn\": \"snmpgroup-SNMP-TRAP_dg\"\n        },\n        \"children\": [\n            {\n                \"snmpTrapDest\": {\n                    \"attributes\": {\n                        \"dn\": \"uni/fabric/snmpgroup-SNMP-TRAP_dg/trapdest-198.18.1.62-port-162\",\n                        \"ver\": \"v3\",\n                        \"host\": \"198.18.1.62\",\n                        \"port\": \"162\",\n                        \"secName\": \"cisco_user1\",\n                        \"v3SecLvl\": \"priv\",\n                        \"rn\": \"trapdest-198.18.1.62-port-162\"\n                    },\n                    \"children\": [\n                        {\n                            \"fileRsARemoteHostToEpg\": {\n                                \"attributes\": {\n                                    \"tDn\": \"uni/tn-mgmt/mgmtp-default/oob-default\"\n                                }\n                            }\n                        }\n                    ]\n                }\n            }\n        ]\n    }\n}\n"
          },
          "private": "eyJzY2hlbWFfdmVyc2lvbiI6IjEifQ=="
        }
      ]
    },
    {
      "mode": "managed",
      "type": "aci_rest",
      "name": "snmp_user_cisco_user1",
      "provider": "provider[\"registry.terraform.io/ciscodevnet/aci\"]",
      "instances": [
        {
          "schema_version": 1,
          "attributes": {
            "class_name": "snmpUserP",
            "content": null,
            "dn": null,
            "id": "uni/fabric/snmppol-default/user-cisco_user1",
            "path": "/api/node/mo/uni/fabric/snmppol-default/user-cisco_user1.json",
            "payload": "{\n    \"snmpUserP\": {\n        \"attributes\": {\n            \"dn\": \"uni/fabric/snmppol-default/user-cisco_user1\",\n            \"name\": \"cisco_user1\",\n            \"privType\": \"aes-128\",\n            \"privKey\": \"cisco123\",\n            \"authType\": \"hmac-sha1-96\",\n            \"authKey\": \"cisco123\"\n        },\n        \"children\": []\n    }\n}\n"
          },
          "private": "eyJzY2hlbWFfdmVyc2lvbiI6IjEifQ=="
        }
      ]
    },
    {
      "mode": "managed",
      "type": "aci_rest",
      "name": "snmp_user_cisco_user2",
      "provider": "provider[\"registry.terraform.io/ciscodevnet/aci\"]",
      "instances": [
        {
          "schema_version": 1,
          "attributes": {
            "class_name": "snmpUserP",
            "content": null,
            "dn": null,
            "id": "uni/fabric/snmppol-default/user-cisco_user2",
            "path": "/api/node/mo/uni/fabric/snmppol-default/user-cisco_user2.json",
            "payload": "{\n    \"snmpUserP\": {\n        \"attributes\": {\n            \"dn\": \"uni/fabric/snmppol-default/user-cisco_user2\",\n            \"name\": \"cisco_user2\",\n            \"privType\": \"des\",\n            \"privKey\": \"cisco123\",\n            \"authKey\": \"cisco123\"\n        },\n        \"children\": []\n    }\n}\n"
          },
          "private": "eyJzY2hlbWFfdmVyc2lvbiI6IjEifQ=="
        }
      ]
    },
    {
      "mode": "managed",
      "type": "aci_rest",
      "name": "snmp_user_cisco_user3",
      "provider": "provider[\"registry.terraform.io/ciscodevnet/aci\"]",
      "instances": [
        {
          "schema_version": 1,
          "attributes": {
            "class_name": "snmpUserP",
            "content": null,
            "dn": null,
            "id": "uni/fabric/snmppol-default/user-cisco_user3",
            "path": "/api/node/mo/uni/fabric/snmppol-default/user-cisco_user3.json",
            "payload": "{\n    \"snmpUserP\": {\n        \"attributes\": {\n            \"dn\": \"uni/fabric/snmppol-default/user-cisco_user3\",\n            \"name\": \"cisco_user3\",\n            \"authType\": \"hmac-sha1-96\",\n            \"authKey\": \"cisco123\"\n        },\n        \"children\": []\n    }\n}\n"
          },
          "private": "eyJzY2hlbWFfdmVyc2lvbiI6IjEifQ=="
        }
      ]
    },
    {
      "mode": "managed",
      "type": "aci_rest",
      "name": "spine101_1",
      "provider": "provider[\"registry.terraform.io/ciscodevnet/aci\"]",
      "instances": [
        {
          "index_key": "01",
          "schema_version": 1,
          "attributes": {
            "class_name": "infraSHPortS",
            "content": null,
            "dn": null,
            "id": "uni/infra/spaccportprof-spine101/shports-Eth1-01-typ-range",
            "path": "/api/node/mo/uni/infra/spaccportprof-spine101/shports-Eth1-01-typ-range.json",
            "payload": "{\n    \"infraSHPortS\": {\n        \"attributes\": {\n            \"dn\": \"uni/infra/spaccportprof-spine101/shports-Eth1-01-typ-range\",\n            \"name\": \"Eth1-01\",\n            \"rn\": \"shports-Eth1-01-typ-range\"\n        },\n        \"children\": [\n            {\n                \"infraPortBlk\": {\n                    \"attributes\": {\n                        \"dn\": \"uni/infra/spaccportprof-spine101/shports-Eth1-01-typ-range/portblk-block2\",\n                        \"fromCard\": \"1\",\n                        \"fromPort\": \"1\",\n                        \"toCard\": \"1\",\n                        \"toPort\": \"1\",\n                        \"name\": \"block2\",\n                        \"rn\": \"portblk-block2\"\n                    }\n                }\n            }\n        ]\n    }\n}\n"
          },
          "private": "eyJzY2hlbWFfdmVyc2lvbiI6IjEifQ==",
          "dependencies": [
            "aci_spine_interface_profile.spine101"
          ]
        },
        {
          "index_key": "02",
          "schema_version": 1,
          "attributes": {
            "class_name": "infraSHPortS",
            "content": null,
            "dn": null,
            "id": "uni/infra/spaccportprof-spine101/shports-Eth1-02-typ-range",
            "path": "/api/node/mo/uni/infra/spaccportprof-spine101/shports-Eth1-02-typ-range.json",
            "payload": "{\n    \"infraSHPortS\": {\n        \"attributes\": {\n            \"dn\": \"uni/infra/spaccportprof-spine101/shports-Eth1-02-typ-range\",\n            \"name\": \"Eth1-02\",\n            \"rn\": \"shports-Eth1-02-typ-range\"\n        },\n        \"children\": [\n            {\n                \"infraPortBlk\": {\n                    \"attributes\": {\n                        \"dn\": \"uni/infra/spaccportprof-spine101/shports-Eth1-02-typ-range/portblk-block2\",\n                        \"fromCard\": \"1\",\n                        \"fromPort\": \"2\",\n                        \"toCard\": \"1\",\n                        \"toPort\": \"2\",\n                        \"name\": \"block2\",\n                        \"rn\": \"portblk-block2\"\n                    }\n                }\n            }\n        ]\n    }\n}\n"
          },
          "private": "eyJzY2hlbWFfdmVyc2lvbiI6IjEifQ==",
          "dependencies": [
            "aci_spine_interface_profile.spine101"
          ]
        },
        {
          "index_key": "03",
          "schema_version": 1,
          "attributes": {
            "class_name": "infraSHPortS",
            "content": null,
            "dn": null,
            "id": "uni/infra/spaccportprof-spine101/shports-Eth1-03-typ-range",
            "path": "/api/node/mo/uni/infra/spaccportprof-spine101/shports-Eth1-03-typ-range.json",
            "payload": "{\n    \"infraSHPortS\": {\n        \"attributes\": {\n            \"dn\": \"uni/infra/spaccportprof-spine101/shports-Eth1-03-typ-range\",\n            \"name\": \"Eth1-03\",\n            \"rn\": \"shports-Eth1-03-typ-range\"\n        },\n        \"children\": [\n            {\n                \"infraPortBlk\": {\n                    \"attributes\": {\n                        \"dn\": \"uni/infra/spaccportprof-spine101/shports-Eth1-03-typ-range/portblk-block2\",\n                        \"fromCard\": \"1\",\n                        \"fromPort\": \"3\",\n                        \"toCard\": \"1\",\n                        \"toPort\": \"3\",\n                        \"name\": \"block2\",\n                        \"rn\": \"portblk-block2\"\n                    }\n                }\n            }\n        ]\n    }\n}\n"
          },
          "private": "eyJzY2hlbWFfdmVyc2lvbiI6IjEifQ==",
          "dependencies": [
            "aci_spine_interface_profile.spine101"
          ]
        },
        {
          "index_key": "04",
          "schema_version": 1,
          "attributes": {
            "class_name": "infraSHPortS",
            "content": null,
            "dn": null,
            "id": "uni/infra/spaccportprof-spine101/shports-Eth1-04-typ-range",
            "path": "/api/node/mo/uni/infra/spaccportprof-spine101/shports-Eth1-04-typ-range.json",
            "payload": "{\n    \"infraSHPortS\": {\n        \"attributes\": {\n            \"dn\": \"uni/infra/spaccportprof-spine101/shports-Eth1-04-typ-range\",\n            \"name\": \"Eth1-04\",\n            \"rn\": \"shports-Eth1-04-typ-range\"\n        },\n        \"children\": [\n            {\n                \"infraPortBlk\": {\n                    \"attributes\": {\n                        \"dn\": \"uni/infra/spaccportprof-spine101/shports-Eth1-04-typ-range/portblk-block2\",\n                        \"fromCard\": \"1\",\n                        \"fromPort\": \"4\",\n                        \"toCard\": \"1\",\n                        \"toPort\": \"4\",\n                        \"name\": \"block2\",\n                        \"rn\": \"portblk-block2\"\n                    }\n                }\n            }\n        ]\n    }\n}\n"
          },
          "private": "eyJzY2hlbWFfdmVyc2lvbiI6IjEifQ==",
          "dependencies": [
            "aci_spine_interface_profile.spine101"
          ]
        },
        {
          "index_key": "05",
          "schema_version": 1,
          "attributes": {
            "class_name": "infraSHPortS",
            "content": null,
            "dn": null,
            "id": "uni/infra/spaccportprof-spine101/shports-Eth1-05-typ-range",
            "path": "/api/node/mo/uni/infra/spaccportprof-spine101/shports-Eth1-05-typ-range.json",
            "payload": "{\n    \"infraSHPortS\": {\n        \"attributes\": {\n            \"dn\": \"uni/infra/spaccportprof-spine101/shports-Eth1-05-typ-range\",\n            \"name\": \"Eth1-05\",\n            \"rn\": \"shports-Eth1-05-typ-range\"\n        },\n        \"children\": [\n            {\n                \"infraPortBlk\": {\n                    \"attributes\": {\n                        \"dn\": \"uni/infra/spaccportprof-spine101/shports-Eth1-05-typ-range/portblk-block2\",\n                        \"fromCard\": \"1\",\n                        \"fromPort\": \"5\",\n                        \"toCard\": \"1\",\n                        \"toPort\": \"5\",\n                        \"name\": \"block2\",\n                        \"rn\": \"portblk-block2\"\n                    }\n                }\n            }\n        ]\n    }\n}\n"
          },
          "private": "eyJzY2hlbWFfdmVyc2lvbiI6IjEifQ==",
          "dependencies": [
            "aci_spine_interface_profile.spine101"
          ]
        },
        {
          "index_key": "06",
          "schema_version": 1,
          "attributes": {
            "class_name": "infraSHPortS",
            "content": null,
            "dn": null,
            "id": "uni/infra/spaccportprof-spine101/shports-Eth1-06-typ-range",
            "path": "/api/node/mo/uni/infra/spaccportprof-spine101/shports-Eth1-06-typ-range.json",
            "payload": "{\n    \"infraSHPortS\": {\n        \"attributes\": {\n            \"dn\": \"uni/infra/spaccportprof-spine101/shports-Eth1-06-typ-range\",\n            \"name\": \"Eth1-06\",\n            \"rn\": \"shports-Eth1-06-typ-range\"\n        },\n        \"children\": [\n            {\n                \"infraPortBlk\": {\n                    \"attributes\": {\n                        \"dn\": \"uni/infra/spaccportprof-spine101/shports-Eth1-06-typ-range/portblk-block2\",\n                        \"fromCard\": \"1\",\n                        \"fromPort\": \"6\",\n                        \"toCard\": \"1\",\n                        \"toPort\": \"6\",\n                        \"name\": \"block2\",\n                        \"rn\": \"portblk-block2\"\n                    }\n                }\n            }\n        ]\n    }\n}\n"
          },
          "private": "eyJzY2hlbWFfdmVyc2lvbiI6IjEifQ==",
          "dependencies": [
            "aci_spine_interface_profile.spine101"
          ]
        },
        {
          "index_key": "07",
          "schema_version": 1,
          "attributes": {
            "class_name": "infraSHPortS",
            "content": null,
            "dn": null,
            "id": "uni/infra/spaccportprof-spine101/shports-Eth1-07-typ-range",
            "path": "/api/node/mo/uni/infra/spaccportprof-spine101/shports-Eth1-07-typ-range.json",
            "payload": "{\n    \"infraSHPortS\": {\n        \"attributes\": {\n            \"dn\": \"uni/infra/spaccportprof-spine101/shports-Eth1-07-typ-range\",\n            \"name\": \"Eth1-07\",\n            \"rn\": \"shports-Eth1-07-typ-range\"\n        },\n        \"children\": [\n            {\n                \"infraPortBlk\": {\n                    \"attributes\": {\n                        \"dn\": \"uni/infra/spaccportprof-spine101/shports-Eth1-07-typ-range/portblk-block2\",\n                        \"fromCard\": \"1\",\n                        \"fromPort\": \"7\",\n                        \"toCard\": \"1\",\n                        \"toPort\": \"7\",\n                        \"name\": \"block2\",\n                        \"rn\": \"portblk-block2\"\n                    }\n                }\n            }\n        ]\n    }\n}\n"
          },
          "private": "eyJzY2hlbWFfdmVyc2lvbiI6IjEifQ==",
          "dependencies": [
            "aci_spine_interface_profile.spine101"
          ]
        },
        {
          "index_key": "08",
          "schema_version": 1,
          "attributes": {
            "class_name": "infraSHPortS",
            "content": null,
            "dn": null,
            "id": "uni/infra/spaccportprof-spine101/shports-Eth1-08-typ-range",
            "path": "/api/node/mo/uni/infra/spaccportprof-spine101/shports-Eth1-08-typ-range.json",
            "payload": "{\n    \"infraSHPortS\": {\n        \"attributes\": {\n            \"dn\": \"uni/infra/spaccportprof-spine101/shports-Eth1-08-typ-range\",\n            \"name\": \"Eth1-08\",\n            \"rn\": \"shports-Eth1-08-typ-range\"\n        },\n        \"children\": [\n            {\n                \"infraPortBlk\": {\n                    \"attributes\": {\n                        \"dn\": \"uni/infra/spaccportprof-spine101/shports-Eth1-08-typ-range/portblk-block2\",\n                        \"fromCard\": \"1\",\n                        \"fromPort\": \"8\",\n                        \"toCard\": \"1\",\n                        \"toPort\": \"8\",\n                        \"name\": \"block2\",\n                        \"rn\": \"portblk-block2\"\n                    }\n                }\n            }\n        ]\n    }\n}\n"
          },
          "private": "eyJzY2hlbWFfdmVyc2lvbiI6IjEifQ==",
          "dependencies": [
            "aci_spine_interface_profile.spine101"
          ]
        },
        {
          "index_key": "09",
          "schema_version": 1,
          "attributes": {
            "class_name": "infraSHPortS",
            "content": null,
            "dn": null,
            "id": "uni/infra/spaccportprof-spine101/shports-Eth1-09-typ-range",
            "path": "/api/node/mo/uni/infra/spaccportprof-spine101/shports-Eth1-09-typ-range.json",
            "payload": "{\n    \"infraSHPortS\": {\n        \"attributes\": {\n            \"dn\": \"uni/infra/spaccportprof-spine101/shports-Eth1-09-typ-range\",\n            \"name\": \"Eth1-09\",\n            \"rn\": \"shports-Eth1-09-typ-range\"\n        },\n        \"children\": [\n            {\n                \"infraPortBlk\": {\n                    \"attributes\": {\n                        \"dn\": \"uni/infra/spaccportprof-spine101/shports-Eth1-09-typ-range/portblk-block2\",\n                        \"fromCard\": \"1\",\n                        \"fromPort\": \"9\",\n                        \"toCard\": \"1\",\n                        \"toPort\": \"9\",\n                        \"name\": \"block2\",\n                        \"rn\": \"portblk-block2\"\n                    }\n                }\n            }\n        ]\n    }\n}\n"
          },
          "private": "eyJzY2hlbWFfdmVyc2lvbiI6IjEifQ==",
          "dependencies": [
            "aci_spine_interface_profile.spine101"
          ]
        },
        {
          "index_key": "10",
          "schema_version": 1,
          "attributes": {
            "class_name": "infraSHPortS",
            "content": null,
            "dn": null,
            "id": "uni/infra/spaccportprof-spine101/shports-Eth1-10-typ-range",
            "path": "/api/node/mo/uni/infra/spaccportprof-spine101/shports-Eth1-10-typ-range.json",
            "payload": "{\n    \"infraSHPortS\": {\n        \"attributes\": {\n            \"dn\": \"uni/infra/spaccportprof-spine101/shports-Eth1-10-typ-range\",\n            \"name\": \"Eth1-10\",\n            \"rn\": \"shports-Eth1-10-typ-range\"\n        },\n        \"children\": [\n            {\n                \"infraPortBlk\": {\n                    \"attributes\": {\n                        \"dn\": \"uni/infra/spaccportprof-spine101/shports-Eth1-10-typ-range/portblk-block2\",\n                        \"fromCard\": \"1\",\n                        \"fromPort\": \"10\",\n                        \"toCard\": \"1\",\n                        \"toPort\": \"10\",\n                        \"name\": \"block2\",\n                        \"rn\": \"portblk-block2\"\n                    }\n                }\n            }\n        ]\n    }\n}\n"
          },
          "private": "eyJzY2hlbWFfdmVyc2lvbiI6IjEifQ==",
          "dependencies": [
            "aci_spine_interface_profile.spine101"
          ]
        },
        {
          "index_key": "11",
          "schema_version": 1,
          "attributes": {
            "class_name": "infraSHPortS",
            "content": null,
            "dn": null,
            "id": "uni/infra/spaccportprof-spine101/shports-Eth1-11-typ-range",
            "path": "/api/node/mo/uni/infra/spaccportprof-spine101/shports-Eth1-11-typ-range.json",
            "payload": "{\n    \"infraSHPortS\": {\n        \"attributes\": {\n            \"dn\": \"uni/infra/spaccportprof-spine101/shports-Eth1-11-typ-range\",\n            \"name\": \"Eth1-11\",\n            \"rn\": \"shports-Eth1-11-typ-range\"\n        },\n        \"children\": [\n            {\n                \"infraPortBlk\": {\n                    \"attributes\": {\n                        \"dn\": \"uni/infra/spaccportprof-spine101/shports-Eth1-11-typ-range/portblk-block2\",\n                        \"fromCard\": \"1\",\n                        \"fromPort\": \"11\",\n                        \"toCard\": \"1\",\n                        \"toPort\": \"11\",\n                        \"name\": \"block2\",\n                        \"rn\": \"portblk-block2\"\n                    }\n                }\n            }\n        ]\n    }\n}\n"
          },
          "private": "eyJzY2hlbWFfdmVyc2lvbiI6IjEifQ==",
          "dependencies": [
            "aci_spine_interface_profile.spine101"
          ]
        },
        {
          "index_key": "12",
          "schema_version": 1,
          "attributes": {
            "class_name": "infraSHPortS",
            "content": null,
            "dn": null,
            "id": "uni/infra/spaccportprof-spine101/shports-Eth1-12-typ-range",
            "path": "/api/node/mo/uni/infra/spaccportprof-spine101/shports-Eth1-12-typ-range.json",
            "payload": "{\n    \"infraSHPortS\": {\n        \"attributes\": {\n            \"dn\": \"uni/infra/spaccportprof-spine101/shports-Eth1-12-typ-range\",\n            \"name\": \"Eth1-12\",\n            \"rn\": \"shports-Eth1-12-typ-range\"\n        },\n        \"children\": [\n            {\n                \"infraPortBlk\": {\n                    \"attributes\": {\n                        \"dn\": \"uni/infra/spaccportprof-spine101/shports-Eth1-12-typ-range/portblk-block2\",\n                        \"fromCard\": \"1\",\n                        \"fromPort\": \"12\",\n                        \"toCard\": \"1\",\n                        \"toPort\": \"12\",\n                        \"name\": \"block2\",\n                        \"rn\": \"portblk-block2\"\n                    }\n                }\n            }\n        ]\n    }\n}\n"
          },
          "private": "eyJzY2hlbWFfdmVyc2lvbiI6IjEifQ==",
          "dependencies": [
            "aci_spine_interface_profile.spine101"
          ]
        },
        {
          "index_key": "13",
          "schema_version": 1,
          "attributes": {
            "class_name": "infraSHPortS",
            "content": null,
            "dn": null,
            "id": "uni/infra/spaccportprof-spine101/shports-Eth1-13-typ-range",
            "path": "/api/node/mo/uni/infra/spaccportprof-spine101/shports-Eth1-13-typ-range.json",
            "payload": "{\n    \"infraSHPortS\": {\n        \"attributes\": {\n            \"dn\": \"uni/infra/spaccportprof-spine101/shports-Eth1-13-typ-range\",\n            \"name\": \"Eth1-13\",\n            \"rn\": \"shports-Eth1-13-typ-range\"\n        },\n        \"children\": [\n            {\n                \"infraPortBlk\": {\n                    \"attributes\": {\n                        \"dn\": \"uni/infra/spaccportprof-spine101/shports-Eth1-13-typ-range/portblk-block2\",\n                        \"fromCard\": \"1\",\n                        \"fromPort\": \"13\",\n                        \"toCard\": \"1\",\n                        \"toPort\": \"13\",\n                        \"name\": \"block2\",\n                        \"rn\": \"portblk-block2\"\n                    }\n                }\n            }\n        ]\n    }\n}\n"
          },
          "private": "eyJzY2hlbWFfdmVyc2lvbiI6IjEifQ==",
          "dependencies": [
            "aci_spine_interface_profile.spine101"
          ]
        },
        {
          "index_key": "14",
          "schema_version": 1,
          "attributes": {
            "class_name": "infraSHPortS",
            "content": null,
            "dn": null,
            "id": "uni/infra/spaccportprof-spine101/shports-Eth1-14-typ-range",
            "path": "/api/node/mo/uni/infra/spaccportprof-spine101/shports-Eth1-14-typ-range.json",
            "payload": "{\n    \"infraSHPortS\": {\n        \"attributes\": {\n            \"dn\": \"uni/infra/spaccportprof-spine101/shports-Eth1-14-typ-range\",\n            \"name\": \"Eth1-14\",\n            \"rn\": \"shports-Eth1-14-typ-range\"\n        },\n        \"children\": [\n            {\n                \"infraPortBlk\": {\n                    \"attributes\": {\n                        \"dn\": \"uni/infra/spaccportprof-spine101/shports-Eth1-14-typ-range/portblk-block2\",\n                        \"fromCard\": \"1\",\n                        \"fromPort\": \"14\",\n                        \"toCard\": \"1\",\n                        \"toPort\": \"14\",\n                        \"name\": \"block2\",\n                        \"rn\": \"portblk-block2\"\n                    }\n                }\n            }\n        ]\n    }\n}\n"
          },
          "private": "eyJzY2hlbWFfdmVyc2lvbiI6IjEifQ==",
          "dependencies": [
            "aci_spine_interface_profile.spine101"
          ]
        },
        {
          "index_key": "15",
          "schema_version": 1,
          "attributes": {
            "class_name": "infraSHPortS",
            "content": null,
            "dn": null,
            "id": "uni/infra/spaccportprof-spine101/shports-Eth1-15-typ-range",
            "path": "/api/node/mo/uni/infra/spaccportprof-spine101/shports-Eth1-15-typ-range.json",
            "payload": "{\n    \"infraSHPortS\": {\n        \"attributes\": {\n            \"dn\": \"uni/infra/spaccportprof-spine101/shports-Eth1-15-typ-range\",\n            \"name\": \"Eth1-15\",\n            \"rn\": \"shports-Eth1-15-typ-range\"\n        },\n        \"children\": [\n            {\n                \"infraPortBlk\": {\n                    \"attributes\": {\n                        \"dn\": \"uni/infra/spaccportprof-spine101/shports-Eth1-15-typ-range/portblk-block2\",\n                        \"fromCard\": \"1\",\n                        \"fromPort\": \"15\",\n                        \"toCard\": \"1\",\n                        \"toPort\": \"15\",\n                        \"name\": \"block2\",\n                        \"rn\": \"portblk-block2\"\n                    }\n                }\n            }\n        ]\n    }\n}\n"
          },
          "private": "eyJzY2hlbWFfdmVyc2lvbiI6IjEifQ==",
          "dependencies": [
            "aci_spine_interface_profile.spine101"
          ]
        },
        {
          "index_key": "16",
          "schema_version": 1,
          "attributes": {
            "class_name": "infraSHPortS",
            "content": null,
            "dn": null,
            "id": "uni/infra/spaccportprof-spine101/shports-Eth1-16-typ-range",
            "path": "/api/node/mo/uni/infra/spaccportprof-spine101/shports-Eth1-16-typ-range.json",
            "payload": "{\n    \"infraSHPortS\": {\n        \"attributes\": {\n            \"dn\": \"uni/infra/spaccportprof-spine101/shports-Eth1-16-typ-range\",\n            \"name\": \"Eth1-16\",\n            \"rn\": \"shports-Eth1-16-typ-range\"\n        },\n        \"children\": [\n            {\n                \"infraPortBlk\": {\n                    \"attributes\": {\n                        \"dn\": \"uni/infra/spaccportprof-spine101/shports-Eth1-16-typ-range/portblk-block2\",\n                        \"fromCard\": \"1\",\n                        \"fromPort\": \"16\",\n                        \"toCard\": \"1\",\n                        \"toPort\": \"16\",\n                        \"name\": \"block2\",\n                        \"rn\": \"portblk-block2\"\n                    }\n                }\n            }\n        ]\n    }\n}\n"
          },
          "private": "eyJzY2hlbWFfdmVyc2lvbiI6IjEifQ==",
          "dependencies": [
            "aci_spine_interface_profile.spine101"
          ]
        },
        {
          "index_key": "17",
          "schema_version": 1,
          "attributes": {
            "class_name": "infraSHPortS",
            "content": null,
            "dn": null,
            "id": "uni/infra/spaccportprof-spine101/shports-Eth1-17-typ-range",
            "path": "/api/node/mo/uni/infra/spaccportprof-spine101/shports-Eth1-17-typ-range.json",
            "payload": "{\n    \"infraSHPortS\": {\n        \"attributes\": {\n            \"dn\": \"uni/infra/spaccportprof-spine101/shports-Eth1-17-typ-range\",\n            \"name\": \"Eth1-17\",\n            \"rn\": \"shports-Eth1-17-typ-range\"\n        },\n        \"children\": [\n            {\n                \"infraPortBlk\": {\n                    \"attributes\": {\n                        \"dn\": \"uni/infra/spaccportprof-spine101/shports-Eth1-17-typ-range/portblk-block2\",\n                        \"fromCard\": \"1\",\n                        \"fromPort\": \"17\",\n                        \"toCard\": \"1\",\n                        \"toPort\": \"17\",\n                        \"name\": \"block2\",\n                        \"rn\": \"portblk-block2\"\n                    }\n                }\n            }\n        ]\n    }\n}\n"
          },
          "private": "eyJzY2hlbWFfdmVyc2lvbiI6IjEifQ==",
          "dependencies": [
            "aci_spine_interface_profile.spine101"
          ]
        },
        {
          "index_key": "18",
          "schema_version": 1,
          "attributes": {
            "class_name": "infraSHPortS",
            "content": null,
            "dn": null,
            "id": "uni/infra/spaccportprof-spine101/shports-Eth1-18-typ-range",
            "path": "/api/node/mo/uni/infra/spaccportprof-spine101/shports-Eth1-18-typ-range.json",
            "payload": "{\n    \"infraSHPortS\": {\n        \"attributes\": {\n            \"dn\": \"uni/infra/spaccportprof-spine101/shports-Eth1-18-typ-range\",\n            \"name\": \"Eth1-18\",\n            \"rn\": \"shports-Eth1-18-typ-range\"\n        },\n        \"children\": [\n            {\n                \"infraPortBlk\": {\n                    \"attributes\": {\n                        \"dn\": \"uni/infra/spaccportprof-spine101/shports-Eth1-18-typ-range/portblk-block2\",\n                        \"fromCard\": \"1\",\n                        \"fromPort\": \"18\",\n                        \"toCard\": \"1\",\n                        \"toPort\": \"18\",\n                        \"name\": \"block2\",\n                        \"rn\": \"portblk-block2\"\n                    }\n                }\n            }\n        ]\n    }\n}\n"
          },
          "private": "eyJzY2hlbWFfdmVyc2lvbiI6IjEifQ==",
          "dependencies": [
            "aci_spine_interface_profile.spine101"
          ]
        },
        {
          "index_key": "19",
          "schema_version": 1,
          "attributes": {
            "class_name": "infraSHPortS",
            "content": null,
            "dn": null,
            "id": "uni/infra/spaccportprof-spine101/shports-Eth1-19-typ-range",
            "path": "/api/node/mo/uni/infra/spaccportprof-spine101/shports-Eth1-19-typ-range.json",
            "payload": "{\n    \"infraSHPortS\": {\n        \"attributes\": {\n            \"dn\": \"uni/infra/spaccportprof-spine101/shports-Eth1-19-typ-range\",\n            \"name\": \"Eth1-19\",\n            \"rn\": \"shports-Eth1-19-typ-range\"\n        },\n        \"children\": [\n            {\n                \"infraPortBlk\": {\n                    \"attributes\": {\n                        \"dn\": \"uni/infra/spaccportprof-spine101/shports-Eth1-19-typ-range/portblk-block2\",\n                        \"fromCard\": \"1\",\n                        \"fromPort\": \"19\",\n                        \"toCard\": \"1\",\n                        \"toPort\": \"19\",\n                        \"name\": \"block2\",\n                        \"rn\": \"portblk-block2\"\n                    }\n                }\n            }\n        ]\n    }\n}\n"
          },
          "private": "eyJzY2hlbWFfdmVyc2lvbiI6IjEifQ==",
          "dependencies": [
            "aci_spine_interface_profile.spine101"
          ]
        },
        {
          "index_key": "20",
          "schema_version": 1,
          "attributes": {
            "class_name": "infraSHPortS",
            "content": null,
            "dn": null,
            "id": "uni/infra/spaccportprof-spine101/shports-Eth1-20-typ-range",
            "path": "/api/node/mo/uni/infra/spaccportprof-spine101/shports-Eth1-20-typ-range.json",
            "payload": "{\n    \"infraSHPortS\": {\n        \"attributes\": {\n            \"dn\": \"uni/infra/spaccportprof-spine101/shports-Eth1-20-typ-range\",\n            \"name\": \"Eth1-20\",\n            \"rn\": \"shports-Eth1-20-typ-range\"\n        },\n        \"children\": [\n            {\n                \"infraPortBlk\": {\n                    \"attributes\": {\n                        \"dn\": \"uni/infra/spaccportprof-spine101/shports-Eth1-20-typ-range/portblk-block2\",\n                        \"fromCard\": \"1\",\n                        \"fromPort\": \"20\",\n                        \"toCard\": \"1\",\n                        \"toPort\": \"20\",\n                        \"name\": \"block2\",\n                        \"rn\": \"portblk-block2\"\n                    }\n                }\n            }\n        ]\n    }\n}\n"
          },
          "private": "eyJzY2hlbWFfdmVyc2lvbiI6IjEifQ==",
          "dependencies": [
            "aci_spine_interface_profile.spine101"
          ]
        },
        {
          "index_key": "21",
          "schema_version": 1,
          "attributes": {
            "class_name": "infraSHPortS",
            "content": null,
            "dn": null,
            "id": "uni/infra/spaccportprof-spine101/shports-Eth1-21-typ-range",
            "path": "/api/node/mo/uni/infra/spaccportprof-spine101/shports-Eth1-21-typ-range.json",
            "payload": "{\n    \"infraSHPortS\": {\n        \"attributes\": {\n            \"dn\": \"uni/infra/spaccportprof-spine101/shports-Eth1-21-typ-range\",\n            \"name\": \"Eth1-21\",\n            \"rn\": \"shports-Eth1-21-typ-range\"\n        },\n        \"children\": [\n            {\n                \"infraPortBlk\": {\n                    \"attributes\": {\n                        \"dn\": \"uni/infra/spaccportprof-spine101/shports-Eth1-21-typ-range/portblk-block2\",\n                        \"fromCard\": \"1\",\n                        \"fromPort\": \"21\",\n                        \"toCard\": \"1\",\n                        \"toPort\": \"21\",\n                        \"name\": \"block2\",\n                        \"rn\": \"portblk-block2\"\n                    }\n                }\n            }\n        ]\n    }\n}\n"
          },
          "private": "eyJzY2hlbWFfdmVyc2lvbiI6IjEifQ==",
          "dependencies": [
            "aci_spine_interface_profile.spine101"
          ]
        },
        {
          "index_key": "22",
          "schema_version": 1,
          "attributes": {
            "class_name": "infraSHPortS",
            "content": null,
            "dn": null,
            "id": "uni/infra/spaccportprof-spine101/shports-Eth1-22-typ-range",
            "path": "/api/node/mo/uni/infra/spaccportprof-spine101/shports-Eth1-22-typ-range.json",
            "payload": "{\n    \"infraSHPortS\": {\n        \"attributes\": {\n            \"dn\": \"uni/infra/spaccportprof-spine101/shports-Eth1-22-typ-range\",\n            \"name\": \"Eth1-22\",\n            \"rn\": \"shports-Eth1-22-typ-range\"\n        },\n        \"children\": [\n            {\n                \"infraPortBlk\": {\n                    \"attributes\": {\n                        \"dn\": \"uni/infra/spaccportprof-spine101/shports-Eth1-22-typ-range/portblk-block2\",\n                        \"fromCard\": \"1\",\n                        \"fromPort\": \"22\",\n                        \"toCard\": \"1\",\n                        \"toPort\": \"22\",\n                        \"name\": \"block2\",\n                        \"rn\": \"portblk-block2\"\n                    }\n                }\n            }\n        ]\n    }\n}\n"
          },
          "private": "eyJzY2hlbWFfdmVyc2lvbiI6IjEifQ==",
          "dependencies": [
            "aci_spine_interface_profile.spine101"
          ]
        },
        {
          "index_key": "23",
          "schema_version": 1,
          "attributes": {
            "class_name": "infraSHPortS",
            "content": null,
            "dn": null,
            "id": "uni/infra/spaccportprof-spine101/shports-Eth1-23-typ-range",
            "path": "/api/node/mo/uni/infra/spaccportprof-spine101/shports-Eth1-23-typ-range.json",
            "payload": "{\n    \"infraSHPortS\": {\n        \"attributes\": {\n            \"dn\": \"uni/infra/spaccportprof-spine101/shports-Eth1-23-typ-range\",\n            \"name\": \"Eth1-23\",\n            \"rn\": \"shports-Eth1-23-typ-range\"\n        },\n        \"children\": [\n            {\n                \"infraPortBlk\": {\n                    \"attributes\": {\n                        \"dn\": \"uni/infra/spaccportprof-spine101/shports-Eth1-23-typ-range/portblk-block2\",\n                        \"fromCard\": \"1\",\n                        \"fromPort\": \"23\",\n                        \"toCard\": \"1\",\n                        \"toPort\": \"23\",\n                        \"name\": \"block2\",\n                        \"rn\": \"portblk-block2\"\n                    }\n                }\n            }\n        ]\n    }\n}\n"
          },
          "private": "eyJzY2hlbWFfdmVyc2lvbiI6IjEifQ==",
          "dependencies": [
            "aci_spine_interface_profile.spine101"
          ]
        },
        {
          "index_key": "24",
          "schema_version": 1,
          "attributes": {
            "class_name": "infraSHPortS",
            "content": null,
            "dn": null,
            "id": "uni/infra/spaccportprof-spine101/shports-Eth1-24-typ-range",
            "path": "/api/node/mo/uni/infra/spaccportprof-spine101/shports-Eth1-24-typ-range.json",
            "payload": "{\n    \"infraSHPortS\": {\n        \"attributes\": {\n            \"dn\": \"uni/infra/spaccportprof-spine101/shports-Eth1-24-typ-range\",\n            \"name\": \"Eth1-24\",\n            \"rn\": \"shports-Eth1-24-typ-range\"\n        },\n        \"children\": [\n            {\n                \"infraPortBlk\": {\n                    \"attributes\": {\n                        \"dn\": \"uni/infra/spaccportprof-spine101/shports-Eth1-24-typ-range/portblk-block2\",\n                        \"fromCard\": \"1\",\n                        \"fromPort\": \"24\",\n                        \"toCard\": \"1\",\n                        \"toPort\": \"24\",\n                        \"name\": \"block2\",\n                        \"rn\": \"portblk-block2\"\n                    }\n                }\n            }\n        ]\n    }\n}\n"
          },
          "private": "eyJzY2hlbWFfdmVyc2lvbiI6IjEifQ==",
          "dependencies": [
            "aci_spine_interface_profile.spine101"
          ]
        },
        {
          "index_key": "25",
          "schema_version": 1,
          "attributes": {
            "class_name": "infraSHPortS",
            "content": null,
            "dn": null,
            "id": "uni/infra/spaccportprof-spine101/shports-Eth1-25-typ-range",
            "path": "/api/node/mo/uni/infra/spaccportprof-spine101/shports-Eth1-25-typ-range.json",
            "payload": "{\n    \"infraSHPortS\": {\n        \"attributes\": {\n            \"dn\": \"uni/infra/spaccportprof-spine101/shports-Eth1-25-typ-range\",\n            \"name\": \"Eth1-25\",\n            \"rn\": \"shports-Eth1-25-typ-range\"\n        },\n        \"children\": [\n            {\n                \"infraPortBlk\": {\n                    \"attributes\": {\n                        \"dn\": \"uni/infra/spaccportprof-spine101/shports-Eth1-25-typ-range/portblk-block2\",\n                        \"fromCard\": \"1\",\n                        \"fromPort\": \"25\",\n                        \"toCard\": \"1\",\n                        \"toPort\": \"25\",\n                        \"name\": \"block2\",\n                        \"rn\": \"portblk-block2\"\n                    }\n                }\n            }\n        ]\n    }\n}\n"
          },
          "private": "eyJzY2hlbWFfdmVyc2lvbiI6IjEifQ==",
          "dependencies": [
            "aci_spine_interface_profile.spine101"
          ]
        },
        {
          "index_key": "26",
          "schema_version": 1,
          "attributes": {
            "class_name": "infraSHPortS",
            "content": null,
            "dn": null,
            "id": "uni/infra/spaccportprof-spine101/shports-Eth1-26-typ-range",
            "path": "/api/node/mo/uni/infra/spaccportprof-spine101/shports-Eth1-26-typ-range.json",
            "payload": "{\n    \"infraSHPortS\": {\n        \"attributes\": {\n            \"dn\": \"uni/infra/spaccportprof-spine101/shports-Eth1-26-typ-range\",\n            \"name\": \"Eth1-26\",\n            \"rn\": \"shports-Eth1-26-typ-range\"\n        },\n        \"children\": [\n            {\n                \"infraPortBlk\": {\n                    \"attributes\": {\n                        \"dn\": \"uni/infra/spaccportprof-spine101/shports-Eth1-26-typ-range/portblk-block2\",\n                        \"fromCard\": \"1\",\n                        \"fromPort\": \"26\",\n                        \"toCard\": \"1\",\n                        \"toPort\": \"26\",\n                        \"name\": \"block2\",\n                        \"rn\": \"portblk-block2\"\n                    }\n                }\n            }\n        ]\n    }\n}\n"
          },
          "private": "eyJzY2hlbWFfdmVyc2lvbiI6IjEifQ==",
          "dependencies": [
            "aci_spine_interface_profile.spine101"
          ]
        },
        {
          "index_key": "27",
          "schema_version": 1,
          "attributes": {
            "class_name": "infraSHPortS",
            "content": null,
            "dn": null,
            "id": "uni/infra/spaccportprof-spine101/shports-Eth1-27-typ-range",
            "path": "/api/node/mo/uni/infra/spaccportprof-spine101/shports-Eth1-27-typ-range.json",
            "payload": "{\n    \"infraSHPortS\": {\n        \"attributes\": {\n            \"dn\": \"uni/infra/spaccportprof-spine101/shports-Eth1-27-typ-range\",\n            \"name\": \"Eth1-27\",\n            \"rn\": \"shports-Eth1-27-typ-range\"\n        },\n        \"children\": [\n            {\n                \"infraPortBlk\": {\n                    \"attributes\": {\n                        \"dn\": \"uni/infra/spaccportprof-spine101/shports-Eth1-27-typ-range/portblk-block2\",\n                        \"fromCard\": \"1\",\n                        \"fromPort\": \"27\",\n                        \"toCard\": \"1\",\n                        \"toPort\": \"27\",\n                        \"name\": \"block2\",\n                        \"rn\": \"portblk-block2\"\n                    }\n                }\n            }\n        ]\n    }\n}\n"
          },
          "private": "eyJzY2hlbWFfdmVyc2lvbiI6IjEifQ==",
          "dependencies": [
            "aci_spine_interface_profile.spine101"
          ]
        },
        {
          "index_key": "28",
          "schema_version": 1,
          "attributes": {
            "class_name": "infraSHPortS",
            "content": null,
            "dn": null,
            "id": "uni/infra/spaccportprof-spine101/shports-Eth1-28-typ-range",
            "path": "/api/node/mo/uni/infra/spaccportprof-spine101/shports-Eth1-28-typ-range.json",
            "payload": "{\n    \"infraSHPortS\": {\n        \"attributes\": {\n            \"dn\": \"uni/infra/spaccportprof-spine101/shports-Eth1-28-typ-range\",\n            \"name\": \"Eth1-28\",\n            \"rn\": \"shports-Eth1-28-typ-range\"\n        },\n        \"children\": [\n            {\n                \"infraPortBlk\": {\n                    \"attributes\": {\n                        \"dn\": \"uni/infra/spaccportprof-spine101/shports-Eth1-28-typ-range/portblk-block2\",\n                        \"fromCard\": \"1\",\n                        \"fromPort\": \"28\",\n                        \"toCard\": \"1\",\n                        \"toPort\": \"28\",\n                        \"name\": \"block2\",\n                        \"rn\": \"portblk-block2\"\n                    }\n                }\n            }\n        ]\n    }\n}\n"
          },
          "private": "eyJzY2hlbWFfdmVyc2lvbiI6IjEifQ==",
          "dependencies": [
            "aci_spine_interface_profile.spine101"
          ]
        },
        {
          "index_key": "29",
          "schema_version": 1,
          "attributes": {
            "class_name": "infraSHPortS",
            "content": null,
            "dn": null,
            "id": "uni/infra/spaccportprof-spine101/shports-Eth1-29-typ-range",
            "path": "/api/node/mo/uni/infra/spaccportprof-spine101/shports-Eth1-29-typ-range.json",
            "payload": "{\n    \"infraSHPortS\": {\n        \"attributes\": {\n            \"dn\": \"uni/infra/spaccportprof-spine101/shports-Eth1-29-typ-range\",\n            \"name\": \"Eth1-29\",\n            \"rn\": \"shports-Eth1-29-typ-range\"\n        },\n        \"children\": [\n            {\n                \"infraPortBlk\": {\n                    \"attributes\": {\n                        \"dn\": \"uni/infra/spaccportprof-spine101/shports-Eth1-29-typ-range/portblk-block2\",\n                        \"fromCard\": \"1\",\n                        \"fromPort\": \"29\",\n                        \"toCard\": \"1\",\n                        \"toPort\": \"29\",\n                        \"name\": \"block2\",\n                        \"rn\": \"portblk-block2\"\n                    }\n                }\n            }\n        ]\n    }\n}\n"
          },
          "private": "eyJzY2hlbWFfdmVyc2lvbiI6IjEifQ==",
          "dependencies": [
            "aci_spine_interface_profile.spine101"
          ]
        },
        {
          "index_key": "30",
          "schema_version": 1,
          "attributes": {
            "class_name": "infraSHPortS",
            "content": null,
            "dn": null,
            "id": "uni/infra/spaccportprof-spine101/shports-Eth1-30-typ-range",
            "path": "/api/node/mo/uni/infra/spaccportprof-spine101/shports-Eth1-30-typ-range.json",
            "payload": "{\n    \"infraSHPortS\": {\n        \"attributes\": {\n            \"dn\": \"uni/infra/spaccportprof-spine101/shports-Eth1-30-typ-range\",\n            \"name\": \"Eth1-30\",\n            \"rn\": \"shports-Eth1-30-typ-range\"\n        },\n        \"children\": [\n            {\n                \"infraPortBlk\": {\n                    \"attributes\": {\n                        \"dn\": \"uni/infra/spaccportprof-spine101/shports-Eth1-30-typ-range/portblk-block2\",\n                        \"fromCard\": \"1\",\n                        \"fromPort\": \"30\",\n                        \"toCard\": \"1\",\n                        \"toPort\": \"30\",\n                        \"name\": \"block2\",\n                        \"rn\": \"portblk-block2\"\n                    }\n                }\n            }\n        ]\n    }\n}\n"
          },
          "private": "eyJzY2hlbWFfdmVyc2lvbiI6IjEifQ==",
          "dependencies": [
            "aci_spine_interface_profile.spine101"
          ]
        },
        {
          "index_key": "31",
          "schema_version": 1,
          "attributes": {
            "class_name": "infraSHPortS",
            "content": null,
            "dn": null,
            "id": "uni/infra/spaccportprof-spine101/shports-Eth1-31-typ-range",
            "path": "/api/node/mo/uni/infra/spaccportprof-spine101/shports-Eth1-31-typ-range.json",
            "payload": "{\n    \"infraSHPortS\": {\n        \"attributes\": {\n            \"dn\": \"uni/infra/spaccportprof-spine101/shports-Eth1-31-typ-range\",\n            \"name\": \"Eth1-31\",\n            \"rn\": \"shports-Eth1-31-typ-range\"\n        },\n        \"children\": [\n            {\n                \"infraPortBlk\": {\n                    \"attributes\": {\n                        \"dn\": \"uni/infra/spaccportprof-spine101/shports-Eth1-31-typ-range/portblk-block2\",\n                        \"fromCard\": \"1\",\n                        \"fromPort\": \"31\",\n                        \"toCard\": \"1\",\n                        \"toPort\": \"31\",\n                        \"name\": \"block2\",\n                        \"rn\": \"portblk-block2\"\n                    }\n                }\n            }\n        ]\n    }\n}\n"
          },
          "private": "eyJzY2hlbWFfdmVyc2lvbiI6IjEifQ==",
          "dependencies": [
            "aci_spine_interface_profile.spine101"
          ]
        },
        {
          "index_key": "32",
          "schema_version": 1,
          "attributes": {
            "class_name": "infraSHPortS",
            "content": null,
            "dn": null,
            "id": "uni/infra/spaccportprof-spine101/shports-Eth1-32-typ-range",
            "path": "/api/node/mo/uni/infra/spaccportprof-spine101/shports-Eth1-32-typ-range.json",
            "payload": "{\n    \"infraSHPortS\": {\n        \"attributes\": {\n            \"dn\": \"uni/infra/spaccportprof-spine101/shports-Eth1-32-typ-range\",\n            \"name\": \"Eth1-32\",\n            \"rn\": \"shports-Eth1-32-typ-range\"\n        },\n        \"children\": [\n            {\n                \"infraPortBlk\": {\n                    \"attributes\": {\n                        \"dn\": \"uni/infra/spaccportprof-spine101/shports-Eth1-32-typ-range/portblk-block2\",\n                        \"fromCard\": \"1\",\n                        \"fromPort\": \"32\",\n                        \"toCard\": \"1\",\n                        \"toPort\": \"32\",\n                        \"name\": \"block2\",\n                        \"rn\": \"portblk-block2\"\n                    }\n                }\n            }\n        ]\n    }\n}\n"
          },
          "private": "eyJzY2hlbWFfdmVyc2lvbiI6IjEifQ==",
          "dependencies": [
            "aci_spine_interface_profile.spine101"
          ]
        },
        {
          "index_key": "33",
          "schema_version": 1,
          "attributes": {
            "class_name": "infraSHPortS",
            "content": null,
            "dn": null,
            "id": "uni/infra/spaccportprof-spine101/shports-Eth1-33-typ-range",
            "path": "/api/node/mo/uni/infra/spaccportprof-spine101/shports-Eth1-33-typ-range.json",
            "payload": "{\n    \"infraSHPortS\": {\n        \"attributes\": {\n            \"dn\": \"uni/infra/spaccportprof-spine101/shports-Eth1-33-typ-range\",\n            \"name\": \"Eth1-33\",\n            \"rn\": \"shports-Eth1-33-typ-range\"\n        },\n        \"children\": [\n            {\n                \"infraPortBlk\": {\n                    \"attributes\": {\n                        \"dn\": \"uni/infra/spaccportprof-spine101/shports-Eth1-33-typ-range/portblk-block2\",\n                        \"fromCard\": \"1\",\n                        \"fromPort\": \"33\",\n                        \"toCard\": \"1\",\n                        \"toPort\": \"33\",\n                        \"name\": \"block2\",\n                        \"rn\": \"portblk-block2\"\n                    }\n                }\n            }\n        ]\n    }\n}\n"
          },
          "private": "eyJzY2hlbWFfdmVyc2lvbiI6IjEifQ==",
          "dependencies": [
            "aci_spine_interface_profile.spine101"
          ]
        },
        {
          "index_key": "34",
          "schema_version": 1,
          "attributes": {
            "class_name": "infraSHPortS",
            "content": null,
            "dn": null,
            "id": "uni/infra/spaccportprof-spine101/shports-Eth1-34-typ-range",
            "path": "/api/node/mo/uni/infra/spaccportprof-spine101/shports-Eth1-34-typ-range.json",
            "payload": "{\n    \"infraSHPortS\": {\n        \"attributes\": {\n            \"dn\": \"uni/infra/spaccportprof-spine101/shports-Eth1-34-typ-range\",\n            \"name\": \"Eth1-34\",\n            \"rn\": \"shports-Eth1-34-typ-range\"\n        },\n        \"children\": [\n            {\n                \"infraPortBlk\": {\n                    \"attributes\": {\n                        \"dn\": \"uni/infra/spaccportprof-spine101/shports-Eth1-34-typ-range/portblk-block2\",\n                        \"fromCard\": \"1\",\n                        \"fromPort\": \"34\",\n                        \"toCard\": \"1\",\n                        \"toPort\": \"34\",\n                        \"name\": \"block2\",\n                        \"rn\": \"portblk-block2\"\n                    }\n                }\n            }\n        ]\n    }\n}\n"
          },
          "private": "eyJzY2hlbWFfdmVyc2lvbiI6IjEifQ==",
          "dependencies": [
            "aci_spine_interface_profile.spine101"
          ]
        },
        {
          "index_key": "35",
          "schema_version": 1,
          "attributes": {
            "class_name": "infraSHPortS",
            "content": null,
            "dn": null,
            "id": "uni/infra/spaccportprof-spine101/shports-Eth1-35-typ-range",
            "path": "/api/node/mo/uni/infra/spaccportprof-spine101/shports-Eth1-35-typ-range.json",
            "payload": "{\n    \"infraSHPortS\": {\n        \"attributes\": {\n            \"dn\": \"uni/infra/spaccportprof-spine101/shports-Eth1-35-typ-range\",\n            \"name\": \"Eth1-35\",\n            \"rn\": \"shports-Eth1-35-typ-range\"\n        },\n        \"children\": [\n            {\n                \"infraPortBlk\": {\n                    \"attributes\": {\n                        \"dn\": \"uni/infra/spaccportprof-spine101/shports-Eth1-35-typ-range/portblk-block2\",\n                        \"fromCard\": \"1\",\n                        \"fromPort\": \"35\",\n                        \"toCard\": \"1\",\n                        \"toPort\": \"35\",\n                        \"name\": \"block2\",\n                        \"rn\": \"portblk-block2\"\n                    }\n                }\n            }\n        ]\n    }\n}\n"
          },
          "private": "eyJzY2hlbWFfdmVyc2lvbiI6IjEifQ==",
          "dependencies": [
            "aci_spine_interface_profile.spine101"
          ]
        },
        {
          "index_key": "36",
          "schema_version": 1,
          "attributes": {
            "class_name": "infraSHPortS",
            "content": null,
            "dn": null,
            "id": "uni/infra/spaccportprof-spine101/shports-Eth1-36-typ-range",
            "path": "/api/node/mo/uni/infra/spaccportprof-spine101/shports-Eth1-36-typ-range.json",
            "payload": "{\n    \"infraSHPortS\": {\n        \"attributes\": {\n            \"dn\": \"uni/infra/spaccportprof-spine101/shports-Eth1-36-typ-range\",\n            \"name\": \"Eth1-36\",\n            \"rn\": \"shports-Eth1-36-typ-range\"\n        },\n        \"children\": [\n            {\n                \"infraPortBlk\": {\n                    \"attributes\": {\n                        \"dn\": \"uni/infra/spaccportprof-spine101/shports-Eth1-36-typ-range/portblk-block2\",\n                        \"fromCard\": \"1\",\n                        \"fromPort\": \"36\",\n                        \"toCard\": \"1\",\n                        \"toPort\": \"36\",\n                        \"name\": \"block2\",\n                        \"rn\": \"portblk-block2\"\n                    }\n                }\n            }\n        ]\n    }\n}\n"
          },
          "private": "eyJzY2hlbWFfdmVyc2lvbiI6IjEifQ==",
          "dependencies": [
            "aci_spine_interface_profile.spine101"
          ]
        }
      ]
    },
    {
      "mode": "managed",
      "type": "aci_rest",
      "name": "spine101_2",
      "provider": "provider[\"registry.terraform.io/ciscodevnet/aci\"]",
      "instances": [
        {
          "index_key": "01",
          "schema_version": 1,
          "attributes": {
            "class_name": "infraSHPortS",
            "content": null,
            "dn": null,
            "id": "uni/infra/spaccportprof-spine101/shports-Eth2-01-typ-range",
            "path": "/api/node/mo/uni/infra/spaccportprof-spine101/shports-Eth2-01-typ-range.json",
            "payload": "{\n    \"infraSHPortS\": {\n        \"attributes\": {\n            \"dn\": \"uni/infra/spaccportprof-spine101/shports-Eth2-01-typ-range\",\n            \"name\": \"Eth2-01\",\n            \"rn\": \"shports-Eth2-01-typ-range\"\n        },\n        \"children\": [\n            {\n                \"infraPortBlk\": {\n                    \"attributes\": {\n                        \"dn\": \"uni/infra/spaccportprof-spine101/shports-Eth2-01-typ-range/portblk-block2\",\n                        \"fromCard\": \"2\",\n                        \"fromPort\": \"1\",\n                        \"toCard\": \"2\",\n                        \"toPort\": \"1\",\n                        \"name\": \"block2\",\n                        \"rn\": \"portblk-block2\"\n                    }\n                }\n            }\n        ]\n    }\n}\n"
          },
          "private": "eyJzY2hlbWFfdmVyc2lvbiI6IjEifQ==",
          "dependencies": [
            "aci_spine_interface_profile.spine101"
          ]
        },
        {
          "index_key": "02",
          "schema_version": 1,
          "attributes": {
            "class_name": "infraSHPortS",
            "content": null,
            "dn": null,
            "id": "uni/infra/spaccportprof-spine101/shports-Eth2-02-typ-range",
            "path": "/api/node/mo/uni/infra/spaccportprof-spine101/shports-Eth2-02-typ-range.json",
            "payload": "{\n    \"infraSHPortS\": {\n        \"attributes\": {\n            \"dn\": \"uni/infra/spaccportprof-spine101/shports-Eth2-02-typ-range\",\n            \"name\": \"Eth2-02\",\n            \"rn\": \"shports-Eth2-02-typ-range\"\n        },\n        \"children\": [\n            {\n                \"infraPortBlk\": {\n                    \"attributes\": {\n                        \"dn\": \"uni/infra/spaccportprof-spine101/shports-Eth2-02-typ-range/portblk-block2\",\n                        \"fromCard\": \"2\",\n                        \"fromPort\": \"2\",\n                        \"toCard\": \"2\",\n                        \"toPort\": \"2\",\n                        \"name\": \"block2\",\n                        \"rn\": \"portblk-block2\"\n                    }\n                }\n            }\n        ]\n    }\n}\n"
          },
          "private": "eyJzY2hlbWFfdmVyc2lvbiI6IjEifQ==",
          "dependencies": [
            "aci_spine_interface_profile.spine101"
          ]
        },
        {
          "index_key": "03",
          "schema_version": 1,
          "attributes": {
            "class_name": "infraSHPortS",
            "content": null,
            "dn": null,
            "id": "uni/infra/spaccportprof-spine101/shports-Eth2-03-typ-range",
            "path": "/api/node/mo/uni/infra/spaccportprof-spine101/shports-Eth2-03-typ-range.json",
            "payload": "{\n    \"infraSHPortS\": {\n        \"attributes\": {\n            \"dn\": \"uni/infra/spaccportprof-spine101/shports-Eth2-03-typ-range\",\n            \"name\": \"Eth2-03\",\n            \"rn\": \"shports-Eth2-03-typ-range\"\n        },\n        \"children\": [\n            {\n                \"infraPortBlk\": {\n                    \"attributes\": {\n                        \"dn\": \"uni/infra/spaccportprof-spine101/shports-Eth2-03-typ-range/portblk-block2\",\n                        \"fromCard\": \"2\",\n                        \"fromPort\": \"3\",\n                        \"toCard\": \"2\",\n                        \"toPort\": \"3\",\n                        \"name\": \"block2\",\n                        \"rn\": \"portblk-block2\"\n                    }\n                }\n            }\n        ]\n    }\n}\n"
          },
          "private": "eyJzY2hlbWFfdmVyc2lvbiI6IjEifQ==",
          "dependencies": [
            "aci_spine_interface_profile.spine101"
          ]
        },
        {
          "index_key": "04",
          "schema_version": 1,
          "attributes": {
            "class_name": "infraSHPortS",
            "content": null,
            "dn": null,
            "id": "uni/infra/spaccportprof-spine101/shports-Eth2-04-typ-range",
            "path": "/api/node/mo/uni/infra/spaccportprof-spine101/shports-Eth2-04-typ-range.json",
            "payload": "{\n    \"infraSHPortS\": {\n        \"attributes\": {\n            \"dn\": \"uni/infra/spaccportprof-spine101/shports-Eth2-04-typ-range\",\n            \"name\": \"Eth2-04\",\n            \"rn\": \"shports-Eth2-04-typ-range\"\n        },\n        \"children\": [\n            {\n                \"infraPortBlk\": {\n                    \"attributes\": {\n                        \"dn\": \"uni/infra/spaccportprof-spine101/shports-Eth2-04-typ-range/portblk-block2\",\n                        \"fromCard\": \"2\",\n                        \"fromPort\": \"4\",\n                        \"toCard\": \"2\",\n                        \"toPort\": \"4\",\n                        \"name\": \"block2\",\n                        \"rn\": \"portblk-block2\"\n                    }\n                }\n            }\n        ]\n    }\n}\n"
          },
          "private": "eyJzY2hlbWFfdmVyc2lvbiI6IjEifQ==",
          "dependencies": [
            "aci_spine_interface_profile.spine101"
          ]
        },
        {
          "index_key": "05",
          "schema_version": 1,
          "attributes": {
            "class_name": "infraSHPortS",
            "content": null,
            "dn": null,
            "id": "uni/infra/spaccportprof-spine101/shports-Eth2-05-typ-range",
            "path": "/api/node/mo/uni/infra/spaccportprof-spine101/shports-Eth2-05-typ-range.json",
            "payload": "{\n    \"infraSHPortS\": {\n        \"attributes\": {\n            \"dn\": \"uni/infra/spaccportprof-spine101/shports-Eth2-05-typ-range\",\n            \"name\": \"Eth2-05\",\n            \"rn\": \"shports-Eth2-05-typ-range\"\n        },\n        \"children\": [\n            {\n                \"infraPortBlk\": {\n                    \"attributes\": {\n                        \"dn\": \"uni/infra/spaccportprof-spine101/shports-Eth2-05-typ-range/portblk-block2\",\n                        \"fromCard\": \"2\",\n                        \"fromPort\": \"5\",\n                        \"toCard\": \"2\",\n                        \"toPort\": \"5\",\n                        \"name\": \"block2\",\n                        \"rn\": \"portblk-block2\"\n                    }\n                }\n            }\n        ]\n    }\n}\n"
          },
          "private": "eyJzY2hlbWFfdmVyc2lvbiI6IjEifQ==",
          "dependencies": [
            "aci_spine_interface_profile.spine101"
          ]
        },
        {
          "index_key": "06",
          "schema_version": 1,
          "attributes": {
            "class_name": "infraSHPortS",
            "content": null,
            "dn": null,
            "id": "uni/infra/spaccportprof-spine101/shports-Eth2-06-typ-range",
            "path": "/api/node/mo/uni/infra/spaccportprof-spine101/shports-Eth2-06-typ-range.json",
            "payload": "{\n    \"infraSHPortS\": {\n        \"attributes\": {\n            \"dn\": \"uni/infra/spaccportprof-spine101/shports-Eth2-06-typ-range\",\n            \"name\": \"Eth2-06\",\n            \"rn\": \"shports-Eth2-06-typ-range\"\n        },\n        \"children\": [\n            {\n                \"infraPortBlk\": {\n                    \"attributes\": {\n                        \"dn\": \"uni/infra/spaccportprof-spine101/shports-Eth2-06-typ-range/portblk-block2\",\n                        \"fromCard\": \"2\",\n                        \"fromPort\": \"6\",\n                        \"toCard\": \"2\",\n                        \"toPort\": \"6\",\n                        \"name\": \"block2\",\n                        \"rn\": \"portblk-block2\"\n                    }\n                }\n            }\n        ]\n    }\n}\n"
          },
          "private": "eyJzY2hlbWFfdmVyc2lvbiI6IjEifQ==",
          "dependencies": [
            "aci_spine_interface_profile.spine101"
          ]
        },
        {
          "index_key": "07",
          "schema_version": 1,
          "attributes": {
            "class_name": "infraSHPortS",
            "content": null,
            "dn": null,
            "id": "uni/infra/spaccportprof-spine101/shports-Eth2-07-typ-range",
            "path": "/api/node/mo/uni/infra/spaccportprof-spine101/shports-Eth2-07-typ-range.json",
            "payload": "{\n    \"infraSHPortS\": {\n        \"attributes\": {\n            \"dn\": \"uni/infra/spaccportprof-spine101/shports-Eth2-07-typ-range\",\n            \"name\": \"Eth2-07\",\n            \"rn\": \"shports-Eth2-07-typ-range\"\n        },\n        \"children\": [\n            {\n                \"infraPortBlk\": {\n                    \"attributes\": {\n                        \"dn\": \"uni/infra/spaccportprof-spine101/shports-Eth2-07-typ-range/portblk-block2\",\n                        \"fromCard\": \"2\",\n                        \"fromPort\": \"7\",\n                        \"toCard\": \"2\",\n                        \"toPort\": \"7\",\n                        \"name\": \"block2\",\n                        \"rn\": \"portblk-block2\"\n                    }\n                }\n            }\n        ]\n    }\n}\n"
          },
          "private": "eyJzY2hlbWFfdmVyc2lvbiI6IjEifQ==",
          "dependencies": [
            "aci_spine_interface_profile.spine101"
          ]
        },
        {
          "index_key": "08",
          "schema_version": 1,
          "attributes": {
            "class_name": "infraSHPortS",
            "content": null,
            "dn": null,
            "id": "uni/infra/spaccportprof-spine101/shports-Eth2-08-typ-range",
            "path": "/api/node/mo/uni/infra/spaccportprof-spine101/shports-Eth2-08-typ-range.json",
            "payload": "{\n    \"infraSHPortS\": {\n        \"attributes\": {\n            \"dn\": \"uni/infra/spaccportprof-spine101/shports-Eth2-08-typ-range\",\n            \"name\": \"Eth2-08\",\n            \"rn\": \"shports-Eth2-08-typ-range\"\n        },\n        \"children\": [\n            {\n                \"infraPortBlk\": {\n                    \"attributes\": {\n                        \"dn\": \"uni/infra/spaccportprof-spine101/shports-Eth2-08-typ-range/portblk-block2\",\n                        \"fromCard\": \"2\",\n                        \"fromPort\": \"8\",\n                        \"toCard\": \"2\",\n                        \"toPort\": \"8\",\n                        \"name\": \"block2\",\n                        \"rn\": \"portblk-block2\"\n                    }\n                }\n            }\n        ]\n    }\n}\n"
          },
          "private": "eyJzY2hlbWFfdmVyc2lvbiI6IjEifQ==",
          "dependencies": [
            "aci_spine_interface_profile.spine101"
          ]
        },
        {
          "index_key": "09",
          "schema_version": 1,
          "attributes": {
            "class_name": "infraSHPortS",
            "content": null,
            "dn": null,
            "id": "uni/infra/spaccportprof-spine101/shports-Eth2-09-typ-range",
            "path": "/api/node/mo/uni/infra/spaccportprof-spine101/shports-Eth2-09-typ-range.json",
            "payload": "{\n    \"infraSHPortS\": {\n        \"attributes\": {\n            \"dn\": \"uni/infra/spaccportprof-spine101/shports-Eth2-09-typ-range\",\n            \"name\": \"Eth2-09\",\n            \"rn\": \"shports-Eth2-09-typ-range\"\n        },\n        \"children\": [\n            {\n                \"infraPortBlk\": {\n                    \"attributes\": {\n                        \"dn\": \"uni/infra/spaccportprof-spine101/shports-Eth2-09-typ-range/portblk-block2\",\n                        \"fromCard\": \"2\",\n                        \"fromPort\": \"9\",\n                        \"toCard\": \"2\",\n                        \"toPort\": \"9\",\n                        \"name\": \"block2\",\n                        \"rn\": \"portblk-block2\"\n                    }\n                }\n            }\n        ]\n    }\n}\n"
          },
          "private": "eyJzY2hlbWFfdmVyc2lvbiI6IjEifQ==",
          "dependencies": [
            "aci_spine_interface_profile.spine101"
          ]
        },
        {
          "index_key": "10",
          "schema_version": 1,
          "attributes": {
            "class_name": "infraSHPortS",
            "content": null,
            "dn": null,
            "id": "uni/infra/spaccportprof-spine101/shports-Eth2-10-typ-range",
            "path": "/api/node/mo/uni/infra/spaccportprof-spine101/shports-Eth2-10-typ-range.json",
            "payload": "{\n    \"infraSHPortS\": {\n        \"attributes\": {\n            \"dn\": \"uni/infra/spaccportprof-spine101/shports-Eth2-10-typ-range\",\n            \"name\": \"Eth2-10\",\n            \"rn\": \"shports-Eth2-10-typ-range\"\n        },\n        \"children\": [\n            {\n                \"infraPortBlk\": {\n                    \"attributes\": {\n                        \"dn\": \"uni/infra/spaccportprof-spine101/shports-Eth2-10-typ-range/portblk-block2\",\n                        \"fromCard\": \"2\",\n                        \"fromPort\": \"10\",\n                        \"toCard\": \"2\",\n                        \"toPort\": \"10\",\n                        \"name\": \"block2\",\n                        \"rn\": \"portblk-block2\"\n                    }\n                }\n            }\n        ]\n    }\n}\n"
          },
          "private": "eyJzY2hlbWFfdmVyc2lvbiI6IjEifQ==",
          "dependencies": [
            "aci_spine_interface_profile.spine101"
          ]
        },
        {
          "index_key": "11",
          "schema_version": 1,
          "attributes": {
            "class_name": "infraSHPortS",
            "content": null,
            "dn": null,
            "id": "uni/infra/spaccportprof-spine101/shports-Eth2-11-typ-range",
            "path": "/api/node/mo/uni/infra/spaccportprof-spine101/shports-Eth2-11-typ-range.json",
            "payload": "{\n    \"infraSHPortS\": {\n        \"attributes\": {\n            \"dn\": \"uni/infra/spaccportprof-spine101/shports-Eth2-11-typ-range\",\n            \"name\": \"Eth2-11\",\n            \"rn\": \"shports-Eth2-11-typ-range\"\n        },\n        \"children\": [\n            {\n                \"infraPortBlk\": {\n                    \"attributes\": {\n                        \"dn\": \"uni/infra/spaccportprof-spine101/shports-Eth2-11-typ-range/portblk-block2\",\n                        \"fromCard\": \"2\",\n                        \"fromPort\": \"11\",\n                        \"toCard\": \"2\",\n                        \"toPort\": \"11\",\n                        \"name\": \"block2\",\n                        \"rn\": \"portblk-block2\"\n                    }\n                }\n            }\n        ]\n    }\n}\n"
          },
          "private": "eyJzY2hlbWFfdmVyc2lvbiI6IjEifQ==",
          "dependencies": [
            "aci_spine_interface_profile.spine101"
          ]
        },
        {
          "index_key": "12",
          "schema_version": 1,
          "attributes": {
            "class_name": "infraSHPortS",
            "content": null,
            "dn": null,
            "id": "uni/infra/spaccportprof-spine101/shports-Eth2-12-typ-range",
            "path": "/api/node/mo/uni/infra/spaccportprof-spine101/shports-Eth2-12-typ-range.json",
            "payload": "{\n    \"infraSHPortS\": {\n        \"attributes\": {\n            \"dn\": \"uni/infra/spaccportprof-spine101/shports-Eth2-12-typ-range\",\n            \"name\": \"Eth2-12\",\n            \"rn\": \"shports-Eth2-12-typ-range\"\n        },\n        \"children\": [\n            {\n                \"infraPortBlk\": {\n                    \"attributes\": {\n                        \"dn\": \"uni/infra/spaccportprof-spine101/shports-Eth2-12-typ-range/portblk-block2\",\n                        \"fromCard\": \"2\",\n                        \"fromPort\": \"12\",\n                        \"toCard\": \"2\",\n                        \"toPort\": \"12\",\n                        \"name\": \"block2\",\n                        \"rn\": \"portblk-block2\"\n                    }\n                }\n            }\n        ]\n    }\n}\n"
          },
          "private": "eyJzY2hlbWFfdmVyc2lvbiI6IjEifQ==",
          "dependencies": [
            "aci_spine_interface_profile.spine101"
          ]
        },
        {
          "index_key": "13",
          "schema_version": 1,
          "attributes": {
            "class_name": "infraSHPortS",
            "content": null,
            "dn": null,
            "id": "uni/infra/spaccportprof-spine101/shports-Eth2-13-typ-range",
            "path": "/api/node/mo/uni/infra/spaccportprof-spine101/shports-Eth2-13-typ-range.json",
            "payload": "{\n    \"infraSHPortS\": {\n        \"attributes\": {\n            \"dn\": \"uni/infra/spaccportprof-spine101/shports-Eth2-13-typ-range\",\n            \"name\": \"Eth2-13\",\n            \"rn\": \"shports-Eth2-13-typ-range\"\n        },\n        \"children\": [\n            {\n                \"infraPortBlk\": {\n                    \"attributes\": {\n                        \"dn\": \"uni/infra/spaccportprof-spine101/shports-Eth2-13-typ-range/portblk-block2\",\n                        \"fromCard\": \"2\",\n                        \"fromPort\": \"13\",\n                        \"toCard\": \"2\",\n                        \"toPort\": \"13\",\n                        \"name\": \"block2\",\n                        \"rn\": \"portblk-block2\"\n                    }\n                }\n            }\n        ]\n    }\n}\n"
          },
          "private": "eyJzY2hlbWFfdmVyc2lvbiI6IjEifQ==",
          "dependencies": [
            "aci_spine_interface_profile.spine101"
          ]
        },
        {
          "index_key": "14",
          "schema_version": 1,
          "attributes": {
            "class_name": "infraSHPortS",
            "content": null,
            "dn": null,
            "id": "uni/infra/spaccportprof-spine101/shports-Eth2-14-typ-range",
            "path": "/api/node/mo/uni/infra/spaccportprof-spine101/shports-Eth2-14-typ-range.json",
            "payload": "{\n    \"infraSHPortS\": {\n        \"attributes\": {\n            \"dn\": \"uni/infra/spaccportprof-spine101/shports-Eth2-14-typ-range\",\n            \"name\": \"Eth2-14\",\n            \"rn\": \"shports-Eth2-14-typ-range\"\n        },\n        \"children\": [\n            {\n                \"infraPortBlk\": {\n                    \"attributes\": {\n                        \"dn\": \"uni/infra/spaccportprof-spine101/shports-Eth2-14-typ-range/portblk-block2\",\n                        \"fromCard\": \"2\",\n                        \"fromPort\": \"14\",\n                        \"toCard\": \"2\",\n                        \"toPort\": \"14\",\n                        \"name\": \"block2\",\n                        \"rn\": \"portblk-block2\"\n                    }\n                }\n            }\n        ]\n    }\n}\n"
          },
          "private": "eyJzY2hlbWFfdmVyc2lvbiI6IjEifQ==",
          "dependencies": [
            "aci_spine_interface_profile.spine101"
          ]
        },
        {
          "index_key": "15",
          "schema_version": 1,
          "attributes": {
            "class_name": "infraSHPortS",
            "content": null,
            "dn": null,
            "id": "uni/infra/spaccportprof-spine101/shports-Eth2-15-typ-range",
            "path": "/api/node/mo/uni/infra/spaccportprof-spine101/shports-Eth2-15-typ-range.json",
            "payload": "{\n    \"infraSHPortS\": {\n        \"attributes\": {\n            \"dn\": \"uni/infra/spaccportprof-spine101/shports-Eth2-15-typ-range\",\n            \"name\": \"Eth2-15\",\n            \"rn\": \"shports-Eth2-15-typ-range\"\n        },\n        \"children\": [\n            {\n                \"infraPortBlk\": {\n                    \"attributes\": {\n                        \"dn\": \"uni/infra/spaccportprof-spine101/shports-Eth2-15-typ-range/portblk-block2\",\n                        \"fromCard\": \"2\",\n                        \"fromPort\": \"15\",\n                        \"toCard\": \"2\",\n                        \"toPort\": \"15\",\n                        \"name\": \"block2\",\n                        \"rn\": \"portblk-block2\"\n                    }\n                }\n            }\n        ]\n    }\n}\n"
          },
          "private": "eyJzY2hlbWFfdmVyc2lvbiI6IjEifQ==",
          "dependencies": [
            "aci_spine_interface_profile.spine101"
          ]
        },
        {
          "index_key": "16",
          "schema_version": 1,
          "attributes": {
            "class_name": "infraSHPortS",
            "content": null,
            "dn": null,
            "id": "uni/infra/spaccportprof-spine101/shports-Eth2-16-typ-range",
            "path": "/api/node/mo/uni/infra/spaccportprof-spine101/shports-Eth2-16-typ-range.json",
            "payload": "{\n    \"infraSHPortS\": {\n        \"attributes\": {\n            \"dn\": \"uni/infra/spaccportprof-spine101/shports-Eth2-16-typ-range\",\n            \"name\": \"Eth2-16\",\n            \"rn\": \"shports-Eth2-16-typ-range\"\n        },\n        \"children\": [\n            {\n                \"infraPortBlk\": {\n                    \"attributes\": {\n                        \"dn\": \"uni/infra/spaccportprof-spine101/shports-Eth2-16-typ-range/portblk-block2\",\n                        \"fromCard\": \"2\",\n                        \"fromPort\": \"16\",\n                        \"toCard\": \"2\",\n                        \"toPort\": \"16\",\n                        \"name\": \"block2\",\n                        \"rn\": \"portblk-block2\"\n                    }\n                }\n            }\n        ]\n    }\n}\n"
          },
          "private": "eyJzY2hlbWFfdmVyc2lvbiI6IjEifQ==",
          "dependencies": [
            "aci_spine_interface_profile.spine101"
          ]
        },
        {
          "index_key": "17",
          "schema_version": 1,
          "attributes": {
            "class_name": "infraSHPortS",
            "content": null,
            "dn": null,
            "id": "uni/infra/spaccportprof-spine101/shports-Eth2-17-typ-range",
            "path": "/api/node/mo/uni/infra/spaccportprof-spine101/shports-Eth2-17-typ-range.json",
            "payload": "{\n    \"infraSHPortS\": {\n        \"attributes\": {\n            \"dn\": \"uni/infra/spaccportprof-spine101/shports-Eth2-17-typ-range\",\n            \"name\": \"Eth2-17\",\n            \"rn\": \"shports-Eth2-17-typ-range\"\n        },\n        \"children\": [\n            {\n                \"infraPortBlk\": {\n                    \"attributes\": {\n                        \"dn\": \"uni/infra/spaccportprof-spine101/shports-Eth2-17-typ-range/portblk-block2\",\n                        \"fromCard\": \"2\",\n                        \"fromPort\": \"17\",\n                        \"toCard\": \"2\",\n                        \"toPort\": \"17\",\n                        \"name\": \"block2\",\n                        \"rn\": \"portblk-block2\"\n                    }\n                }\n            }\n        ]\n    }\n}\n"
          },
          "private": "eyJzY2hlbWFfdmVyc2lvbiI6IjEifQ==",
          "dependencies": [
            "aci_spine_interface_profile.spine101"
          ]
        },
        {
          "index_key": "18",
          "schema_version": 1,
          "attributes": {
            "class_name": "infraSHPortS",
            "content": null,
            "dn": null,
            "id": "uni/infra/spaccportprof-spine101/shports-Eth2-18-typ-range",
            "path": "/api/node/mo/uni/infra/spaccportprof-spine101/shports-Eth2-18-typ-range.json",
            "payload": "{\n    \"infraSHPortS\": {\n        \"attributes\": {\n            \"dn\": \"uni/infra/spaccportprof-spine101/shports-Eth2-18-typ-range\",\n            \"name\": \"Eth2-18\",\n            \"rn\": \"shports-Eth2-18-typ-range\"\n        },\n        \"children\": [\n            {\n                \"infraPortBlk\": {\n                    \"attributes\": {\n                        \"dn\": \"uni/infra/spaccportprof-spine101/shports-Eth2-18-typ-range/portblk-block2\",\n                        \"fromCard\": \"2\",\n                        \"fromPort\": \"18\",\n                        \"toCard\": \"2\",\n                        \"toPort\": \"18\",\n                        \"name\": \"block2\",\n                        \"rn\": \"portblk-block2\"\n                    }\n                }\n            }\n        ]\n    }\n}\n"
          },
          "private": "eyJzY2hlbWFfdmVyc2lvbiI6IjEifQ==",
          "dependencies": [
            "aci_spine_interface_profile.spine101"
          ]
        },
        {
          "index_key": "19",
          "schema_version": 1,
          "attributes": {
            "class_name": "infraSHPortS",
            "content": null,
            "dn": null,
            "id": "uni/infra/spaccportprof-spine101/shports-Eth2-19-typ-range",
            "path": "/api/node/mo/uni/infra/spaccportprof-spine101/shports-Eth2-19-typ-range.json",
            "payload": "{\n    \"infraSHPortS\": {\n        \"attributes\": {\n            \"dn\": \"uni/infra/spaccportprof-spine101/shports-Eth2-19-typ-range\",\n            \"name\": \"Eth2-19\",\n            \"rn\": \"shports-Eth2-19-typ-range\"\n        },\n        \"children\": [\n            {\n                \"infraPortBlk\": {\n                    \"attributes\": {\n                        \"dn\": \"uni/infra/spaccportprof-spine101/shports-Eth2-19-typ-range/portblk-block2\",\n                        \"fromCard\": \"2\",\n                        \"fromPort\": \"19\",\n                        \"toCard\": \"2\",\n                        \"toPort\": \"19\",\n                        \"name\": \"block2\",\n                        \"rn\": \"portblk-block2\"\n                    }\n                }\n            }\n        ]\n    }\n}\n"
          },
          "private": "eyJzY2hlbWFfdmVyc2lvbiI6IjEifQ==",
          "dependencies": [
            "aci_spine_interface_profile.spine101"
          ]
        },
        {
          "index_key": "20",
          "schema_version": 1,
          "attributes": {
            "class_name": "infraSHPortS",
            "content": null,
            "dn": null,
            "id": "uni/infra/spaccportprof-spine101/shports-Eth2-20-typ-range",
            "path": "/api/node/mo/uni/infra/spaccportprof-spine101/shports-Eth2-20-typ-range.json",
            "payload": "{\n    \"infraSHPortS\": {\n        \"attributes\": {\n            \"dn\": \"uni/infra/spaccportprof-spine101/shports-Eth2-20-typ-range\",\n            \"name\": \"Eth2-20\",\n            \"rn\": \"shports-Eth2-20-typ-range\"\n        },\n        \"children\": [\n            {\n                \"infraPortBlk\": {\n                    \"attributes\": {\n                        \"dn\": \"uni/infra/spaccportprof-spine101/shports-Eth2-20-typ-range/portblk-block2\",\n                        \"fromCard\": \"2\",\n                        \"fromPort\": \"20\",\n                        \"toCard\": \"2\",\n                        \"toPort\": \"20\",\n                        \"name\": \"block2\",\n                        \"rn\": \"portblk-block2\"\n                    }\n                }\n            }\n        ]\n    }\n}\n"
          },
          "private": "eyJzY2hlbWFfdmVyc2lvbiI6IjEifQ==",
          "dependencies": [
            "aci_spine_interface_profile.spine101"
          ]
        },
        {
          "index_key": "21",
          "schema_version": 1,
          "attributes": {
            "class_name": "infraSHPortS",
            "content": null,
            "dn": null,
            "id": "uni/infra/spaccportprof-spine101/shports-Eth2-21-typ-range",
            "path": "/api/node/mo/uni/infra/spaccportprof-spine101/shports-Eth2-21-typ-range.json",
            "payload": "{\n    \"infraSHPortS\": {\n        \"attributes\": {\n            \"dn\": \"uni/infra/spaccportprof-spine101/shports-Eth2-21-typ-range\",\n            \"name\": \"Eth2-21\",\n            \"rn\": \"shports-Eth2-21-typ-range\"\n        },\n        \"children\": [\n            {\n                \"infraPortBlk\": {\n                    \"attributes\": {\n                        \"dn\": \"uni/infra/spaccportprof-spine101/shports-Eth2-21-typ-range/portblk-block2\",\n                        \"fromCard\": \"2\",\n                        \"fromPort\": \"21\",\n                        \"toCard\": \"2\",\n                        \"toPort\": \"21\",\n                        \"name\": \"block2\",\n                        \"rn\": \"portblk-block2\"\n                    }\n                }\n            }\n        ]\n    }\n}\n"
          },
          "private": "eyJzY2hlbWFfdmVyc2lvbiI6IjEifQ==",
          "dependencies": [
            "aci_spine_interface_profile.spine101"
          ]
        },
        {
          "index_key": "22",
          "schema_version": 1,
          "attributes": {
            "class_name": "infraSHPortS",
            "content": null,
            "dn": null,
            "id": "uni/infra/spaccportprof-spine101/shports-Eth2-22-typ-range",
            "path": "/api/node/mo/uni/infra/spaccportprof-spine101/shports-Eth2-22-typ-range.json",
            "payload": "{\n    \"infraSHPortS\": {\n        \"attributes\": {\n            \"dn\": \"uni/infra/spaccportprof-spine101/shports-Eth2-22-typ-range\",\n            \"name\": \"Eth2-22\",\n            \"rn\": \"shports-Eth2-22-typ-range\"\n        },\n        \"children\": [\n            {\n                \"infraPortBlk\": {\n                    \"attributes\": {\n                        \"dn\": \"uni/infra/spaccportprof-spine101/shports-Eth2-22-typ-range/portblk-block2\",\n                        \"fromCard\": \"2\",\n                        \"fromPort\": \"22\",\n                        \"toCard\": \"2\",\n                        \"toPort\": \"22\",\n                        \"name\": \"block2\",\n                        \"rn\": \"portblk-block2\"\n                    }\n                }\n            }\n        ]\n    }\n}\n"
          },
          "private": "eyJzY2hlbWFfdmVyc2lvbiI6IjEifQ==",
          "dependencies": [
            "aci_spine_interface_profile.spine101"
          ]
        },
        {
          "index_key": "23",
          "schema_version": 1,
          "attributes": {
            "class_name": "infraSHPortS",
            "content": null,
            "dn": null,
            "id": "uni/infra/spaccportprof-spine101/shports-Eth2-23-typ-range",
            "path": "/api/node/mo/uni/infra/spaccportprof-spine101/shports-Eth2-23-typ-range.json",
            "payload": "{\n    \"infraSHPortS\": {\n        \"attributes\": {\n            \"dn\": \"uni/infra/spaccportprof-spine101/shports-Eth2-23-typ-range\",\n            \"name\": \"Eth2-23\",\n            \"rn\": \"shports-Eth2-23-typ-range\"\n        },\n        \"children\": [\n            {\n                \"infraPortBlk\": {\n                    \"attributes\": {\n                        \"dn\": \"uni/infra/spaccportprof-spine101/shports-Eth2-23-typ-range/portblk-block2\",\n                        \"fromCard\": \"2\",\n                        \"fromPort\": \"23\",\n                        \"toCard\": \"2\",\n                        \"toPort\": \"23\",\n                        \"name\": \"block2\",\n                        \"rn\": \"portblk-block2\"\n                    }\n                }\n            }\n        ]\n    }\n}\n"
          },
          "private": "eyJzY2hlbWFfdmVyc2lvbiI6IjEifQ==",
          "dependencies": [
            "aci_spine_interface_profile.spine101"
          ]
        },
        {
          "index_key": "24",
          "schema_version": 1,
          "attributes": {
            "class_name": "infraSHPortS",
            "content": null,
            "dn": null,
            "id": "uni/infra/spaccportprof-spine101/shports-Eth2-24-typ-range",
            "path": "/api/node/mo/uni/infra/spaccportprof-spine101/shports-Eth2-24-typ-range.json",
            "payload": "{\n    \"infraSHPortS\": {\n        \"attributes\": {\n            \"dn\": \"uni/infra/spaccportprof-spine101/shports-Eth2-24-typ-range\",\n            \"name\": \"Eth2-24\",\n            \"rn\": \"shports-Eth2-24-typ-range\"\n        },\n        \"children\": [\n            {\n                \"infraPortBlk\": {\n                    \"attributes\": {\n                        \"dn\": \"uni/infra/spaccportprof-spine101/shports-Eth2-24-typ-range/portblk-block2\",\n                        \"fromCard\": \"2\",\n                        \"fromPort\": \"24\",\n                        \"toCard\": \"2\",\n                        \"toPort\": \"24\",\n                        \"name\": \"block2\",\n                        \"rn\": \"portblk-block2\"\n                    }\n                }\n            }\n        ]\n    }\n}\n"
          },
          "private": "eyJzY2hlbWFfdmVyc2lvbiI6IjEifQ==",
          "dependencies": [
            "aci_spine_interface_profile.spine101"
          ]
        },
        {
          "index_key": "25",
          "schema_version": 1,
          "attributes": {
            "class_name": "infraSHPortS",
            "content": null,
            "dn": null,
            "id": "uni/infra/spaccportprof-spine101/shports-Eth2-25-typ-range",
            "path": "/api/node/mo/uni/infra/spaccportprof-spine101/shports-Eth2-25-typ-range.json",
            "payload": "{\n    \"infraSHPortS\": {\n        \"attributes\": {\n            \"dn\": \"uni/infra/spaccportprof-spine101/shports-Eth2-25-typ-range\",\n            \"name\": \"Eth2-25\",\n            \"rn\": \"shports-Eth2-25-typ-range\"\n        },\n        \"children\": [\n            {\n                \"infraPortBlk\": {\n                    \"attributes\": {\n                        \"dn\": \"uni/infra/spaccportprof-spine101/shports-Eth2-25-typ-range/portblk-block2\",\n                        \"fromCard\": \"2\",\n                        \"fromPort\": \"25\",\n                        \"toCard\": \"2\",\n                        \"toPort\": \"25\",\n                        \"name\": \"block2\",\n                        \"rn\": \"portblk-block2\"\n                    }\n                }\n            }\n        ]\n    }\n}\n"
          },
          "private": "eyJzY2hlbWFfdmVyc2lvbiI6IjEifQ==",
          "dependencies": [
            "aci_spine_interface_profile.spine101"
          ]
        },
        {
          "index_key": "26",
          "schema_version": 1,
          "attributes": {
            "class_name": "infraSHPortS",
            "content": null,
            "dn": null,
            "id": "uni/infra/spaccportprof-spine101/shports-Eth2-26-typ-range",
            "path": "/api/node/mo/uni/infra/spaccportprof-spine101/shports-Eth2-26-typ-range.json",
            "payload": "{\n    \"infraSHPortS\": {\n        \"attributes\": {\n            \"dn\": \"uni/infra/spaccportprof-spine101/shports-Eth2-26-typ-range\",\n            \"name\": \"Eth2-26\",\n            \"rn\": \"shports-Eth2-26-typ-range\"\n        },\n        \"children\": [\n            {\n                \"infraPortBlk\": {\n                    \"attributes\": {\n                        \"dn\": \"uni/infra/spaccportprof-spine101/shports-Eth2-26-typ-range/portblk-block2\",\n                        \"fromCard\": \"2\",\n                        \"fromPort\": \"26\",\n                        \"toCard\": \"2\",\n                        \"toPort\": \"26\",\n                        \"name\": \"block2\",\n                        \"rn\": \"portblk-block2\"\n                    }\n                }\n            }\n        ]\n    }\n}\n"
          },
          "private": "eyJzY2hlbWFfdmVyc2lvbiI6IjEifQ==",
          "dependencies": [
            "aci_spine_interface_profile.spine101"
          ]
        },
        {
          "index_key": "27",
          "schema_version": 1,
          "attributes": {
            "class_name": "infraSHPortS",
            "content": null,
            "dn": null,
            "id": "uni/infra/spaccportprof-spine101/shports-Eth2-27-typ-range",
            "path": "/api/node/mo/uni/infra/spaccportprof-spine101/shports-Eth2-27-typ-range.json",
            "payload": "{\n    \"infraSHPortS\": {\n        \"attributes\": {\n            \"dn\": \"uni/infra/spaccportprof-spine101/shports-Eth2-27-typ-range\",\n            \"name\": \"Eth2-27\",\n            \"rn\": \"shports-Eth2-27-typ-range\"\n        },\n        \"children\": [\n            {\n                \"infraPortBlk\": {\n                    \"attributes\": {\n                        \"dn\": \"uni/infra/spaccportprof-spine101/shports-Eth2-27-typ-range/portblk-block2\",\n                        \"fromCard\": \"2\",\n                        \"fromPort\": \"27\",\n                        \"toCard\": \"2\",\n                        \"toPort\": \"27\",\n                        \"name\": \"block2\",\n                        \"rn\": \"portblk-block2\"\n                    }\n                }\n            }\n        ]\n    }\n}\n"
          },
          "private": "eyJzY2hlbWFfdmVyc2lvbiI6IjEifQ==",
          "dependencies": [
            "aci_spine_interface_profile.spine101"
          ]
        },
        {
          "index_key": "28",
          "schema_version": 1,
          "attributes": {
            "class_name": "infraSHPortS",
            "content": null,
            "dn": null,
            "id": "uni/infra/spaccportprof-spine101/shports-Eth2-28-typ-range",
            "path": "/api/node/mo/uni/infra/spaccportprof-spine101/shports-Eth2-28-typ-range.json",
            "payload": "{\n    \"infraSHPortS\": {\n        \"attributes\": {\n            \"dn\": \"uni/infra/spaccportprof-spine101/shports-Eth2-28-typ-range\",\n            \"name\": \"Eth2-28\",\n            \"rn\": \"shports-Eth2-28-typ-range\"\n        },\n        \"children\": [\n            {\n                \"infraPortBlk\": {\n                    \"attributes\": {\n                        \"dn\": \"uni/infra/spaccportprof-spine101/shports-Eth2-28-typ-range/portblk-block2\",\n                        \"fromCard\": \"2\",\n                        \"fromPort\": \"28\",\n                        \"toCard\": \"2\",\n                        \"toPort\": \"28\",\n                        \"name\": \"block2\",\n                        \"rn\": \"portblk-block2\"\n                    }\n                }\n            }\n        ]\n    }\n}\n"
          },
          "private": "eyJzY2hlbWFfdmVyc2lvbiI6IjEifQ==",
          "dependencies": [
            "aci_spine_interface_profile.spine101"
          ]
        },
        {
          "index_key": "29",
          "schema_version": 1,
          "attributes": {
            "class_name": "infraSHPortS",
            "content": null,
            "dn": null,
            "id": "uni/infra/spaccportprof-spine101/shports-Eth2-29-typ-range",
            "path": "/api/node/mo/uni/infra/spaccportprof-spine101/shports-Eth2-29-typ-range.json",
            "payload": "{\n    \"infraSHPortS\": {\n        \"attributes\": {\n            \"dn\": \"uni/infra/spaccportprof-spine101/shports-Eth2-29-typ-range\",\n            \"name\": \"Eth2-29\",\n            \"rn\": \"shports-Eth2-29-typ-range\"\n        },\n        \"children\": [\n            {\n                \"infraPortBlk\": {\n                    \"attributes\": {\n                        \"dn\": \"uni/infra/spaccportprof-spine101/shports-Eth2-29-typ-range/portblk-block2\",\n                        \"fromCard\": \"2\",\n                        \"fromPort\": \"29\",\n                        \"toCard\": \"2\",\n                        \"toPort\": \"29\",\n                        \"name\": \"block2\",\n                        \"rn\": \"portblk-block2\"\n                    }\n                }\n            }\n        ]\n    }\n}\n"
          },
          "private": "eyJzY2hlbWFfdmVyc2lvbiI6IjEifQ==",
          "dependencies": [
            "aci_spine_interface_profile.spine101"
          ]
        },
        {
          "index_key": "30",
          "schema_version": 1,
          "attributes": {
            "class_name": "infraSHPortS",
            "content": null,
            "dn": null,
            "id": "uni/infra/spaccportprof-spine101/shports-Eth2-30-typ-range",
            "path": "/api/node/mo/uni/infra/spaccportprof-spine101/shports-Eth2-30-typ-range.json",
            "payload": "{\n    \"infraSHPortS\": {\n        \"attributes\": {\n            \"dn\": \"uni/infra/spaccportprof-spine101/shports-Eth2-30-typ-range\",\n            \"name\": \"Eth2-30\",\n            \"rn\": \"shports-Eth2-30-typ-range\"\n        },\n        \"children\": [\n            {\n                \"infraPortBlk\": {\n                    \"attributes\": {\n                        \"dn\": \"uni/infra/spaccportprof-spine101/shports-Eth2-30-typ-range/portblk-block2\",\n                        \"fromCard\": \"2\",\n                        \"fromPort\": \"30\",\n                        \"toCard\": \"2\",\n                        \"toPort\": \"30\",\n                        \"name\": \"block2\",\n                        \"rn\": \"portblk-block2\"\n                    }\n                }\n            }\n        ]\n    }\n}\n"
          },
          "private": "eyJzY2hlbWFfdmVyc2lvbiI6IjEifQ==",
          "dependencies": [
            "aci_spine_interface_profile.spine101"
          ]
        },
        {
          "index_key": "31",
          "schema_version": 1,
          "attributes": {
            "class_name": "infraSHPortS",
            "content": null,
            "dn": null,
            "id": "uni/infra/spaccportprof-spine101/shports-Eth2-31-typ-range",
            "path": "/api/node/mo/uni/infra/spaccportprof-spine101/shports-Eth2-31-typ-range.json",
            "payload": "{\n    \"infraSHPortS\": {\n        \"attributes\": {\n            \"dn\": \"uni/infra/spaccportprof-spine101/shports-Eth2-31-typ-range\",\n            \"name\": \"Eth2-31\",\n            \"rn\": \"shports-Eth2-31-typ-range\"\n        },\n        \"children\": [\n            {\n                \"infraPortBlk\": {\n                    \"attributes\": {\n                        \"dn\": \"uni/infra/spaccportprof-spine101/shports-Eth2-31-typ-range/portblk-block2\",\n                        \"fromCard\": \"2\",\n                        \"fromPort\": \"31\",\n                        \"toCard\": \"2\",\n                        \"toPort\": \"31\",\n                        \"name\": \"block2\",\n                        \"rn\": \"portblk-block2\"\n                    }\n                }\n            }\n        ]\n    }\n}\n"
          },
          "private": "eyJzY2hlbWFfdmVyc2lvbiI6IjEifQ==",
          "dependencies": [
            "aci_spine_interface_profile.spine101"
          ]
        },
        {
          "index_key": "32",
          "schema_version": 1,
          "attributes": {
            "class_name": "infraSHPortS",
            "content": null,
            "dn": null,
            "id": "uni/infra/spaccportprof-spine101/shports-Eth2-32-typ-range",
            "path": "/api/node/mo/uni/infra/spaccportprof-spine101/shports-Eth2-32-typ-range.json",
            "payload": "{\n    \"infraSHPortS\": {\n        \"attributes\": {\n            \"dn\": \"uni/infra/spaccportprof-spine101/shports-Eth2-32-typ-range\",\n            \"name\": \"Eth2-32\",\n            \"rn\": \"shports-Eth2-32-typ-range\"\n        },\n        \"children\": [\n            {\n                \"infraPortBlk\": {\n                    \"attributes\": {\n                        \"dn\": \"uni/infra/spaccportprof-spine101/shports-Eth2-32-typ-range/portblk-block2\",\n                        \"fromCard\": \"2\",\n                        \"fromPort\": \"32\",\n                        \"toCard\": \"2\",\n                        \"toPort\": \"32\",\n                        \"name\": \"block2\",\n                        \"rn\": \"portblk-block2\"\n                    }\n                }\n            }\n        ]\n    }\n}\n"
          },
          "private": "eyJzY2hlbWFfdmVyc2lvbiI6IjEifQ==",
          "dependencies": [
            "aci_spine_interface_profile.spine101"
          ]
        },
        {
          "index_key": "33",
          "schema_version": 1,
          "attributes": {
            "class_name": "infraSHPortS",
            "content": null,
            "dn": null,
            "id": "uni/infra/spaccportprof-spine101/shports-Eth2-33-typ-range",
            "path": "/api/node/mo/uni/infra/spaccportprof-spine101/shports-Eth2-33-typ-range.json",
            "payload": "{\n    \"infraSHPortS\": {\n        \"attributes\": {\n            \"dn\": \"uni/infra/spaccportprof-spine101/shports-Eth2-33-typ-range\",\n            \"name\": \"Eth2-33\",\n            \"rn\": \"shports-Eth2-33-typ-range\"\n        },\n        \"children\": [\n            {\n                \"infraPortBlk\": {\n                    \"attributes\": {\n                        \"dn\": \"uni/infra/spaccportprof-spine101/shports-Eth2-33-typ-range/portblk-block2\",\n                        \"fromCard\": \"2\",\n                        \"fromPort\": \"33\",\n                        \"toCard\": \"2\",\n                        \"toPort\": \"33\",\n                        \"name\": \"block2\",\n                        \"rn\": \"portblk-block2\"\n                    }\n                }\n            }\n        ]\n    }\n}\n"
          },
          "private": "eyJzY2hlbWFfdmVyc2lvbiI6IjEifQ==",
          "dependencies": [
            "aci_spine_interface_profile.spine101"
          ]
        },
        {
          "index_key": "34",
          "schema_version": 1,
          "attributes": {
            "class_name": "infraSHPortS",
            "content": null,
            "dn": null,
            "id": "uni/infra/spaccportprof-spine101/shports-Eth2-34-typ-range",
            "path": "/api/node/mo/uni/infra/spaccportprof-spine101/shports-Eth2-34-typ-range.json",
            "payload": "{\n    \"infraSHPortS\": {\n        \"attributes\": {\n            \"dn\": \"uni/infra/spaccportprof-spine101/shports-Eth2-34-typ-range\",\n            \"name\": \"Eth2-34\",\n            \"rn\": \"shports-Eth2-34-typ-range\"\n        },\n        \"children\": [\n            {\n                \"infraPortBlk\": {\n                    \"attributes\": {\n                        \"dn\": \"uni/infra/spaccportprof-spine101/shports-Eth2-34-typ-range/portblk-block2\",\n                        \"fromCard\": \"2\",\n                        \"fromPort\": \"34\",\n                        \"toCard\": \"2\",\n                        \"toPort\": \"34\",\n                        \"name\": \"block2\",\n                        \"rn\": \"portblk-block2\"\n                    }\n                }\n            }\n        ]\n    }\n}\n"
          },
          "private": "eyJzY2hlbWFfdmVyc2lvbiI6IjEifQ==",
          "dependencies": [
            "aci_spine_interface_profile.spine101"
          ]
        },
        {
          "index_key": "35",
          "schema_version": 1,
          "attributes": {
            "class_name": "infraSHPortS",
            "content": null,
            "dn": null,
            "id": "uni/infra/spaccportprof-spine101/shports-Eth2-35-typ-range",
            "path": "/api/node/mo/uni/infra/spaccportprof-spine101/shports-Eth2-35-typ-range.json",
            "payload": "{\n    \"infraSHPortS\": {\n        \"attributes\": {\n            \"dn\": \"uni/infra/spaccportprof-spine101/shports-Eth2-35-typ-range\",\n            \"name\": \"Eth2-35\",\n            \"rn\": \"shports-Eth2-35-typ-range\"\n        },\n        \"children\": [\n            {\n                \"infraPortBlk\": {\n                    \"attributes\": {\n                        \"dn\": \"uni/infra/spaccportprof-spine101/shports-Eth2-35-typ-range/portblk-block2\",\n                        \"fromCard\": \"2\",\n                        \"fromPort\": \"35\",\n                        \"toCard\": \"2\",\n                        \"toPort\": \"35\",\n                        \"name\": \"block2\",\n                        \"rn\": \"portblk-block2\"\n                    }\n                }\n            }\n        ]\n    }\n}\n"
          },
          "private": "eyJzY2hlbWFfdmVyc2lvbiI6IjEifQ==",
          "dependencies": [
            "aci_spine_interface_profile.spine101"
          ]
        },
        {
          "index_key": "36",
          "schema_version": 1,
          "attributes": {
            "class_name": "infraSHPortS",
            "content": null,
            "dn": null,
            "id": "uni/infra/spaccportprof-spine101/shports-Eth2-36-typ-range",
            "path": "/api/node/mo/uni/infra/spaccportprof-spine101/shports-Eth2-36-typ-range.json",
            "payload": "{\n    \"infraSHPortS\": {\n        \"attributes\": {\n            \"dn\": \"uni/infra/spaccportprof-spine101/shports-Eth2-36-typ-range\",\n            \"name\": \"Eth2-36\",\n            \"rn\": \"shports-Eth2-36-typ-range\"\n        },\n        \"children\": [\n            {\n                \"infraPortBlk\": {\n                    \"attributes\": {\n                        \"dn\": \"uni/infra/spaccportprof-spine101/shports-Eth2-36-typ-range/portblk-block2\",\n                        \"fromCard\": \"2\",\n                        \"fromPort\": \"36\",\n                        \"toCard\": \"2\",\n                        \"toPort\": \"36\",\n                        \"name\": \"block2\",\n                        \"rn\": \"portblk-block2\"\n                    }\n                }\n            }\n        ]\n    }\n}\n"
          },
          "private": "eyJzY2hlbWFfdmVyc2lvbiI6IjEifQ==",
          "dependencies": [
            "aci_spine_interface_profile.spine101"
          ]
        }
      ]
    },
    {
      "mode": "managed",
      "type": "aci_rest",
      "name": "spine101_3",
      "provider": "provider[\"registry.terraform.io/ciscodevnet/aci\"]",
      "instances": [
        {
          "index_key": "01",
          "schema_version": 1,
          "attributes": {
            "class_name": "infraSHPortS",
            "content": null,
            "dn": null,
            "id": "uni/infra/spaccportprof-spine101/shports-Eth3-01-typ-range",
            "path": "/api/node/mo/uni/infra/spaccportprof-spine101/shports-Eth3-01-typ-range.json",
            "payload": "{\n    \"infraSHPortS\": {\n        \"attributes\": {\n            \"dn\": \"uni/infra/spaccportprof-spine101/shports-Eth3-01-typ-range\",\n            \"name\": \"Eth3-01\",\n            \"rn\": \"shports-Eth3-01-typ-range\"\n        },\n        \"children\": [\n            {\n                \"infraPortBlk\": {\n                    \"attributes\": {\n                        \"dn\": \"uni/infra/spaccportprof-spine101/shports-Eth3-01-typ-range/portblk-block2\",\n                        \"fromCard\": \"3\",\n                        \"fromPort\": \"1\",\n                        \"toCard\": \"3\",\n                        \"toPort\": \"1\",\n                        \"name\": \"block2\",\n                        \"rn\": \"portblk-block2\"\n                    }\n                }\n            }\n        ]\n    }\n}\n"
          },
          "private": "eyJzY2hlbWFfdmVyc2lvbiI6IjEifQ==",
          "dependencies": [
            "aci_spine_interface_profile.spine101"
          ]
        },
        {
          "index_key": "02",
          "schema_version": 1,
          "attributes": {
            "class_name": "infraSHPortS",
            "content": null,
            "dn": null,
            "id": "uni/infra/spaccportprof-spine101/shports-Eth3-02-typ-range",
            "path": "/api/node/mo/uni/infra/spaccportprof-spine101/shports-Eth3-02-typ-range.json",
            "payload": "{\n    \"infraSHPortS\": {\n        \"attributes\": {\n            \"dn\": \"uni/infra/spaccportprof-spine101/shports-Eth3-02-typ-range\",\n            \"name\": \"Eth3-02\",\n            \"rn\": \"shports-Eth3-02-typ-range\"\n        },\n        \"children\": [\n            {\n                \"infraPortBlk\": {\n                    \"attributes\": {\n                        \"dn\": \"uni/infra/spaccportprof-spine101/shports-Eth3-02-typ-range/portblk-block2\",\n                        \"fromCard\": \"3\",\n                        \"fromPort\": \"2\",\n                        \"toCard\": \"3\",\n                        \"toPort\": \"2\",\n                        \"name\": \"block2\",\n                        \"rn\": \"portblk-block2\"\n                    }\n                }\n            }\n        ]\n    }\n}\n"
          },
          "private": "eyJzY2hlbWFfdmVyc2lvbiI6IjEifQ==",
          "dependencies": [
            "aci_spine_interface_profile.spine101"
          ]
        },
        {
          "index_key": "03",
          "schema_version": 1,
          "attributes": {
            "class_name": "infraSHPortS",
            "content": null,
            "dn": null,
            "id": "uni/infra/spaccportprof-spine101/shports-Eth3-03-typ-range",
            "path": "/api/node/mo/uni/infra/spaccportprof-spine101/shports-Eth3-03-typ-range.json",
            "payload": "{\n    \"infraSHPortS\": {\n        \"attributes\": {\n            \"dn\": \"uni/infra/spaccportprof-spine101/shports-Eth3-03-typ-range\",\n            \"name\": \"Eth3-03\",\n            \"rn\": \"shports-Eth3-03-typ-range\"\n        },\n        \"children\": [\n            {\n                \"infraPortBlk\": {\n                    \"attributes\": {\n                        \"dn\": \"uni/infra/spaccportprof-spine101/shports-Eth3-03-typ-range/portblk-block2\",\n                        \"fromCard\": \"3\",\n                        \"fromPort\": \"3\",\n                        \"toCard\": \"3\",\n                        \"toPort\": \"3\",\n                        \"name\": \"block2\",\n                        \"rn\": \"portblk-block2\"\n                    }\n                }\n            }\n        ]\n    }\n}\n"
          },
          "private": "eyJzY2hlbWFfdmVyc2lvbiI6IjEifQ==",
          "dependencies": [
            "aci_spine_interface_profile.spine101"
          ]
        },
        {
          "index_key": "04",
          "schema_version": 1,
          "attributes": {
            "class_name": "infraSHPortS",
            "content": null,
            "dn": null,
            "id": "uni/infra/spaccportprof-spine101/shports-Eth3-04-typ-range",
            "path": "/api/node/mo/uni/infra/spaccportprof-spine101/shports-Eth3-04-typ-range.json",
            "payload": "{\n    \"infraSHPortS\": {\n        \"attributes\": {\n            \"dn\": \"uni/infra/spaccportprof-spine101/shports-Eth3-04-typ-range\",\n            \"name\": \"Eth3-04\",\n            \"rn\": \"shports-Eth3-04-typ-range\"\n        },\n        \"children\": [\n            {\n                \"infraPortBlk\": {\n                    \"attributes\": {\n                        \"dn\": \"uni/infra/spaccportprof-spine101/shports-Eth3-04-typ-range/portblk-block2\",\n                        \"fromCard\": \"3\",\n                        \"fromPort\": \"4\",\n                        \"toCard\": \"3\",\n                        \"toPort\": \"4\",\n                        \"name\": \"block2\",\n                        \"rn\": \"portblk-block2\"\n                    }\n                }\n            }\n        ]\n    }\n}\n"
          },
          "private": "eyJzY2hlbWFfdmVyc2lvbiI6IjEifQ==",
          "dependencies": [
            "aci_spine_interface_profile.spine101"
          ]
        },
        {
          "index_key": "05",
          "schema_version": 1,
          "attributes": {
            "class_name": "infraSHPortS",
            "content": null,
            "dn": null,
            "id": "uni/infra/spaccportprof-spine101/shports-Eth3-05-typ-range",
            "path": "/api/node/mo/uni/infra/spaccportprof-spine101/shports-Eth3-05-typ-range.json",
            "payload": "{\n    \"infraSHPortS\": {\n        \"attributes\": {\n            \"dn\": \"uni/infra/spaccportprof-spine101/shports-Eth3-05-typ-range\",\n            \"name\": \"Eth3-05\",\n            \"rn\": \"shports-Eth3-05-typ-range\"\n        },\n        \"children\": [\n            {\n                \"infraPortBlk\": {\n                    \"attributes\": {\n                        \"dn\": \"uni/infra/spaccportprof-spine101/shports-Eth3-05-typ-range/portblk-block2\",\n                        \"fromCard\": \"3\",\n                        \"fromPort\": \"5\",\n                        \"toCard\": \"3\",\n                        \"toPort\": \"5\",\n                        \"name\": \"block2\",\n                        \"rn\": \"portblk-block2\"\n                    }\n                }\n            }\n        ]\n    }\n}\n"
          },
          "private": "eyJzY2hlbWFfdmVyc2lvbiI6IjEifQ==",
          "dependencies": [
            "aci_spine_interface_profile.spine101"
          ]
        },
        {
          "index_key": "06",
          "schema_version": 1,
          "attributes": {
            "class_name": "infraSHPortS",
            "content": null,
            "dn": null,
            "id": "uni/infra/spaccportprof-spine101/shports-Eth3-06-typ-range",
            "path": "/api/node/mo/uni/infra/spaccportprof-spine101/shports-Eth3-06-typ-range.json",
            "payload": "{\n    \"infraSHPortS\": {\n        \"attributes\": {\n            \"dn\": \"uni/infra/spaccportprof-spine101/shports-Eth3-06-typ-range\",\n            \"name\": \"Eth3-06\",\n            \"rn\": \"shports-Eth3-06-typ-range\"\n        },\n        \"children\": [\n            {\n                \"infraPortBlk\": {\n                    \"attributes\": {\n                        \"dn\": \"uni/infra/spaccportprof-spine101/shports-Eth3-06-typ-range/portblk-block2\",\n                        \"fromCard\": \"3\",\n                        \"fromPort\": \"6\",\n                        \"toCard\": \"3\",\n                        \"toPort\": \"6\",\n                        \"name\": \"block2\",\n                        \"rn\": \"portblk-block2\"\n                    }\n                }\n            }\n        ]\n    }\n}\n"
          },
          "private": "eyJzY2hlbWFfdmVyc2lvbiI6IjEifQ==",
          "dependencies": [
            "aci_spine_interface_profile.spine101"
          ]
        },
        {
          "index_key": "07",
          "schema_version": 1,
          "attributes": {
            "class_name": "infraSHPortS",
            "content": null,
            "dn": null,
            "id": "uni/infra/spaccportprof-spine101/shports-Eth3-07-typ-range",
            "path": "/api/node/mo/uni/infra/spaccportprof-spine101/shports-Eth3-07-typ-range.json",
            "payload": "{\n    \"infraSHPortS\": {\n        \"attributes\": {\n            \"dn\": \"uni/infra/spaccportprof-spine101/shports-Eth3-07-typ-range\",\n            \"name\": \"Eth3-07\",\n            \"rn\": \"shports-Eth3-07-typ-range\"\n        },\n        \"children\": [\n            {\n                \"infraPortBlk\": {\n                    \"attributes\": {\n                        \"dn\": \"uni/infra/spaccportprof-spine101/shports-Eth3-07-typ-range/portblk-block2\",\n                        \"fromCard\": \"3\",\n                        \"fromPort\": \"7\",\n                        \"toCard\": \"3\",\n                        \"toPort\": \"7\",\n                        \"name\": \"block2\",\n                        \"rn\": \"portblk-block2\"\n                    }\n                }\n            }\n        ]\n    }\n}\n"
          },
          "private": "eyJzY2hlbWFfdmVyc2lvbiI6IjEifQ==",
          "dependencies": [
            "aci_spine_interface_profile.spine101"
          ]
        },
        {
          "index_key": "08",
          "schema_version": 1,
          "attributes": {
            "class_name": "infraSHPortS",
            "content": null,
            "dn": null,
            "id": "uni/infra/spaccportprof-spine101/shports-Eth3-08-typ-range",
            "path": "/api/node/mo/uni/infra/spaccportprof-spine101/shports-Eth3-08-typ-range.json",
            "payload": "{\n    \"infraSHPortS\": {\n        \"attributes\": {\n            \"dn\": \"uni/infra/spaccportprof-spine101/shports-Eth3-08-typ-range\",\n            \"name\": \"Eth3-08\",\n            \"rn\": \"shports-Eth3-08-typ-range\"\n        },\n        \"children\": [\n            {\n                \"infraPortBlk\": {\n                    \"attributes\": {\n                        \"dn\": \"uni/infra/spaccportprof-spine101/shports-Eth3-08-typ-range/portblk-block2\",\n                        \"fromCard\": \"3\",\n                        \"fromPort\": \"8\",\n                        \"toCard\": \"3\",\n                        \"toPort\": \"8\",\n                        \"name\": \"block2\",\n                        \"rn\": \"portblk-block2\"\n                    }\n                }\n            }\n        ]\n    }\n}\n"
          },
          "private": "eyJzY2hlbWFfdmVyc2lvbiI6IjEifQ==",
          "dependencies": [
            "aci_spine_interface_profile.spine101"
          ]
        },
        {
          "index_key": "09",
          "schema_version": 1,
          "attributes": {
            "class_name": "infraSHPortS",
            "content": null,
            "dn": null,
            "id": "uni/infra/spaccportprof-spine101/shports-Eth3-09-typ-range",
            "path": "/api/node/mo/uni/infra/spaccportprof-spine101/shports-Eth3-09-typ-range.json",
            "payload": "{\n    \"infraSHPortS\": {\n        \"attributes\": {\n            \"dn\": \"uni/infra/spaccportprof-spine101/shports-Eth3-09-typ-range\",\n            \"name\": \"Eth3-09\",\n            \"rn\": \"shports-Eth3-09-typ-range\"\n        },\n        \"children\": [\n            {\n                \"infraPortBlk\": {\n                    \"attributes\": {\n                        \"dn\": \"uni/infra/spaccportprof-spine101/shports-Eth3-09-typ-range/portblk-block2\",\n                        \"fromCard\": \"3\",\n                        \"fromPort\": \"9\",\n                        \"toCard\": \"3\",\n                        \"toPort\": \"9\",\n                        \"name\": \"block2\",\n                        \"rn\": \"portblk-block2\"\n                    }\n                }\n            }\n        ]\n    }\n}\n"
          },
          "private": "eyJzY2hlbWFfdmVyc2lvbiI6IjEifQ==",
          "dependencies": [
            "aci_spine_interface_profile.spine101"
          ]
        },
        {
          "index_key": "10",
          "schema_version": 1,
          "attributes": {
            "class_name": "infraSHPortS",
            "content": null,
            "dn": null,
            "id": "uni/infra/spaccportprof-spine101/shports-Eth3-10-typ-range",
            "path": "/api/node/mo/uni/infra/spaccportprof-spine101/shports-Eth3-10-typ-range.json",
            "payload": "{\n    \"infraSHPortS\": {\n        \"attributes\": {\n            \"dn\": \"uni/infra/spaccportprof-spine101/shports-Eth3-10-typ-range\",\n            \"name\": \"Eth3-10\",\n            \"rn\": \"shports-Eth3-10-typ-range\"\n        },\n        \"children\": [\n            {\n                \"infraPortBlk\": {\n                    \"attributes\": {\n                        \"dn\": \"uni/infra/spaccportprof-spine101/shports-Eth3-10-typ-range/portblk-block2\",\n                        \"fromCard\": \"3\",\n                        \"fromPort\": \"10\",\n                        \"toCard\": \"3\",\n                        \"toPort\": \"10\",\n                        \"name\": \"block2\",\n                        \"rn\": \"portblk-block2\"\n                    }\n                }\n            }\n        ]\n    }\n}\n"
          },
          "private": "eyJzY2hlbWFfdmVyc2lvbiI6IjEifQ==",
          "dependencies": [
            "aci_spine_interface_profile.spine101"
          ]
        },
        {
          "index_key": "11",
          "schema_version": 1,
          "attributes": {
            "class_name": "infraSHPortS",
            "content": null,
            "dn": null,
            "id": "uni/infra/spaccportprof-spine101/shports-Eth3-11-typ-range",
            "path": "/api/node/mo/uni/infra/spaccportprof-spine101/shports-Eth3-11-typ-range.json",
            "payload": "{\n    \"infraSHPortS\": {\n        \"attributes\": {\n            \"dn\": \"uni/infra/spaccportprof-spine101/shports-Eth3-11-typ-range\",\n            \"name\": \"Eth3-11\",\n            \"rn\": \"shports-Eth3-11-typ-range\"\n        },\n        \"children\": [\n            {\n                \"infraPortBlk\": {\n                    \"attributes\": {\n                        \"dn\": \"uni/infra/spaccportprof-spine101/shports-Eth3-11-typ-range/portblk-block2\",\n                        \"fromCard\": \"3\",\n                        \"fromPort\": \"11\",\n                        \"toCard\": \"3\",\n                        \"toPort\": \"11\",\n                        \"name\": \"block2\",\n                        \"rn\": \"portblk-block2\"\n                    }\n                }\n            }\n        ]\n    }\n}\n"
          },
          "private": "eyJzY2hlbWFfdmVyc2lvbiI6IjEifQ==",
          "dependencies": [
            "aci_spine_interface_profile.spine101"
          ]
        },
        {
          "index_key": "12",
          "schema_version": 1,
          "attributes": {
            "class_name": "infraSHPortS",
            "content": null,
            "dn": null,
            "id": "uni/infra/spaccportprof-spine101/shports-Eth3-12-typ-range",
            "path": "/api/node/mo/uni/infra/spaccportprof-spine101/shports-Eth3-12-typ-range.json",
            "payload": "{\n    \"infraSHPortS\": {\n        \"attributes\": {\n            \"dn\": \"uni/infra/spaccportprof-spine101/shports-Eth3-12-typ-range\",\n            \"name\": \"Eth3-12\",\n            \"rn\": \"shports-Eth3-12-typ-range\"\n        },\n        \"children\": [\n            {\n                \"infraPortBlk\": {\n                    \"attributes\": {\n                        \"dn\": \"uni/infra/spaccportprof-spine101/shports-Eth3-12-typ-range/portblk-block2\",\n                        \"fromCard\": \"3\",\n                        \"fromPort\": \"12\",\n                        \"toCard\": \"3\",\n                        \"toPort\": \"12\",\n                        \"name\": \"block2\",\n                        \"rn\": \"portblk-block2\"\n                    }\n                }\n            }\n        ]\n    }\n}\n"
          },
          "private": "eyJzY2hlbWFfdmVyc2lvbiI6IjEifQ==",
          "dependencies": [
            "aci_spine_interface_profile.spine101"
          ]
        },
        {
          "index_key": "13",
          "schema_version": 1,
          "attributes": {
            "class_name": "infraSHPortS",
            "content": null,
            "dn": null,
            "id": "uni/infra/spaccportprof-spine101/shports-Eth3-13-typ-range",
            "path": "/api/node/mo/uni/infra/spaccportprof-spine101/shports-Eth3-13-typ-range.json",
            "payload": "{\n    \"infraSHPortS\": {\n        \"attributes\": {\n            \"dn\": \"uni/infra/spaccportprof-spine101/shports-Eth3-13-typ-range\",\n            \"name\": \"Eth3-13\",\n            \"rn\": \"shports-Eth3-13-typ-range\"\n        },\n        \"children\": [\n            {\n                \"infraPortBlk\": {\n                    \"attributes\": {\n                        \"dn\": \"uni/infra/spaccportprof-spine101/shports-Eth3-13-typ-range/portblk-block2\",\n                        \"fromCard\": \"3\",\n                        \"fromPort\": \"13\",\n                        \"toCard\": \"3\",\n                        \"toPort\": \"13\",\n                        \"name\": \"block2\",\n                        \"rn\": \"portblk-block2\"\n                    }\n                }\n            }\n        ]\n    }\n}\n"
          },
          "private": "eyJzY2hlbWFfdmVyc2lvbiI6IjEifQ==",
          "dependencies": [
            "aci_spine_interface_profile.spine101"
          ]
        },
        {
          "index_key": "14",
          "schema_version": 1,
          "attributes": {
            "class_name": "infraSHPortS",
            "content": null,
            "dn": null,
            "id": "uni/infra/spaccportprof-spine101/shports-Eth3-14-typ-range",
            "path": "/api/node/mo/uni/infra/spaccportprof-spine101/shports-Eth3-14-typ-range.json",
            "payload": "{\n    \"infraSHPortS\": {\n        \"attributes\": {\n            \"dn\": \"uni/infra/spaccportprof-spine101/shports-Eth3-14-typ-range\",\n            \"name\": \"Eth3-14\",\n            \"rn\": \"shports-Eth3-14-typ-range\"\n        },\n        \"children\": [\n            {\n                \"infraPortBlk\": {\n                    \"attributes\": {\n                        \"dn\": \"uni/infra/spaccportprof-spine101/shports-Eth3-14-typ-range/portblk-block2\",\n                        \"fromCard\": \"3\",\n                        \"fromPort\": \"14\",\n                        \"toCard\": \"3\",\n                        \"toPort\": \"14\",\n                        \"name\": \"block2\",\n                        \"rn\": \"portblk-block2\"\n                    }\n                }\n            }\n        ]\n    }\n}\n"
          },
          "private": "eyJzY2hlbWFfdmVyc2lvbiI6IjEifQ==",
          "dependencies": [
            "aci_spine_interface_profile.spine101"
          ]
        },
        {
          "index_key": "15",
          "schema_version": 1,
          "attributes": {
            "class_name": "infraSHPortS",
            "content": null,
            "dn": null,
            "id": "uni/infra/spaccportprof-spine101/shports-Eth3-15-typ-range",
            "path": "/api/node/mo/uni/infra/spaccportprof-spine101/shports-Eth3-15-typ-range.json",
            "payload": "{\n    \"infraSHPortS\": {\n        \"attributes\": {\n            \"dn\": \"uni/infra/spaccportprof-spine101/shports-Eth3-15-typ-range\",\n            \"name\": \"Eth3-15\",\n            \"rn\": \"shports-Eth3-15-typ-range\"\n        },\n        \"children\": [\n            {\n                \"infraPortBlk\": {\n                    \"attributes\": {\n                        \"dn\": \"uni/infra/spaccportprof-spine101/shports-Eth3-15-typ-range/portblk-block2\",\n                        \"fromCard\": \"3\",\n                        \"fromPort\": \"15\",\n                        \"toCard\": \"3\",\n                        \"toPort\": \"15\",\n                        \"name\": \"block2\",\n                        \"rn\": \"portblk-block2\"\n                    }\n                }\n            }\n        ]\n    }\n}\n"
          },
          "private": "eyJzY2hlbWFfdmVyc2lvbiI6IjEifQ==",
          "dependencies": [
            "aci_spine_interface_profile.spine101"
          ]
        },
        {
          "index_key": "16",
          "schema_version": 1,
          "attributes": {
            "class_name": "infraSHPortS",
            "content": null,
            "dn": null,
            "id": "uni/infra/spaccportprof-spine101/shports-Eth3-16-typ-range",
            "path": "/api/node/mo/uni/infra/spaccportprof-spine101/shports-Eth3-16-typ-range.json",
            "payload": "{\n    \"infraSHPortS\": {\n        \"attributes\": {\n            \"dn\": \"uni/infra/spaccportprof-spine101/shports-Eth3-16-typ-range\",\n            \"name\": \"Eth3-16\",\n            \"rn\": \"shports-Eth3-16-typ-range\"\n        },\n        \"children\": [\n            {\n                \"infraPortBlk\": {\n                    \"attributes\": {\n                        \"dn\": \"uni/infra/spaccportprof-spine101/shports-Eth3-16-typ-range/portblk-block2\",\n                        \"fromCard\": \"3\",\n                        \"fromPort\": \"16\",\n                        \"toCard\": \"3\",\n                        \"toPort\": \"16\",\n                        \"name\": \"block2\",\n                        \"rn\": \"portblk-block2\"\n                    }\n                }\n            }\n        ]\n    }\n}\n"
          },
          "private": "eyJzY2hlbWFfdmVyc2lvbiI6IjEifQ==",
          "dependencies": [
            "aci_spine_interface_profile.spine101"
          ]
        },
        {
          "index_key": "17",
          "schema_version": 1,
          "attributes": {
            "class_name": "infraSHPortS",
            "content": null,
            "dn": null,
            "id": "uni/infra/spaccportprof-spine101/shports-Eth3-17-typ-range",
            "path": "/api/node/mo/uni/infra/spaccportprof-spine101/shports-Eth3-17-typ-range.json",
            "payload": "{\n    \"infraSHPortS\": {\n        \"attributes\": {\n            \"dn\": \"uni/infra/spaccportprof-spine101/shports-Eth3-17-typ-range\",\n            \"name\": \"Eth3-17\",\n            \"rn\": \"shports-Eth3-17-typ-range\"\n        },\n        \"children\": [\n            {\n                \"infraPortBlk\": {\n                    \"attributes\": {\n                        \"dn\": \"uni/infra/spaccportprof-spine101/shports-Eth3-17-typ-range/portblk-block2\",\n                        \"fromCard\": \"3\",\n                        \"fromPort\": \"17\",\n                        \"toCard\": \"3\",\n                        \"toPort\": \"17\",\n                        \"name\": \"block2\",\n                        \"rn\": \"portblk-block2\"\n                    }\n                }\n            }\n        ]\n    }\n}\n"
          },
          "private": "eyJzY2hlbWFfdmVyc2lvbiI6IjEifQ==",
          "dependencies": [
            "aci_spine_interface_profile.spine101"
          ]
        },
        {
          "index_key": "18",
          "schema_version": 1,
          "attributes": {
            "class_name": "infraSHPortS",
            "content": null,
            "dn": null,
            "id": "uni/infra/spaccportprof-spine101/shports-Eth3-18-typ-range",
            "path": "/api/node/mo/uni/infra/spaccportprof-spine101/shports-Eth3-18-typ-range.json",
            "payload": "{\n    \"infraSHPortS\": {\n        \"attributes\": {\n            \"dn\": \"uni/infra/spaccportprof-spine101/shports-Eth3-18-typ-range\",\n            \"name\": \"Eth3-18\",\n            \"rn\": \"shports-Eth3-18-typ-range\"\n        },\n        \"children\": [\n            {\n                \"infraPortBlk\": {\n                    \"attributes\": {\n                        \"dn\": \"uni/infra/spaccportprof-spine101/shports-Eth3-18-typ-range/portblk-block2\",\n                        \"fromCard\": \"3\",\n                        \"fromPort\": \"18\",\n                        \"toCard\": \"3\",\n                        \"toPort\": \"18\",\n                        \"name\": \"block2\",\n                        \"rn\": \"portblk-block2\"\n                    }\n                }\n            }\n        ]\n    }\n}\n"
          },
          "private": "eyJzY2hlbWFfdmVyc2lvbiI6IjEifQ==",
          "dependencies": [
            "aci_spine_interface_profile.spine101"
          ]
        },
        {
          "index_key": "19",
          "schema_version": 1,
          "attributes": {
            "class_name": "infraSHPortS",
            "content": null,
            "dn": null,
            "id": "uni/infra/spaccportprof-spine101/shports-Eth3-19-typ-range",
            "path": "/api/node/mo/uni/infra/spaccportprof-spine101/shports-Eth3-19-typ-range.json",
            "payload": "{\n    \"infraSHPortS\": {\n        \"attributes\": {\n            \"dn\": \"uni/infra/spaccportprof-spine101/shports-Eth3-19-typ-range\",\n            \"name\": \"Eth3-19\",\n            \"rn\": \"shports-Eth3-19-typ-range\"\n        },\n        \"children\": [\n            {\n                \"infraPortBlk\": {\n                    \"attributes\": {\n                        \"dn\": \"uni/infra/spaccportprof-spine101/shports-Eth3-19-typ-range/portblk-block2\",\n                        \"fromCard\": \"3\",\n                        \"fromPort\": \"19\",\n                        \"toCard\": \"3\",\n                        \"toPort\": \"19\",\n                        \"name\": \"block2\",\n                        \"rn\": \"portblk-block2\"\n                    }\n                }\n            }\n        ]\n    }\n}\n"
          },
          "private": "eyJzY2hlbWFfdmVyc2lvbiI6IjEifQ==",
          "dependencies": [
            "aci_spine_interface_profile.spine101"
          ]
        },
        {
          "index_key": "20",
          "schema_version": 1,
          "attributes": {
            "class_name": "infraSHPortS",
            "content": null,
            "dn": null,
            "id": "uni/infra/spaccportprof-spine101/shports-Eth3-20-typ-range",
            "path": "/api/node/mo/uni/infra/spaccportprof-spine101/shports-Eth3-20-typ-range.json",
            "payload": "{\n    \"infraSHPortS\": {\n        \"attributes\": {\n            \"dn\": \"uni/infra/spaccportprof-spine101/shports-Eth3-20-typ-range\",\n            \"name\": \"Eth3-20\",\n            \"rn\": \"shports-Eth3-20-typ-range\"\n        },\n        \"children\": [\n            {\n                \"infraPortBlk\": {\n                    \"attributes\": {\n                        \"dn\": \"uni/infra/spaccportprof-spine101/shports-Eth3-20-typ-range/portblk-block2\",\n                        \"fromCard\": \"3\",\n                        \"fromPort\": \"20\",\n                        \"toCard\": \"3\",\n                        \"toPort\": \"20\",\n                        \"name\": \"block2\",\n                        \"rn\": \"portblk-block2\"\n                    }\n                }\n            }\n        ]\n    }\n}\n"
          },
          "private": "eyJzY2hlbWFfdmVyc2lvbiI6IjEifQ==",
          "dependencies": [
            "aci_spine_interface_profile.spine101"
          ]
        },
        {
          "index_key": "21",
          "schema_version": 1,
          "attributes": {
            "class_name": "infraSHPortS",
            "content": null,
            "dn": null,
            "id": "uni/infra/spaccportprof-spine101/shports-Eth3-21-typ-range",
            "path": "/api/node/mo/uni/infra/spaccportprof-spine101/shports-Eth3-21-typ-range.json",
            "payload": "{\n    \"infraSHPortS\": {\n        \"attributes\": {\n            \"dn\": \"uni/infra/spaccportprof-spine101/shports-Eth3-21-typ-range\",\n            \"name\": \"Eth3-21\",\n            \"rn\": \"shports-Eth3-21-typ-range\"\n        },\n        \"children\": [\n            {\n                \"infraPortBlk\": {\n                    \"attributes\": {\n                        \"dn\": \"uni/infra/spaccportprof-spine101/shports-Eth3-21-typ-range/portblk-block2\",\n                        \"fromCard\": \"3\",\n                        \"fromPort\": \"21\",\n                        \"toCard\": \"3\",\n                        \"toPort\": \"21\",\n                        \"name\": \"block2\",\n                        \"rn\": \"portblk-block2\"\n                    }\n                }\n            }\n        ]\n    }\n}\n"
          },
          "private": "eyJzY2hlbWFfdmVyc2lvbiI6IjEifQ==",
          "dependencies": [
            "aci_spine_interface_profile.spine101"
          ]
        },
        {
          "index_key": "22",
          "schema_version": 1,
          "attributes": {
            "class_name": "infraSHPortS",
            "content": null,
            "dn": null,
            "id": "uni/infra/spaccportprof-spine101/shports-Eth3-22-typ-range",
            "path": "/api/node/mo/uni/infra/spaccportprof-spine101/shports-Eth3-22-typ-range.json",
            "payload": "{\n    \"infraSHPortS\": {\n        \"attributes\": {\n            \"dn\": \"uni/infra/spaccportprof-spine101/shports-Eth3-22-typ-range\",\n            \"name\": \"Eth3-22\",\n            \"rn\": \"shports-Eth3-22-typ-range\"\n        },\n        \"children\": [\n            {\n                \"infraPortBlk\": {\n                    \"attributes\": {\n                        \"dn\": \"uni/infra/spaccportprof-spine101/shports-Eth3-22-typ-range/portblk-block2\",\n                        \"fromCard\": \"3\",\n                        \"fromPort\": \"22\",\n                        \"toCard\": \"3\",\n                        \"toPort\": \"22\",\n                        \"name\": \"block2\",\n                        \"rn\": \"portblk-block2\"\n                    }\n                }\n            }\n        ]\n    }\n}\n"
          },
          "private": "eyJzY2hlbWFfdmVyc2lvbiI6IjEifQ==",
          "dependencies": [
            "aci_spine_interface_profile.spine101"
          ]
        },
        {
          "index_key": "23",
          "schema_version": 1,
          "attributes": {
            "class_name": "infraSHPortS",
            "content": null,
            "dn": null,
            "id": "uni/infra/spaccportprof-spine101/shports-Eth3-23-typ-range",
            "path": "/api/node/mo/uni/infra/spaccportprof-spine101/shports-Eth3-23-typ-range.json",
            "payload": "{\n    \"infraSHPortS\": {\n        \"attributes\": {\n            \"dn\": \"uni/infra/spaccportprof-spine101/shports-Eth3-23-typ-range\",\n            \"name\": \"Eth3-23\",\n            \"rn\": \"shports-Eth3-23-typ-range\"\n        },\n        \"children\": [\n            {\n                \"infraPortBlk\": {\n                    \"attributes\": {\n                        \"dn\": \"uni/infra/spaccportprof-spine101/shports-Eth3-23-typ-range/portblk-block2\",\n                        \"fromCard\": \"3\",\n                        \"fromPort\": \"23\",\n                        \"toCard\": \"3\",\n                        \"toPort\": \"23\",\n                        \"name\": \"block2\",\n                        \"rn\": \"portblk-block2\"\n                    }\n                }\n            }\n        ]\n    }\n}\n"
          },
          "private": "eyJzY2hlbWFfdmVyc2lvbiI6IjEifQ==",
          "dependencies": [
            "aci_spine_interface_profile.spine101"
          ]
        },
        {
          "index_key": "24",
          "schema_version": 1,
          "attributes": {
            "class_name": "infraSHPortS",
            "content": null,
            "dn": null,
            "id": "uni/infra/spaccportprof-spine101/shports-Eth3-24-typ-range",
            "path": "/api/node/mo/uni/infra/spaccportprof-spine101/shports-Eth3-24-typ-range.json",
            "payload": "{\n    \"infraSHPortS\": {\n        \"attributes\": {\n            \"dn\": \"uni/infra/spaccportprof-spine101/shports-Eth3-24-typ-range\",\n            \"name\": \"Eth3-24\",\n            \"rn\": \"shports-Eth3-24-typ-range\"\n        },\n        \"children\": [\n            {\n                \"infraPortBlk\": {\n                    \"attributes\": {\n                        \"dn\": \"uni/infra/spaccportprof-spine101/shports-Eth3-24-typ-range/portblk-block2\",\n                        \"fromCard\": \"3\",\n                        \"fromPort\": \"24\",\n                        \"toCard\": \"3\",\n                        \"toPort\": \"24\",\n                        \"name\": \"block2\",\n                        \"rn\": \"portblk-block2\"\n                    }\n                }\n            }\n        ]\n    }\n}\n"
          },
          "private": "eyJzY2hlbWFfdmVyc2lvbiI6IjEifQ==",
          "dependencies": [
            "aci_spine_interface_profile.spine101"
          ]
        },
        {
          "index_key": "25",
          "schema_version": 1,
          "attributes": {
            "class_name": "infraSHPortS",
            "content": null,
            "dn": null,
            "id": "uni/infra/spaccportprof-spine101/shports-Eth3-25-typ-range",
            "path": "/api/node/mo/uni/infra/spaccportprof-spine101/shports-Eth3-25-typ-range.json",
            "payload": "{\n    \"infraSHPortS\": {\n        \"attributes\": {\n            \"dn\": \"uni/infra/spaccportprof-spine101/shports-Eth3-25-typ-range\",\n            \"name\": \"Eth3-25\",\n            \"rn\": \"shports-Eth3-25-typ-range\"\n        },\n        \"children\": [\n            {\n                \"infraPortBlk\": {\n                    \"attributes\": {\n                        \"dn\": \"uni/infra/spaccportprof-spine101/shports-Eth3-25-typ-range/portblk-block2\",\n                        \"fromCard\": \"3\",\n                        \"fromPort\": \"25\",\n                        \"toCard\": \"3\",\n                        \"toPort\": \"25\",\n                        \"name\": \"block2\",\n                        \"rn\": \"portblk-block2\"\n                    }\n                }\n            }\n        ]\n    }\n}\n"
          },
          "private": "eyJzY2hlbWFfdmVyc2lvbiI6IjEifQ==",
          "dependencies": [
            "aci_spine_interface_profile.spine101"
          ]
        },
        {
          "index_key": "26",
          "schema_version": 1,
          "attributes": {
            "class_name": "infraSHPortS",
            "content": null,
            "dn": null,
            "id": "uni/infra/spaccportprof-spine101/shports-Eth3-26-typ-range",
            "path": "/api/node/mo/uni/infra/spaccportprof-spine101/shports-Eth3-26-typ-range.json",
            "payload": "{\n    \"infraSHPortS\": {\n        \"attributes\": {\n            \"dn\": \"uni/infra/spaccportprof-spine101/shports-Eth3-26-typ-range\",\n            \"name\": \"Eth3-26\",\n            \"rn\": \"shports-Eth3-26-typ-range\"\n        },\n        \"children\": [\n            {\n                \"infraPortBlk\": {\n                    \"attributes\": {\n                        \"dn\": \"uni/infra/spaccportprof-spine101/shports-Eth3-26-typ-range/portblk-block2\",\n                        \"fromCard\": \"3\",\n                        \"fromPort\": \"26\",\n                        \"toCard\": \"3\",\n                        \"toPort\": \"26\",\n                        \"name\": \"block2\",\n                        \"rn\": \"portblk-block2\"\n                    }\n                }\n            }\n        ]\n    }\n}\n"
          },
          "private": "eyJzY2hlbWFfdmVyc2lvbiI6IjEifQ==",
          "dependencies": [
            "aci_spine_interface_profile.spine101"
          ]
        },
        {
          "index_key": "27",
          "schema_version": 1,
          "attributes": {
            "class_name": "infraSHPortS",
            "content": null,
            "dn": null,
            "id": "uni/infra/spaccportprof-spine101/shports-Eth3-27-typ-range",
            "path": "/api/node/mo/uni/infra/spaccportprof-spine101/shports-Eth3-27-typ-range.json",
            "payload": "{\n    \"infraSHPortS\": {\n        \"attributes\": {\n            \"dn\": \"uni/infra/spaccportprof-spine101/shports-Eth3-27-typ-range\",\n            \"name\": \"Eth3-27\",\n            \"rn\": \"shports-Eth3-27-typ-range\"\n        },\n        \"children\": [\n            {\n                \"infraPortBlk\": {\n                    \"attributes\": {\n                        \"dn\": \"uni/infra/spaccportprof-spine101/shports-Eth3-27-typ-range/portblk-block2\",\n                        \"fromCard\": \"3\",\n                        \"fromPort\": \"27\",\n                        \"toCard\": \"3\",\n                        \"toPort\": \"27\",\n                        \"name\": \"block2\",\n                        \"rn\": \"portblk-block2\"\n                    }\n                }\n            }\n        ]\n    }\n}\n"
          },
          "private": "eyJzY2hlbWFfdmVyc2lvbiI6IjEifQ==",
          "dependencies": [
            "aci_spine_interface_profile.spine101"
          ]
        },
        {
          "index_key": "28",
          "schema_version": 1,
          "attributes": {
            "class_name": "infraSHPortS",
            "content": null,
            "dn": null,
            "id": "uni/infra/spaccportprof-spine101/shports-Eth3-28-typ-range",
            "path": "/api/node/mo/uni/infra/spaccportprof-spine101/shports-Eth3-28-typ-range.json",
            "payload": "{\n    \"infraSHPortS\": {\n        \"attributes\": {\n            \"dn\": \"uni/infra/spaccportprof-spine101/shports-Eth3-28-typ-range\",\n            \"name\": \"Eth3-28\",\n            \"rn\": \"shports-Eth3-28-typ-range\"\n        },\n        \"children\": [\n            {\n                \"infraPortBlk\": {\n                    \"attributes\": {\n                        \"dn\": \"uni/infra/spaccportprof-spine101/shports-Eth3-28-typ-range/portblk-block2\",\n                        \"fromCard\": \"3\",\n                        \"fromPort\": \"28\",\n                        \"toCard\": \"3\",\n                        \"toPort\": \"28\",\n                        \"name\": \"block2\",\n                        \"rn\": \"portblk-block2\"\n                    }\n                }\n            }\n        ]\n    }\n}\n"
          },
          "private": "eyJzY2hlbWFfdmVyc2lvbiI6IjEifQ==",
          "dependencies": [
            "aci_spine_interface_profile.spine101"
          ]
        },
        {
          "index_key": "29",
          "schema_version": 1,
          "attributes": {
            "class_name": "infraSHPortS",
            "content": null,
            "dn": null,
            "id": "uni/infra/spaccportprof-spine101/shports-Eth3-29-typ-range",
            "path": "/api/node/mo/uni/infra/spaccportprof-spine101/shports-Eth3-29-typ-range.json",
            "payload": "{\n    \"infraSHPortS\": {\n        \"attributes\": {\n            \"dn\": \"uni/infra/spaccportprof-spine101/shports-Eth3-29-typ-range\",\n            \"name\": \"Eth3-29\",\n            \"rn\": \"shports-Eth3-29-typ-range\"\n        },\n        \"children\": [\n            {\n                \"infraPortBlk\": {\n                    \"attributes\": {\n                        \"dn\": \"uni/infra/spaccportprof-spine101/shports-Eth3-29-typ-range/portblk-block2\",\n                        \"fromCard\": \"3\",\n                        \"fromPort\": \"29\",\n                        \"toCard\": \"3\",\n                        \"toPort\": \"29\",\n                        \"name\": \"block2\",\n                        \"rn\": \"portblk-block2\"\n                    }\n                }\n            }\n        ]\n    }\n}\n"
          },
          "private": "eyJzY2hlbWFfdmVyc2lvbiI6IjEifQ==",
          "dependencies": [
            "aci_spine_interface_profile.spine101"
          ]
        },
        {
          "index_key": "30",
          "schema_version": 1,
          "attributes": {
            "class_name": "infraSHPortS",
            "content": null,
            "dn": null,
            "id": "uni/infra/spaccportprof-spine101/shports-Eth3-30-typ-range",
            "path": "/api/node/mo/uni/infra/spaccportprof-spine101/shports-Eth3-30-typ-range.json",
            "payload": "{\n    \"infraSHPortS\": {\n        \"attributes\": {\n            \"dn\": \"uni/infra/spaccportprof-spine101/shports-Eth3-30-typ-range\",\n            \"name\": \"Eth3-30\",\n            \"rn\": \"shports-Eth3-30-typ-range\"\n        },\n        \"children\": [\n            {\n                \"infraPortBlk\": {\n                    \"attributes\": {\n                        \"dn\": \"uni/infra/spaccportprof-spine101/shports-Eth3-30-typ-range/portblk-block2\",\n                        \"fromCard\": \"3\",\n                        \"fromPort\": \"30\",\n                        \"toCard\": \"3\",\n                        \"toPort\": \"30\",\n                        \"name\": \"block2\",\n                        \"rn\": \"portblk-block2\"\n                    }\n                }\n            }\n        ]\n    }\n}\n"
          },
          "private": "eyJzY2hlbWFfdmVyc2lvbiI6IjEifQ==",
          "dependencies": [
            "aci_spine_interface_profile.spine101"
          ]
        },
        {
          "index_key": "31",
          "schema_version": 1,
          "attributes": {
            "class_name": "infraSHPortS",
            "content": null,
            "dn": null,
            "id": "uni/infra/spaccportprof-spine101/shports-Eth3-31-typ-range",
            "path": "/api/node/mo/uni/infra/spaccportprof-spine101/shports-Eth3-31-typ-range.json",
            "payload": "{\n    \"infraSHPortS\": {\n        \"attributes\": {\n            \"dn\": \"uni/infra/spaccportprof-spine101/shports-Eth3-31-typ-range\",\n            \"name\": \"Eth3-31\",\n            \"rn\": \"shports-Eth3-31-typ-range\"\n        },\n        \"children\": [\n            {\n                \"infraPortBlk\": {\n                    \"attributes\": {\n                        \"dn\": \"uni/infra/spaccportprof-spine101/shports-Eth3-31-typ-range/portblk-block2\",\n                        \"fromCard\": \"3\",\n                        \"fromPort\": \"31\",\n                        \"toCard\": \"3\",\n                        \"toPort\": \"31\",\n                        \"name\": \"block2\",\n                        \"rn\": \"portblk-block2\"\n                    }\n                }\n            }\n        ]\n    }\n}\n"
          },
          "private": "eyJzY2hlbWFfdmVyc2lvbiI6IjEifQ==",
          "dependencies": [
            "aci_spine_interface_profile.spine101"
          ]
        },
        {
          "index_key": "32",
          "schema_version": 1,
          "attributes": {
            "class_name": "infraSHPortS",
            "content": null,
            "dn": null,
            "id": "uni/infra/spaccportprof-spine101/shports-Eth3-32-typ-range",
            "path": "/api/node/mo/uni/infra/spaccportprof-spine101/shports-Eth3-32-typ-range.json",
            "payload": "{\n    \"infraSHPortS\": {\n        \"attributes\": {\n            \"dn\": \"uni/infra/spaccportprof-spine101/shports-Eth3-32-typ-range\",\n            \"name\": \"Eth3-32\",\n            \"rn\": \"shports-Eth3-32-typ-range\"\n        },\n        \"children\": [\n            {\n                \"infraPortBlk\": {\n                    \"attributes\": {\n                        \"dn\": \"uni/infra/spaccportprof-spine101/shports-Eth3-32-typ-range/portblk-block2\",\n                        \"fromCard\": \"3\",\n                        \"fromPort\": \"32\",\n                        \"toCard\": \"3\",\n                        \"toPort\": \"32\",\n                        \"name\": \"block2\",\n                        \"rn\": \"portblk-block2\"\n                    }\n                }\n            }\n        ]\n    }\n}\n"
          },
          "private": "eyJzY2hlbWFfdmVyc2lvbiI6IjEifQ==",
          "dependencies": [
            "aci_spine_interface_profile.spine101"
          ]
        },
        {
          "index_key": "33",
          "schema_version": 1,
          "attributes": {
            "class_name": "infraSHPortS",
            "content": null,
            "dn": null,
            "id": "uni/infra/spaccportprof-spine101/shports-Eth3-33-typ-range",
            "path": "/api/node/mo/uni/infra/spaccportprof-spine101/shports-Eth3-33-typ-range.json",
            "payload": "{\n    \"infraSHPortS\": {\n        \"attributes\": {\n            \"dn\": \"uni/infra/spaccportprof-spine101/shports-Eth3-33-typ-range\",\n            \"name\": \"Eth3-33\",\n            \"rn\": \"shports-Eth3-33-typ-range\"\n        },\n        \"children\": [\n            {\n                \"infraPortBlk\": {\n                    \"attributes\": {\n                        \"dn\": \"uni/infra/spaccportprof-spine101/shports-Eth3-33-typ-range/portblk-block2\",\n                        \"fromCard\": \"3\",\n                        \"fromPort\": \"33\",\n                        \"toCard\": \"3\",\n                        \"toPort\": \"33\",\n                        \"name\": \"block2\",\n                        \"rn\": \"portblk-block2\"\n                    }\n                }\n            }\n        ]\n    }\n}\n"
          },
          "private": "eyJzY2hlbWFfdmVyc2lvbiI6IjEifQ==",
          "dependencies": [
            "aci_spine_interface_profile.spine101"
          ]
        },
        {
          "index_key": "34",
          "schema_version": 1,
          "attributes": {
            "class_name": "infraSHPortS",
            "content": null,
            "dn": null,
            "id": "uni/infra/spaccportprof-spine101/shports-Eth3-34-typ-range",
            "path": "/api/node/mo/uni/infra/spaccportprof-spine101/shports-Eth3-34-typ-range.json",
            "payload": "{\n    \"infraSHPortS\": {\n        \"attributes\": {\n            \"dn\": \"uni/infra/spaccportprof-spine101/shports-Eth3-34-typ-range\",\n            \"name\": \"Eth3-34\",\n            \"rn\": \"shports-Eth3-34-typ-range\"\n        },\n        \"children\": [\n            {\n                \"infraPortBlk\": {\n                    \"attributes\": {\n                        \"dn\": \"uni/infra/spaccportprof-spine101/shports-Eth3-34-typ-range/portblk-block2\",\n                        \"fromCard\": \"3\",\n                        \"fromPort\": \"34\",\n                        \"toCard\": \"3\",\n                        \"toPort\": \"34\",\n                        \"name\": \"block2\",\n                        \"rn\": \"portblk-block2\"\n                    }\n                }\n            }\n        ]\n    }\n}\n"
          },
          "private": "eyJzY2hlbWFfdmVyc2lvbiI6IjEifQ==",
          "dependencies": [
            "aci_spine_interface_profile.spine101"
          ]
        },
        {
          "index_key": "35",
          "schema_version": 1,
          "attributes": {
            "class_name": "infraSHPortS",
            "content": null,
            "dn": null,
            "id": "uni/infra/spaccportprof-spine101/shports-Eth3-35-typ-range",
            "path": "/api/node/mo/uni/infra/spaccportprof-spine101/shports-Eth3-35-typ-range.json",
            "payload": "{\n    \"infraSHPortS\": {\n        \"attributes\": {\n            \"dn\": \"uni/infra/spaccportprof-spine101/shports-Eth3-35-typ-range\",\n            \"name\": \"Eth3-35\",\n            \"rn\": \"shports-Eth3-35-typ-range\"\n        },\n        \"children\": [\n            {\n                \"infraPortBlk\": {\n                    \"attributes\": {\n                        \"dn\": \"uni/infra/spaccportprof-spine101/shports-Eth3-35-typ-range/portblk-block2\",\n                        \"fromCard\": \"3\",\n                        \"fromPort\": \"35\",\n                        \"toCard\": \"3\",\n                        \"toPort\": \"35\",\n                        \"name\": \"block2\",\n                        \"rn\": \"portblk-block2\"\n                    }\n                }\n            }\n        ]\n    }\n}\n"
          },
          "private": "eyJzY2hlbWFfdmVyc2lvbiI6IjEifQ==",
          "dependencies": [
            "aci_spine_interface_profile.spine101"
          ]
        },
        {
          "index_key": "36",
          "schema_version": 1,
          "attributes": {
            "class_name": "infraSHPortS",
            "content": null,
            "dn": null,
            "id": "uni/infra/spaccportprof-spine101/shports-Eth3-36-typ-range",
            "path": "/api/node/mo/uni/infra/spaccportprof-spine101/shports-Eth3-36-typ-range.json",
            "payload": "{\n    \"infraSHPortS\": {\n        \"attributes\": {\n            \"dn\": \"uni/infra/spaccportprof-spine101/shports-Eth3-36-typ-range\",\n            \"name\": \"Eth3-36\",\n            \"rn\": \"shports-Eth3-36-typ-range\"\n        },\n        \"children\": [\n            {\n                \"infraPortBlk\": {\n                    \"attributes\": {\n                        \"dn\": \"uni/infra/spaccportprof-spine101/shports-Eth3-36-typ-range/portblk-block2\",\n                        \"fromCard\": \"3\",\n                        \"fromPort\": \"36\",\n                        \"toCard\": \"3\",\n                        \"toPort\": \"36\",\n                        \"name\": \"block2\",\n                        \"rn\": \"portblk-block2\"\n                    }\n                }\n            }\n        ]\n    }\n}\n"
          },
          "private": "eyJzY2hlbWFfdmVyc2lvbiI6IjEifQ==",
          "dependencies": [
            "aci_spine_interface_profile.spine101"
          ]
        }
      ]
    },
    {
      "mode": "managed",
      "type": "aci_rest",
      "name": "spine101_4",
      "provider": "provider[\"registry.terraform.io/ciscodevnet/aci\"]",
      "instances": [
        {
          "index_key": "01",
          "schema_version": 1,
          "attributes": {
            "class_name": "infraSHPortS",
            "content": null,
            "dn": null,
            "id": "uni/infra/spaccportprof-spine101/shports-Eth4-01-typ-range",
            "path": "/api/node/mo/uni/infra/spaccportprof-spine101/shports-Eth4-01-typ-range.json",
            "payload": "{\n    \"infraSHPortS\": {\n        \"attributes\": {\n            \"dn\": \"uni/infra/spaccportprof-spine101/shports-Eth4-01-typ-range\",\n            \"name\": \"Eth4-01\",\n            \"rn\": \"shports-Eth4-01-typ-range\"\n        },\n        \"children\": [\n            {\n                \"infraPortBlk\": {\n                    \"attributes\": {\n                        \"dn\": \"uni/infra/spaccportprof-spine101/shports-Eth4-01-typ-range/portblk-block2\",\n                        \"fromCard\": \"4\",\n                        \"fromPort\": \"1\",\n                        \"toCard\": \"4\",\n                        \"toPort\": \"1\",\n                        \"name\": \"block2\",\n                        \"rn\": \"portblk-block2\"\n                    }\n                }\n            }\n        ]\n    }\n}\n"
          },
          "private": "eyJzY2hlbWFfdmVyc2lvbiI6IjEifQ==",
          "dependencies": [
            "aci_spine_interface_profile.spine101"
          ]
        },
        {
          "index_key": "02",
          "schema_version": 1,
          "attributes": {
            "class_name": "infraSHPortS",
            "content": null,
            "dn": null,
            "id": "uni/infra/spaccportprof-spine101/shports-Eth4-02-typ-range",
            "path": "/api/node/mo/uni/infra/spaccportprof-spine101/shports-Eth4-02-typ-range.json",
            "payload": "{\n    \"infraSHPortS\": {\n        \"attributes\": {\n            \"dn\": \"uni/infra/spaccportprof-spine101/shports-Eth4-02-typ-range\",\n            \"name\": \"Eth4-02\",\n            \"rn\": \"shports-Eth4-02-typ-range\"\n        },\n        \"children\": [\n            {\n                \"infraPortBlk\": {\n                    \"attributes\": {\n                        \"dn\": \"uni/infra/spaccportprof-spine101/shports-Eth4-02-typ-range/portblk-block2\",\n                        \"fromCard\": \"4\",\n                        \"fromPort\": \"2\",\n                        \"toCard\": \"4\",\n                        \"toPort\": \"2\",\n                        \"name\": \"block2\",\n                        \"rn\": \"portblk-block2\"\n                    }\n                }\n            }\n        ]\n    }\n}\n"
          },
          "private": "eyJzY2hlbWFfdmVyc2lvbiI6IjEifQ==",
          "dependencies": [
            "aci_spine_interface_profile.spine101"
          ]
        },
        {
          "index_key": "03",
          "schema_version": 1,
          "attributes": {
            "class_name": "infraSHPortS",
            "content": null,
            "dn": null,
            "id": "uni/infra/spaccportprof-spine101/shports-Eth4-03-typ-range",
            "path": "/api/node/mo/uni/infra/spaccportprof-spine101/shports-Eth4-03-typ-range.json",
            "payload": "{\n    \"infraSHPortS\": {\n        \"attributes\": {\n            \"dn\": \"uni/infra/spaccportprof-spine101/shports-Eth4-03-typ-range\",\n            \"name\": \"Eth4-03\",\n            \"rn\": \"shports-Eth4-03-typ-range\"\n        },\n        \"children\": [\n            {\n                \"infraPortBlk\": {\n                    \"attributes\": {\n                        \"dn\": \"uni/infra/spaccportprof-spine101/shports-Eth4-03-typ-range/portblk-block2\",\n                        \"fromCard\": \"4\",\n                        \"fromPort\": \"3\",\n                        \"toCard\": \"4\",\n                        \"toPort\": \"3\",\n                        \"name\": \"block2\",\n                        \"rn\": \"portblk-block2\"\n                    }\n                }\n            }\n        ]\n    }\n}\n"
          },
          "private": "eyJzY2hlbWFfdmVyc2lvbiI6IjEifQ==",
          "dependencies": [
            "aci_spine_interface_profile.spine101"
          ]
        },
        {
          "index_key": "04",
          "schema_version": 1,
          "attributes": {
            "class_name": "infraSHPortS",
            "content": null,
            "dn": null,
            "id": "uni/infra/spaccportprof-spine101/shports-Eth4-04-typ-range",
            "path": "/api/node/mo/uni/infra/spaccportprof-spine101/shports-Eth4-04-typ-range.json",
            "payload": "{\n    \"infraSHPortS\": {\n        \"attributes\": {\n            \"dn\": \"uni/infra/spaccportprof-spine101/shports-Eth4-04-typ-range\",\n            \"name\": \"Eth4-04\",\n            \"rn\": \"shports-Eth4-04-typ-range\"\n        },\n        \"children\": [\n            {\n                \"infraPortBlk\": {\n                    \"attributes\": {\n                        \"dn\": \"uni/infra/spaccportprof-spine101/shports-Eth4-04-typ-range/portblk-block2\",\n                        \"fromCard\": \"4\",\n                        \"fromPort\": \"4\",\n                        \"toCard\": \"4\",\n                        \"toPort\": \"4\",\n                        \"name\": \"block2\",\n                        \"rn\": \"portblk-block2\"\n                    }\n                }\n            }\n        ]\n    }\n}\n"
          },
          "private": "eyJzY2hlbWFfdmVyc2lvbiI6IjEifQ==",
          "dependencies": [
            "aci_spine_interface_profile.spine101"
          ]
        },
        {
          "index_key": "05",
          "schema_version": 1,
          "attributes": {
            "class_name": "infraSHPortS",
            "content": null,
            "dn": null,
            "id": "uni/infra/spaccportprof-spine101/shports-Eth4-05-typ-range",
            "path": "/api/node/mo/uni/infra/spaccportprof-spine101/shports-Eth4-05-typ-range.json",
            "payload": "{\n    \"infraSHPortS\": {\n        \"attributes\": {\n            \"dn\": \"uni/infra/spaccportprof-spine101/shports-Eth4-05-typ-range\",\n            \"name\": \"Eth4-05\",\n            \"rn\": \"shports-Eth4-05-typ-range\"\n        },\n        \"children\": [\n            {\n                \"infraPortBlk\": {\n                    \"attributes\": {\n                        \"dn\": \"uni/infra/spaccportprof-spine101/shports-Eth4-05-typ-range/portblk-block2\",\n                        \"fromCard\": \"4\",\n                        \"fromPort\": \"5\",\n                        \"toCard\": \"4\",\n                        \"toPort\": \"5\",\n                        \"name\": \"block2\",\n                        \"rn\": \"portblk-block2\"\n                    }\n                }\n            }\n        ]\n    }\n}\n"
          },
          "private": "eyJzY2hlbWFfdmVyc2lvbiI6IjEifQ==",
          "dependencies": [
            "aci_spine_interface_profile.spine101"
          ]
        },
        {
          "index_key": "06",
          "schema_version": 1,
          "attributes": {
            "class_name": "infraSHPortS",
            "content": null,
            "dn": null,
            "id": "uni/infra/spaccportprof-spine101/shports-Eth4-06-typ-range",
            "path": "/api/node/mo/uni/infra/spaccportprof-spine101/shports-Eth4-06-typ-range.json",
            "payload": "{\n    \"infraSHPortS\": {\n        \"attributes\": {\n            \"dn\": \"uni/infra/spaccportprof-spine101/shports-Eth4-06-typ-range\",\n            \"name\": \"Eth4-06\",\n            \"rn\": \"shports-Eth4-06-typ-range\"\n        },\n        \"children\": [\n            {\n                \"infraPortBlk\": {\n                    \"attributes\": {\n                        \"dn\": \"uni/infra/spaccportprof-spine101/shports-Eth4-06-typ-range/portblk-block2\",\n                        \"fromCard\": \"4\",\n                        \"fromPort\": \"6\",\n                        \"toCard\": \"4\",\n                        \"toPort\": \"6\",\n                        \"name\": \"block2\",\n                        \"rn\": \"portblk-block2\"\n                    }\n                }\n            }\n        ]\n    }\n}\n"
          },
          "private": "eyJzY2hlbWFfdmVyc2lvbiI6IjEifQ==",
          "dependencies": [
            "aci_spine_interface_profile.spine101"
          ]
        },
        {
          "index_key": "07",
          "schema_version": 1,
          "attributes": {
            "class_name": "infraSHPortS",
            "content": null,
            "dn": null,
            "id": "uni/infra/spaccportprof-spine101/shports-Eth4-07-typ-range",
            "path": "/api/node/mo/uni/infra/spaccportprof-spine101/shports-Eth4-07-typ-range.json",
            "payload": "{\n    \"infraSHPortS\": {\n        \"attributes\": {\n            \"dn\": \"uni/infra/spaccportprof-spine101/shports-Eth4-07-typ-range\",\n            \"name\": \"Eth4-07\",\n            \"rn\": \"shports-Eth4-07-typ-range\"\n        },\n        \"children\": [\n            {\n                \"infraPortBlk\": {\n                    \"attributes\": {\n                        \"dn\": \"uni/infra/spaccportprof-spine101/shports-Eth4-07-typ-range/portblk-block2\",\n                        \"fromCard\": \"4\",\n                        \"fromPort\": \"7\",\n                        \"toCard\": \"4\",\n                        \"toPort\": \"7\",\n                        \"name\": \"block2\",\n                        \"rn\": \"portblk-block2\"\n                    }\n                }\n            }\n        ]\n    }\n}\n"
          },
          "private": "eyJzY2hlbWFfdmVyc2lvbiI6IjEifQ==",
          "dependencies": [
            "aci_spine_interface_profile.spine101"
          ]
        },
        {
          "index_key": "08",
          "schema_version": 1,
          "attributes": {
            "class_name": "infraSHPortS",
            "content": null,
            "dn": null,
            "id": "uni/infra/spaccportprof-spine101/shports-Eth4-08-typ-range",
            "path": "/api/node/mo/uni/infra/spaccportprof-spine101/shports-Eth4-08-typ-range.json",
            "payload": "{\n    \"infraSHPortS\": {\n        \"attributes\": {\n            \"dn\": \"uni/infra/spaccportprof-spine101/shports-Eth4-08-typ-range\",\n            \"name\": \"Eth4-08\",\n            \"rn\": \"shports-Eth4-08-typ-range\"\n        },\n        \"children\": [\n            {\n                \"infraPortBlk\": {\n                    \"attributes\": {\n                        \"dn\": \"uni/infra/spaccportprof-spine101/shports-Eth4-08-typ-range/portblk-block2\",\n                        \"fromCard\": \"4\",\n                        \"fromPort\": \"8\",\n                        \"toCard\": \"4\",\n                        \"toPort\": \"8\",\n                        \"name\": \"block2\",\n                        \"rn\": \"portblk-block2\"\n                    }\n                }\n            }\n        ]\n    }\n}\n"
          },
          "private": "eyJzY2hlbWFfdmVyc2lvbiI6IjEifQ==",
          "dependencies": [
            "aci_spine_interface_profile.spine101"
          ]
        },
        {
          "index_key": "09",
          "schema_version": 1,
          "attributes": {
            "class_name": "infraSHPortS",
            "content": null,
            "dn": null,
            "id": "uni/infra/spaccportprof-spine101/shports-Eth4-09-typ-range",
            "path": "/api/node/mo/uni/infra/spaccportprof-spine101/shports-Eth4-09-typ-range.json",
            "payload": "{\n    \"infraSHPortS\": {\n        \"attributes\": {\n            \"dn\": \"uni/infra/spaccportprof-spine101/shports-Eth4-09-typ-range\",\n            \"name\": \"Eth4-09\",\n            \"rn\": \"shports-Eth4-09-typ-range\"\n        },\n        \"children\": [\n            {\n                \"infraPortBlk\": {\n                    \"attributes\": {\n                        \"dn\": \"uni/infra/spaccportprof-spine101/shports-Eth4-09-typ-range/portblk-block2\",\n                        \"fromCard\": \"4\",\n                        \"fromPort\": \"9\",\n                        \"toCard\": \"4\",\n                        \"toPort\": \"9\",\n                        \"name\": \"block2\",\n                        \"rn\": \"portblk-block2\"\n                    }\n                }\n            }\n        ]\n    }\n}\n"
          },
          "private": "eyJzY2hlbWFfdmVyc2lvbiI6IjEifQ==",
          "dependencies": [
            "aci_spine_interface_profile.spine101"
          ]
        },
        {
          "index_key": "10",
          "schema_version": 1,
          "attributes": {
            "class_name": "infraSHPortS",
            "content": null,
            "dn": null,
            "id": "uni/infra/spaccportprof-spine101/shports-Eth4-10-typ-range",
            "path": "/api/node/mo/uni/infra/spaccportprof-spine101/shports-Eth4-10-typ-range.json",
            "payload": "{\n    \"infraSHPortS\": {\n        \"attributes\": {\n            \"dn\": \"uni/infra/spaccportprof-spine101/shports-Eth4-10-typ-range\",\n            \"name\": \"Eth4-10\",\n            \"rn\": \"shports-Eth4-10-typ-range\"\n        },\n        \"children\": [\n            {\n                \"infraPortBlk\": {\n                    \"attributes\": {\n                        \"dn\": \"uni/infra/spaccportprof-spine101/shports-Eth4-10-typ-range/portblk-block2\",\n                        \"fromCard\": \"4\",\n                        \"fromPort\": \"10\",\n                        \"toCard\": \"4\",\n                        \"toPort\": \"10\",\n                        \"name\": \"block2\",\n                        \"rn\": \"portblk-block2\"\n                    }\n                }\n            }\n        ]\n    }\n}\n"
          },
          "private": "eyJzY2hlbWFfdmVyc2lvbiI6IjEifQ==",
          "dependencies": [
            "aci_spine_interface_profile.spine101"
          ]
        },
        {
          "index_key": "11",
          "schema_version": 1,
          "attributes": {
            "class_name": "infraSHPortS",
            "content": null,
            "dn": null,
            "id": "uni/infra/spaccportprof-spine101/shports-Eth4-11-typ-range",
            "path": "/api/node/mo/uni/infra/spaccportprof-spine101/shports-Eth4-11-typ-range.json",
            "payload": "{\n    \"infraSHPortS\": {\n        \"attributes\": {\n            \"dn\": \"uni/infra/spaccportprof-spine101/shports-Eth4-11-typ-range\",\n            \"name\": \"Eth4-11\",\n            \"rn\": \"shports-Eth4-11-typ-range\"\n        },\n        \"children\": [\n            {\n                \"infraPortBlk\": {\n                    \"attributes\": {\n                        \"dn\": \"uni/infra/spaccportprof-spine101/shports-Eth4-11-typ-range/portblk-block2\",\n                        \"fromCard\": \"4\",\n                        \"fromPort\": \"11\",\n                        \"toCard\": \"4\",\n                        \"toPort\": \"11\",\n                        \"name\": \"block2\",\n                        \"rn\": \"portblk-block2\"\n                    }\n                }\n            }\n        ]\n    }\n}\n"
          },
          "private": "eyJzY2hlbWFfdmVyc2lvbiI6IjEifQ==",
          "dependencies": [
            "aci_spine_interface_profile.spine101"
          ]
        },
        {
          "index_key": "12",
          "schema_version": 1,
          "attributes": {
            "class_name": "infraSHPortS",
            "content": null,
            "dn": null,
            "id": "uni/infra/spaccportprof-spine101/shports-Eth4-12-typ-range",
            "path": "/api/node/mo/uni/infra/spaccportprof-spine101/shports-Eth4-12-typ-range.json",
            "payload": "{\n    \"infraSHPortS\": {\n        \"attributes\": {\n            \"dn\": \"uni/infra/spaccportprof-spine101/shports-Eth4-12-typ-range\",\n            \"name\": \"Eth4-12\",\n            \"rn\": \"shports-Eth4-12-typ-range\"\n        },\n        \"children\": [\n            {\n                \"infraPortBlk\": {\n                    \"attributes\": {\n                        \"dn\": \"uni/infra/spaccportprof-spine101/shports-Eth4-12-typ-range/portblk-block2\",\n                        \"fromCard\": \"4\",\n                        \"fromPort\": \"12\",\n                        \"toCard\": \"4\",\n                        \"toPort\": \"12\",\n                        \"name\": \"block2\",\n                        \"rn\": \"portblk-block2\"\n                    }\n                }\n            }\n        ]\n    }\n}\n"
          },
          "private": "eyJzY2hlbWFfdmVyc2lvbiI6IjEifQ==",
          "dependencies": [
            "aci_spine_interface_profile.spine101"
          ]
        },
        {
          "index_key": "13",
          "schema_version": 1,
          "attributes": {
            "class_name": "infraSHPortS",
            "content": null,
            "dn": null,
            "id": "uni/infra/spaccportprof-spine101/shports-Eth4-13-typ-range",
            "path": "/api/node/mo/uni/infra/spaccportprof-spine101/shports-Eth4-13-typ-range.json",
            "payload": "{\n    \"infraSHPortS\": {\n        \"attributes\": {\n            \"dn\": \"uni/infra/spaccportprof-spine101/shports-Eth4-13-typ-range\",\n            \"name\": \"Eth4-13\",\n            \"rn\": \"shports-Eth4-13-typ-range\"\n        },\n        \"children\": [\n            {\n                \"infraPortBlk\": {\n                    \"attributes\": {\n                        \"dn\": \"uni/infra/spaccportprof-spine101/shports-Eth4-13-typ-range/portblk-block2\",\n                        \"fromCard\": \"4\",\n                        \"fromPort\": \"13\",\n                        \"toCard\": \"4\",\n                        \"toPort\": \"13\",\n                        \"name\": \"block2\",\n                        \"rn\": \"portblk-block2\"\n                    }\n                }\n            }\n        ]\n    }\n}\n"
          },
          "private": "eyJzY2hlbWFfdmVyc2lvbiI6IjEifQ==",
          "dependencies": [
            "aci_spine_interface_profile.spine101"
          ]
        },
        {
          "index_key": "14",
          "schema_version": 1,
          "attributes": {
            "class_name": "infraSHPortS",
            "content": null,
            "dn": null,
            "id": "uni/infra/spaccportprof-spine101/shports-Eth4-14-typ-range",
            "path": "/api/node/mo/uni/infra/spaccportprof-spine101/shports-Eth4-14-typ-range.json",
            "payload": "{\n    \"infraSHPortS\": {\n        \"attributes\": {\n            \"dn\": \"uni/infra/spaccportprof-spine101/shports-Eth4-14-typ-range\",\n            \"name\": \"Eth4-14\",\n            \"rn\": \"shports-Eth4-14-typ-range\"\n        },\n        \"children\": [\n            {\n                \"infraPortBlk\": {\n                    \"attributes\": {\n                        \"dn\": \"uni/infra/spaccportprof-spine101/shports-Eth4-14-typ-range/portblk-block2\",\n                        \"fromCard\": \"4\",\n                        \"fromPort\": \"14\",\n                        \"toCard\": \"4\",\n                        \"toPort\": \"14\",\n                        \"name\": \"block2\",\n                        \"rn\": \"portblk-block2\"\n                    }\n                }\n            }\n        ]\n    }\n}\n"
          },
          "private": "eyJzY2hlbWFfdmVyc2lvbiI6IjEifQ==",
          "dependencies": [
            "aci_spine_interface_profile.spine101"
          ]
        },
        {
          "index_key": "15",
          "schema_version": 1,
          "attributes": {
            "class_name": "infraSHPortS",
            "content": null,
            "dn": null,
            "id": "uni/infra/spaccportprof-spine101/shports-Eth4-15-typ-range",
            "path": "/api/node/mo/uni/infra/spaccportprof-spine101/shports-Eth4-15-typ-range.json",
            "payload": "{\n    \"infraSHPortS\": {\n        \"attributes\": {\n            \"dn\": \"uni/infra/spaccportprof-spine101/shports-Eth4-15-typ-range\",\n            \"name\": \"Eth4-15\",\n            \"rn\": \"shports-Eth4-15-typ-range\"\n        },\n        \"children\": [\n            {\n                \"infraPortBlk\": {\n                    \"attributes\": {\n                        \"dn\": \"uni/infra/spaccportprof-spine101/shports-Eth4-15-typ-range/portblk-block2\",\n                        \"fromCard\": \"4\",\n                        \"fromPort\": \"15\",\n                        \"toCard\": \"4\",\n                        \"toPort\": \"15\",\n                        \"name\": \"block2\",\n                        \"rn\": \"portblk-block2\"\n                    }\n                }\n            }\n        ]\n    }\n}\n"
          },
          "private": "eyJzY2hlbWFfdmVyc2lvbiI6IjEifQ==",
          "dependencies": [
            "aci_spine_interface_profile.spine101"
          ]
        },
        {
          "index_key": "16",
          "schema_version": 1,
          "attributes": {
            "class_name": "infraSHPortS",
            "content": null,
            "dn": null,
            "id": "uni/infra/spaccportprof-spine101/shports-Eth4-16-typ-range",
            "path": "/api/node/mo/uni/infra/spaccportprof-spine101/shports-Eth4-16-typ-range.json",
            "payload": "{\n    \"infraSHPortS\": {\n        \"attributes\": {\n            \"dn\": \"uni/infra/spaccportprof-spine101/shports-Eth4-16-typ-range\",\n            \"name\": \"Eth4-16\",\n            \"rn\": \"shports-Eth4-16-typ-range\"\n        },\n        \"children\": [\n            {\n                \"infraPortBlk\": {\n                    \"attributes\": {\n                        \"dn\": \"uni/infra/spaccportprof-spine101/shports-Eth4-16-typ-range/portblk-block2\",\n                        \"fromCard\": \"4\",\n                        \"fromPort\": \"16\",\n                        \"toCard\": \"4\",\n                        \"toPort\": \"16\",\n                        \"name\": \"block2\",\n                        \"rn\": \"portblk-block2\"\n                    }\n                }\n            }\n        ]\n    }\n}\n"
          },
          "private": "eyJzY2hlbWFfdmVyc2lvbiI6IjEifQ==",
          "dependencies": [
            "aci_spine_interface_profile.spine101"
          ]
        },
        {
          "index_key": "17",
          "schema_version": 1,
          "attributes": {
            "class_name": "infraSHPortS",
            "content": null,
            "dn": null,
            "id": "uni/infra/spaccportprof-spine101/shports-Eth4-17-typ-range",
            "path": "/api/node/mo/uni/infra/spaccportprof-spine101/shports-Eth4-17-typ-range.json",
            "payload": "{\n    \"infraSHPortS\": {\n        \"attributes\": {\n            \"dn\": \"uni/infra/spaccportprof-spine101/shports-Eth4-17-typ-range\",\n            \"name\": \"Eth4-17\",\n            \"rn\": \"shports-Eth4-17-typ-range\"\n        },\n        \"children\": [\n            {\n                \"infraPortBlk\": {\n                    \"attributes\": {\n                        \"dn\": \"uni/infra/spaccportprof-spine101/shports-Eth4-17-typ-range/portblk-block2\",\n                        \"fromCard\": \"4\",\n                        \"fromPort\": \"17\",\n                        \"toCard\": \"4\",\n                        \"toPort\": \"17\",\n                        \"name\": \"block2\",\n                        \"rn\": \"portblk-block2\"\n                    }\n                }\n            }\n        ]\n    }\n}\n"
          },
          "private": "eyJzY2hlbWFfdmVyc2lvbiI6IjEifQ==",
          "dependencies": [
            "aci_spine_interface_profile.spine101"
          ]
        },
        {
          "index_key": "18",
          "schema_version": 1,
          "attributes": {
            "class_name": "infraSHPortS",
            "content": null,
            "dn": null,
            "id": "uni/infra/spaccportprof-spine101/shports-Eth4-18-typ-range",
            "path": "/api/node/mo/uni/infra/spaccportprof-spine101/shports-Eth4-18-typ-range.json",
            "payload": "{\n    \"infraSHPortS\": {\n        \"attributes\": {\n            \"dn\": \"uni/infra/spaccportprof-spine101/shports-Eth4-18-typ-range\",\n            \"name\": \"Eth4-18\",\n            \"rn\": \"shports-Eth4-18-typ-range\"\n        },\n        \"children\": [\n            {\n                \"infraPortBlk\": {\n                    \"attributes\": {\n                        \"dn\": \"uni/infra/spaccportprof-spine101/shports-Eth4-18-typ-range/portblk-block2\",\n                        \"fromCard\": \"4\",\n                        \"fromPort\": \"18\",\n                        \"toCard\": \"4\",\n                        \"toPort\": \"18\",\n                        \"name\": \"block2\",\n                        \"rn\": \"portblk-block2\"\n                    }\n                }\n            }\n        ]\n    }\n}\n"
          },
          "private": "eyJzY2hlbWFfdmVyc2lvbiI6IjEifQ==",
          "dependencies": [
            "aci_spine_interface_profile.spine101"
          ]
        },
        {
          "index_key": "19",
          "schema_version": 1,
          "attributes": {
            "class_name": "infraSHPortS",
            "content": null,
            "dn": null,
            "id": "uni/infra/spaccportprof-spine101/shports-Eth4-19-typ-range",
            "path": "/api/node/mo/uni/infra/spaccportprof-spine101/shports-Eth4-19-typ-range.json",
            "payload": "{\n    \"infraSHPortS\": {\n        \"attributes\": {\n            \"dn\": \"uni/infra/spaccportprof-spine101/shports-Eth4-19-typ-range\",\n            \"name\": \"Eth4-19\",\n            \"rn\": \"shports-Eth4-19-typ-range\"\n        },\n        \"children\": [\n            {\n                \"infraPortBlk\": {\n                    \"attributes\": {\n                        \"dn\": \"uni/infra/spaccportprof-spine101/shports-Eth4-19-typ-range/portblk-block2\",\n                        \"fromCard\": \"4\",\n                        \"fromPort\": \"19\",\n                        \"toCard\": \"4\",\n                        \"toPort\": \"19\",\n                        \"name\": \"block2\",\n                        \"rn\": \"portblk-block2\"\n                    }\n                }\n            }\n        ]\n    }\n}\n"
          },
          "private": "eyJzY2hlbWFfdmVyc2lvbiI6IjEifQ==",
          "dependencies": [
            "aci_spine_interface_profile.spine101"
          ]
        },
        {
          "index_key": "20",
          "schema_version": 1,
          "attributes": {
            "class_name": "infraSHPortS",
            "content": null,
            "dn": null,
            "id": "uni/infra/spaccportprof-spine101/shports-Eth4-20-typ-range",
            "path": "/api/node/mo/uni/infra/spaccportprof-spine101/shports-Eth4-20-typ-range.json",
            "payload": "{\n    \"infraSHPortS\": {\n        \"attributes\": {\n            \"dn\": \"uni/infra/spaccportprof-spine101/shports-Eth4-20-typ-range\",\n            \"name\": \"Eth4-20\",\n            \"rn\": \"shports-Eth4-20-typ-range\"\n        },\n        \"children\": [\n            {\n                \"infraPortBlk\": {\n                    \"attributes\": {\n                        \"dn\": \"uni/infra/spaccportprof-spine101/shports-Eth4-20-typ-range/portblk-block2\",\n                        \"fromCard\": \"4\",\n                        \"fromPort\": \"20\",\n                        \"toCard\": \"4\",\n                        \"toPort\": \"20\",\n                        \"name\": \"block2\",\n                        \"rn\": \"portblk-block2\"\n                    }\n                }\n            }\n        ]\n    }\n}\n"
          },
          "private": "eyJzY2hlbWFfdmVyc2lvbiI6IjEifQ==",
          "dependencies": [
            "aci_spine_interface_profile.spine101"
          ]
        },
        {
          "index_key": "21",
          "schema_version": 1,
          "attributes": {
            "class_name": "infraSHPortS",
            "content": null,
            "dn": null,
            "id": "uni/infra/spaccportprof-spine101/shports-Eth4-21-typ-range",
            "path": "/api/node/mo/uni/infra/spaccportprof-spine101/shports-Eth4-21-typ-range.json",
            "payload": "{\n    \"infraSHPortS\": {\n        \"attributes\": {\n            \"dn\": \"uni/infra/spaccportprof-spine101/shports-Eth4-21-typ-range\",\n            \"name\": \"Eth4-21\",\n            \"rn\": \"shports-Eth4-21-typ-range\"\n        },\n        \"children\": [\n            {\n                \"infraPortBlk\": {\n                    \"attributes\": {\n                        \"dn\": \"uni/infra/spaccportprof-spine101/shports-Eth4-21-typ-range/portblk-block2\",\n                        \"fromCard\": \"4\",\n                        \"fromPort\": \"21\",\n                        \"toCard\": \"4\",\n                        \"toPort\": \"21\",\n                        \"name\": \"block2\",\n                        \"rn\": \"portblk-block2\"\n                    }\n                }\n            }\n        ]\n    }\n}\n"
          },
          "private": "eyJzY2hlbWFfdmVyc2lvbiI6IjEifQ==",
          "dependencies": [
            "aci_spine_interface_profile.spine101"
          ]
        },
        {
          "index_key": "22",
          "schema_version": 1,
          "attributes": {
            "class_name": "infraSHPortS",
            "content": null,
            "dn": null,
            "id": "uni/infra/spaccportprof-spine101/shports-Eth4-22-typ-range",
            "path": "/api/node/mo/uni/infra/spaccportprof-spine101/shports-Eth4-22-typ-range.json",
            "payload": "{\n    \"infraSHPortS\": {\n        \"attributes\": {\n            \"dn\": \"uni/infra/spaccportprof-spine101/shports-Eth4-22-typ-range\",\n            \"name\": \"Eth4-22\",\n            \"rn\": \"shports-Eth4-22-typ-range\"\n        },\n        \"children\": [\n            {\n                \"infraPortBlk\": {\n                    \"attributes\": {\n                        \"dn\": \"uni/infra/spaccportprof-spine101/shports-Eth4-22-typ-range/portblk-block2\",\n                        \"fromCard\": \"4\",\n                        \"fromPort\": \"22\",\n                        \"toCard\": \"4\",\n                        \"toPort\": \"22\",\n                        \"name\": \"block2\",\n                        \"rn\": \"portblk-block2\"\n                    }\n                }\n            }\n        ]\n    }\n}\n"
          },
          "private": "eyJzY2hlbWFfdmVyc2lvbiI6IjEifQ==",
          "dependencies": [
            "aci_spine_interface_profile.spine101"
          ]
        },
        {
          "index_key": "23",
          "schema_version": 1,
          "attributes": {
            "class_name": "infraSHPortS",
            "content": null,
            "dn": null,
            "id": "uni/infra/spaccportprof-spine101/shports-Eth4-23-typ-range",
            "path": "/api/node/mo/uni/infra/spaccportprof-spine101/shports-Eth4-23-typ-range.json",
            "payload": "{\n    \"infraSHPortS\": {\n        \"attributes\": {\n            \"dn\": \"uni/infra/spaccportprof-spine101/shports-Eth4-23-typ-range\",\n            \"name\": \"Eth4-23\",\n            \"rn\": \"shports-Eth4-23-typ-range\"\n        },\n        \"children\": [\n            {\n                \"infraPortBlk\": {\n                    \"attributes\": {\n                        \"dn\": \"uni/infra/spaccportprof-spine101/shports-Eth4-23-typ-range/portblk-block2\",\n                        \"fromCard\": \"4\",\n                        \"fromPort\": \"23\",\n                        \"toCard\": \"4\",\n                        \"toPort\": \"23\",\n                        \"name\": \"block2\",\n                        \"rn\": \"portblk-block2\"\n                    }\n                }\n            }\n        ]\n    }\n}\n"
          },
          "private": "eyJzY2hlbWFfdmVyc2lvbiI6IjEifQ==",
          "dependencies": [
            "aci_spine_interface_profile.spine101"
          ]
        },
        {
          "index_key": "24",
          "schema_version": 1,
          "attributes": {
            "class_name": "infraSHPortS",
            "content": null,
            "dn": null,
            "id": "uni/infra/spaccportprof-spine101/shports-Eth4-24-typ-range",
            "path": "/api/node/mo/uni/infra/spaccportprof-spine101/shports-Eth4-24-typ-range.json",
            "payload": "{\n    \"infraSHPortS\": {\n        \"attributes\": {\n            \"dn\": \"uni/infra/spaccportprof-spine101/shports-Eth4-24-typ-range\",\n            \"name\": \"Eth4-24\",\n            \"rn\": \"shports-Eth4-24-typ-range\"\n        },\n        \"children\": [\n            {\n                \"infraPortBlk\": {\n                    \"attributes\": {\n                        \"dn\": \"uni/infra/spaccportprof-spine101/shports-Eth4-24-typ-range/portblk-block2\",\n                        \"fromCard\": \"4\",\n                        \"fromPort\": \"24\",\n                        \"toCard\": \"4\",\n                        \"toPort\": \"24\",\n                        \"name\": \"block2\",\n                        \"rn\": \"portblk-block2\"\n                    }\n                }\n            }\n        ]\n    }\n}\n"
          },
          "private": "eyJzY2hlbWFfdmVyc2lvbiI6IjEifQ==",
          "dependencies": [
            "aci_spine_interface_profile.spine101"
          ]
        },
        {
          "index_key": "25",
          "schema_version": 1,
          "attributes": {
            "class_name": "infraSHPortS",
            "content": null,
            "dn": null,
            "id": "uni/infra/spaccportprof-spine101/shports-Eth4-25-typ-range",
            "path": "/api/node/mo/uni/infra/spaccportprof-spine101/shports-Eth4-25-typ-range.json",
            "payload": "{\n    \"infraSHPortS\": {\n        \"attributes\": {\n            \"dn\": \"uni/infra/spaccportprof-spine101/shports-Eth4-25-typ-range\",\n            \"name\": \"Eth4-25\",\n            \"rn\": \"shports-Eth4-25-typ-range\"\n        },\n        \"children\": [\n            {\n                \"infraPortBlk\": {\n                    \"attributes\": {\n                        \"dn\": \"uni/infra/spaccportprof-spine101/shports-Eth4-25-typ-range/portblk-block2\",\n                        \"fromCard\": \"4\",\n                        \"fromPort\": \"25\",\n                        \"toCard\": \"4\",\n                        \"toPort\": \"25\",\n                        \"name\": \"block2\",\n                        \"rn\": \"portblk-block2\"\n                    }\n                }\n            }\n        ]\n    }\n}\n"
          },
          "private": "eyJzY2hlbWFfdmVyc2lvbiI6IjEifQ==",
          "dependencies": [
            "aci_spine_interface_profile.spine101"
          ]
        },
        {
          "index_key": "26",
          "schema_version": 1,
          "attributes": {
            "class_name": "infraSHPortS",
            "content": null,
            "dn": null,
            "id": "uni/infra/spaccportprof-spine101/shports-Eth4-26-typ-range",
            "path": "/api/node/mo/uni/infra/spaccportprof-spine101/shports-Eth4-26-typ-range.json",
            "payload": "{\n    \"infraSHPortS\": {\n        \"attributes\": {\n            \"dn\": \"uni/infra/spaccportprof-spine101/shports-Eth4-26-typ-range\",\n            \"name\": \"Eth4-26\",\n            \"rn\": \"shports-Eth4-26-typ-range\"\n        },\n        \"children\": [\n            {\n                \"infraPortBlk\": {\n                    \"attributes\": {\n                        \"dn\": \"uni/infra/spaccportprof-spine101/shports-Eth4-26-typ-range/portblk-block2\",\n                        \"fromCard\": \"4\",\n                        \"fromPort\": \"26\",\n                        \"toCard\": \"4\",\n                        \"toPort\": \"26\",\n                        \"name\": \"block2\",\n                        \"rn\": \"portblk-block2\"\n                    }\n                }\n            }\n        ]\n    }\n}\n"
          },
          "private": "eyJzY2hlbWFfdmVyc2lvbiI6IjEifQ==",
          "dependencies": [
            "aci_spine_interface_profile.spine101"
          ]
        },
        {
          "index_key": "27",
          "schema_version": 1,
          "attributes": {
            "class_name": "infraSHPortS",
            "content": null,
            "dn": null,
            "id": "uni/infra/spaccportprof-spine101/shports-Eth4-27-typ-range",
            "path": "/api/node/mo/uni/infra/spaccportprof-spine101/shports-Eth4-27-typ-range.json",
            "payload": "{\n    \"infraSHPortS\": {\n        \"attributes\": {\n            \"dn\": \"uni/infra/spaccportprof-spine101/shports-Eth4-27-typ-range\",\n            \"name\": \"Eth4-27\",\n            \"rn\": \"shports-Eth4-27-typ-range\"\n        },\n        \"children\": [\n            {\n                \"infraPortBlk\": {\n                    \"attributes\": {\n                        \"dn\": \"uni/infra/spaccportprof-spine101/shports-Eth4-27-typ-range/portblk-block2\",\n                        \"fromCard\": \"4\",\n                        \"fromPort\": \"27\",\n                        \"toCard\": \"4\",\n                        \"toPort\": \"27\",\n                        \"name\": \"block2\",\n                        \"rn\": \"portblk-block2\"\n                    }\n                }\n            }\n        ]\n    }\n}\n"
          },
          "private": "eyJzY2hlbWFfdmVyc2lvbiI6IjEifQ==",
          "dependencies": [
            "aci_spine_interface_profile.spine101"
          ]
        },
        {
          "index_key": "28",
          "schema_version": 1,
          "attributes": {
            "class_name": "infraSHPortS",
            "content": null,
            "dn": null,
            "id": "uni/infra/spaccportprof-spine101/shports-Eth4-28-typ-range",
            "path": "/api/node/mo/uni/infra/spaccportprof-spine101/shports-Eth4-28-typ-range.json",
            "payload": "{\n    \"infraSHPortS\": {\n        \"attributes\": {\n            \"dn\": \"uni/infra/spaccportprof-spine101/shports-Eth4-28-typ-range\",\n            \"name\": \"Eth4-28\",\n            \"rn\": \"shports-Eth4-28-typ-range\"\n        },\n        \"children\": [\n            {\n                \"infraPortBlk\": {\n                    \"attributes\": {\n                        \"dn\": \"uni/infra/spaccportprof-spine101/shports-Eth4-28-typ-range/portblk-block2\",\n                        \"fromCard\": \"4\",\n                        \"fromPort\": \"28\",\n                        \"toCard\": \"4\",\n                        \"toPort\": \"28\",\n                        \"name\": \"block2\",\n                        \"rn\": \"portblk-block2\"\n                    }\n                }\n            }\n        ]\n    }\n}\n"
          },
          "private": "eyJzY2hlbWFfdmVyc2lvbiI6IjEifQ==",
          "dependencies": [
            "aci_spine_interface_profile.spine101"
          ]
        },
        {
          "index_key": "29",
          "schema_version": 1,
          "attributes": {
            "class_name": "infraSHPortS",
            "content": null,
            "dn": null,
            "id": "uni/infra/spaccportprof-spine101/shports-Eth4-29-typ-range",
            "path": "/api/node/mo/uni/infra/spaccportprof-spine101/shports-Eth4-29-typ-range.json",
            "payload": "{\n    \"infraSHPortS\": {\n        \"attributes\": {\n            \"dn\": \"uni/infra/spaccportprof-spine101/shports-Eth4-29-typ-range\",\n            \"name\": \"Eth4-29\",\n            \"rn\": \"shports-Eth4-29-typ-range\"\n        },\n        \"children\": [\n            {\n                \"infraPortBlk\": {\n                    \"attributes\": {\n                        \"dn\": \"uni/infra/spaccportprof-spine101/shports-Eth4-29-typ-range/portblk-block2\",\n                        \"fromCard\": \"4\",\n                        \"fromPort\": \"29\",\n                        \"toCard\": \"4\",\n                        \"toPort\": \"29\",\n                        \"name\": \"block2\",\n                        \"rn\": \"portblk-block2\"\n                    }\n                }\n            }\n        ]\n    }\n}\n"
          },
          "private": "eyJzY2hlbWFfdmVyc2lvbiI6IjEifQ==",
          "dependencies": [
            "aci_spine_interface_profile.spine101"
          ]
        },
        {
          "index_key": "30",
          "schema_version": 1,
          "attributes": {
            "class_name": "infraSHPortS",
            "content": null,
            "dn": null,
            "id": "uni/infra/spaccportprof-spine101/shports-Eth4-30-typ-range",
            "path": "/api/node/mo/uni/infra/spaccportprof-spine101/shports-Eth4-30-typ-range.json",
            "payload": "{\n    \"infraSHPortS\": {\n        \"attributes\": {\n            \"dn\": \"uni/infra/spaccportprof-spine101/shports-Eth4-30-typ-range\",\n            \"name\": \"Eth4-30\",\n            \"rn\": \"shports-Eth4-30-typ-range\"\n        },\n        \"children\": [\n            {\n                \"infraPortBlk\": {\n                    \"attributes\": {\n                        \"dn\": \"uni/infra/spaccportprof-spine101/shports-Eth4-30-typ-range/portblk-block2\",\n                        \"fromCard\": \"4\",\n                        \"fromPort\": \"30\",\n                        \"toCard\": \"4\",\n                        \"toPort\": \"30\",\n                        \"name\": \"block2\",\n                        \"rn\": \"portblk-block2\"\n                    }\n                }\n            }\n        ]\n    }\n}\n"
          },
          "private": "eyJzY2hlbWFfdmVyc2lvbiI6IjEifQ==",
          "dependencies": [
            "aci_spine_interface_profile.spine101"
          ]
        },
        {
          "index_key": "31",
          "schema_version": 1,
          "attributes": {
            "class_name": "infraSHPortS",
            "content": null,
            "dn": null,
            "id": "uni/infra/spaccportprof-spine101/shports-Eth4-31-typ-range",
            "path": "/api/node/mo/uni/infra/spaccportprof-spine101/shports-Eth4-31-typ-range.json",
            "payload": "{\n    \"infraSHPortS\": {\n        \"attributes\": {\n            \"dn\": \"uni/infra/spaccportprof-spine101/shports-Eth4-31-typ-range\",\n            \"name\": \"Eth4-31\",\n            \"rn\": \"shports-Eth4-31-typ-range\"\n        },\n        \"children\": [\n            {\n                \"infraPortBlk\": {\n                    \"attributes\": {\n                        \"dn\": \"uni/infra/spaccportprof-spine101/shports-Eth4-31-typ-range/portblk-block2\",\n                        \"fromCard\": \"4\",\n                        \"fromPort\": \"31\",\n                        \"toCard\": \"4\",\n                        \"toPort\": \"31\",\n                        \"name\": \"block2\",\n                        \"rn\": \"portblk-block2\"\n                    }\n                }\n            }\n        ]\n    }\n}\n"
          },
          "private": "eyJzY2hlbWFfdmVyc2lvbiI6IjEifQ==",
          "dependencies": [
            "aci_spine_interface_profile.spine101"
          ]
        },
        {
          "index_key": "32",
          "schema_version": 1,
          "attributes": {
            "class_name": "infraSHPortS",
            "content": null,
            "dn": null,
            "id": "uni/infra/spaccportprof-spine101/shports-Eth4-32-typ-range",
            "path": "/api/node/mo/uni/infra/spaccportprof-spine101/shports-Eth4-32-typ-range.json",
            "payload": "{\n    \"infraSHPortS\": {\n        \"attributes\": {\n            \"dn\": \"uni/infra/spaccportprof-spine101/shports-Eth4-32-typ-range\",\n            \"name\": \"Eth4-32\",\n            \"rn\": \"shports-Eth4-32-typ-range\"\n        },\n        \"children\": [\n            {\n                \"infraPortBlk\": {\n                    \"attributes\": {\n                        \"dn\": \"uni/infra/spaccportprof-spine101/shports-Eth4-32-typ-range/portblk-block2\",\n                        \"fromCard\": \"4\",\n                        \"fromPort\": \"32\",\n                        \"toCard\": \"4\",\n                        \"toPort\": \"32\",\n                        \"name\": \"block2\",\n                        \"rn\": \"portblk-block2\"\n                    }\n                }\n            }\n        ]\n    }\n}\n"
          },
          "private": "eyJzY2hlbWFfdmVyc2lvbiI6IjEifQ==",
          "dependencies": [
            "aci_spine_interface_profile.spine101"
          ]
        },
        {
          "index_key": "33",
          "schema_version": 1,
          "attributes": {
            "class_name": "infraSHPortS",
            "content": null,
            "dn": null,
            "id": "uni/infra/spaccportprof-spine101/shports-Eth4-33-typ-range",
            "path": "/api/node/mo/uni/infra/spaccportprof-spine101/shports-Eth4-33-typ-range.json",
            "payload": "{\n    \"infraSHPortS\": {\n        \"attributes\": {\n            \"dn\": \"uni/infra/spaccportprof-spine101/shports-Eth4-33-typ-range\",\n            \"name\": \"Eth4-33\",\n            \"rn\": \"shports-Eth4-33-typ-range\"\n        },\n        \"children\": [\n            {\n                \"infraPortBlk\": {\n                    \"attributes\": {\n                        \"dn\": \"uni/infra/spaccportprof-spine101/shports-Eth4-33-typ-range/portblk-block2\",\n                        \"fromCard\": \"4\",\n                        \"fromPort\": \"33\",\n                        \"toCard\": \"4\",\n                        \"toPort\": \"33\",\n                        \"name\": \"block2\",\n                        \"rn\": \"portblk-block2\"\n                    }\n                }\n            }\n        ]\n    }\n}\n"
          },
          "private": "eyJzY2hlbWFfdmVyc2lvbiI6IjEifQ==",
          "dependencies": [
            "aci_spine_interface_profile.spine101"
          ]
        },
        {
          "index_key": "34",
          "schema_version": 1,
          "attributes": {
            "class_name": "infraSHPortS",
            "content": null,
            "dn": null,
            "id": "uni/infra/spaccportprof-spine101/shports-Eth4-34-typ-range",
            "path": "/api/node/mo/uni/infra/spaccportprof-spine101/shports-Eth4-34-typ-range.json",
            "payload": "{\n    \"infraSHPortS\": {\n        \"attributes\": {\n            \"dn\": \"uni/infra/spaccportprof-spine101/shports-Eth4-34-typ-range\",\n            \"name\": \"Eth4-34\",\n            \"rn\": \"shports-Eth4-34-typ-range\"\n        },\n        \"children\": [\n            {\n                \"infraPortBlk\": {\n                    \"attributes\": {\n                        \"dn\": \"uni/infra/spaccportprof-spine101/shports-Eth4-34-typ-range/portblk-block2\",\n                        \"fromCard\": \"4\",\n                        \"fromPort\": \"34\",\n                        \"toCard\": \"4\",\n                        \"toPort\": \"34\",\n                        \"name\": \"block2\",\n                        \"rn\": \"portblk-block2\"\n                    }\n                }\n            }\n        ]\n    }\n}\n"
          },
          "private": "eyJzY2hlbWFfdmVyc2lvbiI6IjEifQ==",
          "dependencies": [
            "aci_spine_interface_profile.spine101"
          ]
        },
        {
          "index_key": "35",
          "schema_version": 1,
          "attributes": {
            "class_name": "infraSHPortS",
            "content": null,
            "dn": null,
            "id": "uni/infra/spaccportprof-spine101/shports-Eth4-35-typ-range",
            "path": "/api/node/mo/uni/infra/spaccportprof-spine101/shports-Eth4-35-typ-range.json",
            "payload": "{\n    \"infraSHPortS\": {\n        \"attributes\": {\n            \"dn\": \"uni/infra/spaccportprof-spine101/shports-Eth4-35-typ-range\",\n            \"name\": \"Eth4-35\",\n            \"rn\": \"shports-Eth4-35-typ-range\"\n        },\n        \"children\": [\n            {\n                \"infraPortBlk\": {\n                    \"attributes\": {\n                        \"dn\": \"uni/infra/spaccportprof-spine101/shports-Eth4-35-typ-range/portblk-block2\",\n                        \"fromCard\": \"4\",\n                        \"fromPort\": \"35\",\n                        \"toCard\": \"4\",\n                        \"toPort\": \"35\",\n                        \"name\": \"block2\",\n                        \"rn\": \"portblk-block2\"\n                    }\n                }\n            }\n        ]\n    }\n}\n"
          },
          "private": "eyJzY2hlbWFfdmVyc2lvbiI6IjEifQ==",
          "dependencies": [
            "aci_spine_interface_profile.spine101"
          ]
        },
        {
          "index_key": "36",
          "schema_version": 1,
          "attributes": {
            "class_name": "infraSHPortS",
            "content": null,
            "dn": null,
            "id": "uni/infra/spaccportprof-spine101/shports-Eth4-36-typ-range",
            "path": "/api/node/mo/uni/infra/spaccportprof-spine101/shports-Eth4-36-typ-range.json",
            "payload": "{\n    \"infraSHPortS\": {\n        \"attributes\": {\n            \"dn\": \"uni/infra/spaccportprof-spine101/shports-Eth4-36-typ-range\",\n            \"name\": \"Eth4-36\",\n            \"rn\": \"shports-Eth4-36-typ-range\"\n        },\n        \"children\": [\n            {\n                \"infraPortBlk\": {\n                    \"attributes\": {\n                        \"dn\": \"uni/infra/spaccportprof-spine101/shports-Eth4-36-typ-range/portblk-block2\",\n                        \"fromCard\": \"4\",\n                        \"fromPort\": \"36\",\n                        \"toCard\": \"4\",\n                        \"toPort\": \"36\",\n                        \"name\": \"block2\",\n                        \"rn\": \"portblk-block2\"\n                    }\n                }\n            }\n        ]\n    }\n}\n"
          },
          "private": "eyJzY2hlbWFfdmVyc2lvbiI6IjEifQ==",
          "dependencies": [
            "aci_spine_interface_profile.spine101"
          ]
        }
      ]
    },
    {
      "mode": "managed",
      "type": "aci_rest",
      "name": "spine101_5",
      "provider": "provider[\"registry.terraform.io/ciscodevnet/aci\"]",
      "instances": [
        {
          "index_key": "01",
          "schema_version": 1,
          "attributes": {
            "class_name": "infraSHPortS",
            "content": null,
            "dn": null,
            "id": "uni/infra/spaccportprof-spine101/shports-Eth5-01-typ-range",
            "path": "/api/node/mo/uni/infra/spaccportprof-spine101/shports-Eth5-01-typ-range.json",
            "payload": "{\n    \"infraSHPortS\": {\n        \"attributes\": {\n            \"dn\": \"uni/infra/spaccportprof-spine101/shports-Eth5-01-typ-range\",\n            \"name\": \"Eth5-01\",\n            \"rn\": \"shports-Eth5-01-typ-range\"\n        },\n        \"children\": [\n            {\n                \"infraPortBlk\": {\n                    \"attributes\": {\n                        \"dn\": \"uni/infra/spaccportprof-spine101/shports-Eth5-01-typ-range/portblk-block2\",\n                        \"fromCard\": \"5\",\n                        \"fromPort\": \"1\",\n                        \"toCard\": \"5\",\n                        \"toPort\": \"1\",\n                        \"name\": \"block2\",\n                        \"rn\": \"portblk-block2\"\n                    }\n                }\n            }\n        ]\n    }\n}\n"
          },
          "private": "eyJzY2hlbWFfdmVyc2lvbiI6IjEifQ==",
          "dependencies": [
            "aci_spine_interface_profile.spine101"
          ]
        },
        {
          "index_key": "02",
          "schema_version": 1,
          "attributes": {
            "class_name": "infraSHPortS",
            "content": null,
            "dn": null,
            "id": "uni/infra/spaccportprof-spine101/shports-Eth5-02-typ-range",
            "path": "/api/node/mo/uni/infra/spaccportprof-spine101/shports-Eth5-02-typ-range.json",
            "payload": "{\n    \"infraSHPortS\": {\n        \"attributes\": {\n            \"dn\": \"uni/infra/spaccportprof-spine101/shports-Eth5-02-typ-range\",\n            \"name\": \"Eth5-02\",\n            \"rn\": \"shports-Eth5-02-typ-range\"\n        },\n        \"children\": [\n            {\n                \"infraPortBlk\": {\n                    \"attributes\": {\n                        \"dn\": \"uni/infra/spaccportprof-spine101/shports-Eth5-02-typ-range/portblk-block2\",\n                        \"fromCard\": \"5\",\n                        \"fromPort\": \"2\",\n                        \"toCard\": \"5\",\n                        \"toPort\": \"2\",\n                        \"name\": \"block2\",\n                        \"rn\": \"portblk-block2\"\n                    }\n                }\n            }\n        ]\n    }\n}\n"
          },
          "private": "eyJzY2hlbWFfdmVyc2lvbiI6IjEifQ==",
          "dependencies": [
            "aci_spine_interface_profile.spine101"
          ]
        },
        {
          "index_key": "03",
          "schema_version": 1,
          "attributes": {
            "class_name": "infraSHPortS",
            "content": null,
            "dn": null,
            "id": "uni/infra/spaccportprof-spine101/shports-Eth5-03-typ-range",
            "path": "/api/node/mo/uni/infra/spaccportprof-spine101/shports-Eth5-03-typ-range.json",
            "payload": "{\n    \"infraSHPortS\": {\n        \"attributes\": {\n            \"dn\": \"uni/infra/spaccportprof-spine101/shports-Eth5-03-typ-range\",\n            \"name\": \"Eth5-03\",\n            \"rn\": \"shports-Eth5-03-typ-range\"\n        },\n        \"children\": [\n            {\n                \"infraPortBlk\": {\n                    \"attributes\": {\n                        \"dn\": \"uni/infra/spaccportprof-spine101/shports-Eth5-03-typ-range/portblk-block2\",\n                        \"fromCard\": \"5\",\n                        \"fromPort\": \"3\",\n                        \"toCard\": \"5\",\n                        \"toPort\": \"3\",\n                        \"name\": \"block2\",\n                        \"rn\": \"portblk-block2\"\n                    }\n                }\n            }\n        ]\n    }\n}\n"
          },
          "private": "eyJzY2hlbWFfdmVyc2lvbiI6IjEifQ==",
          "dependencies": [
            "aci_spine_interface_profile.spine101"
          ]
        },
        {
          "index_key": "04",
          "schema_version": 1,
          "attributes": {
            "class_name": "infraSHPortS",
            "content": null,
            "dn": null,
            "id": "uni/infra/spaccportprof-spine101/shports-Eth5-04-typ-range",
            "path": "/api/node/mo/uni/infra/spaccportprof-spine101/shports-Eth5-04-typ-range.json",
            "payload": "{\n    \"infraSHPortS\": {\n        \"attributes\": {\n            \"dn\": \"uni/infra/spaccportprof-spine101/shports-Eth5-04-typ-range\",\n            \"name\": \"Eth5-04\",\n            \"rn\": \"shports-Eth5-04-typ-range\"\n        },\n        \"children\": [\n            {\n                \"infraPortBlk\": {\n                    \"attributes\": {\n                        \"dn\": \"uni/infra/spaccportprof-spine101/shports-Eth5-04-typ-range/portblk-block2\",\n                        \"fromCard\": \"5\",\n                        \"fromPort\": \"4\",\n                        \"toCard\": \"5\",\n                        \"toPort\": \"4\",\n                        \"name\": \"block2\",\n                        \"rn\": \"portblk-block2\"\n                    }\n                }\n            }\n        ]\n    }\n}\n"
          },
          "private": "eyJzY2hlbWFfdmVyc2lvbiI6IjEifQ==",
          "dependencies": [
            "aci_spine_interface_profile.spine101"
          ]
        },
        {
          "index_key": "05",
          "schema_version": 1,
          "attributes": {
            "class_name": "infraSHPortS",
            "content": null,
            "dn": null,
            "id": "uni/infra/spaccportprof-spine101/shports-Eth5-05-typ-range",
            "path": "/api/node/mo/uni/infra/spaccportprof-spine101/shports-Eth5-05-typ-range.json",
            "payload": "{\n    \"infraSHPortS\": {\n        \"attributes\": {\n            \"dn\": \"uni/infra/spaccportprof-spine101/shports-Eth5-05-typ-range\",\n            \"name\": \"Eth5-05\",\n            \"rn\": \"shports-Eth5-05-typ-range\"\n        },\n        \"children\": [\n            {\n                \"infraPortBlk\": {\n                    \"attributes\": {\n                        \"dn\": \"uni/infra/spaccportprof-spine101/shports-Eth5-05-typ-range/portblk-block2\",\n                        \"fromCard\": \"5\",\n                        \"fromPort\": \"5\",\n                        \"toCard\": \"5\",\n                        \"toPort\": \"5\",\n                        \"name\": \"block2\",\n                        \"rn\": \"portblk-block2\"\n                    }\n                }\n            }\n        ]\n    }\n}\n"
          },
          "private": "eyJzY2hlbWFfdmVyc2lvbiI6IjEifQ==",
          "dependencies": [
            "aci_spine_interface_profile.spine101"
          ]
        },
        {
          "index_key": "06",
          "schema_version": 1,
          "attributes": {
            "class_name": "infraSHPortS",
            "content": null,
            "dn": null,
            "id": "uni/infra/spaccportprof-spine101/shports-Eth5-06-typ-range",
            "path": "/api/node/mo/uni/infra/spaccportprof-spine101/shports-Eth5-06-typ-range.json",
            "payload": "{\n    \"infraSHPortS\": {\n        \"attributes\": {\n            \"dn\": \"uni/infra/spaccportprof-spine101/shports-Eth5-06-typ-range\",\n            \"name\": \"Eth5-06\",\n            \"rn\": \"shports-Eth5-06-typ-range\"\n        },\n        \"children\": [\n            {\n                \"infraPortBlk\": {\n                    \"attributes\": {\n                        \"dn\": \"uni/infra/spaccportprof-spine101/shports-Eth5-06-typ-range/portblk-block2\",\n                        \"fromCard\": \"5\",\n                        \"fromPort\": \"6\",\n                        \"toCard\": \"5\",\n                        \"toPort\": \"6\",\n                        \"name\": \"block2\",\n                        \"rn\": \"portblk-block2\"\n                    }\n                }\n            }\n        ]\n    }\n}\n"
          },
          "private": "eyJzY2hlbWFfdmVyc2lvbiI6IjEifQ==",
          "dependencies": [
            "aci_spine_interface_profile.spine101"
          ]
        },
        {
          "index_key": "07",
          "schema_version": 1,
          "attributes": {
            "class_name": "infraSHPortS",
            "content": null,
            "dn": null,
            "id": "uni/infra/spaccportprof-spine101/shports-Eth5-07-typ-range",
            "path": "/api/node/mo/uni/infra/spaccportprof-spine101/shports-Eth5-07-typ-range.json",
            "payload": "{\n    \"infraSHPortS\": {\n        \"attributes\": {\n            \"dn\": \"uni/infra/spaccportprof-spine101/shports-Eth5-07-typ-range\",\n            \"name\": \"Eth5-07\",\n            \"rn\": \"shports-Eth5-07-typ-range\"\n        },\n        \"children\": [\n            {\n                \"infraPortBlk\": {\n                    \"attributes\": {\n                        \"dn\": \"uni/infra/spaccportprof-spine101/shports-Eth5-07-typ-range/portblk-block2\",\n                        \"fromCard\": \"5\",\n                        \"fromPort\": \"7\",\n                        \"toCard\": \"5\",\n                        \"toPort\": \"7\",\n                        \"name\": \"block2\",\n                        \"rn\": \"portblk-block2\"\n                    }\n                }\n            }\n        ]\n    }\n}\n"
          },
          "private": "eyJzY2hlbWFfdmVyc2lvbiI6IjEifQ==",
          "dependencies": [
            "aci_spine_interface_profile.spine101"
          ]
        },
        {
          "index_key": "08",
          "schema_version": 1,
          "attributes": {
            "class_name": "infraSHPortS",
            "content": null,
            "dn": null,
            "id": "uni/infra/spaccportprof-spine101/shports-Eth5-08-typ-range",
            "path": "/api/node/mo/uni/infra/spaccportprof-spine101/shports-Eth5-08-typ-range.json",
            "payload": "{\n    \"infraSHPortS\": {\n        \"attributes\": {\n            \"dn\": \"uni/infra/spaccportprof-spine101/shports-Eth5-08-typ-range\",\n            \"name\": \"Eth5-08\",\n            \"rn\": \"shports-Eth5-08-typ-range\"\n        },\n        \"children\": [\n            {\n                \"infraPortBlk\": {\n                    \"attributes\": {\n                        \"dn\": \"uni/infra/spaccportprof-spine101/shports-Eth5-08-typ-range/portblk-block2\",\n                        \"fromCard\": \"5\",\n                        \"fromPort\": \"8\",\n                        \"toCard\": \"5\",\n                        \"toPort\": \"8\",\n                        \"name\": \"block2\",\n                        \"rn\": \"portblk-block2\"\n                    }\n                }\n            }\n        ]\n    }\n}\n"
          },
          "private": "eyJzY2hlbWFfdmVyc2lvbiI6IjEifQ==",
          "dependencies": [
            "aci_spine_interface_profile.spine101"
          ]
        },
        {
          "index_key": "09",
          "schema_version": 1,
          "attributes": {
            "class_name": "infraSHPortS",
            "content": null,
            "dn": null,
            "id": "uni/infra/spaccportprof-spine101/shports-Eth5-09-typ-range",
            "path": "/api/node/mo/uni/infra/spaccportprof-spine101/shports-Eth5-09-typ-range.json",
            "payload": "{\n    \"infraSHPortS\": {\n        \"attributes\": {\n            \"dn\": \"uni/infra/spaccportprof-spine101/shports-Eth5-09-typ-range\",\n            \"name\": \"Eth5-09\",\n            \"rn\": \"shports-Eth5-09-typ-range\"\n        },\n        \"children\": [\n            {\n                \"infraPortBlk\": {\n                    \"attributes\": {\n                        \"dn\": \"uni/infra/spaccportprof-spine101/shports-Eth5-09-typ-range/portblk-block2\",\n                        \"fromCard\": \"5\",\n                        \"fromPort\": \"9\",\n                        \"toCard\": \"5\",\n                        \"toPort\": \"9\",\n                        \"name\": \"block2\",\n                        \"rn\": \"portblk-block2\"\n                    }\n                }\n            }\n        ]\n    }\n}\n"
          },
          "private": "eyJzY2hlbWFfdmVyc2lvbiI6IjEifQ==",
          "dependencies": [
            "aci_spine_interface_profile.spine101"
          ]
        },
        {
          "index_key": "10",
          "schema_version": 1,
          "attributes": {
            "class_name": "infraSHPortS",
            "content": null,
            "dn": null,
            "id": "uni/infra/spaccportprof-spine101/shports-Eth5-10-typ-range",
            "path": "/api/node/mo/uni/infra/spaccportprof-spine101/shports-Eth5-10-typ-range.json",
            "payload": "{\n    \"infraSHPortS\": {\n        \"attributes\": {\n            \"dn\": \"uni/infra/spaccportprof-spine101/shports-Eth5-10-typ-range\",\n            \"name\": \"Eth5-10\",\n            \"rn\": \"shports-Eth5-10-typ-range\"\n        },\n        \"children\": [\n            {\n                \"infraPortBlk\": {\n                    \"attributes\": {\n                        \"dn\": \"uni/infra/spaccportprof-spine101/shports-Eth5-10-typ-range/portblk-block2\",\n                        \"fromCard\": \"5\",\n                        \"fromPort\": \"10\",\n                        \"toCard\": \"5\",\n                        \"toPort\": \"10\",\n                        \"name\": \"block2\",\n                        \"rn\": \"portblk-block2\"\n                    }\n                }\n            }\n        ]\n    }\n}\n"
          },
          "private": "eyJzY2hlbWFfdmVyc2lvbiI6IjEifQ==",
          "dependencies": [
            "aci_spine_interface_profile.spine101"
          ]
        },
        {
          "index_key": "11",
          "schema_version": 1,
          "attributes": {
            "class_name": "infraSHPortS",
            "content": null,
            "dn": null,
            "id": "uni/infra/spaccportprof-spine101/shports-Eth5-11-typ-range",
            "path": "/api/node/mo/uni/infra/spaccportprof-spine101/shports-Eth5-11-typ-range.json",
            "payload": "{\n    \"infraSHPortS\": {\n        \"attributes\": {\n            \"dn\": \"uni/infra/spaccportprof-spine101/shports-Eth5-11-typ-range\",\n            \"name\": \"Eth5-11\",\n            \"rn\": \"shports-Eth5-11-typ-range\"\n        },\n        \"children\": [\n            {\n                \"infraPortBlk\": {\n                    \"attributes\": {\n                        \"dn\": \"uni/infra/spaccportprof-spine101/shports-Eth5-11-typ-range/portblk-block2\",\n                        \"fromCard\": \"5\",\n                        \"fromPort\": \"11\",\n                        \"toCard\": \"5\",\n                        \"toPort\": \"11\",\n                        \"name\": \"block2\",\n                        \"rn\": \"portblk-block2\"\n                    }\n                }\n            }\n        ]\n    }\n}\n"
          },
          "private": "eyJzY2hlbWFfdmVyc2lvbiI6IjEifQ==",
          "dependencies": [
            "aci_spine_interface_profile.spine101"
          ]
        },
        {
          "index_key": "12",
          "schema_version": 1,
          "attributes": {
            "class_name": "infraSHPortS",
            "content": null,
            "dn": null,
            "id": "uni/infra/spaccportprof-spine101/shports-Eth5-12-typ-range",
            "path": "/api/node/mo/uni/infra/spaccportprof-spine101/shports-Eth5-12-typ-range.json",
            "payload": "{\n    \"infraSHPortS\": {\n        \"attributes\": {\n            \"dn\": \"uni/infra/spaccportprof-spine101/shports-Eth5-12-typ-range\",\n            \"name\": \"Eth5-12\",\n            \"rn\": \"shports-Eth5-12-typ-range\"\n        },\n        \"children\": [\n            {\n                \"infraPortBlk\": {\n                    \"attributes\": {\n                        \"dn\": \"uni/infra/spaccportprof-spine101/shports-Eth5-12-typ-range/portblk-block2\",\n                        \"fromCard\": \"5\",\n                        \"fromPort\": \"12\",\n                        \"toCard\": \"5\",\n                        \"toPort\": \"12\",\n                        \"name\": \"block2\",\n                        \"rn\": \"portblk-block2\"\n                    }\n                }\n            }\n        ]\n    }\n}\n"
          },
          "private": "eyJzY2hlbWFfdmVyc2lvbiI6IjEifQ==",
          "dependencies": [
            "aci_spine_interface_profile.spine101"
          ]
        },
        {
          "index_key": "13",
          "schema_version": 1,
          "attributes": {
            "class_name": "infraSHPortS",
            "content": null,
            "dn": null,
            "id": "uni/infra/spaccportprof-spine101/shports-Eth5-13-typ-range",
            "path": "/api/node/mo/uni/infra/spaccportprof-spine101/shports-Eth5-13-typ-range.json",
            "payload": "{\n    \"infraSHPortS\": {\n        \"attributes\": {\n            \"dn\": \"uni/infra/spaccportprof-spine101/shports-Eth5-13-typ-range\",\n            \"name\": \"Eth5-13\",\n            \"rn\": \"shports-Eth5-13-typ-range\"\n        },\n        \"children\": [\n            {\n                \"infraPortBlk\": {\n                    \"attributes\": {\n                        \"dn\": \"uni/infra/spaccportprof-spine101/shports-Eth5-13-typ-range/portblk-block2\",\n                        \"fromCard\": \"5\",\n                        \"fromPort\": \"13\",\n                        \"toCard\": \"5\",\n                        \"toPort\": \"13\",\n                        \"name\": \"block2\",\n                        \"rn\": \"portblk-block2\"\n                    }\n                }\n            }\n        ]\n    }\n}\n"
          },
          "private": "eyJzY2hlbWFfdmVyc2lvbiI6IjEifQ==",
          "dependencies": [
            "aci_spine_interface_profile.spine101"
          ]
        },
        {
          "index_key": "14",
          "schema_version": 1,
          "attributes": {
            "class_name": "infraSHPortS",
            "content": null,
            "dn": null,
            "id": "uni/infra/spaccportprof-spine101/shports-Eth5-14-typ-range",
            "path": "/api/node/mo/uni/infra/spaccportprof-spine101/shports-Eth5-14-typ-range.json",
            "payload": "{\n    \"infraSHPortS\": {\n        \"attributes\": {\n            \"dn\": \"uni/infra/spaccportprof-spine101/shports-Eth5-14-typ-range\",\n            \"name\": \"Eth5-14\",\n            \"rn\": \"shports-Eth5-14-typ-range\"\n        },\n        \"children\": [\n            {\n                \"infraPortBlk\": {\n                    \"attributes\": {\n                        \"dn\": \"uni/infra/spaccportprof-spine101/shports-Eth5-14-typ-range/portblk-block2\",\n                        \"fromCard\": \"5\",\n                        \"fromPort\": \"14\",\n                        \"toCard\": \"5\",\n                        \"toPort\": \"14\",\n                        \"name\": \"block2\",\n                        \"rn\": \"portblk-block2\"\n                    }\n                }\n            }\n        ]\n    }\n}\n"
          },
          "private": "eyJzY2hlbWFfdmVyc2lvbiI6IjEifQ==",
          "dependencies": [
            "aci_spine_interface_profile.spine101"
          ]
        },
        {
          "index_key": "15",
          "schema_version": 1,
          "attributes": {
            "class_name": "infraSHPortS",
            "content": null,
            "dn": null,
            "id": "uni/infra/spaccportprof-spine101/shports-Eth5-15-typ-range",
            "path": "/api/node/mo/uni/infra/spaccportprof-spine101/shports-Eth5-15-typ-range.json",
            "payload": "{\n    \"infraSHPortS\": {\n        \"attributes\": {\n            \"dn\": \"uni/infra/spaccportprof-spine101/shports-Eth5-15-typ-range\",\n            \"name\": \"Eth5-15\",\n            \"rn\": \"shports-Eth5-15-typ-range\"\n        },\n        \"children\": [\n            {\n                \"infraPortBlk\": {\n                    \"attributes\": {\n                        \"dn\": \"uni/infra/spaccportprof-spine101/shports-Eth5-15-typ-range/portblk-block2\",\n                        \"fromCard\": \"5\",\n                        \"fromPort\": \"15\",\n                        \"toCard\": \"5\",\n                        \"toPort\": \"15\",\n                        \"name\": \"block2\",\n                        \"rn\": \"portblk-block2\"\n                    }\n                }\n            }\n        ]\n    }\n}\n"
          },
          "private": "eyJzY2hlbWFfdmVyc2lvbiI6IjEifQ==",
          "dependencies": [
            "aci_spine_interface_profile.spine101"
          ]
        },
        {
          "index_key": "16",
          "schema_version": 1,
          "attributes": {
            "class_name": "infraSHPortS",
            "content": null,
            "dn": null,
            "id": "uni/infra/spaccportprof-spine101/shports-Eth5-16-typ-range",
            "path": "/api/node/mo/uni/infra/spaccportprof-spine101/shports-Eth5-16-typ-range.json",
            "payload": "{\n    \"infraSHPortS\": {\n        \"attributes\": {\n            \"dn\": \"uni/infra/spaccportprof-spine101/shports-Eth5-16-typ-range\",\n            \"name\": \"Eth5-16\",\n            \"rn\": \"shports-Eth5-16-typ-range\"\n        },\n        \"children\": [\n            {\n                \"infraPortBlk\": {\n                    \"attributes\": {\n                        \"dn\": \"uni/infra/spaccportprof-spine101/shports-Eth5-16-typ-range/portblk-block2\",\n                        \"fromCard\": \"5\",\n                        \"fromPort\": \"16\",\n                        \"toCard\": \"5\",\n                        \"toPort\": \"16\",\n                        \"name\": \"block2\",\n                        \"rn\": \"portblk-block2\"\n                    }\n                }\n            }\n        ]\n    }\n}\n"
          },
          "private": "eyJzY2hlbWFfdmVyc2lvbiI6IjEifQ==",
          "dependencies": [
            "aci_spine_interface_profile.spine101"
          ]
        },
        {
          "index_key": "17",
          "schema_version": 1,
          "attributes": {
            "class_name": "infraSHPortS",
            "content": null,
            "dn": null,
            "id": "uni/infra/spaccportprof-spine101/shports-Eth5-17-typ-range",
            "path": "/api/node/mo/uni/infra/spaccportprof-spine101/shports-Eth5-17-typ-range.json",
            "payload": "{\n    \"infraSHPortS\": {\n        \"attributes\": {\n            \"dn\": \"uni/infra/spaccportprof-spine101/shports-Eth5-17-typ-range\",\n            \"name\": \"Eth5-17\",\n            \"rn\": \"shports-Eth5-17-typ-range\"\n        },\n        \"children\": [\n            {\n                \"infraPortBlk\": {\n                    \"attributes\": {\n                        \"dn\": \"uni/infra/spaccportprof-spine101/shports-Eth5-17-typ-range/portblk-block2\",\n                        \"fromCard\": \"5\",\n                        \"fromPort\": \"17\",\n                        \"toCard\": \"5\",\n                        \"toPort\": \"17\",\n                        \"name\": \"block2\",\n                        \"rn\": \"portblk-block2\"\n                    }\n                }\n            }\n        ]\n    }\n}\n"
          },
          "private": "eyJzY2hlbWFfdmVyc2lvbiI6IjEifQ==",
          "dependencies": [
            "aci_spine_interface_profile.spine101"
          ]
        },
        {
          "index_key": "18",
          "schema_version": 1,
          "attributes": {
            "class_name": "infraSHPortS",
            "content": null,
            "dn": null,
            "id": "uni/infra/spaccportprof-spine101/shports-Eth5-18-typ-range",
            "path": "/api/node/mo/uni/infra/spaccportprof-spine101/shports-Eth5-18-typ-range.json",
            "payload": "{\n    \"infraSHPortS\": {\n        \"attributes\": {\n            \"dn\": \"uni/infra/spaccportprof-spine101/shports-Eth5-18-typ-range\",\n            \"name\": \"Eth5-18\",\n            \"rn\": \"shports-Eth5-18-typ-range\"\n        },\n        \"children\": [\n            {\n                \"infraPortBlk\": {\n                    \"attributes\": {\n                        \"dn\": \"uni/infra/spaccportprof-spine101/shports-Eth5-18-typ-range/portblk-block2\",\n                        \"fromCard\": \"5\",\n                        \"fromPort\": \"18\",\n                        \"toCard\": \"5\",\n                        \"toPort\": \"18\",\n                        \"name\": \"block2\",\n                        \"rn\": \"portblk-block2\"\n                    }\n                }\n            }\n        ]\n    }\n}\n"
          },
          "private": "eyJzY2hlbWFfdmVyc2lvbiI6IjEifQ==",
          "dependencies": [
            "aci_spine_interface_profile.spine101"
          ]
        },
        {
          "index_key": "19",
          "schema_version": 1,
          "attributes": {
            "class_name": "infraSHPortS",
            "content": null,
            "dn": null,
            "id": "uni/infra/spaccportprof-spine101/shports-Eth5-19-typ-range",
            "path": "/api/node/mo/uni/infra/spaccportprof-spine101/shports-Eth5-19-typ-range.json",
            "payload": "{\n    \"infraSHPortS\": {\n        \"attributes\": {\n            \"dn\": \"uni/infra/spaccportprof-spine101/shports-Eth5-19-typ-range\",\n            \"name\": \"Eth5-19\",\n            \"rn\": \"shports-Eth5-19-typ-range\"\n        },\n        \"children\": [\n            {\n                \"infraPortBlk\": {\n                    \"attributes\": {\n                        \"dn\": \"uni/infra/spaccportprof-spine101/shports-Eth5-19-typ-range/portblk-block2\",\n                        \"fromCard\": \"5\",\n                        \"fromPort\": \"19\",\n                        \"toCard\": \"5\",\n                        \"toPort\": \"19\",\n                        \"name\": \"block2\",\n                        \"rn\": \"portblk-block2\"\n                    }\n                }\n            }\n        ]\n    }\n}\n"
          },
          "private": "eyJzY2hlbWFfdmVyc2lvbiI6IjEifQ==",
          "dependencies": [
            "aci_spine_interface_profile.spine101"
          ]
        },
        {
          "index_key": "20",
          "schema_version": 1,
          "attributes": {
            "class_name": "infraSHPortS",
            "content": null,
            "dn": null,
            "id": "uni/infra/spaccportprof-spine101/shports-Eth5-20-typ-range",
            "path": "/api/node/mo/uni/infra/spaccportprof-spine101/shports-Eth5-20-typ-range.json",
            "payload": "{\n    \"infraSHPortS\": {\n        \"attributes\": {\n            \"dn\": \"uni/infra/spaccportprof-spine101/shports-Eth5-20-typ-range\",\n            \"name\": \"Eth5-20\",\n            \"rn\": \"shports-Eth5-20-typ-range\"\n        },\n        \"children\": [\n            {\n                \"infraPortBlk\": {\n                    \"attributes\": {\n                        \"dn\": \"uni/infra/spaccportprof-spine101/shports-Eth5-20-typ-range/portblk-block2\",\n                        \"fromCard\": \"5\",\n                        \"fromPort\": \"20\",\n                        \"toCard\": \"5\",\n                        \"toPort\": \"20\",\n                        \"name\": \"block2\",\n                        \"rn\": \"portblk-block2\"\n                    }\n                }\n            }\n        ]\n    }\n}\n"
          },
          "private": "eyJzY2hlbWFfdmVyc2lvbiI6IjEifQ==",
          "dependencies": [
            "aci_spine_interface_profile.spine101"
          ]
        },
        {
          "index_key": "21",
          "schema_version": 1,
          "attributes": {
            "class_name": "infraSHPortS",
            "content": null,
            "dn": null,
            "id": "uni/infra/spaccportprof-spine101/shports-Eth5-21-typ-range",
            "path": "/api/node/mo/uni/infra/spaccportprof-spine101/shports-Eth5-21-typ-range.json",
            "payload": "{\n    \"infraSHPortS\": {\n        \"attributes\": {\n            \"dn\": \"uni/infra/spaccportprof-spine101/shports-Eth5-21-typ-range\",\n            \"name\": \"Eth5-21\",\n            \"rn\": \"shports-Eth5-21-typ-range\"\n        },\n        \"children\": [\n            {\n                \"infraPortBlk\": {\n                    \"attributes\": {\n                        \"dn\": \"uni/infra/spaccportprof-spine101/shports-Eth5-21-typ-range/portblk-block2\",\n                        \"fromCard\": \"5\",\n                        \"fromPort\": \"21\",\n                        \"toCard\": \"5\",\n                        \"toPort\": \"21\",\n                        \"name\": \"block2\",\n                        \"rn\": \"portblk-block2\"\n                    }\n                }\n            }\n        ]\n    }\n}\n"
          },
          "private": "eyJzY2hlbWFfdmVyc2lvbiI6IjEifQ==",
          "dependencies": [
            "aci_spine_interface_profile.spine101"
          ]
        },
        {
          "index_key": "22",
          "schema_version": 1,
          "attributes": {
            "class_name": "infraSHPortS",
            "content": null,
            "dn": null,
            "id": "uni/infra/spaccportprof-spine101/shports-Eth5-22-typ-range",
            "path": "/api/node/mo/uni/infra/spaccportprof-spine101/shports-Eth5-22-typ-range.json",
            "payload": "{\n    \"infraSHPortS\": {\n        \"attributes\": {\n            \"dn\": \"uni/infra/spaccportprof-spine101/shports-Eth5-22-typ-range\",\n            \"name\": \"Eth5-22\",\n            \"rn\": \"shports-Eth5-22-typ-range\"\n        },\n        \"children\": [\n            {\n                \"infraPortBlk\": {\n                    \"attributes\": {\n                        \"dn\": \"uni/infra/spaccportprof-spine101/shports-Eth5-22-typ-range/portblk-block2\",\n                        \"fromCard\": \"5\",\n                        \"fromPort\": \"22\",\n                        \"toCard\": \"5\",\n                        \"toPort\": \"22\",\n                        \"name\": \"block2\",\n                        \"rn\": \"portblk-block2\"\n                    }\n                }\n            }\n        ]\n    }\n}\n"
          },
          "private": "eyJzY2hlbWFfdmVyc2lvbiI6IjEifQ==",
          "dependencies": [
            "aci_spine_interface_profile.spine101"
          ]
        },
        {
          "index_key": "23",
          "schema_version": 1,
          "attributes": {
            "class_name": "infraSHPortS",
            "content": null,
            "dn": null,
            "id": "uni/infra/spaccportprof-spine101/shports-Eth5-23-typ-range",
            "path": "/api/node/mo/uni/infra/spaccportprof-spine101/shports-Eth5-23-typ-range.json",
            "payload": "{\n    \"infraSHPortS\": {\n        \"attributes\": {\n            \"dn\": \"uni/infra/spaccportprof-spine101/shports-Eth5-23-typ-range\",\n            \"name\": \"Eth5-23\",\n            \"rn\": \"shports-Eth5-23-typ-range\"\n        },\n        \"children\": [\n            {\n                \"infraPortBlk\": {\n                    \"attributes\": {\n                        \"dn\": \"uni/infra/spaccportprof-spine101/shports-Eth5-23-typ-range/portblk-block2\",\n                        \"fromCard\": \"5\",\n                        \"fromPort\": \"23\",\n                        \"toCard\": \"5\",\n                        \"toPort\": \"23\",\n                        \"name\": \"block2\",\n                        \"rn\": \"portblk-block2\"\n                    }\n                }\n            }\n        ]\n    }\n}\n"
          },
          "private": "eyJzY2hlbWFfdmVyc2lvbiI6IjEifQ==",
          "dependencies": [
            "aci_spine_interface_profile.spine101"
          ]
        },
        {
          "index_key": "24",
          "schema_version": 1,
          "attributes": {
            "class_name": "infraSHPortS",
            "content": null,
            "dn": null,
            "id": "uni/infra/spaccportprof-spine101/shports-Eth5-24-typ-range",
            "path": "/api/node/mo/uni/infra/spaccportprof-spine101/shports-Eth5-24-typ-range.json",
            "payload": "{\n    \"infraSHPortS\": {\n        \"attributes\": {\n            \"dn\": \"uni/infra/spaccportprof-spine101/shports-Eth5-24-typ-range\",\n            \"name\": \"Eth5-24\",\n            \"rn\": \"shports-Eth5-24-typ-range\"\n        },\n        \"children\": [\n            {\n                \"infraPortBlk\": {\n                    \"attributes\": {\n                        \"dn\": \"uni/infra/spaccportprof-spine101/shports-Eth5-24-typ-range/portblk-block2\",\n                        \"fromCard\": \"5\",\n                        \"fromPort\": \"24\",\n                        \"toCard\": \"5\",\n                        \"toPort\": \"24\",\n                        \"name\": \"block2\",\n                        \"rn\": \"portblk-block2\"\n                    }\n                }\n            }\n        ]\n    }\n}\n"
          },
          "private": "eyJzY2hlbWFfdmVyc2lvbiI6IjEifQ==",
          "dependencies": [
            "aci_spine_interface_profile.spine101"
          ]
        },
        {
          "index_key": "25",
          "schema_version": 1,
          "attributes": {
            "class_name": "infraSHPortS",
            "content": null,
            "dn": null,
            "id": "uni/infra/spaccportprof-spine101/shports-Eth5-25-typ-range",
            "path": "/api/node/mo/uni/infra/spaccportprof-spine101/shports-Eth5-25-typ-range.json",
            "payload": "{\n    \"infraSHPortS\": {\n        \"attributes\": {\n            \"dn\": \"uni/infra/spaccportprof-spine101/shports-Eth5-25-typ-range\",\n            \"name\": \"Eth5-25\",\n            \"rn\": \"shports-Eth5-25-typ-range\"\n        },\n        \"children\": [\n            {\n                \"infraPortBlk\": {\n                    \"attributes\": {\n                        \"dn\": \"uni/infra/spaccportprof-spine101/shports-Eth5-25-typ-range/portblk-block2\",\n                        \"fromCard\": \"5\",\n                        \"fromPort\": \"25\",\n                        \"toCard\": \"5\",\n                        \"toPort\": \"25\",\n                        \"name\": \"block2\",\n                        \"rn\": \"portblk-block2\"\n                    }\n                }\n            }\n        ]\n    }\n}\n"
          },
          "private": "eyJzY2hlbWFfdmVyc2lvbiI6IjEifQ==",
          "dependencies": [
            "aci_spine_interface_profile.spine101"
          ]
        },
        {
          "index_key": "26",
          "schema_version": 1,
          "attributes": {
            "class_name": "infraSHPortS",
            "content": null,
            "dn": null,
            "id": "uni/infra/spaccportprof-spine101/shports-Eth5-26-typ-range",
            "path": "/api/node/mo/uni/infra/spaccportprof-spine101/shports-Eth5-26-typ-range.json",
            "payload": "{\n    \"infraSHPortS\": {\n        \"attributes\": {\n            \"dn\": \"uni/infra/spaccportprof-spine101/shports-Eth5-26-typ-range\",\n            \"name\": \"Eth5-26\",\n            \"rn\": \"shports-Eth5-26-typ-range\"\n        },\n        \"children\": [\n            {\n                \"infraPortBlk\": {\n                    \"attributes\": {\n                        \"dn\": \"uni/infra/spaccportprof-spine101/shports-Eth5-26-typ-range/portblk-block2\",\n                        \"fromCard\": \"5\",\n                        \"fromPort\": \"26\",\n                        \"toCard\": \"5\",\n                        \"toPort\": \"26\",\n                        \"name\": \"block2\",\n                        \"rn\": \"portblk-block2\"\n                    }\n                }\n            }\n        ]\n    }\n}\n"
          },
          "private": "eyJzY2hlbWFfdmVyc2lvbiI6IjEifQ==",
          "dependencies": [
            "aci_spine_interface_profile.spine101"
          ]
        },
        {
          "index_key": "27",
          "schema_version": 1,
          "attributes": {
            "class_name": "infraSHPortS",
            "content": null,
            "dn": null,
            "id": "uni/infra/spaccportprof-spine101/shports-Eth5-27-typ-range",
            "path": "/api/node/mo/uni/infra/spaccportprof-spine101/shports-Eth5-27-typ-range.json",
            "payload": "{\n    \"infraSHPortS\": {\n        \"attributes\": {\n            \"dn\": \"uni/infra/spaccportprof-spine101/shports-Eth5-27-typ-range\",\n            \"name\": \"Eth5-27\",\n            \"rn\": \"shports-Eth5-27-typ-range\"\n        },\n        \"children\": [\n            {\n                \"infraPortBlk\": {\n                    \"attributes\": {\n                        \"dn\": \"uni/infra/spaccportprof-spine101/shports-Eth5-27-typ-range/portblk-block2\",\n                        \"fromCard\": \"5\",\n                        \"fromPort\": \"27\",\n                        \"toCard\": \"5\",\n                        \"toPort\": \"27\",\n                        \"name\": \"block2\",\n                        \"rn\": \"portblk-block2\"\n                    }\n                }\n            }\n        ]\n    }\n}\n"
          },
          "private": "eyJzY2hlbWFfdmVyc2lvbiI6IjEifQ==",
          "dependencies": [
            "aci_spine_interface_profile.spine101"
          ]
        },
        {
          "index_key": "28",
          "schema_version": 1,
          "attributes": {
            "class_name": "infraSHPortS",
            "content": null,
            "dn": null,
            "id": "uni/infra/spaccportprof-spine101/shports-Eth5-28-typ-range",
            "path": "/api/node/mo/uni/infra/spaccportprof-spine101/shports-Eth5-28-typ-range.json",
            "payload": "{\n    \"infraSHPortS\": {\n        \"attributes\": {\n            \"dn\": \"uni/infra/spaccportprof-spine101/shports-Eth5-28-typ-range\",\n            \"name\": \"Eth5-28\",\n            \"rn\": \"shports-Eth5-28-typ-range\"\n        },\n        \"children\": [\n            {\n                \"infraPortBlk\": {\n                    \"attributes\": {\n                        \"dn\": \"uni/infra/spaccportprof-spine101/shports-Eth5-28-typ-range/portblk-block2\",\n                        \"fromCard\": \"5\",\n                        \"fromPort\": \"28\",\n                        \"toCard\": \"5\",\n                        \"toPort\": \"28\",\n                        \"name\": \"block2\",\n                        \"rn\": \"portblk-block2\"\n                    }\n                }\n            }\n        ]\n    }\n}\n"
          },
          "private": "eyJzY2hlbWFfdmVyc2lvbiI6IjEifQ==",
          "dependencies": [
            "aci_spine_interface_profile.spine101"
          ]
        },
        {
          "index_key": "29",
          "schema_version": 1,
          "attributes": {
            "class_name": "infraSHPortS",
            "content": null,
            "dn": null,
            "id": "uni/infra/spaccportprof-spine101/shports-Eth5-29-typ-range",
            "path": "/api/node/mo/uni/infra/spaccportprof-spine101/shports-Eth5-29-typ-range.json",
            "payload": "{\n    \"infraSHPortS\": {\n        \"attributes\": {\n            \"dn\": \"uni/infra/spaccportprof-spine101/shports-Eth5-29-typ-range\",\n            \"name\": \"Eth5-29\",\n            \"rn\": \"shports-Eth5-29-typ-range\"\n        },\n        \"children\": [\n            {\n                \"infraPortBlk\": {\n                    \"attributes\": {\n                        \"dn\": \"uni/infra/spaccportprof-spine101/shports-Eth5-29-typ-range/portblk-block2\",\n                        \"fromCard\": \"5\",\n                        \"fromPort\": \"29\",\n                        \"toCard\": \"5\",\n                        \"toPort\": \"29\",\n                        \"name\": \"block2\",\n                        \"rn\": \"portblk-block2\"\n                    }\n                }\n            }\n        ]\n    }\n}\n"
          },
          "private": "eyJzY2hlbWFfdmVyc2lvbiI6IjEifQ==",
          "dependencies": [
            "aci_spine_interface_profile.spine101"
          ]
        },
        {
          "index_key": "30",
          "schema_version": 1,
          "attributes": {
            "class_name": "infraSHPortS",
            "content": null,
            "dn": null,
            "id": "uni/infra/spaccportprof-spine101/shports-Eth5-30-typ-range",
            "path": "/api/node/mo/uni/infra/spaccportprof-spine101/shports-Eth5-30-typ-range.json",
            "payload": "{\n    \"infraSHPortS\": {\n        \"attributes\": {\n            \"dn\": \"uni/infra/spaccportprof-spine101/shports-Eth5-30-typ-range\",\n            \"name\": \"Eth5-30\",\n            \"rn\": \"shports-Eth5-30-typ-range\"\n        },\n        \"children\": [\n            {\n                \"infraPortBlk\": {\n                    \"attributes\": {\n                        \"dn\": \"uni/infra/spaccportprof-spine101/shports-Eth5-30-typ-range/portblk-block2\",\n                        \"fromCard\": \"5\",\n                        \"fromPort\": \"30\",\n                        \"toCard\": \"5\",\n                        \"toPort\": \"30\",\n                        \"name\": \"block2\",\n                        \"rn\": \"portblk-block2\"\n                    }\n                }\n            }\n        ]\n    }\n}\n"
          },
          "private": "eyJzY2hlbWFfdmVyc2lvbiI6IjEifQ==",
          "dependencies": [
            "aci_spine_interface_profile.spine101"
          ]
        },
        {
          "index_key": "31",
          "schema_version": 1,
          "attributes": {
            "class_name": "infraSHPortS",
            "content": null,
            "dn": null,
            "id": "uni/infra/spaccportprof-spine101/shports-Eth5-31-typ-range",
            "path": "/api/node/mo/uni/infra/spaccportprof-spine101/shports-Eth5-31-typ-range.json",
            "payload": "{\n    \"infraSHPortS\": {\n        \"attributes\": {\n            \"dn\": \"uni/infra/spaccportprof-spine101/shports-Eth5-31-typ-range\",\n            \"name\": \"Eth5-31\",\n            \"rn\": \"shports-Eth5-31-typ-range\"\n        },\n        \"children\": [\n            {\n                \"infraPortBlk\": {\n                    \"attributes\": {\n                        \"dn\": \"uni/infra/spaccportprof-spine101/shports-Eth5-31-typ-range/portblk-block2\",\n                        \"fromCard\": \"5\",\n                        \"fromPort\": \"31\",\n                        \"toCard\": \"5\",\n                        \"toPort\": \"31\",\n                        \"name\": \"block2\",\n                        \"rn\": \"portblk-block2\"\n                    }\n                }\n            }\n        ]\n    }\n}\n"
          },
          "private": "eyJzY2hlbWFfdmVyc2lvbiI6IjEifQ==",
          "dependencies": [
            "aci_spine_interface_profile.spine101"
          ]
        },
        {
          "index_key": "32",
          "schema_version": 1,
          "attributes": {
            "class_name": "infraSHPortS",
            "content": null,
            "dn": null,
            "id": "uni/infra/spaccportprof-spine101/shports-Eth5-32-typ-range",
            "path": "/api/node/mo/uni/infra/spaccportprof-spine101/shports-Eth5-32-typ-range.json",
            "payload": "{\n    \"infraSHPortS\": {\n        \"attributes\": {\n            \"dn\": \"uni/infra/spaccportprof-spine101/shports-Eth5-32-typ-range\",\n            \"name\": \"Eth5-32\",\n            \"rn\": \"shports-Eth5-32-typ-range\"\n        },\n        \"children\": [\n            {\n                \"infraPortBlk\": {\n                    \"attributes\": {\n                        \"dn\": \"uni/infra/spaccportprof-spine101/shports-Eth5-32-typ-range/portblk-block2\",\n                        \"fromCard\": \"5\",\n                        \"fromPort\": \"32\",\n                        \"toCard\": \"5\",\n                        \"toPort\": \"32\",\n                        \"name\": \"block2\",\n                        \"rn\": \"portblk-block2\"\n                    }\n                }\n            }\n        ]\n    }\n}\n"
          },
          "private": "eyJzY2hlbWFfdmVyc2lvbiI6IjEifQ==",
          "dependencies": [
            "aci_spine_interface_profile.spine101"
          ]
        },
        {
          "index_key": "33",
          "schema_version": 1,
          "attributes": {
            "class_name": "infraSHPortS",
            "content": null,
            "dn": null,
            "id": "uni/infra/spaccportprof-spine101/shports-Eth5-33-typ-range",
            "path": "/api/node/mo/uni/infra/spaccportprof-spine101/shports-Eth5-33-typ-range.json",
            "payload": "{\n    \"infraSHPortS\": {\n        \"attributes\": {\n            \"dn\": \"uni/infra/spaccportprof-spine101/shports-Eth5-33-typ-range\",\n            \"name\": \"Eth5-33\",\n            \"rn\": \"shports-Eth5-33-typ-range\"\n        },\n        \"children\": [\n            {\n                \"infraPortBlk\": {\n                    \"attributes\": {\n                        \"dn\": \"uni/infra/spaccportprof-spine101/shports-Eth5-33-typ-range/portblk-block2\",\n                        \"fromCard\": \"5\",\n                        \"fromPort\": \"33\",\n                        \"toCard\": \"5\",\n                        \"toPort\": \"33\",\n                        \"name\": \"block2\",\n                        \"rn\": \"portblk-block2\"\n                    }\n                }\n            }\n        ]\n    }\n}\n"
          },
          "private": "eyJzY2hlbWFfdmVyc2lvbiI6IjEifQ==",
          "dependencies": [
            "aci_spine_interface_profile.spine101"
          ]
        },
        {
          "index_key": "34",
          "schema_version": 1,
          "attributes": {
            "class_name": "infraSHPortS",
            "content": null,
            "dn": null,
            "id": "uni/infra/spaccportprof-spine101/shports-Eth5-34-typ-range",
            "path": "/api/node/mo/uni/infra/spaccportprof-spine101/shports-Eth5-34-typ-range.json",
            "payload": "{\n    \"infraSHPortS\": {\n        \"attributes\": {\n            \"dn\": \"uni/infra/spaccportprof-spine101/shports-Eth5-34-typ-range\",\n            \"name\": \"Eth5-34\",\n            \"rn\": \"shports-Eth5-34-typ-range\"\n        },\n        \"children\": [\n            {\n                \"infraPortBlk\": {\n                    \"attributes\": {\n                        \"dn\": \"uni/infra/spaccportprof-spine101/shports-Eth5-34-typ-range/portblk-block2\",\n                        \"fromCard\": \"5\",\n                        \"fromPort\": \"34\",\n                        \"toCard\": \"5\",\n                        \"toPort\": \"34\",\n                        \"name\": \"block2\",\n                        \"rn\": \"portblk-block2\"\n                    }\n                }\n            }\n        ]\n    }\n}\n"
          },
          "private": "eyJzY2hlbWFfdmVyc2lvbiI6IjEifQ==",
          "dependencies": [
            "aci_spine_interface_profile.spine101"
          ]
        },
        {
          "index_key": "35",
          "schema_version": 1,
          "attributes": {
            "class_name": "infraSHPortS",
            "content": null,
            "dn": null,
            "id": "uni/infra/spaccportprof-spine101/shports-Eth5-35-typ-range",
            "path": "/api/node/mo/uni/infra/spaccportprof-spine101/shports-Eth5-35-typ-range.json",
            "payload": "{\n    \"infraSHPortS\": {\n        \"attributes\": {\n            \"dn\": \"uni/infra/spaccportprof-spine101/shports-Eth5-35-typ-range\",\n            \"name\": \"Eth5-35\",\n            \"rn\": \"shports-Eth5-35-typ-range\"\n        },\n        \"children\": [\n            {\n                \"infraPortBlk\": {\n                    \"attributes\": {\n                        \"dn\": \"uni/infra/spaccportprof-spine101/shports-Eth5-35-typ-range/portblk-block2\",\n                        \"fromCard\": \"5\",\n                        \"fromPort\": \"35\",\n                        \"toCard\": \"5\",\n                        \"toPort\": \"35\",\n                        \"name\": \"block2\",\n                        \"rn\": \"portblk-block2\"\n                    }\n                }\n            }\n        ]\n    }\n}\n"
          },
          "private": "eyJzY2hlbWFfdmVyc2lvbiI6IjEifQ==",
          "dependencies": [
            "aci_spine_interface_profile.spine101"
          ]
        },
        {
          "index_key": "36",
          "schema_version": 1,
          "attributes": {
            "class_name": "infraSHPortS",
            "content": null,
            "dn": null,
            "id": "uni/infra/spaccportprof-spine101/shports-Eth5-36-typ-range",
            "path": "/api/node/mo/uni/infra/spaccportprof-spine101/shports-Eth5-36-typ-range.json",
            "payload": "{\n    \"infraSHPortS\": {\n        \"attributes\": {\n            \"dn\": \"uni/infra/spaccportprof-spine101/shports-Eth5-36-typ-range\",\n            \"name\": \"Eth5-36\",\n            \"rn\": \"shports-Eth5-36-typ-range\"\n        },\n        \"children\": [\n            {\n                \"infraPortBlk\": {\n                    \"attributes\": {\n                        \"dn\": \"uni/infra/spaccportprof-spine101/shports-Eth5-36-typ-range/portblk-block2\",\n                        \"fromCard\": \"5\",\n                        \"fromPort\": \"36\",\n                        \"toCard\": \"5\",\n                        \"toPort\": \"36\",\n                        \"name\": \"block2\",\n                        \"rn\": \"portblk-block2\"\n                    }\n                }\n            }\n        ]\n    }\n}\n"
          },
          "private": "eyJzY2hlbWFfdmVyc2lvbiI6IjEifQ==",
          "dependencies": [
            "aci_spine_interface_profile.spine101"
          ]
        }
      ]
    },
    {
      "mode": "managed",
      "type": "aci_rest",
      "name": "spine101_6",
      "provider": "provider[\"registry.terraform.io/ciscodevnet/aci\"]",
      "instances": [
        {
          "index_key": "01",
          "schema_version": 1,
          "attributes": {
            "class_name": "infraSHPortS",
            "content": null,
            "dn": null,
            "id": "uni/infra/spaccportprof-spine101/shports-Eth6-01-typ-range",
            "path": "/api/node/mo/uni/infra/spaccportprof-spine101/shports-Eth6-01-typ-range.json",
            "payload": "{\n    \"infraSHPortS\": {\n        \"attributes\": {\n            \"dn\": \"uni/infra/spaccportprof-spine101/shports-Eth6-01-typ-range\",\n            \"name\": \"Eth6-01\",\n            \"rn\": \"shports-Eth6-01-typ-range\"\n        },\n        \"children\": [\n            {\n                \"infraPortBlk\": {\n                    \"attributes\": {\n                        \"dn\": \"uni/infra/spaccportprof-spine101/shports-Eth6-01-typ-range/portblk-block2\",\n                        \"fromCard\": \"6\",\n                        \"fromPort\": \"1\",\n                        \"toCard\": \"6\",\n                        \"toPort\": \"1\",\n                        \"name\": \"block2\",\n                        \"rn\": \"portblk-block2\"\n                    }\n                }\n            }\n        ]\n    }\n}\n"
          },
          "private": "eyJzY2hlbWFfdmVyc2lvbiI6IjEifQ==",
          "dependencies": [
            "aci_spine_interface_profile.spine101"
          ]
        },
        {
          "index_key": "02",
          "schema_version": 1,
          "attributes": {
            "class_name": "infraSHPortS",
            "content": null,
            "dn": null,
            "id": "uni/infra/spaccportprof-spine101/shports-Eth6-02-typ-range",
            "path": "/api/node/mo/uni/infra/spaccportprof-spine101/shports-Eth6-02-typ-range.json",
            "payload": "{\n    \"infraSHPortS\": {\n        \"attributes\": {\n            \"dn\": \"uni/infra/spaccportprof-spine101/shports-Eth6-02-typ-range\",\n            \"name\": \"Eth6-02\",\n            \"rn\": \"shports-Eth6-02-typ-range\"\n        },\n        \"children\": [\n            {\n                \"infraPortBlk\": {\n                    \"attributes\": {\n                        \"dn\": \"uni/infra/spaccportprof-spine101/shports-Eth6-02-typ-range/portblk-block2\",\n                        \"fromCard\": \"6\",\n                        \"fromPort\": \"2\",\n                        \"toCard\": \"6\",\n                        \"toPort\": \"2\",\n                        \"name\": \"block2\",\n                        \"rn\": \"portblk-block2\"\n                    }\n                }\n            }\n        ]\n    }\n}\n"
          },
          "private": "eyJzY2hlbWFfdmVyc2lvbiI6IjEifQ==",
          "dependencies": [
            "aci_spine_interface_profile.spine101"
          ]
        },
        {
          "index_key": "03",
          "schema_version": 1,
          "attributes": {
            "class_name": "infraSHPortS",
            "content": null,
            "dn": null,
            "id": "uni/infra/spaccportprof-spine101/shports-Eth6-03-typ-range",
            "path": "/api/node/mo/uni/infra/spaccportprof-spine101/shports-Eth6-03-typ-range.json",
            "payload": "{\n    \"infraSHPortS\": {\n        \"attributes\": {\n            \"dn\": \"uni/infra/spaccportprof-spine101/shports-Eth6-03-typ-range\",\n            \"name\": \"Eth6-03\",\n            \"rn\": \"shports-Eth6-03-typ-range\"\n        },\n        \"children\": [\n            {\n                \"infraPortBlk\": {\n                    \"attributes\": {\n                        \"dn\": \"uni/infra/spaccportprof-spine101/shports-Eth6-03-typ-range/portblk-block2\",\n                        \"fromCard\": \"6\",\n                        \"fromPort\": \"3\",\n                        \"toCard\": \"6\",\n                        \"toPort\": \"3\",\n                        \"name\": \"block2\",\n                        \"rn\": \"portblk-block2\"\n                    }\n                }\n            }\n        ]\n    }\n}\n"
          },
          "private": "eyJzY2hlbWFfdmVyc2lvbiI6IjEifQ==",
          "dependencies": [
            "aci_spine_interface_profile.spine101"
          ]
        },
        {
          "index_key": "04",
          "schema_version": 1,
          "attributes": {
            "class_name": "infraSHPortS",
            "content": null,
            "dn": null,
            "id": "uni/infra/spaccportprof-spine101/shports-Eth6-04-typ-range",
            "path": "/api/node/mo/uni/infra/spaccportprof-spine101/shports-Eth6-04-typ-range.json",
            "payload": "{\n    \"infraSHPortS\": {\n        \"attributes\": {\n            \"dn\": \"uni/infra/spaccportprof-spine101/shports-Eth6-04-typ-range\",\n            \"name\": \"Eth6-04\",\n            \"rn\": \"shports-Eth6-04-typ-range\"\n        },\n        \"children\": [\n            {\n                \"infraPortBlk\": {\n                    \"attributes\": {\n                        \"dn\": \"uni/infra/spaccportprof-spine101/shports-Eth6-04-typ-range/portblk-block2\",\n                        \"fromCard\": \"6\",\n                        \"fromPort\": \"4\",\n                        \"toCard\": \"6\",\n                        \"toPort\": \"4\",\n                        \"name\": \"block2\",\n                        \"rn\": \"portblk-block2\"\n                    }\n                }\n            }\n        ]\n    }\n}\n"
          },
          "private": "eyJzY2hlbWFfdmVyc2lvbiI6IjEifQ==",
          "dependencies": [
            "aci_spine_interface_profile.spine101"
          ]
        },
        {
          "index_key": "05",
          "schema_version": 1,
          "attributes": {
            "class_name": "infraSHPortS",
            "content": null,
            "dn": null,
            "id": "uni/infra/spaccportprof-spine101/shports-Eth6-05-typ-range",
            "path": "/api/node/mo/uni/infra/spaccportprof-spine101/shports-Eth6-05-typ-range.json",
            "payload": "{\n    \"infraSHPortS\": {\n        \"attributes\": {\n            \"dn\": \"uni/infra/spaccportprof-spine101/shports-Eth6-05-typ-range\",\n            \"name\": \"Eth6-05\",\n            \"rn\": \"shports-Eth6-05-typ-range\"\n        },\n        \"children\": [\n            {\n                \"infraPortBlk\": {\n                    \"attributes\": {\n                        \"dn\": \"uni/infra/spaccportprof-spine101/shports-Eth6-05-typ-range/portblk-block2\",\n                        \"fromCard\": \"6\",\n                        \"fromPort\": \"5\",\n                        \"toCard\": \"6\",\n                        \"toPort\": \"5\",\n                        \"name\": \"block2\",\n                        \"rn\": \"portblk-block2\"\n                    }\n                }\n            }\n        ]\n    }\n}\n"
          },
          "private": "eyJzY2hlbWFfdmVyc2lvbiI6IjEifQ==",
          "dependencies": [
            "aci_spine_interface_profile.spine101"
          ]
        },
        {
          "index_key": "06",
          "schema_version": 1,
          "attributes": {
            "class_name": "infraSHPortS",
            "content": null,
            "dn": null,
            "id": "uni/infra/spaccportprof-spine101/shports-Eth6-06-typ-range",
            "path": "/api/node/mo/uni/infra/spaccportprof-spine101/shports-Eth6-06-typ-range.json",
            "payload": "{\n    \"infraSHPortS\": {\n        \"attributes\": {\n            \"dn\": \"uni/infra/spaccportprof-spine101/shports-Eth6-06-typ-range\",\n            \"name\": \"Eth6-06\",\n            \"rn\": \"shports-Eth6-06-typ-range\"\n        },\n        \"children\": [\n            {\n                \"infraPortBlk\": {\n                    \"attributes\": {\n                        \"dn\": \"uni/infra/spaccportprof-spine101/shports-Eth6-06-typ-range/portblk-block2\",\n                        \"fromCard\": \"6\",\n                        \"fromPort\": \"6\",\n                        \"toCard\": \"6\",\n                        \"toPort\": \"6\",\n                        \"name\": \"block2\",\n                        \"rn\": \"portblk-block2\"\n                    }\n                }\n            }\n        ]\n    }\n}\n"
          },
          "private": "eyJzY2hlbWFfdmVyc2lvbiI6IjEifQ==",
          "dependencies": [
            "aci_spine_interface_profile.spine101"
          ]
        },
        {
          "index_key": "07",
          "schema_version": 1,
          "attributes": {
            "class_name": "infraSHPortS",
            "content": null,
            "dn": null,
            "id": "uni/infra/spaccportprof-spine101/shports-Eth6-07-typ-range",
            "path": "/api/node/mo/uni/infra/spaccportprof-spine101/shports-Eth6-07-typ-range.json",
            "payload": "{\n    \"infraSHPortS\": {\n        \"attributes\": {\n            \"dn\": \"uni/infra/spaccportprof-spine101/shports-Eth6-07-typ-range\",\n            \"name\": \"Eth6-07\",\n            \"rn\": \"shports-Eth6-07-typ-range\"\n        },\n        \"children\": [\n            {\n                \"infraPortBlk\": {\n                    \"attributes\": {\n                        \"dn\": \"uni/infra/spaccportprof-spine101/shports-Eth6-07-typ-range/portblk-block2\",\n                        \"fromCard\": \"6\",\n                        \"fromPort\": \"7\",\n                        \"toCard\": \"6\",\n                        \"toPort\": \"7\",\n                        \"name\": \"block2\",\n                        \"rn\": \"portblk-block2\"\n                    }\n                }\n            }\n        ]\n    }\n}\n"
          },
          "private": "eyJzY2hlbWFfdmVyc2lvbiI6IjEifQ==",
          "dependencies": [
            "aci_spine_interface_profile.spine101"
          ]
        },
        {
          "index_key": "08",
          "schema_version": 1,
          "attributes": {
            "class_name": "infraSHPortS",
            "content": null,
            "dn": null,
            "id": "uni/infra/spaccportprof-spine101/shports-Eth6-08-typ-range",
            "path": "/api/node/mo/uni/infra/spaccportprof-spine101/shports-Eth6-08-typ-range.json",
            "payload": "{\n    \"infraSHPortS\": {\n        \"attributes\": {\n            \"dn\": \"uni/infra/spaccportprof-spine101/shports-Eth6-08-typ-range\",\n            \"name\": \"Eth6-08\",\n            \"rn\": \"shports-Eth6-08-typ-range\"\n        },\n        \"children\": [\n            {\n                \"infraPortBlk\": {\n                    \"attributes\": {\n                        \"dn\": \"uni/infra/spaccportprof-spine101/shports-Eth6-08-typ-range/portblk-block2\",\n                        \"fromCard\": \"6\",\n                        \"fromPort\": \"8\",\n                        \"toCard\": \"6\",\n                        \"toPort\": \"8\",\n                        \"name\": \"block2\",\n                        \"rn\": \"portblk-block2\"\n                    }\n                }\n            }\n        ]\n    }\n}\n"
          },
          "private": "eyJzY2hlbWFfdmVyc2lvbiI6IjEifQ==",
          "dependencies": [
            "aci_spine_interface_profile.spine101"
          ]
        },
        {
          "index_key": "09",
          "schema_version": 1,
          "attributes": {
            "class_name": "infraSHPortS",
            "content": null,
            "dn": null,
            "id": "uni/infra/spaccportprof-spine101/shports-Eth6-09-typ-range",
            "path": "/api/node/mo/uni/infra/spaccportprof-spine101/shports-Eth6-09-typ-range.json",
            "payload": "{\n    \"infraSHPortS\": {\n        \"attributes\": {\n            \"dn\": \"uni/infra/spaccportprof-spine101/shports-Eth6-09-typ-range\",\n            \"name\": \"Eth6-09\",\n            \"rn\": \"shports-Eth6-09-typ-range\"\n        },\n        \"children\": [\n            {\n                \"infraPortBlk\": {\n                    \"attributes\": {\n                        \"dn\": \"uni/infra/spaccportprof-spine101/shports-Eth6-09-typ-range/portblk-block2\",\n                        \"fromCard\": \"6\",\n                        \"fromPort\": \"9\",\n                        \"toCard\": \"6\",\n                        \"toPort\": \"9\",\n                        \"name\": \"block2\",\n                        \"rn\": \"portblk-block2\"\n                    }\n                }\n            }\n        ]\n    }\n}\n"
          },
          "private": "eyJzY2hlbWFfdmVyc2lvbiI6IjEifQ==",
          "dependencies": [
            "aci_spine_interface_profile.spine101"
          ]
        },
        {
          "index_key": "10",
          "schema_version": 1,
          "attributes": {
            "class_name": "infraSHPortS",
            "content": null,
            "dn": null,
            "id": "uni/infra/spaccportprof-spine101/shports-Eth6-10-typ-range",
            "path": "/api/node/mo/uni/infra/spaccportprof-spine101/shports-Eth6-10-typ-range.json",
            "payload": "{\n    \"infraSHPortS\": {\n        \"attributes\": {\n            \"dn\": \"uni/infra/spaccportprof-spine101/shports-Eth6-10-typ-range\",\n            \"name\": \"Eth6-10\",\n            \"rn\": \"shports-Eth6-10-typ-range\"\n        },\n        \"children\": [\n            {\n                \"infraPortBlk\": {\n                    \"attributes\": {\n                        \"dn\": \"uni/infra/spaccportprof-spine101/shports-Eth6-10-typ-range/portblk-block2\",\n                        \"fromCard\": \"6\",\n                        \"fromPort\": \"10\",\n                        \"toCard\": \"6\",\n                        \"toPort\": \"10\",\n                        \"name\": \"block2\",\n                        \"rn\": \"portblk-block2\"\n                    }\n                }\n            }\n        ]\n    }\n}\n"
          },
          "private": "eyJzY2hlbWFfdmVyc2lvbiI6IjEifQ==",
          "dependencies": [
            "aci_spine_interface_profile.spine101"
          ]
        },
        {
          "index_key": "11",
          "schema_version": 1,
          "attributes": {
            "class_name": "infraSHPortS",
            "content": null,
            "dn": null,
            "id": "uni/infra/spaccportprof-spine101/shports-Eth6-11-typ-range",
            "path": "/api/node/mo/uni/infra/spaccportprof-spine101/shports-Eth6-11-typ-range.json",
            "payload": "{\n    \"infraSHPortS\": {\n        \"attributes\": {\n            \"dn\": \"uni/infra/spaccportprof-spine101/shports-Eth6-11-typ-range\",\n            \"name\": \"Eth6-11\",\n            \"rn\": \"shports-Eth6-11-typ-range\"\n        },\n        \"children\": [\n            {\n                \"infraPortBlk\": {\n                    \"attributes\": {\n                        \"dn\": \"uni/infra/spaccportprof-spine101/shports-Eth6-11-typ-range/portblk-block2\",\n                        \"fromCard\": \"6\",\n                        \"fromPort\": \"11\",\n                        \"toCard\": \"6\",\n                        \"toPort\": \"11\",\n                        \"name\": \"block2\",\n                        \"rn\": \"portblk-block2\"\n                    }\n                }\n            }\n        ]\n    }\n}\n"
          },
          "private": "eyJzY2hlbWFfdmVyc2lvbiI6IjEifQ==",
          "dependencies": [
            "aci_spine_interface_profile.spine101"
          ]
        },
        {
          "index_key": "12",
          "schema_version": 1,
          "attributes": {
            "class_name": "infraSHPortS",
            "content": null,
            "dn": null,
            "id": "uni/infra/spaccportprof-spine101/shports-Eth6-12-typ-range",
            "path": "/api/node/mo/uni/infra/spaccportprof-spine101/shports-Eth6-12-typ-range.json",
            "payload": "{\n    \"infraSHPortS\": {\n        \"attributes\": {\n            \"dn\": \"uni/infra/spaccportprof-spine101/shports-Eth6-12-typ-range\",\n            \"name\": \"Eth6-12\",\n            \"rn\": \"shports-Eth6-12-typ-range\"\n        },\n        \"children\": [\n            {\n                \"infraPortBlk\": {\n                    \"attributes\": {\n                        \"dn\": \"uni/infra/spaccportprof-spine101/shports-Eth6-12-typ-range/portblk-block2\",\n                        \"fromCard\": \"6\",\n                        \"fromPort\": \"12\",\n                        \"toCard\": \"6\",\n                        \"toPort\": \"12\",\n                        \"name\": \"block2\",\n                        \"rn\": \"portblk-block2\"\n                    }\n                }\n            }\n        ]\n    }\n}\n"
          },
          "private": "eyJzY2hlbWFfdmVyc2lvbiI6IjEifQ==",
          "dependencies": [
            "aci_spine_interface_profile.spine101"
          ]
        },
        {
          "index_key": "13",
          "schema_version": 1,
          "attributes": {
            "class_name": "infraSHPortS",
            "content": null,
            "dn": null,
            "id": "uni/infra/spaccportprof-spine101/shports-Eth6-13-typ-range",
            "path": "/api/node/mo/uni/infra/spaccportprof-spine101/shports-Eth6-13-typ-range.json",
            "payload": "{\n    \"infraSHPortS\": {\n        \"attributes\": {\n            \"dn\": \"uni/infra/spaccportprof-spine101/shports-Eth6-13-typ-range\",\n            \"name\": \"Eth6-13\",\n            \"rn\": \"shports-Eth6-13-typ-range\"\n        },\n        \"children\": [\n            {\n                \"infraPortBlk\": {\n                    \"attributes\": {\n                        \"dn\": \"uni/infra/spaccportprof-spine101/shports-Eth6-13-typ-range/portblk-block2\",\n                        \"fromCard\": \"6\",\n                        \"fromPort\": \"13\",\n                        \"toCard\": \"6\",\n                        \"toPort\": \"13\",\n                        \"name\": \"block2\",\n                        \"rn\": \"portblk-block2\"\n                    }\n                }\n            }\n        ]\n    }\n}\n"
          },
          "private": "eyJzY2hlbWFfdmVyc2lvbiI6IjEifQ==",
          "dependencies": [
            "aci_spine_interface_profile.spine101"
          ]
        },
        {
          "index_key": "14",
          "schema_version": 1,
          "attributes": {
            "class_name": "infraSHPortS",
            "content": null,
            "dn": null,
            "id": "uni/infra/spaccportprof-spine101/shports-Eth6-14-typ-range",
            "path": "/api/node/mo/uni/infra/spaccportprof-spine101/shports-Eth6-14-typ-range.json",
            "payload": "{\n    \"infraSHPortS\": {\n        \"attributes\": {\n            \"dn\": \"uni/infra/spaccportprof-spine101/shports-Eth6-14-typ-range\",\n            \"name\": \"Eth6-14\",\n            \"rn\": \"shports-Eth6-14-typ-range\"\n        },\n        \"children\": [\n            {\n                \"infraPortBlk\": {\n                    \"attributes\": {\n                        \"dn\": \"uni/infra/spaccportprof-spine101/shports-Eth6-14-typ-range/portblk-block2\",\n                        \"fromCard\": \"6\",\n                        \"fromPort\": \"14\",\n                        \"toCard\": \"6\",\n                        \"toPort\": \"14\",\n                        \"name\": \"block2\",\n                        \"rn\": \"portblk-block2\"\n                    }\n                }\n            }\n        ]\n    }\n}\n"
          },
          "private": "eyJzY2hlbWFfdmVyc2lvbiI6IjEifQ==",
          "dependencies": [
            "aci_spine_interface_profile.spine101"
          ]
        },
        {
          "index_key": "15",
          "schema_version": 1,
          "attributes": {
            "class_name": "infraSHPortS",
            "content": null,
            "dn": null,
            "id": "uni/infra/spaccportprof-spine101/shports-Eth6-15-typ-range",
            "path": "/api/node/mo/uni/infra/spaccportprof-spine101/shports-Eth6-15-typ-range.json",
            "payload": "{\n    \"infraSHPortS\": {\n        \"attributes\": {\n            \"dn\": \"uni/infra/spaccportprof-spine101/shports-Eth6-15-typ-range\",\n            \"name\": \"Eth6-15\",\n            \"rn\": \"shports-Eth6-15-typ-range\"\n        },\n        \"children\": [\n            {\n                \"infraPortBlk\": {\n                    \"attributes\": {\n                        \"dn\": \"uni/infra/spaccportprof-spine101/shports-Eth6-15-typ-range/portblk-block2\",\n                        \"fromCard\": \"6\",\n                        \"fromPort\": \"15\",\n                        \"toCard\": \"6\",\n                        \"toPort\": \"15\",\n                        \"name\": \"block2\",\n                        \"rn\": \"portblk-block2\"\n                    }\n                }\n            }\n        ]\n    }\n}\n"
          },
          "private": "eyJzY2hlbWFfdmVyc2lvbiI6IjEifQ==",
          "dependencies": [
            "aci_spine_interface_profile.spine101"
          ]
        },
        {
          "index_key": "16",
          "schema_version": 1,
          "attributes": {
            "class_name": "infraSHPortS",
            "content": null,
            "dn": null,
            "id": "uni/infra/spaccportprof-spine101/shports-Eth6-16-typ-range",
            "path": "/api/node/mo/uni/infra/spaccportprof-spine101/shports-Eth6-16-typ-range.json",
            "payload": "{\n    \"infraSHPortS\": {\n        \"attributes\": {\n            \"dn\": \"uni/infra/spaccportprof-spine101/shports-Eth6-16-typ-range\",\n            \"name\": \"Eth6-16\",\n            \"rn\": \"shports-Eth6-16-typ-range\"\n        },\n        \"children\": [\n            {\n                \"infraPortBlk\": {\n                    \"attributes\": {\n                        \"dn\": \"uni/infra/spaccportprof-spine101/shports-Eth6-16-typ-range/portblk-block2\",\n                        \"fromCard\": \"6\",\n                        \"fromPort\": \"16\",\n                        \"toCard\": \"6\",\n                        \"toPort\": \"16\",\n                        \"name\": \"block2\",\n                        \"rn\": \"portblk-block2\"\n                    }\n                }\n            }\n        ]\n    }\n}\n"
          },
          "private": "eyJzY2hlbWFfdmVyc2lvbiI6IjEifQ==",
          "dependencies": [
            "aci_spine_interface_profile.spine101"
          ]
        },
        {
          "index_key": "17",
          "schema_version": 1,
          "attributes": {
            "class_name": "infraSHPortS",
            "content": null,
            "dn": null,
            "id": "uni/infra/spaccportprof-spine101/shports-Eth6-17-typ-range",
            "path": "/api/node/mo/uni/infra/spaccportprof-spine101/shports-Eth6-17-typ-range.json",
            "payload": "{\n    \"infraSHPortS\": {\n        \"attributes\": {\n            \"dn\": \"uni/infra/spaccportprof-spine101/shports-Eth6-17-typ-range\",\n            \"name\": \"Eth6-17\",\n            \"rn\": \"shports-Eth6-17-typ-range\"\n        },\n        \"children\": [\n            {\n                \"infraPortBlk\": {\n                    \"attributes\": {\n                        \"dn\": \"uni/infra/spaccportprof-spine101/shports-Eth6-17-typ-range/portblk-block2\",\n                        \"fromCard\": \"6\",\n                        \"fromPort\": \"17\",\n                        \"toCard\": \"6\",\n                        \"toPort\": \"17\",\n                        \"name\": \"block2\",\n                        \"rn\": \"portblk-block2\"\n                    }\n                }\n            }\n        ]\n    }\n}\n"
          },
          "private": "eyJzY2hlbWFfdmVyc2lvbiI6IjEifQ==",
          "dependencies": [
            "aci_spine_interface_profile.spine101"
          ]
        },
        {
          "index_key": "18",
          "schema_version": 1,
          "attributes": {
            "class_name": "infraSHPortS",
            "content": null,
            "dn": null,
            "id": "uni/infra/spaccportprof-spine101/shports-Eth6-18-typ-range",
            "path": "/api/node/mo/uni/infra/spaccportprof-spine101/shports-Eth6-18-typ-range.json",
            "payload": "{\n    \"infraSHPortS\": {\n        \"attributes\": {\n            \"dn\": \"uni/infra/spaccportprof-spine101/shports-Eth6-18-typ-range\",\n            \"name\": \"Eth6-18\",\n            \"rn\": \"shports-Eth6-18-typ-range\"\n        },\n        \"children\": [\n            {\n                \"infraPortBlk\": {\n                    \"attributes\": {\n                        \"dn\": \"uni/infra/spaccportprof-spine101/shports-Eth6-18-typ-range/portblk-block2\",\n                        \"fromCard\": \"6\",\n                        \"fromPort\": \"18\",\n                        \"toCard\": \"6\",\n                        \"toPort\": \"18\",\n                        \"name\": \"block2\",\n                        \"rn\": \"portblk-block2\"\n                    }\n                }\n            }\n        ]\n    }\n}\n"
          },
          "private": "eyJzY2hlbWFfdmVyc2lvbiI6IjEifQ==",
          "dependencies": [
            "aci_spine_interface_profile.spine101"
          ]
        },
        {
          "index_key": "19",
          "schema_version": 1,
          "attributes": {
            "class_name": "infraSHPortS",
            "content": null,
            "dn": null,
            "id": "uni/infra/spaccportprof-spine101/shports-Eth6-19-typ-range",
            "path": "/api/node/mo/uni/infra/spaccportprof-spine101/shports-Eth6-19-typ-range.json",
            "payload": "{\n    \"infraSHPortS\": {\n        \"attributes\": {\n            \"dn\": \"uni/infra/spaccportprof-spine101/shports-Eth6-19-typ-range\",\n            \"name\": \"Eth6-19\",\n            \"rn\": \"shports-Eth6-19-typ-range\"\n        },\n        \"children\": [\n            {\n                \"infraPortBlk\": {\n                    \"attributes\": {\n                        \"dn\": \"uni/infra/spaccportprof-spine101/shports-Eth6-19-typ-range/portblk-block2\",\n                        \"fromCard\": \"6\",\n                        \"fromPort\": \"19\",\n                        \"toCard\": \"6\",\n                        \"toPort\": \"19\",\n                        \"name\": \"block2\",\n                        \"rn\": \"portblk-block2\"\n                    }\n                }\n            }\n        ]\n    }\n}\n"
          },
          "private": "eyJzY2hlbWFfdmVyc2lvbiI6IjEifQ==",
          "dependencies": [
            "aci_spine_interface_profile.spine101"
          ]
        },
        {
          "index_key": "20",
          "schema_version": 1,
          "attributes": {
            "class_name": "infraSHPortS",
            "content": null,
            "dn": null,
            "id": "uni/infra/spaccportprof-spine101/shports-Eth6-20-typ-range",
            "path": "/api/node/mo/uni/infra/spaccportprof-spine101/shports-Eth6-20-typ-range.json",
            "payload": "{\n    \"infraSHPortS\": {\n        \"attributes\": {\n            \"dn\": \"uni/infra/spaccportprof-spine101/shports-Eth6-20-typ-range\",\n            \"name\": \"Eth6-20\",\n            \"rn\": \"shports-Eth6-20-typ-range\"\n        },\n        \"children\": [\n            {\n                \"infraPortBlk\": {\n                    \"attributes\": {\n                        \"dn\": \"uni/infra/spaccportprof-spine101/shports-Eth6-20-typ-range/portblk-block2\",\n                        \"fromCard\": \"6\",\n                        \"fromPort\": \"20\",\n                        \"toCard\": \"6\",\n                        \"toPort\": \"20\",\n                        \"name\": \"block2\",\n                        \"rn\": \"portblk-block2\"\n                    }\n                }\n            }\n        ]\n    }\n}\n"
          },
          "private": "eyJzY2hlbWFfdmVyc2lvbiI6IjEifQ==",
          "dependencies": [
            "aci_spine_interface_profile.spine101"
          ]
        },
        {
          "index_key": "21",
          "schema_version": 1,
          "attributes": {
            "class_name": "infraSHPortS",
            "content": null,
            "dn": null,
            "id": "uni/infra/spaccportprof-spine101/shports-Eth6-21-typ-range",
            "path": "/api/node/mo/uni/infra/spaccportprof-spine101/shports-Eth6-21-typ-range.json",
            "payload": "{\n    \"infraSHPortS\": {\n        \"attributes\": {\n            \"dn\": \"uni/infra/spaccportprof-spine101/shports-Eth6-21-typ-range\",\n            \"name\": \"Eth6-21\",\n            \"rn\": \"shports-Eth6-21-typ-range\"\n        },\n        \"children\": [\n            {\n                \"infraPortBlk\": {\n                    \"attributes\": {\n                        \"dn\": \"uni/infra/spaccportprof-spine101/shports-Eth6-21-typ-range/portblk-block2\",\n                        \"fromCard\": \"6\",\n                        \"fromPort\": \"21\",\n                        \"toCard\": \"6\",\n                        \"toPort\": \"21\",\n                        \"name\": \"block2\",\n                        \"rn\": \"portblk-block2\"\n                    }\n                }\n            }\n        ]\n    }\n}\n"
          },
          "private": "eyJzY2hlbWFfdmVyc2lvbiI6IjEifQ==",
          "dependencies": [
            "aci_spine_interface_profile.spine101"
          ]
        },
        {
          "index_key": "22",
          "schema_version": 1,
          "attributes": {
            "class_name": "infraSHPortS",
            "content": null,
            "dn": null,
            "id": "uni/infra/spaccportprof-spine101/shports-Eth6-22-typ-range",
            "path": "/api/node/mo/uni/infra/spaccportprof-spine101/shports-Eth6-22-typ-range.json",
            "payload": "{\n    \"infraSHPortS\": {\n        \"attributes\": {\n            \"dn\": \"uni/infra/spaccportprof-spine101/shports-Eth6-22-typ-range\",\n            \"name\": \"Eth6-22\",\n            \"rn\": \"shports-Eth6-22-typ-range\"\n        },\n        \"children\": [\n            {\n                \"infraPortBlk\": {\n                    \"attributes\": {\n                        \"dn\": \"uni/infra/spaccportprof-spine101/shports-Eth6-22-typ-range/portblk-block2\",\n                        \"fromCard\": \"6\",\n                        \"fromPort\": \"22\",\n                        \"toCard\": \"6\",\n                        \"toPort\": \"22\",\n                        \"name\": \"block2\",\n                        \"rn\": \"portblk-block2\"\n                    }\n                }\n            }\n        ]\n    }\n}\n"
          },
          "private": "eyJzY2hlbWFfdmVyc2lvbiI6IjEifQ==",
          "dependencies": [
            "aci_spine_interface_profile.spine101"
          ]
        },
        {
          "index_key": "23",
          "schema_version": 1,
          "attributes": {
            "class_name": "infraSHPortS",
            "content": null,
            "dn": null,
            "id": "uni/infra/spaccportprof-spine101/shports-Eth6-23-typ-range",
            "path": "/api/node/mo/uni/infra/spaccportprof-spine101/shports-Eth6-23-typ-range.json",
            "payload": "{\n    \"infraSHPortS\": {\n        \"attributes\": {\n            \"dn\": \"uni/infra/spaccportprof-spine101/shports-Eth6-23-typ-range\",\n            \"name\": \"Eth6-23\",\n            \"rn\": \"shports-Eth6-23-typ-range\"\n        },\n        \"children\": [\n            {\n                \"infraPortBlk\": {\n                    \"attributes\": {\n                        \"dn\": \"uni/infra/spaccportprof-spine101/shports-Eth6-23-typ-range/portblk-block2\",\n                        \"fromCard\": \"6\",\n                        \"fromPort\": \"23\",\n                        \"toCard\": \"6\",\n                        \"toPort\": \"23\",\n                        \"name\": \"block2\",\n                        \"rn\": \"portblk-block2\"\n                    }\n                }\n            }\n        ]\n    }\n}\n"
          },
          "private": "eyJzY2hlbWFfdmVyc2lvbiI6IjEifQ==",
          "dependencies": [
            "aci_spine_interface_profile.spine101"
          ]
        },
        {
          "index_key": "24",
          "schema_version": 1,
          "attributes": {
            "class_name": "infraSHPortS",
            "content": null,
            "dn": null,
            "id": "uni/infra/spaccportprof-spine101/shports-Eth6-24-typ-range",
            "path": "/api/node/mo/uni/infra/spaccportprof-spine101/shports-Eth6-24-typ-range.json",
            "payload": "{\n    \"infraSHPortS\": {\n        \"attributes\": {\n            \"dn\": \"uni/infra/spaccportprof-spine101/shports-Eth6-24-typ-range\",\n            \"name\": \"Eth6-24\",\n            \"rn\": \"shports-Eth6-24-typ-range\"\n        },\n        \"children\": [\n            {\n                \"infraPortBlk\": {\n                    \"attributes\": {\n                        \"dn\": \"uni/infra/spaccportprof-spine101/shports-Eth6-24-typ-range/portblk-block2\",\n                        \"fromCard\": \"6\",\n                        \"fromPort\": \"24\",\n                        \"toCard\": \"6\",\n                        \"toPort\": \"24\",\n                        \"name\": \"block2\",\n                        \"rn\": \"portblk-block2\"\n                    }\n                }\n            }\n        ]\n    }\n}\n"
          },
          "private": "eyJzY2hlbWFfdmVyc2lvbiI6IjEifQ==",
          "dependencies": [
            "aci_spine_interface_profile.spine101"
          ]
        },
        {
          "index_key": "25",
          "schema_version": 1,
          "attributes": {
            "class_name": "infraSHPortS",
            "content": null,
            "dn": null,
            "id": "uni/infra/spaccportprof-spine101/shports-Eth6-25-typ-range",
            "path": "/api/node/mo/uni/infra/spaccportprof-spine101/shports-Eth6-25-typ-range.json",
            "payload": "{\n    \"infraSHPortS\": {\n        \"attributes\": {\n            \"dn\": \"uni/infra/spaccportprof-spine101/shports-Eth6-25-typ-range\",\n            \"name\": \"Eth6-25\",\n            \"rn\": \"shports-Eth6-25-typ-range\"\n        },\n        \"children\": [\n            {\n                \"infraPortBlk\": {\n                    \"attributes\": {\n                        \"dn\": \"uni/infra/spaccportprof-spine101/shports-Eth6-25-typ-range/portblk-block2\",\n                        \"fromCard\": \"6\",\n                        \"fromPort\": \"25\",\n                        \"toCard\": \"6\",\n                        \"toPort\": \"25\",\n                        \"name\": \"block2\",\n                        \"rn\": \"portblk-block2\"\n                    }\n                }\n            }\n        ]\n    }\n}\n"
          },
          "private": "eyJzY2hlbWFfdmVyc2lvbiI6IjEifQ==",
          "dependencies": [
            "aci_spine_interface_profile.spine101"
          ]
        },
        {
          "index_key": "26",
          "schema_version": 1,
          "attributes": {
            "class_name": "infraSHPortS",
            "content": null,
            "dn": null,
            "id": "uni/infra/spaccportprof-spine101/shports-Eth6-26-typ-range",
            "path": "/api/node/mo/uni/infra/spaccportprof-spine101/shports-Eth6-26-typ-range.json",
            "payload": "{\n    \"infraSHPortS\": {\n        \"attributes\": {\n            \"dn\": \"uni/infra/spaccportprof-spine101/shports-Eth6-26-typ-range\",\n            \"name\": \"Eth6-26\",\n            \"rn\": \"shports-Eth6-26-typ-range\"\n        },\n        \"children\": [\n            {\n                \"infraPortBlk\": {\n                    \"attributes\": {\n                        \"dn\": \"uni/infra/spaccportprof-spine101/shports-Eth6-26-typ-range/portblk-block2\",\n                        \"fromCard\": \"6\",\n                        \"fromPort\": \"26\",\n                        \"toCard\": \"6\",\n                        \"toPort\": \"26\",\n                        \"name\": \"block2\",\n                        \"rn\": \"portblk-block2\"\n                    }\n                }\n            }\n        ]\n    }\n}\n"
          },
          "private": "eyJzY2hlbWFfdmVyc2lvbiI6IjEifQ==",
          "dependencies": [
            "aci_spine_interface_profile.spine101"
          ]
        },
        {
          "index_key": "27",
          "schema_version": 1,
          "attributes": {
            "class_name": "infraSHPortS",
            "content": null,
            "dn": null,
            "id": "uni/infra/spaccportprof-spine101/shports-Eth6-27-typ-range",
            "path": "/api/node/mo/uni/infra/spaccportprof-spine101/shports-Eth6-27-typ-range.json",
            "payload": "{\n    \"infraSHPortS\": {\n        \"attributes\": {\n            \"dn\": \"uni/infra/spaccportprof-spine101/shports-Eth6-27-typ-range\",\n            \"name\": \"Eth6-27\",\n            \"rn\": \"shports-Eth6-27-typ-range\"\n        },\n        \"children\": [\n            {\n                \"infraPortBlk\": {\n                    \"attributes\": {\n                        \"dn\": \"uni/infra/spaccportprof-spine101/shports-Eth6-27-typ-range/portblk-block2\",\n                        \"fromCard\": \"6\",\n                        \"fromPort\": \"27\",\n                        \"toCard\": \"6\",\n                        \"toPort\": \"27\",\n                        \"name\": \"block2\",\n                        \"rn\": \"portblk-block2\"\n                    }\n                }\n            }\n        ]\n    }\n}\n"
          },
          "private": "eyJzY2hlbWFfdmVyc2lvbiI6IjEifQ==",
          "dependencies": [
            "aci_spine_interface_profile.spine101"
          ]
        },
        {
          "index_key": "28",
          "schema_version": 1,
          "attributes": {
            "class_name": "infraSHPortS",
            "content": null,
            "dn": null,
            "id": "uni/infra/spaccportprof-spine101/shports-Eth6-28-typ-range",
            "path": "/api/node/mo/uni/infra/spaccportprof-spine101/shports-Eth6-28-typ-range.json",
            "payload": "{\n    \"infraSHPortS\": {\n        \"attributes\": {\n            \"dn\": \"uni/infra/spaccportprof-spine101/shports-Eth6-28-typ-range\",\n            \"name\": \"Eth6-28\",\n            \"rn\": \"shports-Eth6-28-typ-range\"\n        },\n        \"children\": [\n            {\n                \"infraPortBlk\": {\n                    \"attributes\": {\n                        \"dn\": \"uni/infra/spaccportprof-spine101/shports-Eth6-28-typ-range/portblk-block2\",\n                        \"fromCard\": \"6\",\n                        \"fromPort\": \"28\",\n                        \"toCard\": \"6\",\n                        \"toPort\": \"28\",\n                        \"name\": \"block2\",\n                        \"rn\": \"portblk-block2\"\n                    }\n                }\n            }\n        ]\n    }\n}\n"
          },
          "private": "eyJzY2hlbWFfdmVyc2lvbiI6IjEifQ==",
          "dependencies": [
            "aci_spine_interface_profile.spine101"
          ]
        },
        {
          "index_key": "29",
          "schema_version": 1,
          "attributes": {
            "class_name": "infraSHPortS",
            "content": null,
            "dn": null,
            "id": "uni/infra/spaccportprof-spine101/shports-Eth6-29-typ-range",
            "path": "/api/node/mo/uni/infra/spaccportprof-spine101/shports-Eth6-29-typ-range.json",
            "payload": "{\n    \"infraSHPortS\": {\n        \"attributes\": {\n            \"dn\": \"uni/infra/spaccportprof-spine101/shports-Eth6-29-typ-range\",\n            \"name\": \"Eth6-29\",\n            \"rn\": \"shports-Eth6-29-typ-range\"\n        },\n        \"children\": [\n            {\n                \"infraPortBlk\": {\n                    \"attributes\": {\n                        \"dn\": \"uni/infra/spaccportprof-spine101/shports-Eth6-29-typ-range/portblk-block2\",\n                        \"fromCard\": \"6\",\n                        \"fromPort\": \"29\",\n                        \"toCard\": \"6\",\n                        \"toPort\": \"29\",\n                        \"name\": \"block2\",\n                        \"rn\": \"portblk-block2\"\n                    }\n                }\n            }\n        ]\n    }\n}\n"
          },
          "private": "eyJzY2hlbWFfdmVyc2lvbiI6IjEifQ==",
          "dependencies": [
            "aci_spine_interface_profile.spine101"
          ]
        },
        {
          "index_key": "30",
          "schema_version": 1,
          "attributes": {
            "class_name": "infraSHPortS",
            "content": null,
            "dn": null,
            "id": "uni/infra/spaccportprof-spine101/shports-Eth6-30-typ-range",
            "path": "/api/node/mo/uni/infra/spaccportprof-spine101/shports-Eth6-30-typ-range.json",
            "payload": "{\n    \"infraSHPortS\": {\n        \"attributes\": {\n            \"dn\": \"uni/infra/spaccportprof-spine101/shports-Eth6-30-typ-range\",\n            \"name\": \"Eth6-30\",\n            \"rn\": \"shports-Eth6-30-typ-range\"\n        },\n        \"children\": [\n            {\n                \"infraPortBlk\": {\n                    \"attributes\": {\n                        \"dn\": \"uni/infra/spaccportprof-spine101/shports-Eth6-30-typ-range/portblk-block2\",\n                        \"fromCard\": \"6\",\n                        \"fromPort\": \"30\",\n                        \"toCard\": \"6\",\n                        \"toPort\": \"30\",\n                        \"name\": \"block2\",\n                        \"rn\": \"portblk-block2\"\n                    }\n                }\n            }\n        ]\n    }\n}\n"
          },
          "private": "eyJzY2hlbWFfdmVyc2lvbiI6IjEifQ==",
          "dependencies": [
            "aci_spine_interface_profile.spine101"
          ]
        },
        {
          "index_key": "31",
          "schema_version": 1,
          "attributes": {
            "class_name": "infraSHPortS",
            "content": null,
            "dn": null,
            "id": "uni/infra/spaccportprof-spine101/shports-Eth6-31-typ-range",
            "path": "/api/node/mo/uni/infra/spaccportprof-spine101/shports-Eth6-31-typ-range.json",
            "payload": "{\n    \"infraSHPortS\": {\n        \"attributes\": {\n            \"dn\": \"uni/infra/spaccportprof-spine101/shports-Eth6-31-typ-range\",\n            \"name\": \"Eth6-31\",\n            \"rn\": \"shports-Eth6-31-typ-range\"\n        },\n        \"children\": [\n            {\n                \"infraPortBlk\": {\n                    \"attributes\": {\n                        \"dn\": \"uni/infra/spaccportprof-spine101/shports-Eth6-31-typ-range/portblk-block2\",\n                        \"fromCard\": \"6\",\n                        \"fromPort\": \"31\",\n                        \"toCard\": \"6\",\n                        \"toPort\": \"31\",\n                        \"name\": \"block2\",\n                        \"rn\": \"portblk-block2\"\n                    }\n                }\n            }\n        ]\n    }\n}\n"
          },
          "private": "eyJzY2hlbWFfdmVyc2lvbiI6IjEifQ==",
          "dependencies": [
            "aci_spine_interface_profile.spine101"
          ]
        },
        {
          "index_key": "32",
          "schema_version": 1,
          "attributes": {
            "class_name": "infraSHPortS",
            "content": null,
            "dn": null,
            "id": "uni/infra/spaccportprof-spine101/shports-Eth6-32-typ-range",
            "path": "/api/node/mo/uni/infra/spaccportprof-spine101/shports-Eth6-32-typ-range.json",
            "payload": "{\n    \"infraSHPortS\": {\n        \"attributes\": {\n            \"dn\": \"uni/infra/spaccportprof-spine101/shports-Eth6-32-typ-range\",\n            \"name\": \"Eth6-32\",\n            \"rn\": \"shports-Eth6-32-typ-range\"\n        },\n        \"children\": [\n            {\n                \"infraPortBlk\": {\n                    \"attributes\": {\n                        \"dn\": \"uni/infra/spaccportprof-spine101/shports-Eth6-32-typ-range/portblk-block2\",\n                        \"fromCard\": \"6\",\n                        \"fromPort\": \"32\",\n                        \"toCard\": \"6\",\n                        \"toPort\": \"32\",\n                        \"name\": \"block2\",\n                        \"rn\": \"portblk-block2\"\n                    }\n                }\n            }\n        ]\n    }\n}\n"
          },
          "private": "eyJzY2hlbWFfdmVyc2lvbiI6IjEifQ==",
          "dependencies": [
            "aci_spine_interface_profile.spine101"
          ]
        },
        {
          "index_key": "33",
          "schema_version": 1,
          "attributes": {
            "class_name": "infraSHPortS",
            "content": null,
            "dn": null,
            "id": "uni/infra/spaccportprof-spine101/shports-Eth6-33-typ-range",
            "path": "/api/node/mo/uni/infra/spaccportprof-spine101/shports-Eth6-33-typ-range.json",
            "payload": "{\n    \"infraSHPortS\": {\n        \"attributes\": {\n            \"dn\": \"uni/infra/spaccportprof-spine101/shports-Eth6-33-typ-range\",\n            \"name\": \"Eth6-33\",\n            \"rn\": \"shports-Eth6-33-typ-range\"\n        },\n        \"children\": [\n            {\n                \"infraPortBlk\": {\n                    \"attributes\": {\n                        \"dn\": \"uni/infra/spaccportprof-spine101/shports-Eth6-33-typ-range/portblk-block2\",\n                        \"fromCard\": \"6\",\n                        \"fromPort\": \"33\",\n                        \"toCard\": \"6\",\n                        \"toPort\": \"33\",\n                        \"name\": \"block2\",\n                        \"rn\": \"portblk-block2\"\n                    }\n                }\n            }\n        ]\n    }\n}\n"
          },
          "private": "eyJzY2hlbWFfdmVyc2lvbiI6IjEifQ==",
          "dependencies": [
            "aci_spine_interface_profile.spine101"
          ]
        },
        {
          "index_key": "34",
          "schema_version": 1,
          "attributes": {
            "class_name": "infraSHPortS",
            "content": null,
            "dn": null,
            "id": "uni/infra/spaccportprof-spine101/shports-Eth6-34-typ-range",
            "path": "/api/node/mo/uni/infra/spaccportprof-spine101/shports-Eth6-34-typ-range.json",
            "payload": "{\n    \"infraSHPortS\": {\n        \"attributes\": {\n            \"dn\": \"uni/infra/spaccportprof-spine101/shports-Eth6-34-typ-range\",\n            \"name\": \"Eth6-34\",\n            \"rn\": \"shports-Eth6-34-typ-range\"\n        },\n        \"children\": [\n            {\n                \"infraPortBlk\": {\n                    \"attributes\": {\n                        \"dn\": \"uni/infra/spaccportprof-spine101/shports-Eth6-34-typ-range/portblk-block2\",\n                        \"fromCard\": \"6\",\n                        \"fromPort\": \"34\",\n                        \"toCard\": \"6\",\n                        \"toPort\": \"34\",\n                        \"name\": \"block2\",\n                        \"rn\": \"portblk-block2\"\n                    }\n                }\n            }\n        ]\n    }\n}\n"
          },
          "private": "eyJzY2hlbWFfdmVyc2lvbiI6IjEifQ==",
          "dependencies": [
            "aci_spine_interface_profile.spine101"
          ]
        },
        {
          "index_key": "35",
          "schema_version": 1,
          "attributes": {
            "class_name": "infraSHPortS",
            "content": null,
            "dn": null,
            "id": "uni/infra/spaccportprof-spine101/shports-Eth6-35-typ-range",
            "path": "/api/node/mo/uni/infra/spaccportprof-spine101/shports-Eth6-35-typ-range.json",
            "payload": "{\n    \"infraSHPortS\": {\n        \"attributes\": {\n            \"dn\": \"uni/infra/spaccportprof-spine101/shports-Eth6-35-typ-range\",\n            \"name\": \"Eth6-35\",\n            \"rn\": \"shports-Eth6-35-typ-range\"\n        },\n        \"children\": [\n            {\n                \"infraPortBlk\": {\n                    \"attributes\": {\n                        \"dn\": \"uni/infra/spaccportprof-spine101/shports-Eth6-35-typ-range/portblk-block2\",\n                        \"fromCard\": \"6\",\n                        \"fromPort\": \"35\",\n                        \"toCard\": \"6\",\n                        \"toPort\": \"35\",\n                        \"name\": \"block2\",\n                        \"rn\": \"portblk-block2\"\n                    }\n                }\n            }\n        ]\n    }\n}\n"
          },
          "private": "eyJzY2hlbWFfdmVyc2lvbiI6IjEifQ==",
          "dependencies": [
            "aci_spine_interface_profile.spine101"
          ]
        },
        {
          "index_key": "36",
          "schema_version": 1,
          "attributes": {
            "class_name": "infraSHPortS",
            "content": null,
            "dn": null,
            "id": "uni/infra/spaccportprof-spine101/shports-Eth6-36-typ-range",
            "path": "/api/node/mo/uni/infra/spaccportprof-spine101/shports-Eth6-36-typ-range.json",
            "payload": "{\n    \"infraSHPortS\": {\n        \"attributes\": {\n            \"dn\": \"uni/infra/spaccportprof-spine101/shports-Eth6-36-typ-range\",\n            \"name\": \"Eth6-36\",\n            \"rn\": \"shports-Eth6-36-typ-range\"\n        },\n        \"children\": [\n            {\n                \"infraPortBlk\": {\n                    \"attributes\": {\n                        \"dn\": \"uni/infra/spaccportprof-spine101/shports-Eth6-36-typ-range/portblk-block2\",\n                        \"fromCard\": \"6\",\n                        \"fromPort\": \"36\",\n                        \"toCard\": \"6\",\n                        \"toPort\": \"36\",\n                        \"name\": \"block2\",\n                        \"rn\": \"portblk-block2\"\n                    }\n                }\n            }\n        ]\n    }\n}\n"
          },
          "private": "eyJzY2hlbWFfdmVyc2lvbiI6IjEifQ==",
          "dependencies": [
            "aci_spine_interface_profile.spine101"
          ]
        }
      ]
    },
    {
      "mode": "managed",
      "type": "aci_rest",
      "name": "spine101_7",
      "provider": "provider[\"registry.terraform.io/ciscodevnet/aci\"]",
      "instances": [
        {
          "index_key": "01",
          "schema_version": 1,
          "attributes": {
            "class_name": "infraSHPortS",
            "content": null,
            "dn": null,
            "id": "uni/infra/spaccportprof-spine101/shports-Eth7-01-typ-range",
            "path": "/api/node/mo/uni/infra/spaccportprof-spine101/shports-Eth7-01-typ-range.json",
            "payload": "{\n    \"infraSHPortS\": {\n        \"attributes\": {\n            \"dn\": \"uni/infra/spaccportprof-spine101/shports-Eth7-01-typ-range\",\n            \"name\": \"Eth7-01\",\n            \"rn\": \"shports-Eth7-01-typ-range\"\n        },\n        \"children\": [\n            {\n                \"infraPortBlk\": {\n                    \"attributes\": {\n                        \"dn\": \"uni/infra/spaccportprof-spine101/shports-Eth7-01-typ-range/portblk-block2\",\n                        \"fromCard\": \"7\",\n                        \"fromPort\": \"1\",\n                        \"toCard\": \"7\",\n                        \"toPort\": \"1\",\n                        \"name\": \"block2\",\n                        \"rn\": \"portblk-block2\"\n                    }\n                }\n            }\n        ]\n    }\n}\n"
          },
          "private": "eyJzY2hlbWFfdmVyc2lvbiI6IjEifQ==",
          "dependencies": [
            "aci_spine_interface_profile.spine101"
          ]
        },
        {
          "index_key": "02",
          "schema_version": 1,
          "attributes": {
            "class_name": "infraSHPortS",
            "content": null,
            "dn": null,
            "id": "uni/infra/spaccportprof-spine101/shports-Eth7-02-typ-range",
            "path": "/api/node/mo/uni/infra/spaccportprof-spine101/shports-Eth7-02-typ-range.json",
            "payload": "{\n    \"infraSHPortS\": {\n        \"attributes\": {\n            \"dn\": \"uni/infra/spaccportprof-spine101/shports-Eth7-02-typ-range\",\n            \"name\": \"Eth7-02\",\n            \"rn\": \"shports-Eth7-02-typ-range\"\n        },\n        \"children\": [\n            {\n                \"infraPortBlk\": {\n                    \"attributes\": {\n                        \"dn\": \"uni/infra/spaccportprof-spine101/shports-Eth7-02-typ-range/portblk-block2\",\n                        \"fromCard\": \"7\",\n                        \"fromPort\": \"2\",\n                        \"toCard\": \"7\",\n                        \"toPort\": \"2\",\n                        \"name\": \"block2\",\n                        \"rn\": \"portblk-block2\"\n                    }\n                }\n            }\n        ]\n    }\n}\n"
          },
          "private": "eyJzY2hlbWFfdmVyc2lvbiI6IjEifQ==",
          "dependencies": [
            "aci_spine_interface_profile.spine101"
          ]
        },
        {
          "index_key": "03",
          "schema_version": 1,
          "attributes": {
            "class_name": "infraSHPortS",
            "content": null,
            "dn": null,
            "id": "uni/infra/spaccportprof-spine101/shports-Eth7-03-typ-range",
            "path": "/api/node/mo/uni/infra/spaccportprof-spine101/shports-Eth7-03-typ-range.json",
            "payload": "{\n    \"infraSHPortS\": {\n        \"attributes\": {\n            \"dn\": \"uni/infra/spaccportprof-spine101/shports-Eth7-03-typ-range\",\n            \"name\": \"Eth7-03\",\n            \"rn\": \"shports-Eth7-03-typ-range\"\n        },\n        \"children\": [\n            {\n                \"infraPortBlk\": {\n                    \"attributes\": {\n                        \"dn\": \"uni/infra/spaccportprof-spine101/shports-Eth7-03-typ-range/portblk-block2\",\n                        \"fromCard\": \"7\",\n                        \"fromPort\": \"3\",\n                        \"toCard\": \"7\",\n                        \"toPort\": \"3\",\n                        \"name\": \"block2\",\n                        \"rn\": \"portblk-block2\"\n                    }\n                }\n            }\n        ]\n    }\n}\n"
          },
          "private": "eyJzY2hlbWFfdmVyc2lvbiI6IjEifQ==",
          "dependencies": [
            "aci_spine_interface_profile.spine101"
          ]
        },
        {
          "index_key": "04",
          "schema_version": 1,
          "attributes": {
            "class_name": "infraSHPortS",
            "content": null,
            "dn": null,
            "id": "uni/infra/spaccportprof-spine101/shports-Eth7-04-typ-range",
            "path": "/api/node/mo/uni/infra/spaccportprof-spine101/shports-Eth7-04-typ-range.json",
            "payload": "{\n    \"infraSHPortS\": {\n        \"attributes\": {\n            \"dn\": \"uni/infra/spaccportprof-spine101/shports-Eth7-04-typ-range\",\n            \"name\": \"Eth7-04\",\n            \"rn\": \"shports-Eth7-04-typ-range\"\n        },\n        \"children\": [\n            {\n                \"infraPortBlk\": {\n                    \"attributes\": {\n                        \"dn\": \"uni/infra/spaccportprof-spine101/shports-Eth7-04-typ-range/portblk-block2\",\n                        \"fromCard\": \"7\",\n                        \"fromPort\": \"4\",\n                        \"toCard\": \"7\",\n                        \"toPort\": \"4\",\n                        \"name\": \"block2\",\n                        \"rn\": \"portblk-block2\"\n                    }\n                }\n            }\n        ]\n    }\n}\n"
          },
          "private": "eyJzY2hlbWFfdmVyc2lvbiI6IjEifQ==",
          "dependencies": [
            "aci_spine_interface_profile.spine101"
          ]
        },
        {
          "index_key": "05",
          "schema_version": 1,
          "attributes": {
            "class_name": "infraSHPortS",
            "content": null,
            "dn": null,
            "id": "uni/infra/spaccportprof-spine101/shports-Eth7-05-typ-range",
            "path": "/api/node/mo/uni/infra/spaccportprof-spine101/shports-Eth7-05-typ-range.json",
            "payload": "{\n    \"infraSHPortS\": {\n        \"attributes\": {\n            \"dn\": \"uni/infra/spaccportprof-spine101/shports-Eth7-05-typ-range\",\n            \"name\": \"Eth7-05\",\n            \"rn\": \"shports-Eth7-05-typ-range\"\n        },\n        \"children\": [\n            {\n                \"infraPortBlk\": {\n                    \"attributes\": {\n                        \"dn\": \"uni/infra/spaccportprof-spine101/shports-Eth7-05-typ-range/portblk-block2\",\n                        \"fromCard\": \"7\",\n                        \"fromPort\": \"5\",\n                        \"toCard\": \"7\",\n                        \"toPort\": \"5\",\n                        \"name\": \"block2\",\n                        \"rn\": \"portblk-block2\"\n                    }\n                }\n            }\n        ]\n    }\n}\n"
          },
          "private": "eyJzY2hlbWFfdmVyc2lvbiI6IjEifQ==",
          "dependencies": [
            "aci_spine_interface_profile.spine101"
          ]
        },
        {
          "index_key": "06",
          "schema_version": 1,
          "attributes": {
            "class_name": "infraSHPortS",
            "content": null,
            "dn": null,
            "id": "uni/infra/spaccportprof-spine101/shports-Eth7-06-typ-range",
            "path": "/api/node/mo/uni/infra/spaccportprof-spine101/shports-Eth7-06-typ-range.json",
            "payload": "{\n    \"infraSHPortS\": {\n        \"attributes\": {\n            \"dn\": \"uni/infra/spaccportprof-spine101/shports-Eth7-06-typ-range\",\n            \"name\": \"Eth7-06\",\n            \"rn\": \"shports-Eth7-06-typ-range\"\n        },\n        \"children\": [\n            {\n                \"infraPortBlk\": {\n                    \"attributes\": {\n                        \"dn\": \"uni/infra/spaccportprof-spine101/shports-Eth7-06-typ-range/portblk-block2\",\n                        \"fromCard\": \"7\",\n                        \"fromPort\": \"6\",\n                        \"toCard\": \"7\",\n                        \"toPort\": \"6\",\n                        \"name\": \"block2\",\n                        \"rn\": \"portblk-block2\"\n                    }\n                }\n            }\n        ]\n    }\n}\n"
          },
          "private": "eyJzY2hlbWFfdmVyc2lvbiI6IjEifQ==",
          "dependencies": [
            "aci_spine_interface_profile.spine101"
          ]
        },
        {
          "index_key": "07",
          "schema_version": 1,
          "attributes": {
            "class_name": "infraSHPortS",
            "content": null,
            "dn": null,
            "id": "uni/infra/spaccportprof-spine101/shports-Eth7-07-typ-range",
            "path": "/api/node/mo/uni/infra/spaccportprof-spine101/shports-Eth7-07-typ-range.json",
            "payload": "{\n    \"infraSHPortS\": {\n        \"attributes\": {\n            \"dn\": \"uni/infra/spaccportprof-spine101/shports-Eth7-07-typ-range\",\n            \"name\": \"Eth7-07\",\n            \"rn\": \"shports-Eth7-07-typ-range\"\n        },\n        \"children\": [\n            {\n                \"infraPortBlk\": {\n                    \"attributes\": {\n                        \"dn\": \"uni/infra/spaccportprof-spine101/shports-Eth7-07-typ-range/portblk-block2\",\n                        \"fromCard\": \"7\",\n                        \"fromPort\": \"7\",\n                        \"toCard\": \"7\",\n                        \"toPort\": \"7\",\n                        \"name\": \"block2\",\n                        \"rn\": \"portblk-block2\"\n                    }\n                }\n            }\n        ]\n    }\n}\n"
          },
          "private": "eyJzY2hlbWFfdmVyc2lvbiI6IjEifQ==",
          "dependencies": [
            "aci_spine_interface_profile.spine101"
          ]
        },
        {
          "index_key": "08",
          "schema_version": 1,
          "attributes": {
            "class_name": "infraSHPortS",
            "content": null,
            "dn": null,
            "id": "uni/infra/spaccportprof-spine101/shports-Eth7-08-typ-range",
            "path": "/api/node/mo/uni/infra/spaccportprof-spine101/shports-Eth7-08-typ-range.json",
            "payload": "{\n    \"infraSHPortS\": {\n        \"attributes\": {\n            \"dn\": \"uni/infra/spaccportprof-spine101/shports-Eth7-08-typ-range\",\n            \"name\": \"Eth7-08\",\n            \"rn\": \"shports-Eth7-08-typ-range\"\n        },\n        \"children\": [\n            {\n                \"infraPortBlk\": {\n                    \"attributes\": {\n                        \"dn\": \"uni/infra/spaccportprof-spine101/shports-Eth7-08-typ-range/portblk-block2\",\n                        \"fromCard\": \"7\",\n                        \"fromPort\": \"8\",\n                        \"toCard\": \"7\",\n                        \"toPort\": \"8\",\n                        \"name\": \"block2\",\n                        \"rn\": \"portblk-block2\"\n                    }\n                }\n            }\n        ]\n    }\n}\n"
          },
          "private": "eyJzY2hlbWFfdmVyc2lvbiI6IjEifQ==",
          "dependencies": [
            "aci_spine_interface_profile.spine101"
          ]
        },
        {
          "index_key": "09",
          "schema_version": 1,
          "attributes": {
            "class_name": "infraSHPortS",
            "content": null,
            "dn": null,
            "id": "uni/infra/spaccportprof-spine101/shports-Eth7-09-typ-range",
            "path": "/api/node/mo/uni/infra/spaccportprof-spine101/shports-Eth7-09-typ-range.json",
            "payload": "{\n    \"infraSHPortS\": {\n        \"attributes\": {\n            \"dn\": \"uni/infra/spaccportprof-spine101/shports-Eth7-09-typ-range\",\n            \"name\": \"Eth7-09\",\n            \"rn\": \"shports-Eth7-09-typ-range\"\n        },\n        \"children\": [\n            {\n                \"infraPortBlk\": {\n                    \"attributes\": {\n                        \"dn\": \"uni/infra/spaccportprof-spine101/shports-Eth7-09-typ-range/portblk-block2\",\n                        \"fromCard\": \"7\",\n                        \"fromPort\": \"9\",\n                        \"toCard\": \"7\",\n                        \"toPort\": \"9\",\n                        \"name\": \"block2\",\n                        \"rn\": \"portblk-block2\"\n                    }\n                }\n            }\n        ]\n    }\n}\n"
          },
          "private": "eyJzY2hlbWFfdmVyc2lvbiI6IjEifQ==",
          "dependencies": [
            "aci_spine_interface_profile.spine101"
          ]
        },
        {
          "index_key": "10",
          "schema_version": 1,
          "attributes": {
            "class_name": "infraSHPortS",
            "content": null,
            "dn": null,
            "id": "uni/infra/spaccportprof-spine101/shports-Eth7-10-typ-range",
            "path": "/api/node/mo/uni/infra/spaccportprof-spine101/shports-Eth7-10-typ-range.json",
            "payload": "{\n    \"infraSHPortS\": {\n        \"attributes\": {\n            \"dn\": \"uni/infra/spaccportprof-spine101/shports-Eth7-10-typ-range\",\n            \"name\": \"Eth7-10\",\n            \"rn\": \"shports-Eth7-10-typ-range\"\n        },\n        \"children\": [\n            {\n                \"infraPortBlk\": {\n                    \"attributes\": {\n                        \"dn\": \"uni/infra/spaccportprof-spine101/shports-Eth7-10-typ-range/portblk-block2\",\n                        \"fromCard\": \"7\",\n                        \"fromPort\": \"10\",\n                        \"toCard\": \"7\",\n                        \"toPort\": \"10\",\n                        \"name\": \"block2\",\n                        \"rn\": \"portblk-block2\"\n                    }\n                }\n            }\n        ]\n    }\n}\n"
          },
          "private": "eyJzY2hlbWFfdmVyc2lvbiI6IjEifQ==",
          "dependencies": [
            "aci_spine_interface_profile.spine101"
          ]
        },
        {
          "index_key": "11",
          "schema_version": 1,
          "attributes": {
            "class_name": "infraSHPortS",
            "content": null,
            "dn": null,
            "id": "uni/infra/spaccportprof-spine101/shports-Eth7-11-typ-range",
            "path": "/api/node/mo/uni/infra/spaccportprof-spine101/shports-Eth7-11-typ-range.json",
            "payload": "{\n    \"infraSHPortS\": {\n        \"attributes\": {\n            \"dn\": \"uni/infra/spaccportprof-spine101/shports-Eth7-11-typ-range\",\n            \"name\": \"Eth7-11\",\n            \"rn\": \"shports-Eth7-11-typ-range\"\n        },\n        \"children\": [\n            {\n                \"infraPortBlk\": {\n                    \"attributes\": {\n                        \"dn\": \"uni/infra/spaccportprof-spine101/shports-Eth7-11-typ-range/portblk-block2\",\n                        \"fromCard\": \"7\",\n                        \"fromPort\": \"11\",\n                        \"toCard\": \"7\",\n                        \"toPort\": \"11\",\n                        \"name\": \"block2\",\n                        \"rn\": \"portblk-block2\"\n                    }\n                }\n            }\n        ]\n    }\n}\n"
          },
          "private": "eyJzY2hlbWFfdmVyc2lvbiI6IjEifQ==",
          "dependencies": [
            "aci_spine_interface_profile.spine101"
          ]
        },
        {
          "index_key": "12",
          "schema_version": 1,
          "attributes": {
            "class_name": "infraSHPortS",
            "content": null,
            "dn": null,
            "id": "uni/infra/spaccportprof-spine101/shports-Eth7-12-typ-range",
            "path": "/api/node/mo/uni/infra/spaccportprof-spine101/shports-Eth7-12-typ-range.json",
            "payload": "{\n    \"infraSHPortS\": {\n        \"attributes\": {\n            \"dn\": \"uni/infra/spaccportprof-spine101/shports-Eth7-12-typ-range\",\n            \"name\": \"Eth7-12\",\n            \"rn\": \"shports-Eth7-12-typ-range\"\n        },\n        \"children\": [\n            {\n                \"infraPortBlk\": {\n                    \"attributes\": {\n                        \"dn\": \"uni/infra/spaccportprof-spine101/shports-Eth7-12-typ-range/portblk-block2\",\n                        \"fromCard\": \"7\",\n                        \"fromPort\": \"12\",\n                        \"toCard\": \"7\",\n                        \"toPort\": \"12\",\n                        \"name\": \"block2\",\n                        \"rn\": \"portblk-block2\"\n                    }\n                }\n            }\n        ]\n    }\n}\n"
          },
          "private": "eyJzY2hlbWFfdmVyc2lvbiI6IjEifQ==",
          "dependencies": [
            "aci_spine_interface_profile.spine101"
          ]
        },
        {
          "index_key": "13",
          "schema_version": 1,
          "attributes": {
            "class_name": "infraSHPortS",
            "content": null,
            "dn": null,
            "id": "uni/infra/spaccportprof-spine101/shports-Eth7-13-typ-range",
            "path": "/api/node/mo/uni/infra/spaccportprof-spine101/shports-Eth7-13-typ-range.json",
            "payload": "{\n    \"infraSHPortS\": {\n        \"attributes\": {\n            \"dn\": \"uni/infra/spaccportprof-spine101/shports-Eth7-13-typ-range\",\n            \"name\": \"Eth7-13\",\n            \"rn\": \"shports-Eth7-13-typ-range\"\n        },\n        \"children\": [\n            {\n                \"infraPortBlk\": {\n                    \"attributes\": {\n                        \"dn\": \"uni/infra/spaccportprof-spine101/shports-Eth7-13-typ-range/portblk-block2\",\n                        \"fromCard\": \"7\",\n                        \"fromPort\": \"13\",\n                        \"toCard\": \"7\",\n                        \"toPort\": \"13\",\n                        \"name\": \"block2\",\n                        \"rn\": \"portblk-block2\"\n                    }\n                }\n            }\n        ]\n    }\n}\n"
          },
          "private": "eyJzY2hlbWFfdmVyc2lvbiI6IjEifQ==",
          "dependencies": [
            "aci_spine_interface_profile.spine101"
          ]
        },
        {
          "index_key": "14",
          "schema_version": 1,
          "attributes": {
            "class_name": "infraSHPortS",
            "content": null,
            "dn": null,
            "id": "uni/infra/spaccportprof-spine101/shports-Eth7-14-typ-range",
            "path": "/api/node/mo/uni/infra/spaccportprof-spine101/shports-Eth7-14-typ-range.json",
            "payload": "{\n    \"infraSHPortS\": {\n        \"attributes\": {\n            \"dn\": \"uni/infra/spaccportprof-spine101/shports-Eth7-14-typ-range\",\n            \"name\": \"Eth7-14\",\n            \"rn\": \"shports-Eth7-14-typ-range\"\n        },\n        \"children\": [\n            {\n                \"infraPortBlk\": {\n                    \"attributes\": {\n                        \"dn\": \"uni/infra/spaccportprof-spine101/shports-Eth7-14-typ-range/portblk-block2\",\n                        \"fromCard\": \"7\",\n                        \"fromPort\": \"14\",\n                        \"toCard\": \"7\",\n                        \"toPort\": \"14\",\n                        \"name\": \"block2\",\n                        \"rn\": \"portblk-block2\"\n                    }\n                }\n            }\n        ]\n    }\n}\n"
          },
          "private": "eyJzY2hlbWFfdmVyc2lvbiI6IjEifQ==",
          "dependencies": [
            "aci_spine_interface_profile.spine101"
          ]
        },
        {
          "index_key": "15",
          "schema_version": 1,
          "attributes": {
            "class_name": "infraSHPortS",
            "content": null,
            "dn": null,
            "id": "uni/infra/spaccportprof-spine101/shports-Eth7-15-typ-range",
            "path": "/api/node/mo/uni/infra/spaccportprof-spine101/shports-Eth7-15-typ-range.json",
            "payload": "{\n    \"infraSHPortS\": {\n        \"attributes\": {\n            \"dn\": \"uni/infra/spaccportprof-spine101/shports-Eth7-15-typ-range\",\n            \"name\": \"Eth7-15\",\n            \"rn\": \"shports-Eth7-15-typ-range\"\n        },\n        \"children\": [\n            {\n                \"infraPortBlk\": {\n                    \"attributes\": {\n                        \"dn\": \"uni/infra/spaccportprof-spine101/shports-Eth7-15-typ-range/portblk-block2\",\n                        \"fromCard\": \"7\",\n                        \"fromPort\": \"15\",\n                        \"toCard\": \"7\",\n                        \"toPort\": \"15\",\n                        \"name\": \"block2\",\n                        \"rn\": \"portblk-block2\"\n                    }\n                }\n            }\n        ]\n    }\n}\n"
          },
          "private": "eyJzY2hlbWFfdmVyc2lvbiI6IjEifQ==",
          "dependencies": [
            "aci_spine_interface_profile.spine101"
          ]
        },
        {
          "index_key": "16",
          "schema_version": 1,
          "attributes": {
            "class_name": "infraSHPortS",
            "content": null,
            "dn": null,
            "id": "uni/infra/spaccportprof-spine101/shports-Eth7-16-typ-range",
            "path": "/api/node/mo/uni/infra/spaccportprof-spine101/shports-Eth7-16-typ-range.json",
            "payload": "{\n    \"infraSHPortS\": {\n        \"attributes\": {\n            \"dn\": \"uni/infra/spaccportprof-spine101/shports-Eth7-16-typ-range\",\n            \"name\": \"Eth7-16\",\n            \"rn\": \"shports-Eth7-16-typ-range\"\n        },\n        \"children\": [\n            {\n                \"infraPortBlk\": {\n                    \"attributes\": {\n                        \"dn\": \"uni/infra/spaccportprof-spine101/shports-Eth7-16-typ-range/portblk-block2\",\n                        \"fromCard\": \"7\",\n                        \"fromPort\": \"16\",\n                        \"toCard\": \"7\",\n                        \"toPort\": \"16\",\n                        \"name\": \"block2\",\n                        \"rn\": \"portblk-block2\"\n                    }\n                }\n            }\n        ]\n    }\n}\n"
          },
          "private": "eyJzY2hlbWFfdmVyc2lvbiI6IjEifQ==",
          "dependencies": [
            "aci_spine_interface_profile.spine101"
          ]
        },
        {
          "index_key": "17",
          "schema_version": 1,
          "attributes": {
            "class_name": "infraSHPortS",
            "content": null,
            "dn": null,
            "id": "uni/infra/spaccportprof-spine101/shports-Eth7-17-typ-range",
            "path": "/api/node/mo/uni/infra/spaccportprof-spine101/shports-Eth7-17-typ-range.json",
            "payload": "{\n    \"infraSHPortS\": {\n        \"attributes\": {\n            \"dn\": \"uni/infra/spaccportprof-spine101/shports-Eth7-17-typ-range\",\n            \"name\": \"Eth7-17\",\n            \"rn\": \"shports-Eth7-17-typ-range\"\n        },\n        \"children\": [\n            {\n                \"infraPortBlk\": {\n                    \"attributes\": {\n                        \"dn\": \"uni/infra/spaccportprof-spine101/shports-Eth7-17-typ-range/portblk-block2\",\n                        \"fromCard\": \"7\",\n                        \"fromPort\": \"17\",\n                        \"toCard\": \"7\",\n                        \"toPort\": \"17\",\n                        \"name\": \"block2\",\n                        \"rn\": \"portblk-block2\"\n                    }\n                }\n            }\n        ]\n    }\n}\n"
          },
          "private": "eyJzY2hlbWFfdmVyc2lvbiI6IjEifQ==",
          "dependencies": [
            "aci_spine_interface_profile.spine101"
          ]
        },
        {
          "index_key": "18",
          "schema_version": 1,
          "attributes": {
            "class_name": "infraSHPortS",
            "content": null,
            "dn": null,
            "id": "uni/infra/spaccportprof-spine101/shports-Eth7-18-typ-range",
            "path": "/api/node/mo/uni/infra/spaccportprof-spine101/shports-Eth7-18-typ-range.json",
            "payload": "{\n    \"infraSHPortS\": {\n        \"attributes\": {\n            \"dn\": \"uni/infra/spaccportprof-spine101/shports-Eth7-18-typ-range\",\n            \"name\": \"Eth7-18\",\n            \"rn\": \"shports-Eth7-18-typ-range\"\n        },\n        \"children\": [\n            {\n                \"infraPortBlk\": {\n                    \"attributes\": {\n                        \"dn\": \"uni/infra/spaccportprof-spine101/shports-Eth7-18-typ-range/portblk-block2\",\n                        \"fromCard\": \"7\",\n                        \"fromPort\": \"18\",\n                        \"toCard\": \"7\",\n                        \"toPort\": \"18\",\n                        \"name\": \"block2\",\n                        \"rn\": \"portblk-block2\"\n                    }\n                }\n            }\n        ]\n    }\n}\n"
          },
          "private": "eyJzY2hlbWFfdmVyc2lvbiI6IjEifQ==",
          "dependencies": [
            "aci_spine_interface_profile.spine101"
          ]
        },
        {
          "index_key": "19",
          "schema_version": 1,
          "attributes": {
            "class_name": "infraSHPortS",
            "content": null,
            "dn": null,
            "id": "uni/infra/spaccportprof-spine101/shports-Eth7-19-typ-range",
            "path": "/api/node/mo/uni/infra/spaccportprof-spine101/shports-Eth7-19-typ-range.json",
            "payload": "{\n    \"infraSHPortS\": {\n        \"attributes\": {\n            \"dn\": \"uni/infra/spaccportprof-spine101/shports-Eth7-19-typ-range\",\n            \"name\": \"Eth7-19\",\n            \"rn\": \"shports-Eth7-19-typ-range\"\n        },\n        \"children\": [\n            {\n                \"infraPortBlk\": {\n                    \"attributes\": {\n                        \"dn\": \"uni/infra/spaccportprof-spine101/shports-Eth7-19-typ-range/portblk-block2\",\n                        \"fromCard\": \"7\",\n                        \"fromPort\": \"19\",\n                        \"toCard\": \"7\",\n                        \"toPort\": \"19\",\n                        \"name\": \"block2\",\n                        \"rn\": \"portblk-block2\"\n                    }\n                }\n            }\n        ]\n    }\n}\n"
          },
          "private": "eyJzY2hlbWFfdmVyc2lvbiI6IjEifQ==",
          "dependencies": [
            "aci_spine_interface_profile.spine101"
          ]
        },
        {
          "index_key": "20",
          "schema_version": 1,
          "attributes": {
            "class_name": "infraSHPortS",
            "content": null,
            "dn": null,
            "id": "uni/infra/spaccportprof-spine101/shports-Eth7-20-typ-range",
            "path": "/api/node/mo/uni/infra/spaccportprof-spine101/shports-Eth7-20-typ-range.json",
            "payload": "{\n    \"infraSHPortS\": {\n        \"attributes\": {\n            \"dn\": \"uni/infra/spaccportprof-spine101/shports-Eth7-20-typ-range\",\n            \"name\": \"Eth7-20\",\n            \"rn\": \"shports-Eth7-20-typ-range\"\n        },\n        \"children\": [\n            {\n                \"infraPortBlk\": {\n                    \"attributes\": {\n                        \"dn\": \"uni/infra/spaccportprof-spine101/shports-Eth7-20-typ-range/portblk-block2\",\n                        \"fromCard\": \"7\",\n                        \"fromPort\": \"20\",\n                        \"toCard\": \"7\",\n                        \"toPort\": \"20\",\n                        \"name\": \"block2\",\n                        \"rn\": \"portblk-block2\"\n                    }\n                }\n            }\n        ]\n    }\n}\n"
          },
          "private": "eyJzY2hlbWFfdmVyc2lvbiI6IjEifQ==",
          "dependencies": [
            "aci_spine_interface_profile.spine101"
          ]
        },
        {
          "index_key": "21",
          "schema_version": 1,
          "attributes": {
            "class_name": "infraSHPortS",
            "content": null,
            "dn": null,
            "id": "uni/infra/spaccportprof-spine101/shports-Eth7-21-typ-range",
            "path": "/api/node/mo/uni/infra/spaccportprof-spine101/shports-Eth7-21-typ-range.json",
            "payload": "{\n    \"infraSHPortS\": {\n        \"attributes\": {\n            \"dn\": \"uni/infra/spaccportprof-spine101/shports-Eth7-21-typ-range\",\n            \"name\": \"Eth7-21\",\n            \"rn\": \"shports-Eth7-21-typ-range\"\n        },\n        \"children\": [\n            {\n                \"infraPortBlk\": {\n                    \"attributes\": {\n                        \"dn\": \"uni/infra/spaccportprof-spine101/shports-Eth7-21-typ-range/portblk-block2\",\n                        \"fromCard\": \"7\",\n                        \"fromPort\": \"21\",\n                        \"toCard\": \"7\",\n                        \"toPort\": \"21\",\n                        \"name\": \"block2\",\n                        \"rn\": \"portblk-block2\"\n                    }\n                }\n            }\n        ]\n    }\n}\n"
          },
          "private": "eyJzY2hlbWFfdmVyc2lvbiI6IjEifQ==",
          "dependencies": [
            "aci_spine_interface_profile.spine101"
          ]
        },
        {
          "index_key": "22",
          "schema_version": 1,
          "attributes": {
            "class_name": "infraSHPortS",
            "content": null,
            "dn": null,
            "id": "uni/infra/spaccportprof-spine101/shports-Eth7-22-typ-range",
            "path": "/api/node/mo/uni/infra/spaccportprof-spine101/shports-Eth7-22-typ-range.json",
            "payload": "{\n    \"infraSHPortS\": {\n        \"attributes\": {\n            \"dn\": \"uni/infra/spaccportprof-spine101/shports-Eth7-22-typ-range\",\n            \"name\": \"Eth7-22\",\n            \"rn\": \"shports-Eth7-22-typ-range\"\n        },\n        \"children\": [\n            {\n                \"infraPortBlk\": {\n                    \"attributes\": {\n                        \"dn\": \"uni/infra/spaccportprof-spine101/shports-Eth7-22-typ-range/portblk-block2\",\n                        \"fromCard\": \"7\",\n                        \"fromPort\": \"22\",\n                        \"toCard\": \"7\",\n                        \"toPort\": \"22\",\n                        \"name\": \"block2\",\n                        \"rn\": \"portblk-block2\"\n                    }\n                }\n            }\n        ]\n    }\n}\n"
          },
          "private": "eyJzY2hlbWFfdmVyc2lvbiI6IjEifQ==",
          "dependencies": [
            "aci_spine_interface_profile.spine101"
          ]
        },
        {
          "index_key": "23",
          "schema_version": 1,
          "attributes": {
            "class_name": "infraSHPortS",
            "content": null,
            "dn": null,
            "id": "uni/infra/spaccportprof-spine101/shports-Eth7-23-typ-range",
            "path": "/api/node/mo/uni/infra/spaccportprof-spine101/shports-Eth7-23-typ-range.json",
            "payload": "{\n    \"infraSHPortS\": {\n        \"attributes\": {\n            \"dn\": \"uni/infra/spaccportprof-spine101/shports-Eth7-23-typ-range\",\n            \"name\": \"Eth7-23\",\n            \"rn\": \"shports-Eth7-23-typ-range\"\n        },\n        \"children\": [\n            {\n                \"infraPortBlk\": {\n                    \"attributes\": {\n                        \"dn\": \"uni/infra/spaccportprof-spine101/shports-Eth7-23-typ-range/portblk-block2\",\n                        \"fromCard\": \"7\",\n                        \"fromPort\": \"23\",\n                        \"toCard\": \"7\",\n                        \"toPort\": \"23\",\n                        \"name\": \"block2\",\n                        \"rn\": \"portblk-block2\"\n                    }\n                }\n            }\n        ]\n    }\n}\n"
          },
          "private": "eyJzY2hlbWFfdmVyc2lvbiI6IjEifQ==",
          "dependencies": [
            "aci_spine_interface_profile.spine101"
          ]
        },
        {
          "index_key": "24",
          "schema_version": 1,
          "attributes": {
            "class_name": "infraSHPortS",
            "content": null,
            "dn": null,
            "id": "uni/infra/spaccportprof-spine101/shports-Eth7-24-typ-range",
            "path": "/api/node/mo/uni/infra/spaccportprof-spine101/shports-Eth7-24-typ-range.json",
            "payload": "{\n    \"infraSHPortS\": {\n        \"attributes\": {\n            \"dn\": \"uni/infra/spaccportprof-spine101/shports-Eth7-24-typ-range\",\n            \"name\": \"Eth7-24\",\n            \"rn\": \"shports-Eth7-24-typ-range\"\n        },\n        \"children\": [\n            {\n                \"infraPortBlk\": {\n                    \"attributes\": {\n                        \"dn\": \"uni/infra/spaccportprof-spine101/shports-Eth7-24-typ-range/portblk-block2\",\n                        \"fromCard\": \"7\",\n                        \"fromPort\": \"24\",\n                        \"toCard\": \"7\",\n                        \"toPort\": \"24\",\n                        \"name\": \"block2\",\n                        \"rn\": \"portblk-block2\"\n                    }\n                }\n            }\n        ]\n    }\n}\n"
          },
          "private": "eyJzY2hlbWFfdmVyc2lvbiI6IjEifQ==",
          "dependencies": [
            "aci_spine_interface_profile.spine101"
          ]
        },
        {
          "index_key": "25",
          "schema_version": 1,
          "attributes": {
            "class_name": "infraSHPortS",
            "content": null,
            "dn": null,
            "id": "uni/infra/spaccportprof-spine101/shports-Eth7-25-typ-range",
            "path": "/api/node/mo/uni/infra/spaccportprof-spine101/shports-Eth7-25-typ-range.json",
            "payload": "{\n    \"infraSHPortS\": {\n        \"attributes\": {\n            \"dn\": \"uni/infra/spaccportprof-spine101/shports-Eth7-25-typ-range\",\n            \"name\": \"Eth7-25\",\n            \"rn\": \"shports-Eth7-25-typ-range\"\n        },\n        \"children\": [\n            {\n                \"infraPortBlk\": {\n                    \"attributes\": {\n                        \"dn\": \"uni/infra/spaccportprof-spine101/shports-Eth7-25-typ-range/portblk-block2\",\n                        \"fromCard\": \"7\",\n                        \"fromPort\": \"25\",\n                        \"toCard\": \"7\",\n                        \"toPort\": \"25\",\n                        \"name\": \"block2\",\n                        \"rn\": \"portblk-block2\"\n                    }\n                }\n            }\n        ]\n    }\n}\n"
          },
          "private": "eyJzY2hlbWFfdmVyc2lvbiI6IjEifQ==",
          "dependencies": [
            "aci_spine_interface_profile.spine101"
          ]
        },
        {
          "index_key": "26",
          "schema_version": 1,
          "attributes": {
            "class_name": "infraSHPortS",
            "content": null,
            "dn": null,
            "id": "uni/infra/spaccportprof-spine101/shports-Eth7-26-typ-range",
            "path": "/api/node/mo/uni/infra/spaccportprof-spine101/shports-Eth7-26-typ-range.json",
            "payload": "{\n    \"infraSHPortS\": {\n        \"attributes\": {\n            \"dn\": \"uni/infra/spaccportprof-spine101/shports-Eth7-26-typ-range\",\n            \"name\": \"Eth7-26\",\n            \"rn\": \"shports-Eth7-26-typ-range\"\n        },\n        \"children\": [\n            {\n                \"infraPortBlk\": {\n                    \"attributes\": {\n                        \"dn\": \"uni/infra/spaccportprof-spine101/shports-Eth7-26-typ-range/portblk-block2\",\n                        \"fromCard\": \"7\",\n                        \"fromPort\": \"26\",\n                        \"toCard\": \"7\",\n                        \"toPort\": \"26\",\n                        \"name\": \"block2\",\n                        \"rn\": \"portblk-block2\"\n                    }\n                }\n            }\n        ]\n    }\n}\n"
          },
          "private": "eyJzY2hlbWFfdmVyc2lvbiI6IjEifQ==",
          "dependencies": [
            "aci_spine_interface_profile.spine101"
          ]
        },
        {
          "index_key": "27",
          "schema_version": 1,
          "attributes": {
            "class_name": "infraSHPortS",
            "content": null,
            "dn": null,
            "id": "uni/infra/spaccportprof-spine101/shports-Eth7-27-typ-range",
            "path": "/api/node/mo/uni/infra/spaccportprof-spine101/shports-Eth7-27-typ-range.json",
            "payload": "{\n    \"infraSHPortS\": {\n        \"attributes\": {\n            \"dn\": \"uni/infra/spaccportprof-spine101/shports-Eth7-27-typ-range\",\n            \"name\": \"Eth7-27\",\n            \"rn\": \"shports-Eth7-27-typ-range\"\n        },\n        \"children\": [\n            {\n                \"infraPortBlk\": {\n                    \"attributes\": {\n                        \"dn\": \"uni/infra/spaccportprof-spine101/shports-Eth7-27-typ-range/portblk-block2\",\n                        \"fromCard\": \"7\",\n                        \"fromPort\": \"27\",\n                        \"toCard\": \"7\",\n                        \"toPort\": \"27\",\n                        \"name\": \"block2\",\n                        \"rn\": \"portblk-block2\"\n                    }\n                }\n            }\n        ]\n    }\n}\n"
          },
          "private": "eyJzY2hlbWFfdmVyc2lvbiI6IjEifQ==",
          "dependencies": [
            "aci_spine_interface_profile.spine101"
          ]
        },
        {
          "index_key": "28",
          "schema_version": 1,
          "attributes": {
            "class_name": "infraSHPortS",
            "content": null,
            "dn": null,
            "id": "uni/infra/spaccportprof-spine101/shports-Eth7-28-typ-range",
            "path": "/api/node/mo/uni/infra/spaccportprof-spine101/shports-Eth7-28-typ-range.json",
            "payload": "{\n    \"infraSHPortS\": {\n        \"attributes\": {\n            \"dn\": \"uni/infra/spaccportprof-spine101/shports-Eth7-28-typ-range\",\n            \"name\": \"Eth7-28\",\n            \"rn\": \"shports-Eth7-28-typ-range\"\n        },\n        \"children\": [\n            {\n                \"infraPortBlk\": {\n                    \"attributes\": {\n                        \"dn\": \"uni/infra/spaccportprof-spine101/shports-Eth7-28-typ-range/portblk-block2\",\n                        \"fromCard\": \"7\",\n                        \"fromPort\": \"28\",\n                        \"toCard\": \"7\",\n                        \"toPort\": \"28\",\n                        \"name\": \"block2\",\n                        \"rn\": \"portblk-block2\"\n                    }\n                }\n            }\n        ]\n    }\n}\n"
          },
          "private": "eyJzY2hlbWFfdmVyc2lvbiI6IjEifQ==",
          "dependencies": [
            "aci_spine_interface_profile.spine101"
          ]
        },
        {
          "index_key": "29",
          "schema_version": 1,
          "attributes": {
            "class_name": "infraSHPortS",
            "content": null,
            "dn": null,
            "id": "uni/infra/spaccportprof-spine101/shports-Eth7-29-typ-range",
            "path": "/api/node/mo/uni/infra/spaccportprof-spine101/shports-Eth7-29-typ-range.json",
            "payload": "{\n    \"infraSHPortS\": {\n        \"attributes\": {\n            \"dn\": \"uni/infra/spaccportprof-spine101/shports-Eth7-29-typ-range\",\n            \"name\": \"Eth7-29\",\n            \"rn\": \"shports-Eth7-29-typ-range\"\n        },\n        \"children\": [\n            {\n                \"infraPortBlk\": {\n                    \"attributes\": {\n                        \"dn\": \"uni/infra/spaccportprof-spine101/shports-Eth7-29-typ-range/portblk-block2\",\n                        \"fromCard\": \"7\",\n                        \"fromPort\": \"29\",\n                        \"toCard\": \"7\",\n                        \"toPort\": \"29\",\n                        \"name\": \"block2\",\n                        \"rn\": \"portblk-block2\"\n                    }\n                }\n            }\n        ]\n    }\n}\n"
          },
          "private": "eyJzY2hlbWFfdmVyc2lvbiI6IjEifQ==",
          "dependencies": [
            "aci_spine_interface_profile.spine101"
          ]
        },
        {
          "index_key": "30",
          "schema_version": 1,
          "attributes": {
            "class_name": "infraSHPortS",
            "content": null,
            "dn": null,
            "id": "uni/infra/spaccportprof-spine101/shports-Eth7-30-typ-range",
            "path": "/api/node/mo/uni/infra/spaccportprof-spine101/shports-Eth7-30-typ-range.json",
            "payload": "{\n    \"infraSHPortS\": {\n        \"attributes\": {\n            \"dn\": \"uni/infra/spaccportprof-spine101/shports-Eth7-30-typ-range\",\n            \"name\": \"Eth7-30\",\n            \"rn\": \"shports-Eth7-30-typ-range\"\n        },\n        \"children\": [\n            {\n                \"infraPortBlk\": {\n                    \"attributes\": {\n                        \"dn\": \"uni/infra/spaccportprof-spine101/shports-Eth7-30-typ-range/portblk-block2\",\n                        \"fromCard\": \"7\",\n                        \"fromPort\": \"30\",\n                        \"toCard\": \"7\",\n                        \"toPort\": \"30\",\n                        \"name\": \"block2\",\n                        \"rn\": \"portblk-block2\"\n                    }\n                }\n            }\n        ]\n    }\n}\n"
          },
          "private": "eyJzY2hlbWFfdmVyc2lvbiI6IjEifQ==",
          "dependencies": [
            "aci_spine_interface_profile.spine101"
          ]
        },
        {
          "index_key": "31",
          "schema_version": 1,
          "attributes": {
            "class_name": "infraSHPortS",
            "content": null,
            "dn": null,
            "id": "uni/infra/spaccportprof-spine101/shports-Eth7-31-typ-range",
            "path": "/api/node/mo/uni/infra/spaccportprof-spine101/shports-Eth7-31-typ-range.json",
            "payload": "{\n    \"infraSHPortS\": {\n        \"attributes\": {\n            \"dn\": \"uni/infra/spaccportprof-spine101/shports-Eth7-31-typ-range\",\n            \"name\": \"Eth7-31\",\n            \"rn\": \"shports-Eth7-31-typ-range\"\n        },\n        \"children\": [\n            {\n                \"infraPortBlk\": {\n                    \"attributes\": {\n                        \"dn\": \"uni/infra/spaccportprof-spine101/shports-Eth7-31-typ-range/portblk-block2\",\n                        \"fromCard\": \"7\",\n                        \"fromPort\": \"31\",\n                        \"toCard\": \"7\",\n                        \"toPort\": \"31\",\n                        \"name\": \"block2\",\n                        \"rn\": \"portblk-block2\"\n                    }\n                }\n            }\n        ]\n    }\n}\n"
          },
          "private": "eyJzY2hlbWFfdmVyc2lvbiI6IjEifQ==",
          "dependencies": [
            "aci_spine_interface_profile.spine101"
          ]
        },
        {
          "index_key": "32",
          "schema_version": 1,
          "attributes": {
            "class_name": "infraSHPortS",
            "content": null,
            "dn": null,
            "id": "uni/infra/spaccportprof-spine101/shports-Eth7-32-typ-range",
            "path": "/api/node/mo/uni/infra/spaccportprof-spine101/shports-Eth7-32-typ-range.json",
            "payload": "{\n    \"infraSHPortS\": {\n        \"attributes\": {\n            \"dn\": \"uni/infra/spaccportprof-spine101/shports-Eth7-32-typ-range\",\n            \"name\": \"Eth7-32\",\n            \"rn\": \"shports-Eth7-32-typ-range\"\n        },\n        \"children\": [\n            {\n                \"infraPortBlk\": {\n                    \"attributes\": {\n                        \"dn\": \"uni/infra/spaccportprof-spine101/shports-Eth7-32-typ-range/portblk-block2\",\n                        \"fromCard\": \"7\",\n                        \"fromPort\": \"32\",\n                        \"toCard\": \"7\",\n                        \"toPort\": \"32\",\n                        \"name\": \"block2\",\n                        \"rn\": \"portblk-block2\"\n                    }\n                }\n            }\n        ]\n    }\n}\n"
          },
          "private": "eyJzY2hlbWFfdmVyc2lvbiI6IjEifQ==",
          "dependencies": [
            "aci_spine_interface_profile.spine101"
          ]
        },
        {
          "index_key": "33",
          "schema_version": 1,
          "attributes": {
            "class_name": "infraSHPortS",
            "content": null,
            "dn": null,
            "id": "uni/infra/spaccportprof-spine101/shports-Eth7-33-typ-range",
            "path": "/api/node/mo/uni/infra/spaccportprof-spine101/shports-Eth7-33-typ-range.json",
            "payload": "{\n    \"infraSHPortS\": {\n        \"attributes\": {\n            \"dn\": \"uni/infra/spaccportprof-spine101/shports-Eth7-33-typ-range\",\n            \"name\": \"Eth7-33\",\n            \"rn\": \"shports-Eth7-33-typ-range\"\n        },\n        \"children\": [\n            {\n                \"infraPortBlk\": {\n                    \"attributes\": {\n                        \"dn\": \"uni/infra/spaccportprof-spine101/shports-Eth7-33-typ-range/portblk-block2\",\n                        \"fromCard\": \"7\",\n                        \"fromPort\": \"33\",\n                        \"toCard\": \"7\",\n                        \"toPort\": \"33\",\n                        \"name\": \"block2\",\n                        \"rn\": \"portblk-block2\"\n                    }\n                }\n            }\n        ]\n    }\n}\n"
          },
          "private": "eyJzY2hlbWFfdmVyc2lvbiI6IjEifQ==",
          "dependencies": [
            "aci_spine_interface_profile.spine101"
          ]
        },
        {
          "index_key": "34",
          "schema_version": 1,
          "attributes": {
            "class_name": "infraSHPortS",
            "content": null,
            "dn": null,
            "id": "uni/infra/spaccportprof-spine101/shports-Eth7-34-typ-range",
            "path": "/api/node/mo/uni/infra/spaccportprof-spine101/shports-Eth7-34-typ-range.json",
            "payload": "{\n    \"infraSHPortS\": {\n        \"attributes\": {\n            \"dn\": \"uni/infra/spaccportprof-spine101/shports-Eth7-34-typ-range\",\n            \"name\": \"Eth7-34\",\n            \"rn\": \"shports-Eth7-34-typ-range\"\n        },\n        \"children\": [\n            {\n                \"infraPortBlk\": {\n                    \"attributes\": {\n                        \"dn\": \"uni/infra/spaccportprof-spine101/shports-Eth7-34-typ-range/portblk-block2\",\n                        \"fromCard\": \"7\",\n                        \"fromPort\": \"34\",\n                        \"toCard\": \"7\",\n                        \"toPort\": \"34\",\n                        \"name\": \"block2\",\n                        \"rn\": \"portblk-block2\"\n                    }\n                }\n            }\n        ]\n    }\n}\n"
          },
          "private": "eyJzY2hlbWFfdmVyc2lvbiI6IjEifQ==",
          "dependencies": [
            "aci_spine_interface_profile.spine101"
          ]
        },
        {
          "index_key": "35",
          "schema_version": 1,
          "attributes": {
            "class_name": "infraSHPortS",
            "content": null,
            "dn": null,
            "id": "uni/infra/spaccportprof-spine101/shports-Eth7-35-typ-range",
            "path": "/api/node/mo/uni/infra/spaccportprof-spine101/shports-Eth7-35-typ-range.json",
            "payload": "{\n    \"infraSHPortS\": {\n        \"attributes\": {\n            \"dn\": \"uni/infra/spaccportprof-spine101/shports-Eth7-35-typ-range\",\n            \"name\": \"Eth7-35\",\n            \"rn\": \"shports-Eth7-35-typ-range\"\n        },\n        \"children\": [\n            {\n                \"infraPortBlk\": {\n                    \"attributes\": {\n                        \"dn\": \"uni/infra/spaccportprof-spine101/shports-Eth7-35-typ-range/portblk-block2\",\n                        \"fromCard\": \"7\",\n                        \"fromPort\": \"35\",\n                        \"toCard\": \"7\",\n                        \"toPort\": \"35\",\n                        \"name\": \"block2\",\n                        \"rn\": \"portblk-block2\"\n                    }\n                }\n            }\n        ]\n    }\n}\n"
          },
          "private": "eyJzY2hlbWFfdmVyc2lvbiI6IjEifQ==",
          "dependencies": [
            "aci_spine_interface_profile.spine101"
          ]
        },
        {
          "index_key": "36",
          "schema_version": 1,
          "attributes": {
            "class_name": "infraSHPortS",
            "content": null,
            "dn": null,
            "id": "uni/infra/spaccportprof-spine101/shports-Eth7-36-typ-range",
            "path": "/api/node/mo/uni/infra/spaccportprof-spine101/shports-Eth7-36-typ-range.json",
            "payload": "{\n    \"infraSHPortS\": {\n        \"attributes\": {\n            \"dn\": \"uni/infra/spaccportprof-spine101/shports-Eth7-36-typ-range\",\n            \"name\": \"Eth7-36\",\n            \"rn\": \"shports-Eth7-36-typ-range\"\n        },\n        \"children\": [\n            {\n                \"infraPortBlk\": {\n                    \"attributes\": {\n                        \"dn\": \"uni/infra/spaccportprof-spine101/shports-Eth7-36-typ-range/portblk-block2\",\n                        \"fromCard\": \"7\",\n                        \"fromPort\": \"36\",\n                        \"toCard\": \"7\",\n                        \"toPort\": \"36\",\n                        \"name\": \"block2\",\n                        \"rn\": \"portblk-block2\"\n                    }\n                }\n            }\n        ]\n    }\n}\n"
          },
          "private": "eyJzY2hlbWFfdmVyc2lvbiI6IjEifQ==",
          "dependencies": [
            "aci_spine_interface_profile.spine101"
          ]
        }
      ]
    },
    {
      "mode": "managed",
      "type": "aci_rest",
      "name": "spine101_8",
      "provider": "provider[\"registry.terraform.io/ciscodevnet/aci\"]",
      "instances": [
        {
          "index_key": "01",
          "schema_version": 1,
          "attributes": {
            "class_name": "infraSHPortS",
            "content": null,
            "dn": null,
            "id": "uni/infra/spaccportprof-spine101/shports-Eth8-01-typ-range",
            "path": "/api/node/mo/uni/infra/spaccportprof-spine101/shports-Eth8-01-typ-range.json",
            "payload": "{\n    \"infraSHPortS\": {\n        \"attributes\": {\n            \"dn\": \"uni/infra/spaccportprof-spine101/shports-Eth8-01-typ-range\",\n            \"name\": \"Eth8-01\",\n            \"rn\": \"shports-Eth8-01-typ-range\"\n        },\n        \"children\": [\n            {\n                \"infraPortBlk\": {\n                    \"attributes\": {\n                        \"dn\": \"uni/infra/spaccportprof-spine101/shports-Eth8-01-typ-range/portblk-block2\",\n                        \"fromCard\": \"8\",\n                        \"fromPort\": \"1\",\n                        \"toCard\": \"8\",\n                        \"toPort\": \"1\",\n                        \"name\": \"block2\",\n                        \"rn\": \"portblk-block2\"\n                    }\n                }\n            }\n        ]\n    }\n}\n"
          },
          "private": "eyJzY2hlbWFfdmVyc2lvbiI6IjEifQ==",
          "dependencies": [
            "aci_spine_interface_profile.spine101"
          ]
        },
        {
          "index_key": "02",
          "schema_version": 1,
          "attributes": {
            "class_name": "infraSHPortS",
            "content": null,
            "dn": null,
            "id": "uni/infra/spaccportprof-spine101/shports-Eth8-02-typ-range",
            "path": "/api/node/mo/uni/infra/spaccportprof-spine101/shports-Eth8-02-typ-range.json",
            "payload": "{\n    \"infraSHPortS\": {\n        \"attributes\": {\n            \"dn\": \"uni/infra/spaccportprof-spine101/shports-Eth8-02-typ-range\",\n            \"name\": \"Eth8-02\",\n            \"rn\": \"shports-Eth8-02-typ-range\"\n        },\n        \"children\": [\n            {\n                \"infraPortBlk\": {\n                    \"attributes\": {\n                        \"dn\": \"uni/infra/spaccportprof-spine101/shports-Eth8-02-typ-range/portblk-block2\",\n                        \"fromCard\": \"8\",\n                        \"fromPort\": \"2\",\n                        \"toCard\": \"8\",\n                        \"toPort\": \"2\",\n                        \"name\": \"block2\",\n                        \"rn\": \"portblk-block2\"\n                    }\n                }\n            }\n        ]\n    }\n}\n"
          },
          "private": "eyJzY2hlbWFfdmVyc2lvbiI6IjEifQ==",
          "dependencies": [
            "aci_spine_interface_profile.spine101"
          ]
        },
        {
          "index_key": "03",
          "schema_version": 1,
          "attributes": {
            "class_name": "infraSHPortS",
            "content": null,
            "dn": null,
            "id": "uni/infra/spaccportprof-spine101/shports-Eth8-03-typ-range",
            "path": "/api/node/mo/uni/infra/spaccportprof-spine101/shports-Eth8-03-typ-range.json",
            "payload": "{\n    \"infraSHPortS\": {\n        \"attributes\": {\n            \"dn\": \"uni/infra/spaccportprof-spine101/shports-Eth8-03-typ-range\",\n            \"name\": \"Eth8-03\",\n            \"rn\": \"shports-Eth8-03-typ-range\"\n        },\n        \"children\": [\n            {\n                \"infraPortBlk\": {\n                    \"attributes\": {\n                        \"dn\": \"uni/infra/spaccportprof-spine101/shports-Eth8-03-typ-range/portblk-block2\",\n                        \"fromCard\": \"8\",\n                        \"fromPort\": \"3\",\n                        \"toCard\": \"8\",\n                        \"toPort\": \"3\",\n                        \"name\": \"block2\",\n                        \"rn\": \"portblk-block2\"\n                    }\n                }\n            }\n        ]\n    }\n}\n"
          },
          "private": "eyJzY2hlbWFfdmVyc2lvbiI6IjEifQ==",
          "dependencies": [
            "aci_spine_interface_profile.spine101"
          ]
        },
        {
          "index_key": "04",
          "schema_version": 1,
          "attributes": {
            "class_name": "infraSHPortS",
            "content": null,
            "dn": null,
            "id": "uni/infra/spaccportprof-spine101/shports-Eth8-04-typ-range",
            "path": "/api/node/mo/uni/infra/spaccportprof-spine101/shports-Eth8-04-typ-range.json",
            "payload": "{\n    \"infraSHPortS\": {\n        \"attributes\": {\n            \"dn\": \"uni/infra/spaccportprof-spine101/shports-Eth8-04-typ-range\",\n            \"name\": \"Eth8-04\",\n            \"rn\": \"shports-Eth8-04-typ-range\"\n        },\n        \"children\": [\n            {\n                \"infraPortBlk\": {\n                    \"attributes\": {\n                        \"dn\": \"uni/infra/spaccportprof-spine101/shports-Eth8-04-typ-range/portblk-block2\",\n                        \"fromCard\": \"8\",\n                        \"fromPort\": \"4\",\n                        \"toCard\": \"8\",\n                        \"toPort\": \"4\",\n                        \"name\": \"block2\",\n                        \"rn\": \"portblk-block2\"\n                    }\n                }\n            }\n        ]\n    }\n}\n"
          },
          "private": "eyJzY2hlbWFfdmVyc2lvbiI6IjEifQ==",
          "dependencies": [
            "aci_spine_interface_profile.spine101"
          ]
        },
        {
          "index_key": "05",
          "schema_version": 1,
          "attributes": {
            "class_name": "infraSHPortS",
            "content": null,
            "dn": null,
            "id": "uni/infra/spaccportprof-spine101/shports-Eth8-05-typ-range",
            "path": "/api/node/mo/uni/infra/spaccportprof-spine101/shports-Eth8-05-typ-range.json",
            "payload": "{\n    \"infraSHPortS\": {\n        \"attributes\": {\n            \"dn\": \"uni/infra/spaccportprof-spine101/shports-Eth8-05-typ-range\",\n            \"name\": \"Eth8-05\",\n            \"rn\": \"shports-Eth8-05-typ-range\"\n        },\n        \"children\": [\n            {\n                \"infraPortBlk\": {\n                    \"attributes\": {\n                        \"dn\": \"uni/infra/spaccportprof-spine101/shports-Eth8-05-typ-range/portblk-block2\",\n                        \"fromCard\": \"8\",\n                        \"fromPort\": \"5\",\n                        \"toCard\": \"8\",\n                        \"toPort\": \"5\",\n                        \"name\": \"block2\",\n                        \"rn\": \"portblk-block2\"\n                    }\n                }\n            }\n        ]\n    }\n}\n"
          },
          "private": "eyJzY2hlbWFfdmVyc2lvbiI6IjEifQ==",
          "dependencies": [
            "aci_spine_interface_profile.spine101"
          ]
        },
        {
          "index_key": "06",
          "schema_version": 1,
          "attributes": {
            "class_name": "infraSHPortS",
            "content": null,
            "dn": null,
            "id": "uni/infra/spaccportprof-spine101/shports-Eth8-06-typ-range",
            "path": "/api/node/mo/uni/infra/spaccportprof-spine101/shports-Eth8-06-typ-range.json",
            "payload": "{\n    \"infraSHPortS\": {\n        \"attributes\": {\n            \"dn\": \"uni/infra/spaccportprof-spine101/shports-Eth8-06-typ-range\",\n            \"name\": \"Eth8-06\",\n            \"rn\": \"shports-Eth8-06-typ-range\"\n        },\n        \"children\": [\n            {\n                \"infraPortBlk\": {\n                    \"attributes\": {\n                        \"dn\": \"uni/infra/spaccportprof-spine101/shports-Eth8-06-typ-range/portblk-block2\",\n                        \"fromCard\": \"8\",\n                        \"fromPort\": \"6\",\n                        \"toCard\": \"8\",\n                        \"toPort\": \"6\",\n                        \"name\": \"block2\",\n                        \"rn\": \"portblk-block2\"\n                    }\n                }\n            }\n        ]\n    }\n}\n"
          },
          "private": "eyJzY2hlbWFfdmVyc2lvbiI6IjEifQ==",
          "dependencies": [
            "aci_spine_interface_profile.spine101"
          ]
        },
        {
          "index_key": "07",
          "schema_version": 1,
          "attributes": {
            "class_name": "infraSHPortS",
            "content": null,
            "dn": null,
            "id": "uni/infra/spaccportprof-spine101/shports-Eth8-07-typ-range",
            "path": "/api/node/mo/uni/infra/spaccportprof-spine101/shports-Eth8-07-typ-range.json",
            "payload": "{\n    \"infraSHPortS\": {\n        \"attributes\": {\n            \"dn\": \"uni/infra/spaccportprof-spine101/shports-Eth8-07-typ-range\",\n            \"name\": \"Eth8-07\",\n            \"rn\": \"shports-Eth8-07-typ-range\"\n        },\n        \"children\": [\n            {\n                \"infraPortBlk\": {\n                    \"attributes\": {\n                        \"dn\": \"uni/infra/spaccportprof-spine101/shports-Eth8-07-typ-range/portblk-block2\",\n                        \"fromCard\": \"8\",\n                        \"fromPort\": \"7\",\n                        \"toCard\": \"8\",\n                        \"toPort\": \"7\",\n                        \"name\": \"block2\",\n                        \"rn\": \"portblk-block2\"\n                    }\n                }\n            }\n        ]\n    }\n}\n"
          },
          "private": "eyJzY2hlbWFfdmVyc2lvbiI6IjEifQ==",
          "dependencies": [
            "aci_spine_interface_profile.spine101"
          ]
        },
        {
          "index_key": "08",
          "schema_version": 1,
          "attributes": {
            "class_name": "infraSHPortS",
            "content": null,
            "dn": null,
            "id": "uni/infra/spaccportprof-spine101/shports-Eth8-08-typ-range",
            "path": "/api/node/mo/uni/infra/spaccportprof-spine101/shports-Eth8-08-typ-range.json",
            "payload": "{\n    \"infraSHPortS\": {\n        \"attributes\": {\n            \"dn\": \"uni/infra/spaccportprof-spine101/shports-Eth8-08-typ-range\",\n            \"name\": \"Eth8-08\",\n            \"rn\": \"shports-Eth8-08-typ-range\"\n        },\n        \"children\": [\n            {\n                \"infraPortBlk\": {\n                    \"attributes\": {\n                        \"dn\": \"uni/infra/spaccportprof-spine101/shports-Eth8-08-typ-range/portblk-block2\",\n                        \"fromCard\": \"8\",\n                        \"fromPort\": \"8\",\n                        \"toCard\": \"8\",\n                        \"toPort\": \"8\",\n                        \"name\": \"block2\",\n                        \"rn\": \"portblk-block2\"\n                    }\n                }\n            }\n        ]\n    }\n}\n"
          },
          "private": "eyJzY2hlbWFfdmVyc2lvbiI6IjEifQ==",
          "dependencies": [
            "aci_spine_interface_profile.spine101"
          ]
        },
        {
          "index_key": "09",
          "schema_version": 1,
          "attributes": {
            "class_name": "infraSHPortS",
            "content": null,
            "dn": null,
            "id": "uni/infra/spaccportprof-spine101/shports-Eth8-09-typ-range",
            "path": "/api/node/mo/uni/infra/spaccportprof-spine101/shports-Eth8-09-typ-range.json",
            "payload": "{\n    \"infraSHPortS\": {\n        \"attributes\": {\n            \"dn\": \"uni/infra/spaccportprof-spine101/shports-Eth8-09-typ-range\",\n            \"name\": \"Eth8-09\",\n            \"rn\": \"shports-Eth8-09-typ-range\"\n        },\n        \"children\": [\n            {\n                \"infraPortBlk\": {\n                    \"attributes\": {\n                        \"dn\": \"uni/infra/spaccportprof-spine101/shports-Eth8-09-typ-range/portblk-block2\",\n                        \"fromCard\": \"8\",\n                        \"fromPort\": \"9\",\n                        \"toCard\": \"8\",\n                        \"toPort\": \"9\",\n                        \"name\": \"block2\",\n                        \"rn\": \"portblk-block2\"\n                    }\n                }\n            }\n        ]\n    }\n}\n"
          },
          "private": "eyJzY2hlbWFfdmVyc2lvbiI6IjEifQ==",
          "dependencies": [
            "aci_spine_interface_profile.spine101"
          ]
        },
        {
          "index_key": "10",
          "schema_version": 1,
          "attributes": {
            "class_name": "infraSHPortS",
            "content": null,
            "dn": null,
            "id": "uni/infra/spaccportprof-spine101/shports-Eth8-10-typ-range",
            "path": "/api/node/mo/uni/infra/spaccportprof-spine101/shports-Eth8-10-typ-range.json",
            "payload": "{\n    \"infraSHPortS\": {\n        \"attributes\": {\n            \"dn\": \"uni/infra/spaccportprof-spine101/shports-Eth8-10-typ-range\",\n            \"name\": \"Eth8-10\",\n            \"rn\": \"shports-Eth8-10-typ-range\"\n        },\n        \"children\": [\n            {\n                \"infraPortBlk\": {\n                    \"attributes\": {\n                        \"dn\": \"uni/infra/spaccportprof-spine101/shports-Eth8-10-typ-range/portblk-block2\",\n                        \"fromCard\": \"8\",\n                        \"fromPort\": \"10\",\n                        \"toCard\": \"8\",\n                        \"toPort\": \"10\",\n                        \"name\": \"block2\",\n                        \"rn\": \"portblk-block2\"\n                    }\n                }\n            }\n        ]\n    }\n}\n"
          },
          "private": "eyJzY2hlbWFfdmVyc2lvbiI6IjEifQ==",
          "dependencies": [
            "aci_spine_interface_profile.spine101"
          ]
        },
        {
          "index_key": "11",
          "schema_version": 1,
          "attributes": {
            "class_name": "infraSHPortS",
            "content": null,
            "dn": null,
            "id": "uni/infra/spaccportprof-spine101/shports-Eth8-11-typ-range",
            "path": "/api/node/mo/uni/infra/spaccportprof-spine101/shports-Eth8-11-typ-range.json",
            "payload": "{\n    \"infraSHPortS\": {\n        \"attributes\": {\n            \"dn\": \"uni/infra/spaccportprof-spine101/shports-Eth8-11-typ-range\",\n            \"name\": \"Eth8-11\",\n            \"rn\": \"shports-Eth8-11-typ-range\"\n        },\n        \"children\": [\n            {\n                \"infraPortBlk\": {\n                    \"attributes\": {\n                        \"dn\": \"uni/infra/spaccportprof-spine101/shports-Eth8-11-typ-range/portblk-block2\",\n                        \"fromCard\": \"8\",\n                        \"fromPort\": \"11\",\n                        \"toCard\": \"8\",\n                        \"toPort\": \"11\",\n                        \"name\": \"block2\",\n                        \"rn\": \"portblk-block2\"\n                    }\n                }\n            }\n        ]\n    }\n}\n"
          },
          "private": "eyJzY2hlbWFfdmVyc2lvbiI6IjEifQ==",
          "dependencies": [
            "aci_spine_interface_profile.spine101"
          ]
        },
        {
          "index_key": "12",
          "schema_version": 1,
          "attributes": {
            "class_name": "infraSHPortS",
            "content": null,
            "dn": null,
            "id": "uni/infra/spaccportprof-spine101/shports-Eth8-12-typ-range",
            "path": "/api/node/mo/uni/infra/spaccportprof-spine101/shports-Eth8-12-typ-range.json",
            "payload": "{\n    \"infraSHPortS\": {\n        \"attributes\": {\n            \"dn\": \"uni/infra/spaccportprof-spine101/shports-Eth8-12-typ-range\",\n            \"name\": \"Eth8-12\",\n            \"rn\": \"shports-Eth8-12-typ-range\"\n        },\n        \"children\": [\n            {\n                \"infraPortBlk\": {\n                    \"attributes\": {\n                        \"dn\": \"uni/infra/spaccportprof-spine101/shports-Eth8-12-typ-range/portblk-block2\",\n                        \"fromCard\": \"8\",\n                        \"fromPort\": \"12\",\n                        \"toCard\": \"8\",\n                        \"toPort\": \"12\",\n                        \"name\": \"block2\",\n                        \"rn\": \"portblk-block2\"\n                    }\n                }\n            }\n        ]\n    }\n}\n"
          },
          "private": "eyJzY2hlbWFfdmVyc2lvbiI6IjEifQ==",
          "dependencies": [
            "aci_spine_interface_profile.spine101"
          ]
        },
        {
          "index_key": "13",
          "schema_version": 1,
          "attributes": {
            "class_name": "infraSHPortS",
            "content": null,
            "dn": null,
            "id": "uni/infra/spaccportprof-spine101/shports-Eth8-13-typ-range",
            "path": "/api/node/mo/uni/infra/spaccportprof-spine101/shports-Eth8-13-typ-range.json",
            "payload": "{\n    \"infraSHPortS\": {\n        \"attributes\": {\n            \"dn\": \"uni/infra/spaccportprof-spine101/shports-Eth8-13-typ-range\",\n            \"name\": \"Eth8-13\",\n            \"rn\": \"shports-Eth8-13-typ-range\"\n        },\n        \"children\": [\n            {\n                \"infraPortBlk\": {\n                    \"attributes\": {\n                        \"dn\": \"uni/infra/spaccportprof-spine101/shports-Eth8-13-typ-range/portblk-block2\",\n                        \"fromCard\": \"8\",\n                        \"fromPort\": \"13\",\n                        \"toCard\": \"8\",\n                        \"toPort\": \"13\",\n                        \"name\": \"block2\",\n                        \"rn\": \"portblk-block2\"\n                    }\n                }\n            }\n        ]\n    }\n}\n"
          },
          "private": "eyJzY2hlbWFfdmVyc2lvbiI6IjEifQ==",
          "dependencies": [
            "aci_spine_interface_profile.spine101"
          ]
        },
        {
          "index_key": "14",
          "schema_version": 1,
          "attributes": {
            "class_name": "infraSHPortS",
            "content": null,
            "dn": null,
            "id": "uni/infra/spaccportprof-spine101/shports-Eth8-14-typ-range",
            "path": "/api/node/mo/uni/infra/spaccportprof-spine101/shports-Eth8-14-typ-range.json",
            "payload": "{\n    \"infraSHPortS\": {\n        \"attributes\": {\n            \"dn\": \"uni/infra/spaccportprof-spine101/shports-Eth8-14-typ-range\",\n            \"name\": \"Eth8-14\",\n            \"rn\": \"shports-Eth8-14-typ-range\"\n        },\n        \"children\": [\n            {\n                \"infraPortBlk\": {\n                    \"attributes\": {\n                        \"dn\": \"uni/infra/spaccportprof-spine101/shports-Eth8-14-typ-range/portblk-block2\",\n                        \"fromCard\": \"8\",\n                        \"fromPort\": \"14\",\n                        \"toCard\": \"8\",\n                        \"toPort\": \"14\",\n                        \"name\": \"block2\",\n                        \"rn\": \"portblk-block2\"\n                    }\n                }\n            }\n        ]\n    }\n}\n"
          },
          "private": "eyJzY2hlbWFfdmVyc2lvbiI6IjEifQ==",
          "dependencies": [
            "aci_spine_interface_profile.spine101"
          ]
        },
        {
          "index_key": "15",
          "schema_version": 1,
          "attributes": {
            "class_name": "infraSHPortS",
            "content": null,
            "dn": null,
            "id": "uni/infra/spaccportprof-spine101/shports-Eth8-15-typ-range",
            "path": "/api/node/mo/uni/infra/spaccportprof-spine101/shports-Eth8-15-typ-range.json",
            "payload": "{\n    \"infraSHPortS\": {\n        \"attributes\": {\n            \"dn\": \"uni/infra/spaccportprof-spine101/shports-Eth8-15-typ-range\",\n            \"name\": \"Eth8-15\",\n            \"rn\": \"shports-Eth8-15-typ-range\"\n        },\n        \"children\": [\n            {\n                \"infraPortBlk\": {\n                    \"attributes\": {\n                        \"dn\": \"uni/infra/spaccportprof-spine101/shports-Eth8-15-typ-range/portblk-block2\",\n                        \"fromCard\": \"8\",\n                        \"fromPort\": \"15\",\n                        \"toCard\": \"8\",\n                        \"toPort\": \"15\",\n                        \"name\": \"block2\",\n                        \"rn\": \"portblk-block2\"\n                    }\n                }\n            }\n        ]\n    }\n}\n"
          },
          "private": "eyJzY2hlbWFfdmVyc2lvbiI6IjEifQ==",
          "dependencies": [
            "aci_spine_interface_profile.spine101"
          ]
        },
        {
          "index_key": "16",
          "schema_version": 1,
          "attributes": {
            "class_name": "infraSHPortS",
            "content": null,
            "dn": null,
            "id": "uni/infra/spaccportprof-spine101/shports-Eth8-16-typ-range",
            "path": "/api/node/mo/uni/infra/spaccportprof-spine101/shports-Eth8-16-typ-range.json",
            "payload": "{\n    \"infraSHPortS\": {\n        \"attributes\": {\n            \"dn\": \"uni/infra/spaccportprof-spine101/shports-Eth8-16-typ-range\",\n            \"name\": \"Eth8-16\",\n            \"rn\": \"shports-Eth8-16-typ-range\"\n        },\n        \"children\": [\n            {\n                \"infraPortBlk\": {\n                    \"attributes\": {\n                        \"dn\": \"uni/infra/spaccportprof-spine101/shports-Eth8-16-typ-range/portblk-block2\",\n                        \"fromCard\": \"8\",\n                        \"fromPort\": \"16\",\n                        \"toCard\": \"8\",\n                        \"toPort\": \"16\",\n                        \"name\": \"block2\",\n                        \"rn\": \"portblk-block2\"\n                    }\n                }\n            }\n        ]\n    }\n}\n"
          },
          "private": "eyJzY2hlbWFfdmVyc2lvbiI6IjEifQ==",
          "dependencies": [
            "aci_spine_interface_profile.spine101"
          ]
        },
        {
          "index_key": "17",
          "schema_version": 1,
          "attributes": {
            "class_name": "infraSHPortS",
            "content": null,
            "dn": null,
            "id": "uni/infra/spaccportprof-spine101/shports-Eth8-17-typ-range",
            "path": "/api/node/mo/uni/infra/spaccportprof-spine101/shports-Eth8-17-typ-range.json",
            "payload": "{\n    \"infraSHPortS\": {\n        \"attributes\": {\n            \"dn\": \"uni/infra/spaccportprof-spine101/shports-Eth8-17-typ-range\",\n            \"name\": \"Eth8-17\",\n            \"rn\": \"shports-Eth8-17-typ-range\"\n        },\n        \"children\": [\n            {\n                \"infraPortBlk\": {\n                    \"attributes\": {\n                        \"dn\": \"uni/infra/spaccportprof-spine101/shports-Eth8-17-typ-range/portblk-block2\",\n                        \"fromCard\": \"8\",\n                        \"fromPort\": \"17\",\n                        \"toCard\": \"8\",\n                        \"toPort\": \"17\",\n                        \"name\": \"block2\",\n                        \"rn\": \"portblk-block2\"\n                    }\n                }\n            }\n        ]\n    }\n}\n"
          },
          "private": "eyJzY2hlbWFfdmVyc2lvbiI6IjEifQ==",
          "dependencies": [
            "aci_spine_interface_profile.spine101"
          ]
        },
        {
          "index_key": "18",
          "schema_version": 1,
          "attributes": {
            "class_name": "infraSHPortS",
            "content": null,
            "dn": null,
            "id": "uni/infra/spaccportprof-spine101/shports-Eth8-18-typ-range",
            "path": "/api/node/mo/uni/infra/spaccportprof-spine101/shports-Eth8-18-typ-range.json",
            "payload": "{\n    \"infraSHPortS\": {\n        \"attributes\": {\n            \"dn\": \"uni/infra/spaccportprof-spine101/shports-Eth8-18-typ-range\",\n            \"name\": \"Eth8-18\",\n            \"rn\": \"shports-Eth8-18-typ-range\"\n        },\n        \"children\": [\n            {\n                \"infraPortBlk\": {\n                    \"attributes\": {\n                        \"dn\": \"uni/infra/spaccportprof-spine101/shports-Eth8-18-typ-range/portblk-block2\",\n                        \"fromCard\": \"8\",\n                        \"fromPort\": \"18\",\n                        \"toCard\": \"8\",\n                        \"toPort\": \"18\",\n                        \"name\": \"block2\",\n                        \"rn\": \"portblk-block2\"\n                    }\n                }\n            }\n        ]\n    }\n}\n"
          },
          "private": "eyJzY2hlbWFfdmVyc2lvbiI6IjEifQ==",
          "dependencies": [
            "aci_spine_interface_profile.spine101"
          ]
        },
        {
          "index_key": "19",
          "schema_version": 1,
          "attributes": {
            "class_name": "infraSHPortS",
            "content": null,
            "dn": null,
            "id": "uni/infra/spaccportprof-spine101/shports-Eth8-19-typ-range",
            "path": "/api/node/mo/uni/infra/spaccportprof-spine101/shports-Eth8-19-typ-range.json",
            "payload": "{\n    \"infraSHPortS\": {\n        \"attributes\": {\n            \"dn\": \"uni/infra/spaccportprof-spine101/shports-Eth8-19-typ-range\",\n            \"name\": \"Eth8-19\",\n            \"rn\": \"shports-Eth8-19-typ-range\"\n        },\n        \"children\": [\n            {\n                \"infraPortBlk\": {\n                    \"attributes\": {\n                        \"dn\": \"uni/infra/spaccportprof-spine101/shports-Eth8-19-typ-range/portblk-block2\",\n                        \"fromCard\": \"8\",\n                        \"fromPort\": \"19\",\n                        \"toCard\": \"8\",\n                        \"toPort\": \"19\",\n                        \"name\": \"block2\",\n                        \"rn\": \"portblk-block2\"\n                    }\n                }\n            }\n        ]\n    }\n}\n"
          },
          "private": "eyJzY2hlbWFfdmVyc2lvbiI6IjEifQ==",
          "dependencies": [
            "aci_spine_interface_profile.spine101"
          ]
        },
        {
          "index_key": "20",
          "schema_version": 1,
          "attributes": {
            "class_name": "infraSHPortS",
            "content": null,
            "dn": null,
            "id": "uni/infra/spaccportprof-spine101/shports-Eth8-20-typ-range",
            "path": "/api/node/mo/uni/infra/spaccportprof-spine101/shports-Eth8-20-typ-range.json",
            "payload": "{\n    \"infraSHPortS\": {\n        \"attributes\": {\n            \"dn\": \"uni/infra/spaccportprof-spine101/shports-Eth8-20-typ-range\",\n            \"name\": \"Eth8-20\",\n            \"rn\": \"shports-Eth8-20-typ-range\"\n        },\n        \"children\": [\n            {\n                \"infraPortBlk\": {\n                    \"attributes\": {\n                        \"dn\": \"uni/infra/spaccportprof-spine101/shports-Eth8-20-typ-range/portblk-block2\",\n                        \"fromCard\": \"8\",\n                        \"fromPort\": \"20\",\n                        \"toCard\": \"8\",\n                        \"toPort\": \"20\",\n                        \"name\": \"block2\",\n                        \"rn\": \"portblk-block2\"\n                    }\n                }\n            }\n        ]\n    }\n}\n"
          },
          "private": "eyJzY2hlbWFfdmVyc2lvbiI6IjEifQ==",
          "dependencies": [
            "aci_spine_interface_profile.spine101"
          ]
        },
        {
          "index_key": "21",
          "schema_version": 1,
          "attributes": {
            "class_name": "infraSHPortS",
            "content": null,
            "dn": null,
            "id": "uni/infra/spaccportprof-spine101/shports-Eth8-21-typ-range",
            "path": "/api/node/mo/uni/infra/spaccportprof-spine101/shports-Eth8-21-typ-range.json",
            "payload": "{\n    \"infraSHPortS\": {\n        \"attributes\": {\n            \"dn\": \"uni/infra/spaccportprof-spine101/shports-Eth8-21-typ-range\",\n            \"name\": \"Eth8-21\",\n            \"rn\": \"shports-Eth8-21-typ-range\"\n        },\n        \"children\": [\n            {\n                \"infraPortBlk\": {\n                    \"attributes\": {\n                        \"dn\": \"uni/infra/spaccportprof-spine101/shports-Eth8-21-typ-range/portblk-block2\",\n                        \"fromCard\": \"8\",\n                        \"fromPort\": \"21\",\n                        \"toCard\": \"8\",\n                        \"toPort\": \"21\",\n                        \"name\": \"block2\",\n                        \"rn\": \"portblk-block2\"\n                    }\n                }\n            }\n        ]\n    }\n}\n"
          },
          "private": "eyJzY2hlbWFfdmVyc2lvbiI6IjEifQ==",
          "dependencies": [
            "aci_spine_interface_profile.spine101"
          ]
        },
        {
          "index_key": "22",
          "schema_version": 1,
          "attributes": {
            "class_name": "infraSHPortS",
            "content": null,
            "dn": null,
            "id": "uni/infra/spaccportprof-spine101/shports-Eth8-22-typ-range",
            "path": "/api/node/mo/uni/infra/spaccportprof-spine101/shports-Eth8-22-typ-range.json",
            "payload": "{\n    \"infraSHPortS\": {\n        \"attributes\": {\n            \"dn\": \"uni/infra/spaccportprof-spine101/shports-Eth8-22-typ-range\",\n            \"name\": \"Eth8-22\",\n            \"rn\": \"shports-Eth8-22-typ-range\"\n        },\n        \"children\": [\n            {\n                \"infraPortBlk\": {\n                    \"attributes\": {\n                        \"dn\": \"uni/infra/spaccportprof-spine101/shports-Eth8-22-typ-range/portblk-block2\",\n                        \"fromCard\": \"8\",\n                        \"fromPort\": \"22\",\n                        \"toCard\": \"8\",\n                        \"toPort\": \"22\",\n                        \"name\": \"block2\",\n                        \"rn\": \"portblk-block2\"\n                    }\n                }\n            }\n        ]\n    }\n}\n"
          },
          "private": "eyJzY2hlbWFfdmVyc2lvbiI6IjEifQ==",
          "dependencies": [
            "aci_spine_interface_profile.spine101"
          ]
        },
        {
          "index_key": "23",
          "schema_version": 1,
          "attributes": {
            "class_name": "infraSHPortS",
            "content": null,
            "dn": null,
            "id": "uni/infra/spaccportprof-spine101/shports-Eth8-23-typ-range",
            "path": "/api/node/mo/uni/infra/spaccportprof-spine101/shports-Eth8-23-typ-range.json",
            "payload": "{\n    \"infraSHPortS\": {\n        \"attributes\": {\n            \"dn\": \"uni/infra/spaccportprof-spine101/shports-Eth8-23-typ-range\",\n            \"name\": \"Eth8-23\",\n            \"rn\": \"shports-Eth8-23-typ-range\"\n        },\n        \"children\": [\n            {\n                \"infraPortBlk\": {\n                    \"attributes\": {\n                        \"dn\": \"uni/infra/spaccportprof-spine101/shports-Eth8-23-typ-range/portblk-block2\",\n                        \"fromCard\": \"8\",\n                        \"fromPort\": \"23\",\n                        \"toCard\": \"8\",\n                        \"toPort\": \"23\",\n                        \"name\": \"block2\",\n                        \"rn\": \"portblk-block2\"\n                    }\n                }\n            }\n        ]\n    }\n}\n"
          },
          "private": "eyJzY2hlbWFfdmVyc2lvbiI6IjEifQ==",
          "dependencies": [
            "aci_spine_interface_profile.spine101"
          ]
        },
        {
          "index_key": "24",
          "schema_version": 1,
          "attributes": {
            "class_name": "infraSHPortS",
            "content": null,
            "dn": null,
            "id": "uni/infra/spaccportprof-spine101/shports-Eth8-24-typ-range",
            "path": "/api/node/mo/uni/infra/spaccportprof-spine101/shports-Eth8-24-typ-range.json",
            "payload": "{\n    \"infraSHPortS\": {\n        \"attributes\": {\n            \"dn\": \"uni/infra/spaccportprof-spine101/shports-Eth8-24-typ-range\",\n            \"name\": \"Eth8-24\",\n            \"rn\": \"shports-Eth8-24-typ-range\"\n        },\n        \"children\": [\n            {\n                \"infraPortBlk\": {\n                    \"attributes\": {\n                        \"dn\": \"uni/infra/spaccportprof-spine101/shports-Eth8-24-typ-range/portblk-block2\",\n                        \"fromCard\": \"8\",\n                        \"fromPort\": \"24\",\n                        \"toCard\": \"8\",\n                        \"toPort\": \"24\",\n                        \"name\": \"block2\",\n                        \"rn\": \"portblk-block2\"\n                    }\n                }\n            }\n        ]\n    }\n}\n"
          },
          "private": "eyJzY2hlbWFfdmVyc2lvbiI6IjEifQ==",
          "dependencies": [
            "aci_spine_interface_profile.spine101"
          ]
        },
        {
          "index_key": "25",
          "schema_version": 1,
          "attributes": {
            "class_name": "infraSHPortS",
            "content": null,
            "dn": null,
            "id": "uni/infra/spaccportprof-spine101/shports-Eth8-25-typ-range",
            "path": "/api/node/mo/uni/infra/spaccportprof-spine101/shports-Eth8-25-typ-range.json",
            "payload": "{\n    \"infraSHPortS\": {\n        \"attributes\": {\n            \"dn\": \"uni/infra/spaccportprof-spine101/shports-Eth8-25-typ-range\",\n            \"name\": \"Eth8-25\",\n            \"rn\": \"shports-Eth8-25-typ-range\"\n        },\n        \"children\": [\n            {\n                \"infraPortBlk\": {\n                    \"attributes\": {\n                        \"dn\": \"uni/infra/spaccportprof-spine101/shports-Eth8-25-typ-range/portblk-block2\",\n                        \"fromCard\": \"8\",\n                        \"fromPort\": \"25\",\n                        \"toCard\": \"8\",\n                        \"toPort\": \"25\",\n                        \"name\": \"block2\",\n                        \"rn\": \"portblk-block2\"\n                    }\n                }\n            }\n        ]\n    }\n}\n"
          },
          "private": "eyJzY2hlbWFfdmVyc2lvbiI6IjEifQ==",
          "dependencies": [
            "aci_spine_interface_profile.spine101"
          ]
        },
        {
          "index_key": "26",
          "schema_version": 1,
          "attributes": {
            "class_name": "infraSHPortS",
            "content": null,
            "dn": null,
            "id": "uni/infra/spaccportprof-spine101/shports-Eth8-26-typ-range",
            "path": "/api/node/mo/uni/infra/spaccportprof-spine101/shports-Eth8-26-typ-range.json",
            "payload": "{\n    \"infraSHPortS\": {\n        \"attributes\": {\n            \"dn\": \"uni/infra/spaccportprof-spine101/shports-Eth8-26-typ-range\",\n            \"name\": \"Eth8-26\",\n            \"rn\": \"shports-Eth8-26-typ-range\"\n        },\n        \"children\": [\n            {\n                \"infraPortBlk\": {\n                    \"attributes\": {\n                        \"dn\": \"uni/infra/spaccportprof-spine101/shports-Eth8-26-typ-range/portblk-block2\",\n                        \"fromCard\": \"8\",\n                        \"fromPort\": \"26\",\n                        \"toCard\": \"8\",\n                        \"toPort\": \"26\",\n                        \"name\": \"block2\",\n                        \"rn\": \"portblk-block2\"\n                    }\n                }\n            }\n        ]\n    }\n}\n"
          },
          "private": "eyJzY2hlbWFfdmVyc2lvbiI6IjEifQ==",
          "dependencies": [
            "aci_spine_interface_profile.spine101"
          ]
        },
        {
          "index_key": "27",
          "schema_version": 1,
          "attributes": {
            "class_name": "infraSHPortS",
            "content": null,
            "dn": null,
            "id": "uni/infra/spaccportprof-spine101/shports-Eth8-27-typ-range",
            "path": "/api/node/mo/uni/infra/spaccportprof-spine101/shports-Eth8-27-typ-range.json",
            "payload": "{\n    \"infraSHPortS\": {\n        \"attributes\": {\n            \"dn\": \"uni/infra/spaccportprof-spine101/shports-Eth8-27-typ-range\",\n            \"name\": \"Eth8-27\",\n            \"rn\": \"shports-Eth8-27-typ-range\"\n        },\n        \"children\": [\n            {\n                \"infraPortBlk\": {\n                    \"attributes\": {\n                        \"dn\": \"uni/infra/spaccportprof-spine101/shports-Eth8-27-typ-range/portblk-block2\",\n                        \"fromCard\": \"8\",\n                        \"fromPort\": \"27\",\n                        \"toCard\": \"8\",\n                        \"toPort\": \"27\",\n                        \"name\": \"block2\",\n                        \"rn\": \"portblk-block2\"\n                    }\n                }\n            }\n        ]\n    }\n}\n"
          },
          "private": "eyJzY2hlbWFfdmVyc2lvbiI6IjEifQ==",
          "dependencies": [
            "aci_spine_interface_profile.spine101"
          ]
        },
        {
          "index_key": "28",
          "schema_version": 1,
          "attributes": {
            "class_name": "infraSHPortS",
            "content": null,
            "dn": null,
            "id": "uni/infra/spaccportprof-spine101/shports-Eth8-28-typ-range",
            "path": "/api/node/mo/uni/infra/spaccportprof-spine101/shports-Eth8-28-typ-range.json",
            "payload": "{\n    \"infraSHPortS\": {\n        \"attributes\": {\n            \"dn\": \"uni/infra/spaccportprof-spine101/shports-Eth8-28-typ-range\",\n            \"name\": \"Eth8-28\",\n            \"rn\": \"shports-Eth8-28-typ-range\"\n        },\n        \"children\": [\n            {\n                \"infraPortBlk\": {\n                    \"attributes\": {\n                        \"dn\": \"uni/infra/spaccportprof-spine101/shports-Eth8-28-typ-range/portblk-block2\",\n                        \"fromCard\": \"8\",\n                        \"fromPort\": \"28\",\n                        \"toCard\": \"8\",\n                        \"toPort\": \"28\",\n                        \"name\": \"block2\",\n                        \"rn\": \"portblk-block2\"\n                    }\n                }\n            }\n        ]\n    }\n}\n"
          },
          "private": "eyJzY2hlbWFfdmVyc2lvbiI6IjEifQ==",
          "dependencies": [
            "aci_spine_interface_profile.spine101"
          ]
        },
        {
          "index_key": "29",
          "schema_version": 1,
          "attributes": {
            "class_name": "infraSHPortS",
            "content": null,
            "dn": null,
            "id": "uni/infra/spaccportprof-spine101/shports-Eth8-29-typ-range",
            "path": "/api/node/mo/uni/infra/spaccportprof-spine101/shports-Eth8-29-typ-range.json",
            "payload": "{\n    \"infraSHPortS\": {\n        \"attributes\": {\n            \"dn\": \"uni/infra/spaccportprof-spine101/shports-Eth8-29-typ-range\",\n            \"name\": \"Eth8-29\",\n            \"rn\": \"shports-Eth8-29-typ-range\"\n        },\n        \"children\": [\n            {\n                \"infraPortBlk\": {\n                    \"attributes\": {\n                        \"dn\": \"uni/infra/spaccportprof-spine101/shports-Eth8-29-typ-range/portblk-block2\",\n                        \"fromCard\": \"8\",\n                        \"fromPort\": \"29\",\n                        \"toCard\": \"8\",\n                        \"toPort\": \"29\",\n                        \"name\": \"block2\",\n                        \"rn\": \"portblk-block2\"\n                    }\n                }\n            }\n        ]\n    }\n}\n"
          },
          "private": "eyJzY2hlbWFfdmVyc2lvbiI6IjEifQ==",
          "dependencies": [
            "aci_spine_interface_profile.spine101"
          ]
        },
        {
          "index_key": "30",
          "schema_version": 1,
          "attributes": {
            "class_name": "infraSHPortS",
            "content": null,
            "dn": null,
            "id": "uni/infra/spaccportprof-spine101/shports-Eth8-30-typ-range",
            "path": "/api/node/mo/uni/infra/spaccportprof-spine101/shports-Eth8-30-typ-range.json",
            "payload": "{\n    \"infraSHPortS\": {\n        \"attributes\": {\n            \"dn\": \"uni/infra/spaccportprof-spine101/shports-Eth8-30-typ-range\",\n            \"name\": \"Eth8-30\",\n            \"rn\": \"shports-Eth8-30-typ-range\"\n        },\n        \"children\": [\n            {\n                \"infraPortBlk\": {\n                    \"attributes\": {\n                        \"dn\": \"uni/infra/spaccportprof-spine101/shports-Eth8-30-typ-range/portblk-block2\",\n                        \"fromCard\": \"8\",\n                        \"fromPort\": \"30\",\n                        \"toCard\": \"8\",\n                        \"toPort\": \"30\",\n                        \"name\": \"block2\",\n                        \"rn\": \"portblk-block2\"\n                    }\n                }\n            }\n        ]\n    }\n}\n"
          },
          "private": "eyJzY2hlbWFfdmVyc2lvbiI6IjEifQ==",
          "dependencies": [
            "aci_spine_interface_profile.spine101"
          ]
        },
        {
          "index_key": "31",
          "schema_version": 1,
          "attributes": {
            "class_name": "infraSHPortS",
            "content": null,
            "dn": null,
            "id": "uni/infra/spaccportprof-spine101/shports-Eth8-31-typ-range",
            "path": "/api/node/mo/uni/infra/spaccportprof-spine101/shports-Eth8-31-typ-range.json",
            "payload": "{\n    \"infraSHPortS\": {\n        \"attributes\": {\n            \"dn\": \"uni/infra/spaccportprof-spine101/shports-Eth8-31-typ-range\",\n            \"name\": \"Eth8-31\",\n            \"rn\": \"shports-Eth8-31-typ-range\"\n        },\n        \"children\": [\n            {\n                \"infraPortBlk\": {\n                    \"attributes\": {\n                        \"dn\": \"uni/infra/spaccportprof-spine101/shports-Eth8-31-typ-range/portblk-block2\",\n                        \"fromCard\": \"8\",\n                        \"fromPort\": \"31\",\n                        \"toCard\": \"8\",\n                        \"toPort\": \"31\",\n                        \"name\": \"block2\",\n                        \"rn\": \"portblk-block2\"\n                    }\n                }\n            }\n        ]\n    }\n}\n"
          },
          "private": "eyJzY2hlbWFfdmVyc2lvbiI6IjEifQ==",
          "dependencies": [
            "aci_spine_interface_profile.spine101"
          ]
        },
        {
          "index_key": "32",
          "schema_version": 1,
          "attributes": {
            "class_name": "infraSHPortS",
            "content": null,
            "dn": null,
            "id": "uni/infra/spaccportprof-spine101/shports-Eth8-32-typ-range",
            "path": "/api/node/mo/uni/infra/spaccportprof-spine101/shports-Eth8-32-typ-range.json",
            "payload": "{\n    \"infraSHPortS\": {\n        \"attributes\": {\n            \"dn\": \"uni/infra/spaccportprof-spine101/shports-Eth8-32-typ-range\",\n            \"name\": \"Eth8-32\",\n            \"rn\": \"shports-Eth8-32-typ-range\"\n        },\n        \"children\": [\n            {\n                \"infraPortBlk\": {\n                    \"attributes\": {\n                        \"dn\": \"uni/infra/spaccportprof-spine101/shports-Eth8-32-typ-range/portblk-block2\",\n                        \"fromCard\": \"8\",\n                        \"fromPort\": \"32\",\n                        \"toCard\": \"8\",\n                        \"toPort\": \"32\",\n                        \"name\": \"block2\",\n                        \"rn\": \"portblk-block2\"\n                    }\n                }\n            }\n        ]\n    }\n}\n"
          },
          "private": "eyJzY2hlbWFfdmVyc2lvbiI6IjEifQ==",
          "dependencies": [
            "aci_spine_interface_profile.spine101"
          ]
        },
        {
          "index_key": "33",
          "schema_version": 1,
          "attributes": {
            "class_name": "infraSHPortS",
            "content": null,
            "dn": null,
            "id": "uni/infra/spaccportprof-spine101/shports-Eth8-33-typ-range",
            "path": "/api/node/mo/uni/infra/spaccportprof-spine101/shports-Eth8-33-typ-range.json",
            "payload": "{\n    \"infraSHPortS\": {\n        \"attributes\": {\n            \"dn\": \"uni/infra/spaccportprof-spine101/shports-Eth8-33-typ-range\",\n            \"name\": \"Eth8-33\",\n            \"rn\": \"shports-Eth8-33-typ-range\"\n        },\n        \"children\": [\n            {\n                \"infraPortBlk\": {\n                    \"attributes\": {\n                        \"dn\": \"uni/infra/spaccportprof-spine101/shports-Eth8-33-typ-range/portblk-block2\",\n                        \"fromCard\": \"8\",\n                        \"fromPort\": \"33\",\n                        \"toCard\": \"8\",\n                        \"toPort\": \"33\",\n                        \"name\": \"block2\",\n                        \"rn\": \"portblk-block2\"\n                    }\n                }\n            }\n        ]\n    }\n}\n"
          },
          "private": "eyJzY2hlbWFfdmVyc2lvbiI6IjEifQ==",
          "dependencies": [
            "aci_spine_interface_profile.spine101"
          ]
        },
        {
          "index_key": "34",
          "schema_version": 1,
          "attributes": {
            "class_name": "infraSHPortS",
            "content": null,
            "dn": null,
            "id": "uni/infra/spaccportprof-spine101/shports-Eth8-34-typ-range",
            "path": "/api/node/mo/uni/infra/spaccportprof-spine101/shports-Eth8-34-typ-range.json",
            "payload": "{\n    \"infraSHPortS\": {\n        \"attributes\": {\n            \"dn\": \"uni/infra/spaccportprof-spine101/shports-Eth8-34-typ-range\",\n            \"name\": \"Eth8-34\",\n            \"rn\": \"shports-Eth8-34-typ-range\"\n        },\n        \"children\": [\n            {\n                \"infraPortBlk\": {\n                    \"attributes\": {\n                        \"dn\": \"uni/infra/spaccportprof-spine101/shports-Eth8-34-typ-range/portblk-block2\",\n                        \"fromCard\": \"8\",\n                        \"fromPort\": \"34\",\n                        \"toCard\": \"8\",\n                        \"toPort\": \"34\",\n                        \"name\": \"block2\",\n                        \"rn\": \"portblk-block2\"\n                    }\n                }\n            }\n        ]\n    }\n}\n"
          },
          "private": "eyJzY2hlbWFfdmVyc2lvbiI6IjEifQ==",
          "dependencies": [
            "aci_spine_interface_profile.spine101"
          ]
        },
        {
          "index_key": "35",
          "schema_version": 1,
          "attributes": {
            "class_name": "infraSHPortS",
            "content": null,
            "dn": null,
            "id": "uni/infra/spaccportprof-spine101/shports-Eth8-35-typ-range",
            "path": "/api/node/mo/uni/infra/spaccportprof-spine101/shports-Eth8-35-typ-range.json",
            "payload": "{\n    \"infraSHPortS\": {\n        \"attributes\": {\n            \"dn\": \"uni/infra/spaccportprof-spine101/shports-Eth8-35-typ-range\",\n            \"name\": \"Eth8-35\",\n            \"rn\": \"shports-Eth8-35-typ-range\"\n        },\n        \"children\": [\n            {\n                \"infraPortBlk\": {\n                    \"attributes\": {\n                        \"dn\": \"uni/infra/spaccportprof-spine101/shports-Eth8-35-typ-range/portblk-block2\",\n                        \"fromCard\": \"8\",\n                        \"fromPort\": \"35\",\n                        \"toCard\": \"8\",\n                        \"toPort\": \"35\",\n                        \"name\": \"block2\",\n                        \"rn\": \"portblk-block2\"\n                    }\n                }\n            }\n        ]\n    }\n}\n"
          },
          "private": "eyJzY2hlbWFfdmVyc2lvbiI6IjEifQ==",
          "dependencies": [
            "aci_spine_interface_profile.spine101"
          ]
        },
        {
          "index_key": "36",
          "schema_version": 1,
          "attributes": {
            "class_name": "infraSHPortS",
            "content": null,
            "dn": null,
            "id": "uni/infra/spaccportprof-spine101/shports-Eth8-36-typ-range",
            "path": "/api/node/mo/uni/infra/spaccportprof-spine101/shports-Eth8-36-typ-range.json",
            "payload": "{\n    \"infraSHPortS\": {\n        \"attributes\": {\n            \"dn\": \"uni/infra/spaccportprof-spine101/shports-Eth8-36-typ-range\",\n            \"name\": \"Eth8-36\",\n            \"rn\": \"shports-Eth8-36-typ-range\"\n        },\n        \"children\": [\n            {\n                \"infraPortBlk\": {\n                    \"attributes\": {\n                        \"dn\": \"uni/infra/spaccportprof-spine101/shports-Eth8-36-typ-range/portblk-block2\",\n                        \"fromCard\": \"8\",\n                        \"fromPort\": \"36\",\n                        \"toCard\": \"8\",\n                        \"toPort\": \"36\",\n                        \"name\": \"block2\",\n                        \"rn\": \"portblk-block2\"\n                    }\n                }\n            }\n        ]\n    }\n}\n"
          },
          "private": "eyJzY2hlbWFfdmVyc2lvbiI6IjEifQ==",
          "dependencies": [
            "aci_spine_interface_profile.spine101"
          ]
        }
      ]
    },
    {
      "mode": "managed",
      "type": "aci_rest",
      "name": "spine_policy_group_spine101",
      "provider": "provider[\"registry.terraform.io/ciscodevnet/aci\"]",
      "instances": [
        {
          "schema_version": 1,
          "attributes": {
            "class_name": "infraSpineS",
            "content": null,
            "dn": null,
            "id": "uni/infra/spprof-spine101/spines-spine101-typ-range",
            "path": "/api/node/mo/uni/infra/spprof-spine101/spines-spine101-typ-range.json",
            "payload": "{\n    \"infraSpineS\": {\n        \"attributes\": {\n            \"dn\": \"uni/infra/spprof-spine101/spines-spine101-typ-range\"\n        },\n        \"children\": [\n            {\n                \"infraRsSpineAccNodePGrp\": {\n                    \"attributes\": {\n                        \"tDn\": \"uni/infra/funcprof/spaccnodepgrp-default\"\n                    },\n                    \"children\": []\n                }\n            }\n        ]\n    }\n}\n"
          },
          "private": "eyJzY2hlbWFfdmVyc2lvbiI6IjEifQ==",
          "dependencies": [
            "aci_spine_profile.spine101"
          ]
        }
      ]
    },
    {
      "mode": "managed",
      "type": "aci_rest",
      "name": "stp-policies",
      "provider": "provider[\"registry.terraform.io/ciscodevnet/aci\"]",
      "instances": [
        {
          "index_key": "BPDU_fg",
          "schema_version": 1,
          "attributes": {
            "class_name": "stpIfPol",
            "content": null,
            "dn": null,
            "id": "uni/infra/ifPol-BPDU_fg",
            "path": "/api/node/mo/uni/infra/ifPol-BPDU_fg.json",
            "payload": "{\n\t\"stpIfPol\": {\n\t\t\"attributes\": {\n\t\t\t\"dn\": \"uni/infra/ifPol-BPDU_fg\",\n\t\t\t\"name\": \"BPDU_fg\",\n\t\t\t\"ctrl\": \"bpdu-filter,bpdu-guard\",\n\t\t},\n\t}\n}\n"
          },
          "private": "eyJzY2hlbWFfdmVyc2lvbiI6IjEifQ=="
        },
        {
          "index_key": "BPDU_ft",
          "schema_version": 1,
          "attributes": {
            "class_name": "stpIfPol",
            "content": null,
            "dn": null,
            "id": "uni/infra/ifPol-BPDU_ft",
            "path": "/api/node/mo/uni/infra/ifPol-BPDU_ft.json",
            "payload": "{\n\t\"stpIfPol\": {\n\t\t\"attributes\": {\n\t\t\t\"dn\": \"uni/infra/ifPol-BPDU_ft\",\n\t\t\t\"name\": \"BPDU_ft\",\n\t\t\t\"ctrl\": \"bpdu-filter\",\n\t\t},\n\t}\n}\n"
          },
          "private": "eyJzY2hlbWFfdmVyc2lvbiI6IjEifQ=="
        },
        {
          "index_key": "BPDU_gd",
          "schema_version": 1,
          "attributes": {
            "class_name": "stpIfPol",
            "content": null,
            "dn": null,
            "id": "uni/infra/ifPol-BPDU_gd",
            "path": "/api/node/mo/uni/infra/ifPol-BPDU_gd.json",
            "payload": "{\n\t\"stpIfPol\": {\n\t\t\"attributes\": {\n\t\t\t\"dn\": \"uni/infra/ifPol-BPDU_gd\",\n\t\t\t\"name\": \"BPDU_gd\",\n\t\t\t\"ctrl\": \"bpdu-guard\",\n\t\t},\n\t}\n}\n"
          },
          "private": "eyJzY2hlbWFfdmVyc2lvbiI6IjEifQ=="
        }
      ]
    },
    {
      "mode": "managed",
      "type": "aci_rest",
      "name": "syslog_198_18_1_61",
      "provider": "provider[\"registry.terraform.io/ciscodevnet/aci\"]",
      "instances": [
        {
          "schema_version": 1,
          "attributes": {
            "class_name": "syslogGroup",
            "content": null,
            "dn": null,
            "id": "uni/fabric/slgroup-Syslog-dg_198.18.1.61",
            "path": "/api/node/mo/uni/fabric/slgroup-Syslog-dg_198.18.1.61.json",
            "payload": "{\n    \"syslogGroup\": {\n        \"attributes\": {\n            \"dn\": \"uni/fabric/slgroup-Syslog-dg_198.18.1.61\",\n            \"includeMilliSeconds\": \"true\",\n            \"includeTimeZone\": \"true\",\n            \"descr\": \"Syslog Destination Group 198.18.1.61 - Created by Brahma Startup Wizard\",\n            \"name\": \"Syslog-dg_198.18.1.61\",\n            \"rn\": \"slgroup-Syslog-dg_198.18.1.61\"\n        },\n        \"children\": [\n            {\n                \"syslogConsole\": {\n                    \"attributes\": {\n                        \"dn\": \"uni/fabric/slgroup-Syslog-dg_198.18.1.61/console\",\n                        \"adminState\": \"enabled\",\n                        \"severity\": \"critical\",\n                        \"rn\": \"console\"\n                    },\n                    \"children\": []\n                }\n            },\n            {\n                \"syslogFile\": {\n                    \"attributes\": {\n                        \"dn\": \"uni/fabric/slgroup-Syslog-dg_198.18.1.61/file\",\n                        \"adminState\": \"enabled\",\n                        \"severity\": \"information\",\n                        \"rn\": \"file\"\n                    },\n                    \"children\": []\n                }\n            },\n            {\n                \"syslogProf\": {\n                    \"attributes\": {\n                        \"dn\": \"uni/fabric/slgroup-Syslog-dg_198.18.1.61/prof\",\n                        \"adminState\": \"enabled\",\n                        \"rn\": \"prof\"\n                    },\n                    \"children\": []\n                }\n            },\n            {\n                \"syslogRemoteDest\": {\n                    \"attributes\": {\n                        \"dn\": \"uni/fabric/slgroup-Syslog-dg_198.18.1.61/rdst-198.18.1.61\",\n                        \"host\": \"198.18.1.61\",\n                        \"name\": \"RmtDst-198.18.1.61\",\n                        \"adminState\": \"enabled\",\n                        \"forwardingFacility\": \"local7\",\n                        \"port\": \"514\",\n                        \"severity\": \"warnings\",\n                        \"rn\": \"rdst-198.18.1.61\"\n                    },\n                    \"children\": [\n                        {\n                            \"fileRsARemoteHostToEpg\": {\n                                \"attributes\": {\n                                    \"tDn\": \"uni/tn-mgmt/mgmtp-default/oob-default\"\n                                },\n                                \"children\": []\n                            }\n                        }\n                    ]\n                }\n            }\n        ]\n    }\n}\n"
          },
          "private": "eyJzY2hlbWFfdmVyc2lvbiI6IjEifQ=="
        }
      ]
    },
    {
      "mode": "managed",
      "type": "aci_rest",
      "name": "tacacsSrc",
      "provider": "provider[\"registry.terraform.io/ciscodevnet/aci\"]",
      "instances": [
        {
          "schema_version": 1,
          "attributes": {
            "class_name": "tacacsSrc",
            "content": null,
            "dn": null,
            "id": "uni/fabric/moncommon/tacacssrc-TACACS_Src",
            "path": "/api/node/mo/uni/fabric/moncommon/tacacssrc-TACACS_Src.json",
            "payload": "{\n    \"tacacsSrc\": {\n        \"attributes\": {\n            \"dn\": \"uni/fabric/moncommon/tacacssrc-TACACS_Src\",\n            \"name\": \"TACACS_Src\",\n            \"rn\": \"tacacssrc-TACACS_Src\"\n        },\n        \"children\": [\n            {\n                \"tacacsRsDestGroup\": {\n                    \"attributes\": {\n                        \"tDn\": \"uni/fabric/tacacsgroup-TACACS_acct\"\n                    },\n                    \"children\": []\n                }\n            }\n        ]\n    }\n}\n"
          },
          "private": "eyJzY2hlbWFfdmVyc2lvbiI6IjEifQ=="
        }
      ]
    },
    {
      "mode": "managed",
      "type": "aci_rest",
      "name": "tacacs_TACACS_acct_198_18_1_71",
      "provider": "provider[\"registry.terraform.io/ciscodevnet/aci\"]",
      "instances": [
        {
          "schema_version": 1,
          "attributes": {
            "class_name": "tacacsGroup",
            "content": null,
            "dn": null,
            "id": "uni/fabric/tacacsgroup-TACACS_acct",
            "path": "/api/node/mo/uni/fabric/tacacsgroup-TACACS_acct.json",
            "payload": "{\n    \"tacacsGroup\": {\n        \"attributes\": {\n            \"dn\": \"uni/fabric/tacacsgroup-TACACS_acct\",\n            \"descr\": \"TACACS Accounting Group TACACS_acct - Created by Brahma Startup Wizard\",\n            \"name\": \"TACACS_acct\",\n            \"rn\": \"tacacsgroup-TACACS_acct\"\n        },\n        \"children\": [\n            {\n                \"tacacsTacacsDest\": {\n                    \"attributes\": {\n                        \"dn\": \"uni/fabric/tacacsgroup-TACACS_acct/tacacsdest-198.18.1.71-port-49\",\n                        \"authProtocol\": \"pap\",\n                        \"host\": \"198.18.1.71\",\n                        \"key\": \"cisco1231\",\n                        \"rn\": \"tacacsdest-198.18.1.71-port-49\"\n                    },\n                    \"children\": [\n                        {\n                            \"fileRsARemoteHostToEpg\": {\n                                \"attributes\": {\n                                    \"tDn\": \"uni/tn-mgmt/mgmtp-default/oob-default\"\n                                }\n                            }\n                        }\n                    ]\n                }\n            }\n        ]\n    }\n}\n"
          },
          "private": "eyJzY2hlbWFfdmVyc2lvbiI6IjEifQ=="
        }
      ]
    },
    {
      "mode": "managed",
      "type": "aci_rest",
      "name": "tacacs_TACACS_acct_198_18_1_72",
      "provider": "provider[\"registry.terraform.io/ciscodevnet/aci\"]",
      "instances": [
        {
          "schema_version": 1,
          "attributes": {
            "class_name": "tacacsGroup",
            "content": null,
            "dn": null,
            "id": "uni/fabric/tacacsgroup-TACACS_acct",
            "path": "/api/node/mo/uni/fabric/tacacsgroup-TACACS_acct.json",
            "payload": "{\n    \"tacacsGroup\": {\n        \"attributes\": {\n            \"dn\": \"uni/fabric/tacacsgroup-TACACS_acct\",\n            \"descr\": \"TACACS Accounting Group TACACS_acct - Created by Brahma Startup Wizard\",\n            \"name\": \"TACACS_acct\",\n            \"rn\": \"tacacsgroup-TACACS_acct\"\n        },\n        \"children\": [\n            {\n                \"tacacsTacacsDest\": {\n                    \"attributes\": {\n                        \"dn\": \"uni/fabric/tacacsgroup-TACACS_acct/tacacsdest-198.18.1.72-port-49\",\n                        \"authProtocol\": \"pap\",\n                        \"host\": \"198.18.1.72\",\n                        \"key\": \"cisco123\",\n                        \"rn\": \"tacacsdest-198.18.1.72-port-49\"\n                    },\n                    \"children\": [\n                        {\n                            \"fileRsARemoteHostToEpg\": {\n                                \"attributes\": {\n                                    \"tDn\": \"uni/tn-mgmt/mgmtp-default/oob-default\"\n                                }\n                            }\n                        }\n                    ]\n                }\n            }\n        ]\n    }\n}\n"
          },
          "private": "eyJzY2hlbWFfdmVyc2lvbiI6IjEifQ=="
        }
      ]
    },
    {
      "mode": "managed",
      "type": "aci_rest",
      "name": "vpc_Pair_leaf201-202-vpc",
      "provider": "provider[\"registry.terraform.io/ciscodevnet/aci\"]",
      "instances": [
        {
          "schema_version": 1,
          "attributes": {
            "class_name": "fabricExplicitGEp",
            "content": null,
            "dn": null,
            "id": "uni/fabric/protpol/expgep-leaf201-202-vpc",
            "path": "/api/node/mo/uni/fabric/protpol/expgep-leaf201-202-vpc.json",
            "payload": "{\n    \"fabricExplicitGEp\": {\n        \"attributes\": {\n            \"dn\": \"uni/fabric/protpol/expgep-leaf201-202-vpc\",\n            \"name\": \"leaf201-202-vpc\",\n            \"id\": \"201\",\n            \"rn\": \"expgep-leaf201-202-vpc\"\n        },\n        \"children\": [\n            {\n                \"fabricNodePEp\": {\n                    \"attributes\": {\n                        \"dn\": \"uni/fabric/protpol/expgep-leaf201-202-vpc/nodepep-201\",\n                        \"id\": \"201\",\n                        \"rn\": \"nodepep-201\"\n                    },\n                    \"children\": []\n                }\n            },\n            {\n                \"fabricNodePEp\": {\n                    \"attributes\": {\n                        \"dn\": \"uni/fabric/protpol/expgep-leaf201-202-vpc/nodepep-202\",\n                        \"id\": \"202\",\n                        \"rn\": \"nodepep-202\"\n                    },\n                    \"children\": []\n                }\n            },\n            {\n                \"fabricRsVpcInstPol\": {\n                    \"attributes\": {\n                        \"tnVpcInstPolName\": \"default\"\n                    },\n                    \"children\": []\n                }\n            }\n        ]\n    }\n}\n"
          },
          "private": "eyJzY2hlbWFfdmVyc2lvbiI6IjEifQ=="
        }
      ]
    },
    {
      "mode": "managed",
      "type": "aci_rest",
      "name": "vpc_description",
      "provider": "provider[\"registry.terraform.io/ciscodevnet/aci\"]",
      "instances": [
        {
          "schema_version": 1,
          "attributes": {
            "class_name": "fabricProtPol",
            "content": null,
            "dn": null,
            "id": "uni/fabric/protpol",
            "path": "/api/node/mo/uni/fabric/protpol.json",
            "payload": "{\n    \"fabricProtPol\": {\n        \"attributes\": {\n            \"dn\": \"uni/fabric/protpol\",\n            \"descr\": \"VPC Pair Configuration.  Configured by Brahma startup Wizard\"\n        },\n        \"children\": []\n    }\n}\n"
          },
          "private": "eyJzY2hlbWFfdmVyc2lvbiI6IjEifQ=="
        }
      ]
    },
    {
      "mode": "managed",
      "type": "aci_rest",
      "name": "vrf_snmp",
      "provider": "provider[\"registry.terraform.io/ciscodevnet/aci\"]",
      "instances": [
        {
          "index_key": "inb",
          "schema_version": 1,
          "attributes": {
            "class_name": "fvRsCtxMonPol",
            "content": null,
            "dn": null,
            "id": "uni/tn-mgmt/ctx-inb/rsCtxMonPol",
            "path": "/api/node/mo/uni/tn-mgmt/ctx-inb/rsCtxMonPol.json",
            "payload": "{\n\t\"fvRsCtxMonPol\": {\n\t\t\"attributes\": {\n\t\t\t\"tnMonEPGPolName\": \"default\",\n\t\t},\n\t\t\"children\": []\n\t}\n}\n"
          },
          "private": "eyJzY2hlbWFfdmVyc2lvbiI6IjEifQ=="
        },
        {
          "index_key": "oob",
          "schema_version": 1,
          "attributes": {
            "class_name": "fvRsCtxMonPol",
            "content": null,
            "dn": null,
            "id": "uni/tn-mgmt/ctx-oob/rsCtxMonPol",
            "path": "/api/node/mo/uni/tn-mgmt/ctx-oob/rsCtxMonPol.json",
            "payload": "{\n\t\"fvRsCtxMonPol\": {\n\t\t\"attributes\": {\n\t\t\t\"tnMonEPGPolName\": \"default\",\n\t\t},\n\t\t\"children\": []\n\t}\n}\n"
          },
          "private": "eyJzY2hlbWFfdmVyc2lvbiI6IjEifQ=="
        }
      ]
    },
    {
      "mode": "managed",
      "type": "aci_rest",
      "name": "web_interface_timeout",
      "provider": "provider[\"registry.terraform.io/ciscodevnet/aci\"]",
      "instances": [
        {
          "schema_version": 1,
          "attributes": {
            "class_name": "pkiWebTokenData",
            "content": null,
            "dn": null,
            "id": "uni/userext/pkiext/webtokendata",
            "path": "/api/node/mo/uni/userext/pkiext/webtokendata.json",
            "payload": "{\n\t\"pkiWebTokenData\": {\n\t\t\"attributes\": {\n\t\t\t\"dn\": \"uni/userext/pkiext/webtokendata\",\n\t\t\t\"uiIdleTimeoutSeconds\": \"65525\"\n\t\t},\n\t\t\"children\": []\n\t}\n}\n"
          },
          "private": "eyJzY2hlbWFfdmVyc2lvbiI6IjEifQ=="
        }
      ]
    },
    {
      "mode": "managed",
      "type": "aci_spine_interface_profile",
      "name": "spine101",
      "provider": "provider[\"registry.terraform.io/ciscodevnet/aci\"]",
      "instances": [
        {
          "schema_version": 1,
          "attributes": {
            "annotation": "orchestrator:terraform",
            "description": "",
            "id": "uni/infra/spaccportprof-spine101",
            "name": "spine101",
            "name_alias": ""
          },
          "private": "eyJzY2hlbWFfdmVyc2lvbiI6IjEifQ=="
        }
      ]
    },
    {
      "mode": "managed",
      "type": "aci_spine_port_selector",
      "name": "spine101",
      "provider": "provider[\"registry.terraform.io/ciscodevnet/aci\"]",
      "instances": [
        {
          "schema_version": 1,
          "attributes": {
            "annotation": "orchestrator:terraform",
            "description": null,
            "id": "uni/infra/spprof-spine101/rsspAccPortP-[uni/infra/spaccportprof-spine101]",
            "spine_profile_dn": "uni/infra/spprof-spine101",
            "tdn": "uni/infra/spaccportprof-spine101"
          },
          "private": "eyJzY2hlbWFfdmVyc2lvbiI6IjEifQ==",
          "dependencies": [
            "aci_spine_interface_profile.spine101",
            "aci_spine_profile.spine101"
          ]
        }
      ]
    },
    {
      "mode": "managed",
      "type": "aci_spine_profile",
      "name": "spine101",
      "provider": "provider[\"registry.terraform.io/ciscodevnet/aci\"]",
      "instances": [
        {
          "schema_version": 1,
          "attributes": {
            "annotation": "orchestrator:terraform",
            "description": "",
            "id": "uni/infra/spprof-spine101",
            "name": "spine101",
            "name_alias": "",
            "relation_infra_rs_sp_acc_port_p": [
              "uni/infra/spaccportprof-spine101"
            ]
          },
          "private": "eyJzY2hlbWFfdmVyc2lvbiI6IjEifQ=="
        }
      ]
    },
    {
      "mode": "managed",
      "type": "aci_spine_switch_association",
      "name": "spine101",
      "provider": "provider[\"registry.terraform.io/ciscodevnet/aci\"]",
      "instances": [
        {
          "schema_version": 1,
          "attributes": {
            "annotation": "orchestrator:terraform",
            "description": "",
            "id": "uni/infra/spprof-spine101/spines-spine101-typ-range",
            "name": "spine101",
            "name_alias": "",
            "relation_infra_rs_spine_acc_node_p_grp": "{}",
            "spine_profile_dn": "uni/infra/spprof-spine101",
            "spine_switch_association_type": "range"
          },
          "private": "eyJzY2hlbWFfdmVyc2lvbiI6IjEifQ==",
          "dependencies": [
            "aci_spine_profile.spine101"
          ]
        }
      ]
    },
    {
      "mode": "managed",
      "type": "aci_subnet",
      "name": "inb_subnet",
      "provider": "provider[\"registry.terraform.io/ciscodevnet/aci\"]",
      "instances": [
        {
          "schema_version": 1,
          "attributes": {
            "annotation": "orchestrator:terraform",
            "ctrl": "nd",
            "description": "",
            "id": "uni/tn-mgmt/BD-inb/subnet-[198.18.2.1/24]",
            "ip": "198.18.2.1/24",
            "name_alias": "",
            "parent_dn": "uni/tn-mgmt/BD-inb",
            "preferred": "no",
            "relation_fv_rs_bd_subnet_to_out": [],
            "relation_fv_rs_bd_subnet_to_profile": "",
            "relation_fv_rs_nd_pfx_pol": "",
            "scope": [
              "public"
            ],
            "virtual": "no"
          },
          "private": "eyJzY2hlbWFfdmVyc2lvbiI6IjEifQ==",
          "dependencies": [
            "aci_bridge_domain.inb",
            "aci_tenant.mgmt"
          ]
        }
      ]
    },
    {
      "mode": "managed",
      "type": "aci_tenant",
      "name": "common",
      "provider": "provider[\"registry.terraform.io/ciscodevnet/aci\"]",
      "instances": [
        {
          "schema_version": 1,
          "attributes": {
            "annotation": "orchestrator:terraform",
            "description": "",
            "id": "uni/tn-common",
            "name": "common",
            "name_alias": "",
            "relation_fv_rs_tenant_mon_pol": null,
            "relation_fv_rs_tn_deny_rule": []
          },
          "private": "eyJzY2hlbWFfdmVyc2lvbiI6IjEifQ=="
        }
      ]
    },
    {
      "mode": "managed",
      "type": "aci_tenant",
      "name": "infra",
      "provider": "provider[\"registry.terraform.io/ciscodevnet/aci\"]",
      "instances": [
        {
          "schema_version": 1,
          "attributes": {
            "annotation": "orchestrator:terraform",
            "description": "",
            "id": "uni/tn-infra",
            "name": "infra",
            "name_alias": "",
            "relation_fv_rs_tenant_mon_pol": null,
            "relation_fv_rs_tn_deny_rule": []
          },
          "private": "eyJzY2hlbWFfdmVyc2lvbiI6IjEifQ=="
        }
      ]
    },
    {
      "mode": "managed",
      "type": "aci_tenant",
      "name": "mgmt",
      "provider": "provider[\"registry.terraform.io/ciscodevnet/aci\"]",
      "instances": [
        {
          "schema_version": 1,
          "attributes": {
            "annotation": "orchestrator:terraform",
            "description": "",
            "id": "uni/tn-mgmt",
            "name": "mgmt",
            "name_alias": "",
            "relation_fv_rs_tenant_mon_pol": null,
            "relation_fv_rs_tn_deny_rule": []
          },
          "private": "eyJzY2hlbWFfdmVyc2lvbiI6IjEifQ=="
        }
      ]
    },
    {
      "mode": "managed",
      "type": "aci_vlan_pool",
      "name": "default",
      "provider": "provider[\"registry.terraform.io/ciscodevnet/aci\"]",
      "instances": [
        {
          "index_key": "access_vl-pool",
          "schema_version": 1,
          "attributes": {
            "alloc_mode": "static",
            "annotation": "orchestrator:terraform",
            "description": "",
            "id": "uni/infra/vlanns-[access_vl-pool]-static",
            "name": "access_vl-pool",
            "name_alias": ""
          },
          "private": "eyJzY2hlbWFfdmVyc2lvbiI6IjEifQ=="
        },
        {
          "index_key": "dynamic_vl-pool",
          "schema_version": 1,
          "attributes": {
            "alloc_mode": "dynamic",
            "annotation": "orchestrator:terraform",
            "description": "",
            "id": "uni/infra/vlanns-[dynamic_vl-pool]-dynamic",
            "name": "dynamic_vl-pool",
            "name_alias": ""
          },
          "private": "eyJzY2hlbWFfdmVyc2lvbiI6IjEifQ=="
        },
        {
          "index_key": "inband_vl-pool",
          "schema_version": 1,
          "attributes": {
            "alloc_mode": "static",
            "annotation": "orchestrator:terraform",
            "description": "",
            "id": "uni/infra/vlanns-[inband_vl-pool]-static",
            "name": "inband_vl-pool",
            "name_alias": ""
          },
          "private": "eyJzY2hlbWFfdmVyc2lvbiI6IjEifQ=="
        },
        {
          "index_key": "l3out_vl-pool",
          "schema_version": 1,
          "attributes": {
            "alloc_mode": "static",
            "annotation": "orchestrator:terraform",
            "description": "",
            "id": "uni/infra/vlanns-[l3out_vl-pool]-static",
            "name": "l3out_vl-pool",
            "name_alias": ""
          },
          "private": "eyJzY2hlbWFfdmVyc2lvbiI6IjEifQ=="
        },
        {
          "index_key": "msite_vl-pool",
          "schema_version": 1,
          "attributes": {
            "alloc_mode": "static",
            "annotation": "orchestrator:terraform",
            "description": "",
            "id": "uni/infra/vlanns-[msite_vl-pool]-static",
            "name": "msite_vl-pool",
            "name_alias": ""
          },
          "private": "eyJzY2hlbWFfdmVyc2lvbiI6IjEifQ=="
        }
      ]
    }
  ]
}
